{
    "version": 3,
    "terraform_version": "0.12.31",
    "serial": 1,
    "lineage": "ffb1b445-5a88-067d-03d2-2a7d88bf0ec0",
    "modules": [
        {
            "path": [
                "root"
            ],
            "outputs": {
                "keycloak_authentication_execution_config_tfer--authentication_execution_config_demo_b7c6481c_c3a4_40db_b03b_88ba40113294_id": {
                    "sensitive": false,
                    "type": "string",
                    "value": "b7c6481c-c3a4-40db-b03b-88ba40113294"
                },
                "keycloak_authentication_execution_config_tfer--authentication_execution_config_demo_f3c629b1_546b_4b3d_9fdc_41cd2f3fd280_id": {
                    "sensitive": false,
                    "type": "string",
                    "value": "f3c629b1-546b-4b3d-9fdc-41cd2f3fd280"
                },
                "keycloak_authentication_execution_config_tfer--authentication_execution_config_master_45ffe98a_fdec_44ab_af17_22466214f50a_id": {
                    "sensitive": false,
                    "type": "string",
                    "value": "45ffe98a-fdec-44ab-af17-22466214f50a"
                },
                "keycloak_authentication_execution_config_tfer--authentication_execution_config_master_7ce3a2b1_2eac_4bd7_82a1_9e0f16d5c94f_id": {
                    "sensitive": false,
                    "type": "string",
                    "value": "7ce3a2b1-2eac-4bd7-82a1-9e0f16d5c94f"
                },
                "keycloak_authentication_execution_tfer--authentication_execution_demo_07b04484_e469_4658_b15c_fae4da5831c7_id": {
                    "sensitive": false,
                    "type": "string",
                    "value": "07b04484-e469-4658-b15c-fae4da5831c7"
                },
                "keycloak_authentication_execution_tfer--authentication_execution_demo_1e932cec_fc5c_4b2b_bdad_ae4015eb5208_id": {
                    "sensitive": false,
                    "type": "string",
                    "value": "1e932cec-fc5c-4b2b-bdad-ae4015eb5208"
                },
                "keycloak_authentication_execution_tfer--authentication_execution_demo_23af2cf3_fcbe_45e5_8dd4_0c1c28666643_id": {
                    "sensitive": false,
                    "type": "string",
                    "value": "23af2cf3-fcbe-45e5-8dd4-0c1c28666643"
                },
                "keycloak_authentication_execution_tfer--authentication_execution_demo_2729996c_a65a_48f9_bab2_d5fa14f48e96_id": {
                    "sensitive": false,
                    "type": "string",
                    "value": "2729996c-a65a-48f9-bab2-d5fa14f48e96"
                },
                "keycloak_authentication_execution_tfer--authentication_execution_demo_2d1dac37_0a02_4a79_a342_f5b5c1e47db2_id": {
                    "sensitive": false,
                    "type": "string",
                    "value": "2d1dac37-0a02-4a79-a342-f5b5c1e47db2"
                },
                "keycloak_authentication_execution_tfer--authentication_execution_demo_2d1fce7e_4611_40f7_9cd8_5fd881fd64a9_id": {
                    "sensitive": false,
                    "type": "string",
                    "value": "2d1fce7e-4611-40f7-9cd8-5fd881fd64a9"
                },
                "keycloak_authentication_execution_tfer--authentication_execution_demo_315b56fe_c77a_4e2a_8b9d_6bcd0f4420a1_id": {
                    "sensitive": false,
                    "type": "string",
                    "value": "315b56fe-c77a-4e2a-8b9d-6bcd0f4420a1"
                },
                "keycloak_authentication_execution_tfer--authentication_execution_demo_48c4e730_37b1_4ec5_ab7b_5b7a219065fb_id": {
                    "sensitive": false,
                    "type": "string",
                    "value": "48c4e730-37b1-4ec5-ab7b-5b7a219065fb"
                },
                "keycloak_authentication_execution_tfer--authentication_execution_demo_5b4077a9_4747_46bc_a434_43cf86b9a667_id": {
                    "sensitive": false,
                    "type": "string",
                    "value": "5b4077a9-4747-46bc-a434-43cf86b9a667"
                },
                "keycloak_authentication_execution_tfer--authentication_execution_demo_61e49461_97e0_483e_9d49_b64c4846b559_id": {
                    "sensitive": false,
                    "type": "string",
                    "value": "61e49461-97e0-483e-9d49-b64c4846b559"
                },
                "keycloak_authentication_execution_tfer--authentication_execution_demo_68b9df1d_ad67_4877_b86f_7f442d9b6016_id": {
                    "sensitive": false,
                    "type": "string",
                    "value": "68b9df1d-ad67-4877-b86f-7f442d9b6016"
                },
                "keycloak_authentication_execution_tfer--authentication_execution_demo_76f96ac3_4bfb_436f_b274_afb5460dfee0_id": {
                    "sensitive": false,
                    "type": "string",
                    "value": "76f96ac3-4bfb-436f-b274-afb5460dfee0"
                },
                "keycloak_authentication_execution_tfer--authentication_execution_demo_787f803e_9ae4_4f4a_b9c2_debe44677670_id": {
                    "sensitive": false,
                    "type": "string",
                    "value": "787f803e-9ae4-4f4a-b9c2-debe44677670"
                },
                "keycloak_authentication_execution_tfer--authentication_execution_demo_7a570812_f66f_4019_a8d0_b86733c52d18_id": {
                    "sensitive": false,
                    "type": "string",
                    "value": "7a570812-f66f-4019-a8d0-b86733c52d18"
                },
                "keycloak_authentication_execution_tfer--authentication_execution_demo_7e3c06e0_f0da_4b7f_afff_bdb18ecd6026_id": {
                    "sensitive": false,
                    "type": "string",
                    "value": "7e3c06e0-f0da-4b7f-afff-bdb18ecd6026"
                },
                "keycloak_authentication_execution_tfer--authentication_execution_demo_869615fd_04bb_45ba_80e9_1fe212262490_id": {
                    "sensitive": false,
                    "type": "string",
                    "value": "869615fd-04bb-45ba-80e9-1fe212262490"
                },
                "keycloak_authentication_execution_tfer--authentication_execution_demo_8c9226f1_b242_49f2_89db_8a8d2182b221_id": {
                    "sensitive": false,
                    "type": "string",
                    "value": "8c9226f1-b242-49f2-89db-8a8d2182b221"
                },
                "keycloak_authentication_execution_tfer--authentication_execution_demo_8f0e4eab_79ef_489d_9e00_cac6dca4673c_id": {
                    "sensitive": false,
                    "type": "string",
                    "value": "8f0e4eab-79ef-489d-9e00-cac6dca4673c"
                },
                "keycloak_authentication_execution_tfer--authentication_execution_demo_9002a1d9_d7b8_4975_bd7c_0f257a47c61c_id": {
                    "sensitive": false,
                    "type": "string",
                    "value": "9002a1d9-d7b8-4975-bd7c-0f257a47c61c"
                },
                "keycloak_authentication_execution_tfer--authentication_execution_demo_902869aa_4839_46c7_9603_b53ee7d0f51f_id": {
                    "sensitive": false,
                    "type": "string",
                    "value": "902869aa-4839-46c7-9603-b53ee7d0f51f"
                },
                "keycloak_authentication_execution_tfer--authentication_execution_demo_943d3366_5625_4eaf_9896_c59a4566d02b_id": {
                    "sensitive": false,
                    "type": "string",
                    "value": "943d3366-5625-4eaf-9896-c59a4566d02b"
                },
                "keycloak_authentication_execution_tfer--authentication_execution_demo_9755cb4b_b02d_4150_b419_839bf747e671_id": {
                    "sensitive": false,
                    "type": "string",
                    "value": "9755cb4b-b02d-4150-b419-839bf747e671"
                },
                "keycloak_authentication_execution_tfer--authentication_execution_demo_9bccc042_af4b_43cd_b8ea_6b2a60188e47_id": {
                    "sensitive": false,
                    "type": "string",
                    "value": "9bccc042-af4b-43cd-b8ea-6b2a60188e47"
                },
                "keycloak_authentication_execution_tfer--authentication_execution_demo_a39e6994_bed8_4267_a696_e63df7b922d2_id": {
                    "sensitive": false,
                    "type": "string",
                    "value": "a39e6994-bed8-4267-a696-e63df7b922d2"
                },
                "keycloak_authentication_execution_tfer--authentication_execution_demo_ac1b35d8_3517_452d_87a1_c227d3f244b3_id": {
                    "sensitive": false,
                    "type": "string",
                    "value": "ac1b35d8-3517-452d-87a1-c227d3f244b3"
                },
                "keycloak_authentication_execution_tfer--authentication_execution_demo_ae141578_f957_4e98_9cae_a9b9cf2cf190_id": {
                    "sensitive": false,
                    "type": "string",
                    "value": "ae141578-f957-4e98-9cae-a9b9cf2cf190"
                },
                "keycloak_authentication_execution_tfer--authentication_execution_demo_b7c2767f_0775_4f11_ad6c_73f7cd2db1da_id": {
                    "sensitive": false,
                    "type": "string",
                    "value": "b7c2767f-0775-4f11-ad6c-73f7cd2db1da"
                },
                "keycloak_authentication_execution_tfer--authentication_execution_demo_b9979044_7252_4ec3_bb63_b819926066ef_id": {
                    "sensitive": false,
                    "type": "string",
                    "value": "b9979044-7252-4ec3-bb63-b819926066ef"
                },
                "keycloak_authentication_execution_tfer--authentication_execution_demo_db12bed9_b81b_4639_a4ca_09ad44e0daf0_id": {
                    "sensitive": false,
                    "type": "string",
                    "value": "db12bed9-b81b-4639-a4ca-09ad44e0daf0"
                },
                "keycloak_authentication_execution_tfer--authentication_execution_demo_e1a49e6d_03af_4171_a69c_a9b2c2638d0a_id": {
                    "sensitive": false,
                    "type": "string",
                    "value": "e1a49e6d-03af-4171-a69c-a9b2c2638d0a"
                },
                "keycloak_authentication_execution_tfer--authentication_execution_demo_e322c26f_60fa_4119_a430_20cbaa6a6a4b_id": {
                    "sensitive": false,
                    "type": "string",
                    "value": "e322c26f-60fa-4119-a430-20cbaa6a6a4b"
                },
                "keycloak_authentication_execution_tfer--authentication_execution_demo_e75f1ba6_33a4_4f55_8b74_fcb0c9f8f983_id": {
                    "sensitive": false,
                    "type": "string",
                    "value": "e75f1ba6-33a4-4f55-8b74-fcb0c9f8f983"
                },
                "keycloak_authentication_execution_tfer--authentication_execution_demo_ed530286_648d_417a_a165_d36d237d4530_id": {
                    "sensitive": false,
                    "type": "string",
                    "value": "ed530286-648d-417a-a165-d36d237d4530"
                },
                "keycloak_authentication_execution_tfer--authentication_execution_demo_ee5661f9_9290_448d_8483_26bde9cd0714_id": {
                    "sensitive": false,
                    "type": "string",
                    "value": "ee5661f9-9290-448d-8483-26bde9cd0714"
                },
                "keycloak_authentication_execution_tfer--authentication_execution_demo_f18e0735_0bc1_4bc4_b9bb_621b8fe81ce3_id": {
                    "sensitive": false,
                    "type": "string",
                    "value": "f18e0735-0bc1-4bc4-b9bb-621b8fe81ce3"
                },
                "keycloak_authentication_execution_tfer--authentication_execution_master_006c2cb3_844a_4d52_b47e_32abd064e20e_id": {
                    "sensitive": false,
                    "type": "string",
                    "value": "006c2cb3-844a-4d52-b47e-32abd064e20e"
                },
                "keycloak_authentication_execution_tfer--authentication_execution_master_0f40f1c5_3366_4fe0_8c59_efbc26c064cc_id": {
                    "sensitive": false,
                    "type": "string",
                    "value": "0f40f1c5-3366-4fe0-8c59-efbc26c064cc"
                },
                "keycloak_authentication_execution_tfer--authentication_execution_master_10649564_ea69_4e85_90c5_e08b4ce22fd6_id": {
                    "sensitive": false,
                    "type": "string",
                    "value": "10649564-ea69-4e85-90c5-e08b4ce22fd6"
                },
                "keycloak_authentication_execution_tfer--authentication_execution_master_1170e24c_97ff_4a31_9e76_4eb741442189_id": {
                    "sensitive": false,
                    "type": "string",
                    "value": "1170e24c-97ff-4a31-9e76-4eb741442189"
                },
                "keycloak_authentication_execution_tfer--authentication_execution_master_186929e6_ae2f_44f2_968f_8cb1d1696549_id": {
                    "sensitive": false,
                    "type": "string",
                    "value": "186929e6-ae2f-44f2-968f-8cb1d1696549"
                },
                "keycloak_authentication_execution_tfer--authentication_execution_master_2e6df49a_e59b_4705_8bf4_862a2bdfe094_id": {
                    "sensitive": false,
                    "type": "string",
                    "value": "2e6df49a-e59b-4705-8bf4-862a2bdfe094"
                },
                "keycloak_authentication_execution_tfer--authentication_execution_master_2f6c412a_da76_4ac4_b51e_89efe20e670f_id": {
                    "sensitive": false,
                    "type": "string",
                    "value": "2f6c412a-da76-4ac4-b51e-89efe20e670f"
                },
                "keycloak_authentication_execution_tfer--authentication_execution_master_33427112_7627_4cf2_80e0_26b3944d2791_id": {
                    "sensitive": false,
                    "type": "string",
                    "value": "33427112-7627-4cf2-80e0-26b3944d2791"
                },
                "keycloak_authentication_execution_tfer--authentication_execution_master_3dfe32cb_3393_4256_b0bd_ce23f2a68e74_id": {
                    "sensitive": false,
                    "type": "string",
                    "value": "3dfe32cb-3393-4256-b0bd-ce23f2a68e74"
                },
                "keycloak_authentication_execution_tfer--authentication_execution_master_3e00a0a2_00fc_4753_979a_942ebd72c851_id": {
                    "sensitive": false,
                    "type": "string",
                    "value": "3e00a0a2-00fc-4753-979a-942ebd72c851"
                },
                "keycloak_authentication_execution_tfer--authentication_execution_master_404d10e0_f864_4276_8cb6_cea7a4bacd45_id": {
                    "sensitive": false,
                    "type": "string",
                    "value": "404d10e0-f864-4276-8cb6-cea7a4bacd45"
                },
                "keycloak_authentication_execution_tfer--authentication_execution_master_455b94fc_0f79_400d_bcef_b622fed9f991_id": {
                    "sensitive": false,
                    "type": "string",
                    "value": "455b94fc-0f79-400d-bcef-b622fed9f991"
                },
                "keycloak_authentication_execution_tfer--authentication_execution_master_49e74282_e32d_47e6_9f97_0945b3e036be_id": {
                    "sensitive": false,
                    "type": "string",
                    "value": "49e74282-e32d-47e6-9f97-0945b3e036be"
                },
                "keycloak_authentication_execution_tfer--authentication_execution_master_4d6bfb3d_28bb_4000_b963_465d5516bc81_id": {
                    "sensitive": false,
                    "type": "string",
                    "value": "4d6bfb3d-28bb-4000-b963-465d5516bc81"
                },
                "keycloak_authentication_execution_tfer--authentication_execution_master_58c4fd99_1c59_46ab_b116_d7e4908aff21_id": {
                    "sensitive": false,
                    "type": "string",
                    "value": "58c4fd99-1c59-46ab-b116-d7e4908aff21"
                },
                "keycloak_authentication_execution_tfer--authentication_execution_master_67d47460_3df2_495b_9106_6115e0a83476_id": {
                    "sensitive": false,
                    "type": "string",
                    "value": "67d47460-3df2-495b-9106-6115e0a83476"
                },
                "keycloak_authentication_execution_tfer--authentication_execution_master_6cc0c7c9_3b7c_41ef_8801_97e1805f4496_id": {
                    "sensitive": false,
                    "type": "string",
                    "value": "6cc0c7c9-3b7c-41ef-8801-97e1805f4496"
                },
                "keycloak_authentication_execution_tfer--authentication_execution_master_7321325e_0370_449a_b25e_bbbc13d0a32d_id": {
                    "sensitive": false,
                    "type": "string",
                    "value": "7321325e-0370-449a-b25e-bbbc13d0a32d"
                },
                "keycloak_authentication_execution_tfer--authentication_execution_master_798dccab_54af_439f_bdea_dc98a161cd66_id": {
                    "sensitive": false,
                    "type": "string",
                    "value": "798dccab-54af-439f-bdea-dc98a161cd66"
                },
                "keycloak_authentication_execution_tfer--authentication_execution_master_7b391b34_5435_451f_923b_059ee70d8dd6_id": {
                    "sensitive": false,
                    "type": "string",
                    "value": "7b391b34-5435-451f-923b-059ee70d8dd6"
                },
                "keycloak_authentication_execution_tfer--authentication_execution_master_8e5a4f49_e0ff_4cb3_906a_e8a2979fe062_id": {
                    "sensitive": false,
                    "type": "string",
                    "value": "8e5a4f49-e0ff-4cb3-906a-e8a2979fe062"
                },
                "keycloak_authentication_execution_tfer--authentication_execution_master_970cd766_f1d7_4d10_bc5c_0e97913acc9f_id": {
                    "sensitive": false,
                    "type": "string",
                    "value": "970cd766-f1d7-4d10-bc5c-0e97913acc9f"
                },
                "keycloak_authentication_execution_tfer--authentication_execution_master_9c513c72_ea9b_44d3_a70b_4381c12e7deb_id": {
                    "sensitive": false,
                    "type": "string",
                    "value": "9c513c72-ea9b-44d3-a70b-4381c12e7deb"
                },
                "keycloak_authentication_execution_tfer--authentication_execution_master_9fa83e91_6c94_4bc7_a4c8_41b779f457aa_id": {
                    "sensitive": false,
                    "type": "string",
                    "value": "9fa83e91-6c94-4bc7-a4c8-41b779f457aa"
                },
                "keycloak_authentication_execution_tfer--authentication_execution_master_a52b16b5_a700_4c7a_b3d7_8608c403eb67_id": {
                    "sensitive": false,
                    "type": "string",
                    "value": "a52b16b5-a700-4c7a-b3d7-8608c403eb67"
                },
                "keycloak_authentication_execution_tfer--authentication_execution_master_a743bfa8_34b4_41d4_bd9a_2766269227aa_id": {
                    "sensitive": false,
                    "type": "string",
                    "value": "a743bfa8-34b4-41d4-bd9a-2766269227aa"
                },
                "keycloak_authentication_execution_tfer--authentication_execution_master_a975adc9_cdb7_4979_ae65_b758d0621ea5_id": {
                    "sensitive": false,
                    "type": "string",
                    "value": "a975adc9-cdb7-4979-ae65-b758d0621ea5"
                },
                "keycloak_authentication_execution_tfer--authentication_execution_master_a9f91213_7cc1_4d4c_9d79_efe89d9ac39a_id": {
                    "sensitive": false,
                    "type": "string",
                    "value": "a9f91213-7cc1-4d4c-9d79-efe89d9ac39a"
                },
                "keycloak_authentication_execution_tfer--authentication_execution_master_bd193875_c908_4c26_af9e_d7a9fb387b23_id": {
                    "sensitive": false,
                    "type": "string",
                    "value": "bd193875-c908-4c26-af9e-d7a9fb387b23"
                },
                "keycloak_authentication_execution_tfer--authentication_execution_master_bf25035e_b3ae_4589_8472_df3ee6aa0486_id": {
                    "sensitive": false,
                    "type": "string",
                    "value": "bf25035e-b3ae-4589-8472-df3ee6aa0486"
                },
                "keycloak_authentication_execution_tfer--authentication_execution_master_c584cd42_6666_4bd7_93d4_492f376cb83c_id": {
                    "sensitive": false,
                    "type": "string",
                    "value": "c584cd42-6666-4bd7-93d4-492f376cb83c"
                },
                "keycloak_authentication_execution_tfer--authentication_execution_master_de2ef52d_303d_4e60_8555_5a93af031f8e_id": {
                    "sensitive": false,
                    "type": "string",
                    "value": "de2ef52d-303d-4e60-8555-5a93af031f8e"
                },
                "keycloak_authentication_execution_tfer--authentication_execution_master_e6f8556e_1162_46f5_ad29_d1d50a278498_id": {
                    "sensitive": false,
                    "type": "string",
                    "value": "e6f8556e-1162-46f5-ad29-d1d50a278498"
                },
                "keycloak_authentication_execution_tfer--authentication_execution_master_e9d8eb83_b97e_4509_bacc_920ba1853c34_id": {
                    "sensitive": false,
                    "type": "string",
                    "value": "e9d8eb83-b97e-4509-bacc-920ba1853c34"
                },
                "keycloak_authentication_execution_tfer--authentication_execution_master_f4ed4500_004a_45e7_92b4_1ce466ce7813_id": {
                    "sensitive": false,
                    "type": "string",
                    "value": "f4ed4500-004a-45e7-92b4-1ce466ce7813"
                },
                "keycloak_authentication_flow_tfer--authentication_flow_demo_01b41ebd_a584_44ea_8002_f9a26221bb32_id": {
                    "sensitive": false,
                    "type": "string",
                    "value": "01b41ebd-a584-44ea-8002-f9a26221bb32"
                },
                "keycloak_authentication_flow_tfer--authentication_flow_demo_08896d22_4b3a_493f_a5c8_62dda91947e0_id": {
                    "sensitive": false,
                    "type": "string",
                    "value": "08896d22-4b3a-493f-a5c8-62dda91947e0"
                },
                "keycloak_authentication_flow_tfer--authentication_flow_demo_1b4c315a_72e8_4cc1_9247_a230cae06dd4_id": {
                    "sensitive": false,
                    "type": "string",
                    "value": "1b4c315a-72e8-4cc1-9247-a230cae06dd4"
                },
                "keycloak_authentication_flow_tfer--authentication_flow_demo_29275fe6_4fcd_4663_958c_f4ca8fc8cd91_id": {
                    "sensitive": false,
                    "type": "string",
                    "value": "29275fe6-4fcd-4663-958c-f4ca8fc8cd91"
                },
                "keycloak_authentication_flow_tfer--authentication_flow_demo_5b3a53ab_5d63_494e_9288_09029aac73fd_id": {
                    "sensitive": false,
                    "type": "string",
                    "value": "5b3a53ab-5d63-494e-9288-09029aac73fd"
                },
                "keycloak_authentication_flow_tfer--authentication_flow_demo_6e53ceef_bc10_4306_b75e_745572dca177_id": {
                    "sensitive": false,
                    "type": "string",
                    "value": "6e53ceef-bc10-4306-b75e-745572dca177"
                },
                "keycloak_authentication_flow_tfer--authentication_flow_demo_6ecfcc8e_65b1_4bac_80e0_b31c0c8704e4_id": {
                    "sensitive": false,
                    "type": "string",
                    "value": "6ecfcc8e-65b1-4bac-80e0-b31c0c8704e4"
                },
                "keycloak_authentication_flow_tfer--authentication_flow_demo_775e20f1_843e_419f_b974_e0ffd29d7aef_id": {
                    "sensitive": false,
                    "type": "string",
                    "value": "775e20f1-843e-419f-b974-e0ffd29d7aef"
                },
                "keycloak_authentication_flow_tfer--authentication_flow_master_06563c1e_bddc_4876_8ee9_27d8807a6265_id": {
                    "sensitive": false,
                    "type": "string",
                    "value": "06563c1e-bddc-4876-8ee9-27d8807a6265"
                },
                "keycloak_authentication_flow_tfer--authentication_flow_master_0a22d0f1_f362_4acf_8f3b_2033349fe483_id": {
                    "sensitive": false,
                    "type": "string",
                    "value": "0a22d0f1-f362-4acf-8f3b-2033349fe483"
                },
                "keycloak_authentication_flow_tfer--authentication_flow_master_239a333d_7fb8_4c15_894d_095fa27141d8_id": {
                    "sensitive": false,
                    "type": "string",
                    "value": "239a333d-7fb8-4c15-894d-095fa27141d8"
                },
                "keycloak_authentication_flow_tfer--authentication_flow_master_3ba15206_2d74_440c_8744_e37809c1072d_id": {
                    "sensitive": false,
                    "type": "string",
                    "value": "3ba15206-2d74-440c-8744-e37809c1072d"
                },
                "keycloak_authentication_flow_tfer--authentication_flow_master_666e1bcb_a155_4ced_9f4c_5d9a8d7502a9_id": {
                    "sensitive": false,
                    "type": "string",
                    "value": "666e1bcb-a155-4ced-9f4c-5d9a8d7502a9"
                },
                "keycloak_authentication_flow_tfer--authentication_flow_master_88962cd5_98e9_44c4_8631_7d6bb497055e_id": {
                    "sensitive": false,
                    "type": "string",
                    "value": "88962cd5-98e9-44c4-8631-7d6bb497055e"
                },
                "keycloak_authentication_flow_tfer--authentication_flow_master_d03ef544_d902_49d6_9d9d_df5e076cfb5a_id": {
                    "sensitive": false,
                    "type": "string",
                    "value": "d03ef544-d902-49d6-9d9d-df5e076cfb5a"
                },
                "keycloak_authentication_flow_tfer--authentication_flow_master_da8c20de_db7b_4957_8455_323300298874_id": {
                    "sensitive": false,
                    "type": "string",
                    "value": "da8c20de-db7b-4957-8455-323300298874"
                },
                "keycloak_authentication_subflow_tfer--authentication_subflow_demo_191e283b_7ed9_49f1_83a1_81f5ac34f6a1_id": {
                    "sensitive": false,
                    "type": "string",
                    "value": "191e283b-7ed9-49f1-83a1-81f5ac34f6a1"
                },
                "keycloak_authentication_subflow_tfer--authentication_subflow_demo_434f36ff_5242_4306_8fe9_d990523ffcc1_id": {
                    "sensitive": false,
                    "type": "string",
                    "value": "434f36ff-5242-4306-8fe9-d990523ffcc1"
                },
                "keycloak_authentication_subflow_tfer--authentication_subflow_demo_49681b96_e2ca_4885_9ada_5816017ef413_id": {
                    "sensitive": false,
                    "type": "string",
                    "value": "49681b96-e2ca-4885-9ada-5816017ef413"
                },
                "keycloak_authentication_subflow_tfer--authentication_subflow_demo_76da4739_7c59_4d03_953d_aaaff18e5300_id": {
                    "sensitive": false,
                    "type": "string",
                    "value": "76da4739-7c59-4d03-953d-aaaff18e5300"
                },
                "keycloak_authentication_subflow_tfer--authentication_subflow_demo_80f62082_ac5c_4d84_aa93_58d3bbc2f744_id": {
                    "sensitive": false,
                    "type": "string",
                    "value": "80f62082-ac5c-4d84-aa93-58d3bbc2f744"
                },
                "keycloak_authentication_subflow_tfer--authentication_subflow_demo_9067e544_b83b_4051_b9b0_793df7c18045_id": {
                    "sensitive": false,
                    "type": "string",
                    "value": "9067e544-b83b-4051-b9b0-793df7c18045"
                },
                "keycloak_authentication_subflow_tfer--authentication_subflow_demo_9f8cc65b_d472_4216_b072_284a75e1b7ae_id": {
                    "sensitive": false,
                    "type": "string",
                    "value": "9f8cc65b-d472-4216-b072-284a75e1b7ae"
                },
                "keycloak_authentication_subflow_tfer--authentication_subflow_demo_a9dc7c3c_a1ec_495c_bdb7_5379333c86b6_id": {
                    "sensitive": false,
                    "type": "string",
                    "value": "a9dc7c3c-a1ec-495c-bdb7-5379333c86b6"
                },
                "keycloak_authentication_subflow_tfer--authentication_subflow_demo_c67c7f94_3c8b_43c3_8e27_23e11166ede7_id": {
                    "sensitive": false,
                    "type": "string",
                    "value": "c67c7f94-3c8b-43c3-8e27-23e11166ede7"
                },
                "keycloak_authentication_subflow_tfer--authentication_subflow_demo_ed2f0aa9_57d3_4f7d_9ef1_5eb3c99b5c77_id": {
                    "sensitive": false,
                    "type": "string",
                    "value": "ed2f0aa9-57d3-4f7d-9ef1-5eb3c99b5c77"
                },
                "keycloak_authentication_subflow_tfer--authentication_subflow_demo_fa8c5c75_a7be_4a25_a1d6_5c039dd4b962_id": {
                    "sensitive": false,
                    "type": "string",
                    "value": "fa8c5c75-a7be-4a25-a1d6-5c039dd4b962"
                },
                "keycloak_authentication_subflow_tfer--authentication_subflow_master_1f178681_493e_46b0_a383_7d19c1dd1aaf_id": {
                    "sensitive": false,
                    "type": "string",
                    "value": "1f178681-493e-46b0-a383-7d19c1dd1aaf"
                },
                "keycloak_authentication_subflow_tfer--authentication_subflow_master_2ff10fb8_b23c_4a3f_aa83_e61e9fe7c0a4_id": {
                    "sensitive": false,
                    "type": "string",
                    "value": "2ff10fb8-b23c-4a3f-aa83-e61e9fe7c0a4"
                },
                "keycloak_authentication_subflow_tfer--authentication_subflow_master_584a72ed_b3af_4bbb_a27f_81e96dfd97f9_id": {
                    "sensitive": false,
                    "type": "string",
                    "value": "584a72ed-b3af-4bbb-a27f-81e96dfd97f9"
                },
                "keycloak_authentication_subflow_tfer--authentication_subflow_master_6eb2a0e2_9841_427a_a78f_f416dc80de4a_id": {
                    "sensitive": false,
                    "type": "string",
                    "value": "6eb2a0e2-9841-427a-a78f-f416dc80de4a"
                },
                "keycloak_authentication_subflow_tfer--authentication_subflow_master_7c5c5d6c_9052_4d84_b0e5_7b435180fc57_id": {
                    "sensitive": false,
                    "type": "string",
                    "value": "7c5c5d6c-9052-4d84-b0e5-7b435180fc57"
                },
                "keycloak_authentication_subflow_tfer--authentication_subflow_master_9c234bdb_44a9_4058_93d2_70bec0897279_id": {
                    "sensitive": false,
                    "type": "string",
                    "value": "9c234bdb-44a9-4058-93d2-70bec0897279"
                },
                "keycloak_authentication_subflow_tfer--authentication_subflow_master_a34a800b_a897_4e82_8968_3f347ec6283b_id": {
                    "sensitive": false,
                    "type": "string",
                    "value": "a34a800b-a897-4e82-8968-3f347ec6283b"
                },
                "keycloak_authentication_subflow_tfer--authentication_subflow_master_de797a09_11c4_4825_87f7_ccbb72fca9a5_id": {
                    "sensitive": false,
                    "type": "string",
                    "value": "de797a09-11c4-4825-87f7-ccbb72fca9a5"
                },
                "keycloak_authentication_subflow_tfer--authentication_subflow_master_dee0699e_3fd3_4b4d_8640_7a6bb6d533fc_id": {
                    "sensitive": false,
                    "type": "string",
                    "value": "dee0699e-3fd3-4b4d-8640-7a6bb6d533fc"
                },
                "keycloak_authentication_subflow_tfer--authentication_subflow_master_efdbab63_b61b_48b5_b1b5_4c0ff30fac73_id": {
                    "sensitive": false,
                    "type": "string",
                    "value": "efdbab63-b61b-48b5-b1b5-4c0ff30fac73"
                },
                "keycloak_authentication_subflow_tfer--authentication_subflow_master_f478dc0a_bbd3_4f23_8da0_8ea44322ac19_id": {
                    "sensitive": false,
                    "type": "string",
                    "value": "f478dc0a-bbd3-4f23-8da0-8ea44322ac19"
                },
                "keycloak_default_groups_tfer--default_groups_demo_id": {
                    "sensitive": false,
                    "type": "string",
                    "value": "demo/default-groups"
                },
                "keycloak_default_groups_tfer--default_groups_master_id": {
                    "sensitive": false,
                    "type": "string",
                    "value": "master/default-groups"
                },
                "keycloak_group_memberships_tfer--group_memberships_demo_french_id": {
                    "sensitive": false,
                    "type": "string",
                    "value": "demo/group-memberships/57c74a32-fb45-4d40-8eff-55559592ee8a"
                },
                "keycloak_group_memberships_tfer--group_memberships_demo_north_id": {
                    "sensitive": false,
                    "type": "string",
                    "value": "demo/group-memberships/50d7359a-0071-45e6-9538-beea43da8afb"
                },
                "keycloak_group_tfer--group_demo_french_id": {
                    "sensitive": false,
                    "type": "string",
                    "value": "57c74a32-fb45-4d40-8eff-55559592ee8a"
                },
                "keycloak_group_tfer--group_demo_north_id": {
                    "sensitive": false,
                    "type": "string",
                    "value": "50d7359a-0071-45e6-9538-beea43da8afb"
                },
                "keycloak_openid_client_default_scopes_tfer--openid_client_default_scopes_demo_account_console_id": {
                    "sensitive": false,
                    "type": "string",
                    "value": "demo/5b00468b-f746-4026-a6c2-f3ce708768eb"
                },
                "keycloak_openid_client_default_scopes_tfer--openid_client_default_scopes_demo_account_id": {
                    "sensitive": false,
                    "type": "string",
                    "value": "demo/e8252954-c61e-48e3-ad92-55a72edfa109"
                },
                "keycloak_openid_client_default_scopes_tfer--openid_client_default_scopes_demo_admin_cli_id": {
                    "sensitive": false,
                    "type": "string",
                    "value": "demo/68b6ee70-14e0-45e4-9c50-967fe1c02617"
                },
                "keycloak_openid_client_default_scopes_tfer--openid_client_default_scopes_demo_broker_id": {
                    "sensitive": false,
                    "type": "string",
                    "value": "demo/4005705b-6591-47d4-8e0a-b8105c48fabb"
                },
                "keycloak_openid_client_default_scopes_tfer--openid_client_default_scopes_demo_masterminders_id": {
                    "sensitive": false,
                    "type": "string",
                    "value": "demo/9803b59d-ca28-4881-bd02-fc1e7751dc6c"
                },
                "keycloak_openid_client_default_scopes_tfer--openid_client_default_scopes_demo_realm_management_id": {
                    "sensitive": false,
                    "type": "string",
                    "value": "demo/0d2e1fd9-84b9-475f-a9c9-172317832564"
                },
                "keycloak_openid_client_default_scopes_tfer--openid_client_default_scopes_demo_security_admin_console_id": {
                    "sensitive": false,
                    "type": "string",
                    "value": "demo/7f9ba8ad-ea36-4dcf-81dc-31796e9549bb"
                },
                "keycloak_openid_client_default_scopes_tfer--openid_client_default_scopes_demo_thanos_id": {
                    "sensitive": false,
                    "type": "string",
                    "value": "demo/b5c2c3ff-efd0-439a-9cfc-53a469b79248"
                },
                "keycloak_openid_client_default_scopes_tfer--openid_client_default_scopes_demo_vanilla_id": {
                    "sensitive": false,
                    "type": "string",
                    "value": "demo/51628c8d-b368-4e44-9434-238c1897964d"
                },
                "keycloak_openid_client_default_scopes_tfer--openid_client_default_scopes_master_account_console_id": {
                    "sensitive": false,
                    "type": "string",
                    "value": "master/696d1099-8f02-45c1-97d0-13bd4541b32c"
                },
                "keycloak_openid_client_default_scopes_tfer--openid_client_default_scopes_master_account_id": {
                    "sensitive": false,
                    "type": "string",
                    "value": "master/12397b19-cd33-44a7-ad6c-344baa77a058"
                },
                "keycloak_openid_client_default_scopes_tfer--openid_client_default_scopes_master_admin_cli_id": {
                    "sensitive": false,
                    "type": "string",
                    "value": "master/0ffb9ff4-642a-45b7-91ab-ac3b834d8ada"
                },
                "keycloak_openid_client_default_scopes_tfer--openid_client_default_scopes_master_broker_id": {
                    "sensitive": false,
                    "type": "string",
                    "value": "master/a302d2e3-5905-4d3f-b458-a96d07a75765"
                },
                "keycloak_openid_client_default_scopes_tfer--openid_client_default_scopes_master_master_realm_id": {
                    "sensitive": false,
                    "type": "string",
                    "value": "master/499e29eb-4394-4d3d-bb68-6d34f3dc8ca6"
                },
                "keycloak_openid_client_default_scopes_tfer--openid_client_default_scopes_master_mastermind_id": {
                    "sensitive": false,
                    "type": "string",
                    "value": "master/7ce44102-2af7-4203-bfb8-f449d90b3a02"
                },
                "keycloak_openid_client_default_scopes_tfer--openid_client_default_scopes_master_security_admin_console_id": {
                    "sensitive": false,
                    "type": "string",
                    "value": "master/bfd08aa4-cfd5-421b-b329-e735da3e0031"
                },
                "keycloak_openid_client_optional_scopes_tfer--openid_client_optional_scopes_demo_account_console_id": {
                    "sensitive": false,
                    "type": "string",
                    "value": "demo/5b00468b-f746-4026-a6c2-f3ce708768eb"
                },
                "keycloak_openid_client_optional_scopes_tfer--openid_client_optional_scopes_demo_account_id": {
                    "sensitive": false,
                    "type": "string",
                    "value": "demo/e8252954-c61e-48e3-ad92-55a72edfa109"
                },
                "keycloak_openid_client_optional_scopes_tfer--openid_client_optional_scopes_demo_admin_cli_id": {
                    "sensitive": false,
                    "type": "string",
                    "value": "demo/68b6ee70-14e0-45e4-9c50-967fe1c02617"
                },
                "keycloak_openid_client_optional_scopes_tfer--openid_client_optional_scopes_demo_broker_id": {
                    "sensitive": false,
                    "type": "string",
                    "value": "demo/4005705b-6591-47d4-8e0a-b8105c48fabb"
                },
                "keycloak_openid_client_optional_scopes_tfer--openid_client_optional_scopes_demo_masterminders_id": {
                    "sensitive": false,
                    "type": "string",
                    "value": "demo/9803b59d-ca28-4881-bd02-fc1e7751dc6c"
                },
                "keycloak_openid_client_optional_scopes_tfer--openid_client_optional_scopes_demo_realm_management_id": {
                    "sensitive": false,
                    "type": "string",
                    "value": "demo/0d2e1fd9-84b9-475f-a9c9-172317832564"
                },
                "keycloak_openid_client_optional_scopes_tfer--openid_client_optional_scopes_demo_security_admin_console_id": {
                    "sensitive": false,
                    "type": "string",
                    "value": "demo/7f9ba8ad-ea36-4dcf-81dc-31796e9549bb"
                },
                "keycloak_openid_client_optional_scopes_tfer--openid_client_optional_scopes_demo_thanos_id": {
                    "sensitive": false,
                    "type": "string",
                    "value": "demo/b5c2c3ff-efd0-439a-9cfc-53a469b79248"
                },
                "keycloak_openid_client_optional_scopes_tfer--openid_client_optional_scopes_demo_vanilla_id": {
                    "sensitive": false,
                    "type": "string",
                    "value": "demo/51628c8d-b368-4e44-9434-238c1897964d"
                },
                "keycloak_openid_client_optional_scopes_tfer--openid_client_optional_scopes_master_account_console_id": {
                    "sensitive": false,
                    "type": "string",
                    "value": "master/696d1099-8f02-45c1-97d0-13bd4541b32c"
                },
                "keycloak_openid_client_optional_scopes_tfer--openid_client_optional_scopes_master_account_id": {
                    "sensitive": false,
                    "type": "string",
                    "value": "master/12397b19-cd33-44a7-ad6c-344baa77a058"
                },
                "keycloak_openid_client_optional_scopes_tfer--openid_client_optional_scopes_master_admin_cli_id": {
                    "sensitive": false,
                    "type": "string",
                    "value": "master/0ffb9ff4-642a-45b7-91ab-ac3b834d8ada"
                },
                "keycloak_openid_client_optional_scopes_tfer--openid_client_optional_scopes_master_broker_id": {
                    "sensitive": false,
                    "type": "string",
                    "value": "master/a302d2e3-5905-4d3f-b458-a96d07a75765"
                },
                "keycloak_openid_client_optional_scopes_tfer--openid_client_optional_scopes_master_master_realm_id": {
                    "sensitive": false,
                    "type": "string",
                    "value": "master/499e29eb-4394-4d3d-bb68-6d34f3dc8ca6"
                },
                "keycloak_openid_client_optional_scopes_tfer--openid_client_optional_scopes_master_mastermind_id": {
                    "sensitive": false,
                    "type": "string",
                    "value": "master/7ce44102-2af7-4203-bfb8-f449d90b3a02"
                },
                "keycloak_openid_client_optional_scopes_tfer--openid_client_optional_scopes_master_security_admin_console_id": {
                    "sensitive": false,
                    "type": "string",
                    "value": "master/bfd08aa4-cfd5-421b-b329-e735da3e0031"
                },
                "keycloak_openid_client_scope_tfer--openid_client_scope_demo_address_id": {
                    "sensitive": false,
                    "type": "string",
                    "value": "eef9f9cf-f9d5-449a-9248-b13ce6511be6"
                },
                "keycloak_openid_client_scope_tfer--openid_client_scope_demo_email_id": {
                    "sensitive": false,
                    "type": "string",
                    "value": "0ef5fb75-1ed8-4d97-a1b6-f160e803e327"
                },
                "keycloak_openid_client_scope_tfer--openid_client_scope_demo_microprofile_jwt_id": {
                    "sensitive": false,
                    "type": "string",
                    "value": "1e1c80ca-9c3f-48e8-93aa-d13a86a3a737"
                },
                "keycloak_openid_client_scope_tfer--openid_client_scope_demo_offline_access_id": {
                    "sensitive": false,
                    "type": "string",
                    "value": "f2842c3c-b5db-4566-9714-e9dd0483bbba"
                },
                "keycloak_openid_client_scope_tfer--openid_client_scope_demo_phone_id": {
                    "sensitive": false,
                    "type": "string",
                    "value": "cb8c0eac-8d71-4183-98b0-dafb5cd0842f"
                },
                "keycloak_openid_client_scope_tfer--openid_client_scope_demo_profile_id": {
                    "sensitive": false,
                    "type": "string",
                    "value": "149f5679-c2a9-4721-a258-30aa61171167"
                },
                "keycloak_openid_client_scope_tfer--openid_client_scope_demo_roles_id": {
                    "sensitive": false,
                    "type": "string",
                    "value": "b09a66ee-2304-41a0-b194-4921bcfc0b22"
                },
                "keycloak_openid_client_scope_tfer--openid_client_scope_demo_web_origins_id": {
                    "sensitive": false,
                    "type": "string",
                    "value": "1cdd1233-701f-4b52-8abd-059d1d252788"
                },
                "keycloak_openid_client_scope_tfer--openid_client_scope_master_address_id": {
                    "sensitive": false,
                    "type": "string",
                    "value": "0c292626-508f-4398-a82d-a8d39b0820d1"
                },
                "keycloak_openid_client_scope_tfer--openid_client_scope_master_email_id": {
                    "sensitive": false,
                    "type": "string",
                    "value": "aaabc416-58ca-4795-bea6-dab5db3c039e"
                },
                "keycloak_openid_client_scope_tfer--openid_client_scope_master_microprofile_jwt_id": {
                    "sensitive": false,
                    "type": "string",
                    "value": "7b4a2883-eb84-48e2-bbec-8d715f526c45"
                },
                "keycloak_openid_client_scope_tfer--openid_client_scope_master_offline_access_id": {
                    "sensitive": false,
                    "type": "string",
                    "value": "dda4ad8c-04e8-45ca-a0a7-864e2fa6b062"
                },
                "keycloak_openid_client_scope_tfer--openid_client_scope_master_phone_id": {
                    "sensitive": false,
                    "type": "string",
                    "value": "59632024-7320-41f1-8fb8-79d895f1a94e"
                },
                "keycloak_openid_client_scope_tfer--openid_client_scope_master_profile_id": {
                    "sensitive": false,
                    "type": "string",
                    "value": "b5e73969-356b-482b-b686-b20cb5f00d04"
                },
                "keycloak_openid_client_scope_tfer--openid_client_scope_master_roles_id": {
                    "sensitive": false,
                    "type": "string",
                    "value": "0886b52d-f6c0-402e-8b26-df9bf6d0b6ed"
                },
                "keycloak_openid_client_scope_tfer--openid_client_scope_master_web_origins_id": {
                    "sensitive": false,
                    "type": "string",
                    "value": "79dd0aa5-7506-4754-b811-bbfa3dc7a9a8"
                },
                "keycloak_openid_client_service_account_role_tfer--openid_client_service_account_role_demo_masterminders_realm_management_create_client_id": {
                    "sensitive": false,
                    "type": "string",
                    "value": "c6b5282b-0ee1-4673-92eb-447984aeab48/2be031e0-a56e-4ef0-90d6-3dae7077702e"
                },
                "keycloak_openid_client_service_account_role_tfer--openid_client_service_account_role_demo_masterminders_realm_management_impersonation_id": {
                    "sensitive": false,
                    "type": "string",
                    "value": "c6b5282b-0ee1-4673-92eb-447984aeab48/a2192d99-eb05-4238-9f05-0e30258b86aa"
                },
                "keycloak_openid_client_service_account_role_tfer--openid_client_service_account_role_demo_masterminders_realm_management_manage_authorization_id": {
                    "sensitive": false,
                    "type": "string",
                    "value": "c6b5282b-0ee1-4673-92eb-447984aeab48/785cefb5-91e8-46bc-9de9-065fabd5afb9"
                },
                "keycloak_openid_client_service_account_role_tfer--openid_client_service_account_role_demo_masterminders_realm_management_manage_clients_id": {
                    "sensitive": false,
                    "type": "string",
                    "value": "c6b5282b-0ee1-4673-92eb-447984aeab48/34535409-61ab-4276-954b-8775e5374005"
                },
                "keycloak_openid_client_service_account_role_tfer--openid_client_service_account_role_demo_masterminders_realm_management_manage_events_id": {
                    "sensitive": false,
                    "type": "string",
                    "value": "c6b5282b-0ee1-4673-92eb-447984aeab48/6b7b3d13-9463-4872-978b-a8fbd57ec659"
                },
                "keycloak_openid_client_service_account_role_tfer--openid_client_service_account_role_demo_masterminders_realm_management_manage_identity_providers_id": {
                    "sensitive": false,
                    "type": "string",
                    "value": "c6b5282b-0ee1-4673-92eb-447984aeab48/70cbe132-d7ab-4bc2-bbf5-d5c4c8dde597"
                },
                "keycloak_openid_client_service_account_role_tfer--openid_client_service_account_role_demo_masterminders_realm_management_manage_realm_id": {
                    "sensitive": false,
                    "type": "string",
                    "value": "c6b5282b-0ee1-4673-92eb-447984aeab48/7188c56d-2daf-461e-b758-045e176d202f"
                },
                "keycloak_openid_client_service_account_role_tfer--openid_client_service_account_role_demo_masterminders_realm_management_manage_users_id": {
                    "sensitive": false,
                    "type": "string",
                    "value": "c6b5282b-0ee1-4673-92eb-447984aeab48/1868496c-a563-4784-ab50-f9378f7cb67e"
                },
                "keycloak_openid_client_service_account_role_tfer--openid_client_service_account_role_demo_masterminders_realm_management_query_clients_id": {
                    "sensitive": false,
                    "type": "string",
                    "value": "c6b5282b-0ee1-4673-92eb-447984aeab48/38b3d96d-0dda-4d54-ab96-060ca48678d1"
                },
                "keycloak_openid_client_service_account_role_tfer--openid_client_service_account_role_demo_masterminders_realm_management_query_groups_id": {
                    "sensitive": false,
                    "type": "string",
                    "value": "c6b5282b-0ee1-4673-92eb-447984aeab48/f1842007-ca6b-4a57-8c48-da20c97a3c2a"
                },
                "keycloak_openid_client_service_account_role_tfer--openid_client_service_account_role_demo_masterminders_realm_management_query_realms_id": {
                    "sensitive": false,
                    "type": "string",
                    "value": "c6b5282b-0ee1-4673-92eb-447984aeab48/874ecb8d-dd8d-4f82-99fb-7b9e7957b5e0"
                },
                "keycloak_openid_client_service_account_role_tfer--openid_client_service_account_role_demo_masterminders_realm_management_query_users_id": {
                    "sensitive": false,
                    "type": "string",
                    "value": "c6b5282b-0ee1-4673-92eb-447984aeab48/4cb21360-b499-4074-9195-3d117961ab4c"
                },
                "keycloak_openid_client_service_account_role_tfer--openid_client_service_account_role_demo_masterminders_realm_management_realm_admin_id": {
                    "sensitive": false,
                    "type": "string",
                    "value": "c6b5282b-0ee1-4673-92eb-447984aeab48/b5d1fc9c-83d9-47bb-b1d5-a237332ded27"
                },
                "keycloak_openid_client_service_account_role_tfer--openid_client_service_account_role_demo_masterminders_realm_management_view_realm_id": {
                    "sensitive": false,
                    "type": "string",
                    "value": "c6b5282b-0ee1-4673-92eb-447984aeab48/c7ae782c-ff39-4848-9371-f3012d7cc045"
                },
                "keycloak_openid_client_tfer--openid_client_demo_account_console_id": {
                    "sensitive": false,
                    "type": "string",
                    "value": "5b00468b-f746-4026-a6c2-f3ce708768eb"
                },
                "keycloak_openid_client_tfer--openid_client_demo_account_id": {
                    "sensitive": false,
                    "type": "string",
                    "value": "e8252954-c61e-48e3-ad92-55a72edfa109"
                },
                "keycloak_openid_client_tfer--openid_client_demo_admin_cli_id": {
                    "sensitive": false,
                    "type": "string",
                    "value": "68b6ee70-14e0-45e4-9c50-967fe1c02617"
                },
                "keycloak_openid_client_tfer--openid_client_demo_broker_id": {
                    "sensitive": false,
                    "type": "string",
                    "value": "4005705b-6591-47d4-8e0a-b8105c48fabb"
                },
                "keycloak_openid_client_tfer--openid_client_demo_masterminders_id": {
                    "sensitive": false,
                    "type": "string",
                    "value": "9803b59d-ca28-4881-bd02-fc1e7751dc6c"
                },
                "keycloak_openid_client_tfer--openid_client_demo_realm_management_id": {
                    "sensitive": false,
                    "type": "string",
                    "value": "0d2e1fd9-84b9-475f-a9c9-172317832564"
                },
                "keycloak_openid_client_tfer--openid_client_demo_security_admin_console_id": {
                    "sensitive": false,
                    "type": "string",
                    "value": "7f9ba8ad-ea36-4dcf-81dc-31796e9549bb"
                },
                "keycloak_openid_client_tfer--openid_client_demo_thanos_id": {
                    "sensitive": false,
                    "type": "string",
                    "value": "b5c2c3ff-efd0-439a-9cfc-53a469b79248"
                },
                "keycloak_openid_client_tfer--openid_client_demo_vanilla_id": {
                    "sensitive": false,
                    "type": "string",
                    "value": "51628c8d-b368-4e44-9434-238c1897964d"
                },
                "keycloak_openid_client_tfer--openid_client_master_account_console_id": {
                    "sensitive": false,
                    "type": "string",
                    "value": "696d1099-8f02-45c1-97d0-13bd4541b32c"
                },
                "keycloak_openid_client_tfer--openid_client_master_account_id": {
                    "sensitive": false,
                    "type": "string",
                    "value": "12397b19-cd33-44a7-ad6c-344baa77a058"
                },
                "keycloak_openid_client_tfer--openid_client_master_admin_cli_id": {
                    "sensitive": false,
                    "type": "string",
                    "value": "0ffb9ff4-642a-45b7-91ab-ac3b834d8ada"
                },
                "keycloak_openid_client_tfer--openid_client_master_broker_id": {
                    "sensitive": false,
                    "type": "string",
                    "value": "a302d2e3-5905-4d3f-b458-a96d07a75765"
                },
                "keycloak_openid_client_tfer--openid_client_master_demo_realm_id": {
                    "sensitive": false,
                    "type": "string",
                    "value": "d93bf5ae-a298-4a9e-b38c-728fae456ee8"
                },
                "keycloak_openid_client_tfer--openid_client_master_master_realm_id": {
                    "sensitive": false,
                    "type": "string",
                    "value": "499e29eb-4394-4d3d-bb68-6d34f3dc8ca6"
                },
                "keycloak_openid_client_tfer--openid_client_master_mastermind_id": {
                    "sensitive": false,
                    "type": "string",
                    "value": "7ce44102-2af7-4203-bfb8-f449d90b3a02"
                },
                "keycloak_openid_client_tfer--openid_client_master_security_admin_console_id": {
                    "sensitive": false,
                    "type": "string",
                    "value": "bfd08aa4-cfd5-421b-b329-e735da3e0031"
                },
                "keycloak_openid_user_attribute_protocol_mapper_tfer--openid_user_attribute_protocol_mapper_demo_security_admin_console_locale_id": {
                    "sensitive": false,
                    "type": "string",
                    "value": "b8ab0457-3f9e-4946-ba65-ad0b7d24122c"
                },
                "keycloak_openid_user_attribute_protocol_mapper_tfer--openid_user_attribute_protocol_mapper_master_security_admin_console_locale_id": {
                    "sensitive": false,
                    "type": "string",
                    "value": "d63aa0ac-f474-4568-99e5-df44d4dbd776"
                },
                "keycloak_openid_user_session_note_protocol_mapper_tfer--openid_user_session_note_protocol_mapper_demo_masterminders_client_host_id": {
                    "sensitive": false,
                    "type": "string",
                    "value": "de839e54-3de7-4304-84fc-bd4ab87913a3"
                },
                "keycloak_openid_user_session_note_protocol_mapper_tfer--openid_user_session_note_protocol_mapper_demo_masterminders_client_id_id": {
                    "sensitive": false,
                    "type": "string",
                    "value": "24b13afd-2321-4468-b66a-8a201e619cf7"
                },
                "keycloak_openid_user_session_note_protocol_mapper_tfer--openid_user_session_note_protocol_mapper_demo_masterminders_client_ip_address_id": {
                    "sensitive": false,
                    "type": "string",
                    "value": "bea6cdf3-63a3-488e-bb54-b75f37cc3fb7"
                },
                "keycloak_openid_user_session_note_protocol_mapper_tfer--openid_user_session_note_protocol_mapper_master_mastermind_client_host_id": {
                    "sensitive": false,
                    "type": "string",
                    "value": "f8f6c054-43e4-4042-b47c-c568687e5d5e"
                },
                "keycloak_openid_user_session_note_protocol_mapper_tfer--openid_user_session_note_protocol_mapper_master_mastermind_client_id_id": {
                    "sensitive": false,
                    "type": "string",
                    "value": "bf63d537-2ffe-4c0e-8878-b05602aebaeb"
                },
                "keycloak_openid_user_session_note_protocol_mapper_tfer--openid_user_session_note_protocol_mapper_master_mastermind_client_ip_address_id": {
                    "sensitive": false,
                    "type": "string",
                    "value": "b6d7b76a-b17b-49f1-ac55-cf532be5cb7d"
                },
                "keycloak_required_action_tfer--required_action_demo_configure_totp_id": {
                    "sensitive": false,
                    "type": "string",
                    "value": "demo/CONFIGURE_TOTP"
                },
                "keycloak_required_action_tfer--required_action_demo_delete_account_id": {
                    "sensitive": false,
                    "type": "string",
                    "value": "demo/delete_account"
                },
                "keycloak_required_action_tfer--required_action_demo_terms_and_conditions_id": {
                    "sensitive": false,
                    "type": "string",
                    "value": "demo/terms_and_conditions"
                },
                "keycloak_required_action_tfer--required_action_demo_update_password_id": {
                    "sensitive": false,
                    "type": "string",
                    "value": "demo/UPDATE_PASSWORD"
                },
                "keycloak_required_action_tfer--required_action_demo_update_profile_id": {
                    "sensitive": false,
                    "type": "string",
                    "value": "demo/UPDATE_PROFILE"
                },
                "keycloak_required_action_tfer--required_action_demo_update_user_locale_id": {
                    "sensitive": false,
                    "type": "string",
                    "value": "demo/update_user_locale"
                },
                "keycloak_required_action_tfer--required_action_demo_verify_email_id": {
                    "sensitive": false,
                    "type": "string",
                    "value": "demo/VERIFY_EMAIL"
                },
                "keycloak_required_action_tfer--required_action_master_configure_totp_id": {
                    "sensitive": false,
                    "type": "string",
                    "value": "master/CONFIGURE_TOTP"
                },
                "keycloak_required_action_tfer--required_action_master_delete_account_id": {
                    "sensitive": false,
                    "type": "string",
                    "value": "master/delete_account"
                },
                "keycloak_required_action_tfer--required_action_master_terms_and_conditions_id": {
                    "sensitive": false,
                    "type": "string",
                    "value": "master/terms_and_conditions"
                },
                "keycloak_required_action_tfer--required_action_master_update_password_id": {
                    "sensitive": false,
                    "type": "string",
                    "value": "master/UPDATE_PASSWORD"
                },
                "keycloak_required_action_tfer--required_action_master_update_profile_id": {
                    "sensitive": false,
                    "type": "string",
                    "value": "master/UPDATE_PROFILE"
                },
                "keycloak_required_action_tfer--required_action_master_update_user_locale_id": {
                    "sensitive": false,
                    "type": "string",
                    "value": "master/update_user_locale"
                },
                "keycloak_required_action_tfer--required_action_master_verify_email_id": {
                    "sensitive": false,
                    "type": "string",
                    "value": "master/VERIFY_EMAIL"
                },
                "keycloak_role_tfer--role_demo_account_delete_account_id": {
                    "sensitive": false,
                    "type": "string",
                    "value": "3ed2f1d1-7c17-45f0-b9db-e7e303f031e8"
                },
                "keycloak_role_tfer--role_demo_account_manage_account_id": {
                    "sensitive": false,
                    "type": "string",
                    "value": "b80c564d-0483-407c-9338-ae67607259f0"
                },
                "keycloak_role_tfer--role_demo_account_manage_account_links_id": {
                    "sensitive": false,
                    "type": "string",
                    "value": "1929a782-2374-4260-a5b0-9b0b2f06b076"
                },
                "keycloak_role_tfer--role_demo_account_manage_consent_id": {
                    "sensitive": false,
                    "type": "string",
                    "value": "d0ff4d81-4dde-4dd3-b083-2fee39a8235e"
                },
                "keycloak_role_tfer--role_demo_account_view_applications_id": {
                    "sensitive": false,
                    "type": "string",
                    "value": "99f6a9e8-2104-4a61-b21f-4775023bd23a"
                },
                "keycloak_role_tfer--role_demo_account_view_consent_id": {
                    "sensitive": false,
                    "type": "string",
                    "value": "39a961c8-1122-4b5e-9751-582a2e3367d9"
                },
                "keycloak_role_tfer--role_demo_account_view_profile_id": {
                    "sensitive": false,
                    "type": "string",
                    "value": "f06a9918-ce4c-4958-a922-26a169cdc7a8"
                },
                "keycloak_role_tfer--role_demo_broker_read_token_id": {
                    "sensitive": false,
                    "type": "string",
                    "value": "4e9930eb-c594-4291-b5d3-de1e3f8f8738"
                },
                "keycloak_role_tfer--role_demo_default_roles_demo_id": {
                    "sensitive": false,
                    "type": "string",
                    "value": "a4efca8e-08a6-47a8-882a-d4253fcb6dfb"
                },
                "keycloak_role_tfer--role_demo_mm_id": {
                    "sensitive": false,
                    "type": "string",
                    "value": "20caf9cf-9549-4e3f-abde-3f4e8b3ae691"
                },
                "keycloak_role_tfer--role_demo_offline_access_id": {
                    "sensitive": false,
                    "type": "string",
                    "value": "6bab456e-bb93-48e9-9fd5-24e6541e8d20"
                },
                "keycloak_role_tfer--role_demo_realm_management_create_client_id": {
                    "sensitive": false,
                    "type": "string",
                    "value": "2be031e0-a56e-4ef0-90d6-3dae7077702e"
                },
                "keycloak_role_tfer--role_demo_realm_management_impersonation_id": {
                    "sensitive": false,
                    "type": "string",
                    "value": "a2192d99-eb05-4238-9f05-0e30258b86aa"
                },
                "keycloak_role_tfer--role_demo_realm_management_manage_authorization_id": {
                    "sensitive": false,
                    "type": "string",
                    "value": "785cefb5-91e8-46bc-9de9-065fabd5afb9"
                },
                "keycloak_role_tfer--role_demo_realm_management_manage_clients_id": {
                    "sensitive": false,
                    "type": "string",
                    "value": "34535409-61ab-4276-954b-8775e5374005"
                },
                "keycloak_role_tfer--role_demo_realm_management_manage_events_id": {
                    "sensitive": false,
                    "type": "string",
                    "value": "6b7b3d13-9463-4872-978b-a8fbd57ec659"
                },
                "keycloak_role_tfer--role_demo_realm_management_manage_identity_providers_id": {
                    "sensitive": false,
                    "type": "string",
                    "value": "70cbe132-d7ab-4bc2-bbf5-d5c4c8dde597"
                },
                "keycloak_role_tfer--role_demo_realm_management_manage_realm_id": {
                    "sensitive": false,
                    "type": "string",
                    "value": "7188c56d-2daf-461e-b758-045e176d202f"
                },
                "keycloak_role_tfer--role_demo_realm_management_manage_users_id": {
                    "sensitive": false,
                    "type": "string",
                    "value": "1868496c-a563-4784-ab50-f9378f7cb67e"
                },
                "keycloak_role_tfer--role_demo_realm_management_query_clients_id": {
                    "sensitive": false,
                    "type": "string",
                    "value": "38b3d96d-0dda-4d54-ab96-060ca48678d1"
                },
                "keycloak_role_tfer--role_demo_realm_management_query_groups_id": {
                    "sensitive": false,
                    "type": "string",
                    "value": "f1842007-ca6b-4a57-8c48-da20c97a3c2a"
                },
                "keycloak_role_tfer--role_demo_realm_management_query_realms_id": {
                    "sensitive": false,
                    "type": "string",
                    "value": "874ecb8d-dd8d-4f82-99fb-7b9e7957b5e0"
                },
                "keycloak_role_tfer--role_demo_realm_management_query_users_id": {
                    "sensitive": false,
                    "type": "string",
                    "value": "4cb21360-b499-4074-9195-3d117961ab4c"
                },
                "keycloak_role_tfer--role_demo_realm_management_realm_admin_id": {
                    "sensitive": false,
                    "type": "string",
                    "value": "b5d1fc9c-83d9-47bb-b1d5-a237332ded27"
                },
                "keycloak_role_tfer--role_demo_realm_management_view_authorization_id": {
                    "sensitive": false,
                    "type": "string",
                    "value": "e32c39d7-8888-4495-8d0f-1a7f1302b937"
                },
                "keycloak_role_tfer--role_demo_realm_management_view_clients_id": {
                    "sensitive": false,
                    "type": "string",
                    "value": "f993e570-576b-4689-b97b-8ea89f6ba655"
                },
                "keycloak_role_tfer--role_demo_realm_management_view_events_id": {
                    "sensitive": false,
                    "type": "string",
                    "value": "c906c8f3-de7d-44e9-b6a0-8459efd96606"
                },
                "keycloak_role_tfer--role_demo_realm_management_view_identity_providers_id": {
                    "sensitive": false,
                    "type": "string",
                    "value": "a3839031-3b06-48e7-b12a-176e807eec73"
                },
                "keycloak_role_tfer--role_demo_realm_management_view_realm_id": {
                    "sensitive": false,
                    "type": "string",
                    "value": "c7ae782c-ff39-4848-9371-f3012d7cc045"
                },
                "keycloak_role_tfer--role_demo_realm_management_view_users_id": {
                    "sensitive": false,
                    "type": "string",
                    "value": "83f0b89f-3dd0-475d-9a21-c4ee48149dd9"
                },
                "keycloak_role_tfer--role_demo_uma_authorization_id": {
                    "sensitive": false,
                    "type": "string",
                    "value": "108b1f66-628f-4f2e-82db-a11dd27f09e2"
                },
                "keycloak_role_tfer--role_demo_vanilla_read_id": {
                    "sensitive": false,
                    "type": "string",
                    "value": "12812a2b-ea37-4a1d-a240-1be3ec998421"
                },
                "keycloak_role_tfer--role_master_account_delete_account_id": {
                    "sensitive": false,
                    "type": "string",
                    "value": "092db83f-4cce-44e6-903c-d388a385547f"
                },
                "keycloak_role_tfer--role_master_account_manage_account_id": {
                    "sensitive": false,
                    "type": "string",
                    "value": "664bedcf-2951-417e-91ee-58466996c15e"
                },
                "keycloak_role_tfer--role_master_account_manage_account_links_id": {
                    "sensitive": false,
                    "type": "string",
                    "value": "052ed776-c49b-46cd-bc12-175a77a116fb"
                },
                "keycloak_role_tfer--role_master_account_manage_consent_id": {
                    "sensitive": false,
                    "type": "string",
                    "value": "d30d95ef-ba0f-4028-a3dd-8850be918aea"
                },
                "keycloak_role_tfer--role_master_account_view_applications_id": {
                    "sensitive": false,
                    "type": "string",
                    "value": "8202197c-f794-4244-88f5-662be9ffe97d"
                },
                "keycloak_role_tfer--role_master_account_view_consent_id": {
                    "sensitive": false,
                    "type": "string",
                    "value": "eb933965-45a3-4c2e-abc3-224c1126121e"
                },
                "keycloak_role_tfer--role_master_account_view_profile_id": {
                    "sensitive": false,
                    "type": "string",
                    "value": "2d3a442e-8bb0-470e-be82-3993595c2941"
                },
                "keycloak_role_tfer--role_master_admin_id": {
                    "sensitive": false,
                    "type": "string",
                    "value": "92c6e0c7-4af5-481f-9bbf-2a1d0d9d2977"
                },
                "keycloak_role_tfer--role_master_broker_read_token_id": {
                    "sensitive": false,
                    "type": "string",
                    "value": "a9321a90-46aa-46e6-82e8-1dfee0451836"
                },
                "keycloak_role_tfer--role_master_create_realm_id": {
                    "sensitive": false,
                    "type": "string",
                    "value": "c3504020-0b73-493f-9f8d-335569cbd54a"
                },
                "keycloak_role_tfer--role_master_default_roles_master_id": {
                    "sensitive": false,
                    "type": "string",
                    "value": "7b2322d0-a150-47ec-a1e9-3c3a1bb4dacb"
                },
                "keycloak_role_tfer--role_master_demo_realm_create_client_id": {
                    "sensitive": false,
                    "type": "string",
                    "value": "47dc16e3-82aa-459a-9eab-a6ae7c558f67"
                },
                "keycloak_role_tfer--role_master_demo_realm_impersonation_id": {
                    "sensitive": false,
                    "type": "string",
                    "value": "31a99a9e-ed57-4891-a3d0-793961643edd"
                },
                "keycloak_role_tfer--role_master_demo_realm_manage_authorization_id": {
                    "sensitive": false,
                    "type": "string",
                    "value": "4b96898b-a1e0-4aa7-bde2-e5f42f0e04bc"
                },
                "keycloak_role_tfer--role_master_demo_realm_manage_clients_id": {
                    "sensitive": false,
                    "type": "string",
                    "value": "bcabc97d-fa47-4f17-8393-6ca8bfac76db"
                },
                "keycloak_role_tfer--role_master_demo_realm_manage_events_id": {
                    "sensitive": false,
                    "type": "string",
                    "value": "d96ae904-61c5-4ba7-bbb8-cd2abb0ad30e"
                },
                "keycloak_role_tfer--role_master_demo_realm_manage_identity_providers_id": {
                    "sensitive": false,
                    "type": "string",
                    "value": "f1a13741-3571-470e-baa4-1d52af1673c0"
                },
                "keycloak_role_tfer--role_master_demo_realm_manage_realm_id": {
                    "sensitive": false,
                    "type": "string",
                    "value": "a65a1ddc-1637-4087-802f-6017d52895d3"
                },
                "keycloak_role_tfer--role_master_demo_realm_manage_users_id": {
                    "sensitive": false,
                    "type": "string",
                    "value": "4cad71e2-f1a4-48c7-be35-daef9c2a7299"
                },
                "keycloak_role_tfer--role_master_demo_realm_query_clients_id": {
                    "sensitive": false,
                    "type": "string",
                    "value": "6ebffbdb-26a5-4751-a16f-2f68f9f61045"
                },
                "keycloak_role_tfer--role_master_demo_realm_query_groups_id": {
                    "sensitive": false,
                    "type": "string",
                    "value": "27a1c186-0979-41c6-9ae9-5099c3040ce0"
                },
                "keycloak_role_tfer--role_master_demo_realm_query_realms_id": {
                    "sensitive": false,
                    "type": "string",
                    "value": "1e368d47-3806-4e11-affd-813f4e4f6947"
                },
                "keycloak_role_tfer--role_master_demo_realm_query_users_id": {
                    "sensitive": false,
                    "type": "string",
                    "value": "dcef7397-15bf-4e86-9829-8cf0f82a6012"
                },
                "keycloak_role_tfer--role_master_demo_realm_view_authorization_id": {
                    "sensitive": false,
                    "type": "string",
                    "value": "a54dda2a-c2d7-4ce9-beac-bc643df563ac"
                },
                "keycloak_role_tfer--role_master_demo_realm_view_clients_id": {
                    "sensitive": false,
                    "type": "string",
                    "value": "abdac715-f602-4c99-bec4-8d5001477519"
                },
                "keycloak_role_tfer--role_master_demo_realm_view_events_id": {
                    "sensitive": false,
                    "type": "string",
                    "value": "4631dc0e-f013-4545-a96d-2c8bb4c63706"
                },
                "keycloak_role_tfer--role_master_demo_realm_view_identity_providers_id": {
                    "sensitive": false,
                    "type": "string",
                    "value": "0927181e-6d2c-4e85-8839-7144e6e04e32"
                },
                "keycloak_role_tfer--role_master_demo_realm_view_realm_id": {
                    "sensitive": false,
                    "type": "string",
                    "value": "218cd492-edcb-4720-b759-71ff81191849"
                },
                "keycloak_role_tfer--role_master_demo_realm_view_users_id": {
                    "sensitive": false,
                    "type": "string",
                    "value": "d789e95f-f207-4d15-9fd8-49d207d100fb"
                },
                "keycloak_role_tfer--role_master_master_realm_create_client_id": {
                    "sensitive": false,
                    "type": "string",
                    "value": "9e5fcffb-d49c-4f66-adf0-ee610dab999e"
                },
                "keycloak_role_tfer--role_master_master_realm_impersonation_id": {
                    "sensitive": false,
                    "type": "string",
                    "value": "d02863fe-c3ce-44d0-8915-528bf084a14e"
                },
                "keycloak_role_tfer--role_master_master_realm_manage_authorization_id": {
                    "sensitive": false,
                    "type": "string",
                    "value": "bdcb3580-7644-43b1-a9a9-d7640394a7ea"
                },
                "keycloak_role_tfer--role_master_master_realm_manage_clients_id": {
                    "sensitive": false,
                    "type": "string",
                    "value": "102bc01e-9795-468e-b13b-1a0ca3275f34"
                },
                "keycloak_role_tfer--role_master_master_realm_manage_events_id": {
                    "sensitive": false,
                    "type": "string",
                    "value": "a4958b71-5417-46b6-8f63-c544279c810b"
                },
                "keycloak_role_tfer--role_master_master_realm_manage_identity_providers_id": {
                    "sensitive": false,
                    "type": "string",
                    "value": "852b0deb-899f-4466-a33b-046cf4564db8"
                },
                "keycloak_role_tfer--role_master_master_realm_manage_realm_id": {
                    "sensitive": false,
                    "type": "string",
                    "value": "e490094d-9c6e-44df-8ca1-45249d3e33b8"
                },
                "keycloak_role_tfer--role_master_master_realm_manage_users_id": {
                    "sensitive": false,
                    "type": "string",
                    "value": "38e72610-b9d8-4a8d-9455-6d4bcc509107"
                },
                "keycloak_role_tfer--role_master_master_realm_query_clients_id": {
                    "sensitive": false,
                    "type": "string",
                    "value": "728ca8e4-c626-4b61-ab2a-d08a1499c8b6"
                },
                "keycloak_role_tfer--role_master_master_realm_query_groups_id": {
                    "sensitive": false,
                    "type": "string",
                    "value": "546bf858-1ceb-4c37-b8e5-ff09af82523d"
                },
                "keycloak_role_tfer--role_master_master_realm_query_realms_id": {
                    "sensitive": false,
                    "type": "string",
                    "value": "e70ffb4a-9797-4f3f-bfd1-b76d0894b2d1"
                },
                "keycloak_role_tfer--role_master_master_realm_query_users_id": {
                    "sensitive": false,
                    "type": "string",
                    "value": "3122b6a9-c88e-4b26-82b5-bb55f9a304ff"
                },
                "keycloak_role_tfer--role_master_master_realm_view_authorization_id": {
                    "sensitive": false,
                    "type": "string",
                    "value": "4ae8a478-3a00-44ef-8df6-0bbc2ae5301f"
                },
                "keycloak_role_tfer--role_master_master_realm_view_clients_id": {
                    "sensitive": false,
                    "type": "string",
                    "value": "2fb97943-d4ec-4874-a707-7d6556646d4b"
                },
                "keycloak_role_tfer--role_master_master_realm_view_events_id": {
                    "sensitive": false,
                    "type": "string",
                    "value": "2d9e3898-1811-4cec-ab03-fd58d8e5dfe5"
                },
                "keycloak_role_tfer--role_master_master_realm_view_identity_providers_id": {
                    "sensitive": false,
                    "type": "string",
                    "value": "1466390a-374f-40d5-8a9c-0d8a0224716b"
                },
                "keycloak_role_tfer--role_master_master_realm_view_realm_id": {
                    "sensitive": false,
                    "type": "string",
                    "value": "587a817e-9e86-4f13-99dd-b35c81b30cdf"
                },
                "keycloak_role_tfer--role_master_master_realm_view_users_id": {
                    "sensitive": false,
                    "type": "string",
                    "value": "93e1b9e8-96f6-4029-a7c4-29b5a257fc00"
                },
                "keycloak_role_tfer--role_master_offline_access_id": {
                    "sensitive": false,
                    "type": "string",
                    "value": "d59ab0fa-131d-4c01-a157-465426a42e36"
                },
                "keycloak_role_tfer--role_master_uma_authorization_id": {
                    "sensitive": false,
                    "type": "string",
                    "value": "4540d488-9db2-4b36-8fe7-e0ffcd6ffac8"
                },
                "keycloak_user_tfer--user_demo_gianluca_id": {
                    "sensitive": false,
                    "type": "string",
                    "value": "9b5a9454-a174-4ff2-b92f-c235a4d1dc88"
                },
                "keycloak_user_tfer--user_demo_johndoe_id": {
                    "sensitive": false,
                    "type": "string",
                    "value": "16b399f0-aacd-4f0f-b7bf-565869969ec2"
                },
                "keycloak_user_tfer--user_demo_pierreluigifr_id": {
                    "sensitive": false,
                    "type": "string",
                    "value": "8fec4d6c-1dc9-47ec-b51b-86370b1b60fb"
                },
                "keycloak_user_tfer--user_master_admin_id": {
                    "sensitive": false,
                    "type": "string",
                    "value": "2798d7c2-07aa-409b-8b67-02a53314d5da"
                }
            },
            "resources": {
                "keycloak_authentication_execution.tfer--authentication_execution_demo_07b04484_e469_4658_b15c_fae4da5831c7": {
                    "type": "keycloak_authentication_execution",
                    "depends_on": [],
                    "primary": {
                        "id": "07b04484-e469-4658-b15c-fae4da5831c7",
                        "attributes": {
                            "authenticator": "reset-otp",
                            "id": "07b04484-e469-4658-b15c-fae4da5831c7",
                            "parent_flow_alias": "Reset - Conditional OTP",
                            "realm_id": "demo",
                            "requirement": "REQUIRED"
                        },
                        "meta": {
                            "schema_version": 0
                        },
                        "tainted": false
                    },
                    "deposed": [],
                    "provider": "provider.keycloak"
                },
                "keycloak_authentication_execution.tfer--authentication_execution_demo_1e932cec_fc5c_4b2b_bdad_ae4015eb5208": {
                    "type": "keycloak_authentication_execution",
                    "depends_on": [],
                    "primary": {
                        "id": "1e932cec-fc5c-4b2b-bdad-ae4015eb5208",
                        "attributes": {
                            "authenticator": "direct-grant-validate-otp",
                            "id": "1e932cec-fc5c-4b2b-bdad-ae4015eb5208",
                            "parent_flow_alias": "Direct Grant - Conditional OTP",
                            "realm_id": "demo",
                            "requirement": "REQUIRED"
                        },
                        "meta": {
                            "schema_version": 0
                        },
                        "tainted": false
                    },
                    "deposed": [],
                    "provider": "provider.keycloak"
                },
                "keycloak_authentication_execution.tfer--authentication_execution_demo_23af2cf3_fcbe_45e5_8dd4_0c1c28666643": {
                    "type": "keycloak_authentication_execution",
                    "depends_on": [],
                    "primary": {
                        "id": "23af2cf3-fcbe-45e5-8dd4-0c1c28666643",
                        "attributes": {
                            "authenticator": "no-cookie-redirect",
                            "id": "23af2cf3-fcbe-45e5-8dd4-0c1c28666643",
                            "parent_flow_alias": "http challenge",
                            "realm_id": "demo",
                            "requirement": "REQUIRED"
                        },
                        "meta": {
                            "schema_version": 0
                        },
                        "tainted": false
                    },
                    "deposed": [],
                    "provider": "provider.keycloak"
                },
                "keycloak_authentication_execution.tfer--authentication_execution_demo_2729996c_a65a_48f9_bab2_d5fa14f48e96": {
                    "type": "keycloak_authentication_execution",
                    "depends_on": [],
                    "primary": {
                        "id": "2729996c-a65a-48f9-bab2-d5fa14f48e96",
                        "attributes": {
                            "authenticator": "client-jwt",
                            "id": "2729996c-a65a-48f9-bab2-d5fa14f48e96",
                            "parent_flow_alias": "clients",
                            "realm_id": "demo",
                            "requirement": "ALTERNATIVE"
                        },
                        "meta": {
                            "schema_version": 0
                        },
                        "tainted": false
                    },
                    "deposed": [],
                    "provider": "provider.keycloak"
                },
                "keycloak_authentication_execution.tfer--authentication_execution_demo_2d1dac37_0a02_4a79_a342_f5b5c1e47db2": {
                    "type": "keycloak_authentication_execution",
                    "depends_on": [],
                    "primary": {
                        "id": "2d1dac37-0a02-4a79-a342-f5b5c1e47db2",
                        "attributes": {
                            "authenticator": "registration-profile-action",
                            "id": "2d1dac37-0a02-4a79-a342-f5b5c1e47db2",
                            "parent_flow_alias": "registration form",
                            "realm_id": "demo",
                            "requirement": "REQUIRED"
                        },
                        "meta": {
                            "schema_version": 0
                        },
                        "tainted": false
                    },
                    "deposed": [],
                    "provider": "provider.keycloak"
                },
                "keycloak_authentication_execution.tfer--authentication_execution_demo_2d1fce7e_4611_40f7_9cd8_5fd881fd64a9": {
                    "type": "keycloak_authentication_execution",
                    "depends_on": [],
                    "primary": {
                        "id": "2d1fce7e-4611-40f7-9cd8-5fd881fd64a9",
                        "attributes": {
                            "authenticator": "conditional-user-configured",
                            "id": "2d1fce7e-4611-40f7-9cd8-5fd881fd64a9",
                            "parent_flow_alias": "Direct Grant - Conditional OTP",
                            "realm_id": "demo",
                            "requirement": "REQUIRED"
                        },
                        "meta": {
                            "schema_version": 0
                        },
                        "tainted": false
                    },
                    "deposed": [],
                    "provider": "provider.keycloak"
                },
                "keycloak_authentication_execution.tfer--authentication_execution_demo_315b56fe_c77a_4e2a_8b9d_6bcd0f4420a1": {
                    "type": "keycloak_authentication_execution",
                    "depends_on": [],
                    "primary": {
                        "id": "315b56fe-c77a-4e2a-8b9d-6bcd0f4420a1",
                        "attributes": {
                            "authenticator": "idp-review-profile",
                            "id": "315b56fe-c77a-4e2a-8b9d-6bcd0f4420a1",
                            "parent_flow_alias": "first broker login",
                            "realm_id": "demo",
                            "requirement": "REQUIRED"
                        },
                        "meta": {
                            "schema_version": 0
                        },
                        "tainted": false
                    },
                    "deposed": [],
                    "provider": "provider.keycloak"
                },
                "keycloak_authentication_execution.tfer--authentication_execution_demo_48c4e730_37b1_4ec5_ab7b_5b7a219065fb": {
                    "type": "keycloak_authentication_execution",
                    "depends_on": [],
                    "primary": {
                        "id": "48c4e730-37b1-4ec5-ab7b-5b7a219065fb",
                        "attributes": {
                            "authenticator": "client-secret-jwt",
                            "id": "48c4e730-37b1-4ec5-ab7b-5b7a219065fb",
                            "parent_flow_alias": "clients",
                            "realm_id": "demo",
                            "requirement": "ALTERNATIVE"
                        },
                        "meta": {
                            "schema_version": 0
                        },
                        "tainted": false
                    },
                    "deposed": [],
                    "provider": "provider.keycloak"
                },
                "keycloak_authentication_execution.tfer--authentication_execution_demo_5b4077a9_4747_46bc_a434_43cf86b9a667": {
                    "type": "keycloak_authentication_execution",
                    "depends_on": [],
                    "primary": {
                        "id": "5b4077a9-4747-46bc-a434-43cf86b9a667",
                        "attributes": {
                            "authenticator": "client-x509",
                            "id": "5b4077a9-4747-46bc-a434-43cf86b9a667",
                            "parent_flow_alias": "clients",
                            "realm_id": "demo",
                            "requirement": "ALTERNATIVE"
                        },
                        "meta": {
                            "schema_version": 0
                        },
                        "tainted": false
                    },
                    "deposed": [],
                    "provider": "provider.keycloak"
                },
                "keycloak_authentication_execution.tfer--authentication_execution_demo_61e49461_97e0_483e_9d49_b64c4846b559": {
                    "type": "keycloak_authentication_execution",
                    "depends_on": [],
                    "primary": {
                        "id": "61e49461-97e0-483e-9d49-b64c4846b559",
                        "attributes": {
                            "authenticator": "reset-password",
                            "id": "61e49461-97e0-483e-9d49-b64c4846b559",
                            "parent_flow_alias": "reset credentials",
                            "realm_id": "demo",
                            "requirement": "REQUIRED"
                        },
                        "meta": {
                            "schema_version": 0
                        },
                        "tainted": false
                    },
                    "deposed": [],
                    "provider": "provider.keycloak"
                },
                "keycloak_authentication_execution.tfer--authentication_execution_demo_68b9df1d_ad67_4877_b86f_7f442d9b6016": {
                    "type": "keycloak_authentication_execution",
                    "depends_on": [],
                    "primary": {
                        "id": "68b9df1d-ad67-4877-b86f-7f442d9b6016",
                        "attributes": {
                            "authenticator": "auth-username-password-form",
                            "id": "68b9df1d-ad67-4877-b86f-7f442d9b6016",
                            "parent_flow_alias": "forms",
                            "realm_id": "demo",
                            "requirement": "REQUIRED"
                        },
                        "meta": {
                            "schema_version": 0
                        },
                        "tainted": false
                    },
                    "deposed": [],
                    "provider": "provider.keycloak"
                },
                "keycloak_authentication_execution.tfer--authentication_execution_demo_76f96ac3_4bfb_436f_b274_afb5460dfee0": {
                    "type": "keycloak_authentication_execution",
                    "depends_on": [],
                    "primary": {
                        "id": "76f96ac3-4bfb-436f-b274-afb5460dfee0",
                        "attributes": {
                            "authenticator": "basic-auth-otp",
                            "id": "76f96ac3-4bfb-436f-b274-afb5460dfee0",
                            "parent_flow_alias": "Authentication Options",
                            "realm_id": "demo",
                            "requirement": "DISABLED"
                        },
                        "meta": {
                            "schema_version": 0
                        },
                        "tainted": false
                    },
                    "deposed": [],
                    "provider": "provider.keycloak"
                },
                "keycloak_authentication_execution.tfer--authentication_execution_demo_787f803e_9ae4_4f4a_b9c2_debe44677670": {
                    "type": "keycloak_authentication_execution",
                    "depends_on": [],
                    "primary": {
                        "id": "787f803e-9ae4-4f4a-b9c2-debe44677670",
                        "attributes": {
                            "authenticator": "conditional-user-configured",
                            "id": "787f803e-9ae4-4f4a-b9c2-debe44677670",
                            "parent_flow_alias": "Reset - Conditional OTP",
                            "realm_id": "demo",
                            "requirement": "REQUIRED"
                        },
                        "meta": {
                            "schema_version": 0
                        },
                        "tainted": false
                    },
                    "deposed": [],
                    "provider": "provider.keycloak"
                },
                "keycloak_authentication_execution.tfer--authentication_execution_demo_7a570812_f66f_4019_a8d0_b86733c52d18": {
                    "type": "keycloak_authentication_execution",
                    "depends_on": [],
                    "primary": {
                        "id": "7a570812-f66f-4019-a8d0-b86733c52d18",
                        "attributes": {
                            "authenticator": "client-secret",
                            "id": "7a570812-f66f-4019-a8d0-b86733c52d18",
                            "parent_flow_alias": "clients",
                            "realm_id": "demo",
                            "requirement": "ALTERNATIVE"
                        },
                        "meta": {
                            "schema_version": 0
                        },
                        "tainted": false
                    },
                    "deposed": [],
                    "provider": "provider.keycloak"
                },
                "keycloak_authentication_execution.tfer--authentication_execution_demo_7e3c06e0_f0da_4b7f_afff_bdb18ecd6026": {
                    "type": "keycloak_authentication_execution",
                    "depends_on": [],
                    "primary": {
                        "id": "7e3c06e0-f0da-4b7f-afff-bdb18ecd6026",
                        "attributes": {
                            "authenticator": "docker-http-basic-authenticator",
                            "id": "7e3c06e0-f0da-4b7f-afff-bdb18ecd6026",
                            "parent_flow_alias": "docker auth",
                            "realm_id": "demo",
                            "requirement": "REQUIRED"
                        },
                        "meta": {
                            "schema_version": 0
                        },
                        "tainted": false
                    },
                    "deposed": [],
                    "provider": "provider.keycloak"
                },
                "keycloak_authentication_execution.tfer--authentication_execution_demo_869615fd_04bb_45ba_80e9_1fe212262490": {
                    "type": "keycloak_authentication_execution",
                    "depends_on": [],
                    "primary": {
                        "id": "869615fd-04bb-45ba-80e9-1fe212262490",
                        "attributes": {
                            "authenticator": "conditional-user-configured",
                            "id": "869615fd-04bb-45ba-80e9-1fe212262490",
                            "parent_flow_alias": "First broker login - Conditional OTP",
                            "realm_id": "demo",
                            "requirement": "REQUIRED"
                        },
                        "meta": {
                            "schema_version": 0
                        },
                        "tainted": false
                    },
                    "deposed": [],
                    "provider": "provider.keycloak"
                },
                "keycloak_authentication_execution.tfer--authentication_execution_demo_8c9226f1_b242_49f2_89db_8a8d2182b221": {
                    "type": "keycloak_authentication_execution",
                    "depends_on": [],
                    "primary": {
                        "id": "8c9226f1-b242-49f2-89db-8a8d2182b221",
                        "attributes": {
                            "authenticator": "auth-cookie",
                            "id": "8c9226f1-b242-49f2-89db-8a8d2182b221",
                            "parent_flow_alias": "browser",
                            "realm_id": "demo",
                            "requirement": "ALTERNATIVE"
                        },
                        "meta": {
                            "schema_version": 0
                        },
                        "tainted": false
                    },
                    "deposed": [],
                    "provider": "provider.keycloak"
                },
                "keycloak_authentication_execution.tfer--authentication_execution_demo_8f0e4eab_79ef_489d_9e00_cac6dca4673c": {
                    "type": "keycloak_authentication_execution",
                    "depends_on": [],
                    "primary": {
                        "id": "8f0e4eab-79ef-489d-9e00-cac6dca4673c",
                        "attributes": {
                            "authenticator": "registration-user-creation",
                            "id": "8f0e4eab-79ef-489d-9e00-cac6dca4673c",
                            "parent_flow_alias": "registration form",
                            "realm_id": "demo",
                            "requirement": "REQUIRED"
                        },
                        "meta": {
                            "schema_version": 0
                        },
                        "tainted": false
                    },
                    "deposed": [],
                    "provider": "provider.keycloak"
                },
                "keycloak_authentication_execution.tfer--authentication_execution_demo_9002a1d9_d7b8_4975_bd7c_0f257a47c61c": {
                    "type": "keycloak_authentication_execution",
                    "depends_on": [],
                    "primary": {
                        "id": "9002a1d9-d7b8-4975-bd7c-0f257a47c61c",
                        "attributes": {
                            "authenticator": "basic-auth",
                            "id": "9002a1d9-d7b8-4975-bd7c-0f257a47c61c",
                            "parent_flow_alias": "Authentication Options",
                            "realm_id": "demo",
                            "requirement": "REQUIRED"
                        },
                        "meta": {
                            "schema_version": 0
                        },
                        "tainted": false
                    },
                    "deposed": [],
                    "provider": "provider.keycloak"
                },
                "keycloak_authentication_execution.tfer--authentication_execution_demo_902869aa_4839_46c7_9603_b53ee7d0f51f": {
                    "type": "keycloak_authentication_execution",
                    "depends_on": [],
                    "primary": {
                        "id": "902869aa-4839-46c7-9603-b53ee7d0f51f",
                        "attributes": {
                            "authenticator": "reset-credentials-choose-user",
                            "id": "902869aa-4839-46c7-9603-b53ee7d0f51f",
                            "parent_flow_alias": "reset credentials",
                            "realm_id": "demo",
                            "requirement": "REQUIRED"
                        },
                        "meta": {
                            "schema_version": 0
                        },
                        "tainted": false
                    },
                    "deposed": [],
                    "provider": "provider.keycloak"
                },
                "keycloak_authentication_execution.tfer--authentication_execution_demo_943d3366_5625_4eaf_9896_c59a4566d02b": {
                    "type": "keycloak_authentication_execution",
                    "depends_on": [],
                    "primary": {
                        "id": "943d3366-5625-4eaf-9896-c59a4566d02b",
                        "attributes": {
                            "authenticator": "identity-provider-redirector",
                            "id": "943d3366-5625-4eaf-9896-c59a4566d02b",
                            "parent_flow_alias": "browser",
                            "realm_id": "demo",
                            "requirement": "ALTERNATIVE"
                        },
                        "meta": {
                            "schema_version": 0
                        },
                        "tainted": false
                    },
                    "deposed": [],
                    "provider": "provider.keycloak"
                },
                "keycloak_authentication_execution.tfer--authentication_execution_demo_9755cb4b_b02d_4150_b419_839bf747e671": {
                    "type": "keycloak_authentication_execution",
                    "depends_on": [],
                    "primary": {
                        "id": "9755cb4b-b02d-4150-b419-839bf747e671",
                        "attributes": {
                            "authenticator": "idp-confirm-link",
                            "id": "9755cb4b-b02d-4150-b419-839bf747e671",
                            "parent_flow_alias": "Handle Existing Account",
                            "realm_id": "demo",
                            "requirement": "REQUIRED"
                        },
                        "meta": {
                            "schema_version": 0
                        },
                        "tainted": false
                    },
                    "deposed": [],
                    "provider": "provider.keycloak"
                },
                "keycloak_authentication_execution.tfer--authentication_execution_demo_9bccc042_af4b_43cd_b8ea_6b2a60188e47": {
                    "type": "keycloak_authentication_execution",
                    "depends_on": [],
                    "primary": {
                        "id": "9bccc042-af4b-43cd-b8ea-6b2a60188e47",
                        "attributes": {
                            "authenticator": "direct-grant-validate-username",
                            "id": "9bccc042-af4b-43cd-b8ea-6b2a60188e47",
                            "parent_flow_alias": "direct grant",
                            "realm_id": "demo",
                            "requirement": "REQUIRED"
                        },
                        "meta": {
                            "schema_version": 0
                        },
                        "tainted": false
                    },
                    "deposed": [],
                    "provider": "provider.keycloak"
                },
                "keycloak_authentication_execution.tfer--authentication_execution_demo_a39e6994_bed8_4267_a696_e63df7b922d2": {
                    "type": "keycloak_authentication_execution",
                    "depends_on": [],
                    "primary": {
                        "id": "a39e6994-bed8-4267-a696-e63df7b922d2",
                        "attributes": {
                            "authenticator": "registration-recaptcha-action",
                            "id": "a39e6994-bed8-4267-a696-e63df7b922d2",
                            "parent_flow_alias": "registration form",
                            "realm_id": "demo",
                            "requirement": "DISABLED"
                        },
                        "meta": {
                            "schema_version": 0
                        },
                        "tainted": false
                    },
                    "deposed": [],
                    "provider": "provider.keycloak"
                },
                "keycloak_authentication_execution.tfer--authentication_execution_demo_ac1b35d8_3517_452d_87a1_c227d3f244b3": {
                    "type": "keycloak_authentication_execution",
                    "depends_on": [],
                    "primary": {
                        "id": "ac1b35d8-3517-452d-87a1-c227d3f244b3",
                        "attributes": {
                            "authenticator": "auth-spnego",
                            "id": "ac1b35d8-3517-452d-87a1-c227d3f244b3",
                            "parent_flow_alias": "browser",
                            "realm_id": "demo",
                            "requirement": "DISABLED"
                        },
                        "meta": {
                            "schema_version": 0
                        },
                        "tainted": false
                    },
                    "deposed": [],
                    "provider": "provider.keycloak"
                },
                "keycloak_authentication_execution.tfer--authentication_execution_demo_ae141578_f957_4e98_9cae_a9b9cf2cf190": {
                    "type": "keycloak_authentication_execution",
                    "depends_on": [],
                    "primary": {
                        "id": "ae141578-f957-4e98-9cae-a9b9cf2cf190",
                        "attributes": {
                            "authenticator": "idp-username-password-form",
                            "id": "ae141578-f957-4e98-9cae-a9b9cf2cf190",
                            "parent_flow_alias": "Verify Existing Account by Re-authentication",
                            "realm_id": "demo",
                            "requirement": "REQUIRED"
                        },
                        "meta": {
                            "schema_version": 0
                        },
                        "tainted": false
                    },
                    "deposed": [],
                    "provider": "provider.keycloak"
                },
                "keycloak_authentication_execution.tfer--authentication_execution_demo_b7c2767f_0775_4f11_ad6c_73f7cd2db1da": {
                    "type": "keycloak_authentication_execution",
                    "depends_on": [],
                    "primary": {
                        "id": "b7c2767f-0775-4f11-ad6c-73f7cd2db1da",
                        "attributes": {
                            "authenticator": "registration-password-action",
                            "id": "b7c2767f-0775-4f11-ad6c-73f7cd2db1da",
                            "parent_flow_alias": "registration form",
                            "realm_id": "demo",
                            "requirement": "REQUIRED"
                        },
                        "meta": {
                            "schema_version": 0
                        },
                        "tainted": false
                    },
                    "deposed": [],
                    "provider": "provider.keycloak"
                },
                "keycloak_authentication_execution.tfer--authentication_execution_demo_b9979044_7252_4ec3_bb63_b819926066ef": {
                    "type": "keycloak_authentication_execution",
                    "depends_on": [],
                    "primary": {
                        "id": "b9979044-7252-4ec3-bb63-b819926066ef",
                        "attributes": {
                            "authenticator": "idp-create-user-if-unique",
                            "id": "b9979044-7252-4ec3-bb63-b819926066ef",
                            "parent_flow_alias": "User creation or linking",
                            "realm_id": "demo",
                            "requirement": "ALTERNATIVE"
                        },
                        "meta": {
                            "schema_version": 0
                        },
                        "tainted": false
                    },
                    "deposed": [],
                    "provider": "provider.keycloak"
                },
                "keycloak_authentication_execution.tfer--authentication_execution_demo_db12bed9_b81b_4639_a4ca_09ad44e0daf0": {
                    "type": "keycloak_authentication_execution",
                    "depends_on": [],
                    "primary": {
                        "id": "db12bed9-b81b-4639-a4ca-09ad44e0daf0",
                        "attributes": {
                            "authenticator": "idp-email-verification",
                            "id": "db12bed9-b81b-4639-a4ca-09ad44e0daf0",
                            "parent_flow_alias": "Account verification options",
                            "realm_id": "demo",
                            "requirement": "ALTERNATIVE"
                        },
                        "meta": {
                            "schema_version": 0
                        },
                        "tainted": false
                    },
                    "deposed": [],
                    "provider": "provider.keycloak"
                },
                "keycloak_authentication_execution.tfer--authentication_execution_demo_e1a49e6d_03af_4171_a69c_a9b2c2638d0a": {
                    "type": "keycloak_authentication_execution",
                    "depends_on": [],
                    "primary": {
                        "id": "e1a49e6d-03af-4171-a69c-a9b2c2638d0a",
                        "attributes": {
                            "authenticator": "direct-grant-validate-password",
                            "id": "e1a49e6d-03af-4171-a69c-a9b2c2638d0a",
                            "parent_flow_alias": "direct grant",
                            "realm_id": "demo",
                            "requirement": "REQUIRED"
                        },
                        "meta": {
                            "schema_version": 0
                        },
                        "tainted": false
                    },
                    "deposed": [],
                    "provider": "provider.keycloak"
                },
                "keycloak_authentication_execution.tfer--authentication_execution_demo_e322c26f_60fa_4119_a430_20cbaa6a6a4b": {
                    "type": "keycloak_authentication_execution",
                    "depends_on": [],
                    "primary": {
                        "id": "e322c26f-60fa-4119-a430-20cbaa6a6a4b",
                        "attributes": {
                            "authenticator": "auth-spnego",
                            "id": "e322c26f-60fa-4119-a430-20cbaa6a6a4b",
                            "parent_flow_alias": "Authentication Options",
                            "realm_id": "demo",
                            "requirement": "DISABLED"
                        },
                        "meta": {
                            "schema_version": 0
                        },
                        "tainted": false
                    },
                    "deposed": [],
                    "provider": "provider.keycloak"
                },
                "keycloak_authentication_execution.tfer--authentication_execution_demo_e75f1ba6_33a4_4f55_8b74_fcb0c9f8f983": {
                    "type": "keycloak_authentication_execution",
                    "depends_on": [],
                    "primary": {
                        "id": "e75f1ba6-33a4-4f55-8b74-fcb0c9f8f983",
                        "attributes": {
                            "authenticator": "auth-otp-form",
                            "id": "e75f1ba6-33a4-4f55-8b74-fcb0c9f8f983",
                            "parent_flow_alias": "First broker login - Conditional OTP",
                            "realm_id": "demo",
                            "requirement": "REQUIRED"
                        },
                        "meta": {
                            "schema_version": 0
                        },
                        "tainted": false
                    },
                    "deposed": [],
                    "provider": "provider.keycloak"
                },
                "keycloak_authentication_execution.tfer--authentication_execution_demo_ed530286_648d_417a_a165_d36d237d4530": {
                    "type": "keycloak_authentication_execution",
                    "depends_on": [],
                    "primary": {
                        "id": "ed530286-648d-417a-a165-d36d237d4530",
                        "attributes": {
                            "authenticator": "conditional-user-configured",
                            "id": "ed530286-648d-417a-a165-d36d237d4530",
                            "parent_flow_alias": "Browser - Conditional OTP",
                            "realm_id": "demo",
                            "requirement": "REQUIRED"
                        },
                        "meta": {
                            "schema_version": 0
                        },
                        "tainted": false
                    },
                    "deposed": [],
                    "provider": "provider.keycloak"
                },
                "keycloak_authentication_execution.tfer--authentication_execution_demo_ee5661f9_9290_448d_8483_26bde9cd0714": {
                    "type": "keycloak_authentication_execution",
                    "depends_on": [],
                    "primary": {
                        "id": "ee5661f9-9290-448d-8483-26bde9cd0714",
                        "attributes": {
                            "authenticator": "auth-otp-form",
                            "id": "ee5661f9-9290-448d-8483-26bde9cd0714",
                            "parent_flow_alias": "Browser - Conditional OTP",
                            "realm_id": "demo",
                            "requirement": "REQUIRED"
                        },
                        "meta": {
                            "schema_version": 0
                        },
                        "tainted": false
                    },
                    "deposed": [],
                    "provider": "provider.keycloak"
                },
                "keycloak_authentication_execution.tfer--authentication_execution_demo_f18e0735_0bc1_4bc4_b9bb_621b8fe81ce3": {
                    "type": "keycloak_authentication_execution",
                    "depends_on": [],
                    "primary": {
                        "id": "f18e0735-0bc1-4bc4-b9bb-621b8fe81ce3",
                        "attributes": {
                            "authenticator": "reset-credential-email",
                            "id": "f18e0735-0bc1-4bc4-b9bb-621b8fe81ce3",
                            "parent_flow_alias": "reset credentials",
                            "realm_id": "demo",
                            "requirement": "REQUIRED"
                        },
                        "meta": {
                            "schema_version": 0
                        },
                        "tainted": false
                    },
                    "deposed": [],
                    "provider": "provider.keycloak"
                },
                "keycloak_authentication_execution.tfer--authentication_execution_master_006c2cb3_844a_4d52_b47e_32abd064e20e": {
                    "type": "keycloak_authentication_execution",
                    "depends_on": [],
                    "primary": {
                        "id": "006c2cb3-844a-4d52-b47e-32abd064e20e",
                        "attributes": {
                            "authenticator": "idp-review-profile",
                            "id": "006c2cb3-844a-4d52-b47e-32abd064e20e",
                            "parent_flow_alias": "first broker login",
                            "realm_id": "master",
                            "requirement": "REQUIRED"
                        },
                        "meta": {
                            "schema_version": 0
                        },
                        "tainted": false
                    },
                    "deposed": [],
                    "provider": "provider.keycloak"
                },
                "keycloak_authentication_execution.tfer--authentication_execution_master_0f40f1c5_3366_4fe0_8c59_efbc26c064cc": {
                    "type": "keycloak_authentication_execution",
                    "depends_on": [],
                    "primary": {
                        "id": "0f40f1c5-3366-4fe0-8c59-efbc26c064cc",
                        "attributes": {
                            "authenticator": "client-secret-jwt",
                            "id": "0f40f1c5-3366-4fe0-8c59-efbc26c064cc",
                            "parent_flow_alias": "clients",
                            "realm_id": "master",
                            "requirement": "ALTERNATIVE"
                        },
                        "meta": {
                            "schema_version": 0
                        },
                        "tainted": false
                    },
                    "deposed": [],
                    "provider": "provider.keycloak"
                },
                "keycloak_authentication_execution.tfer--authentication_execution_master_10649564_ea69_4e85_90c5_e08b4ce22fd6": {
                    "type": "keycloak_authentication_execution",
                    "depends_on": [],
                    "primary": {
                        "id": "10649564-ea69-4e85-90c5-e08b4ce22fd6",
                        "attributes": {
                            "authenticator": "client-x509",
                            "id": "10649564-ea69-4e85-90c5-e08b4ce22fd6",
                            "parent_flow_alias": "clients",
                            "realm_id": "master",
                            "requirement": "ALTERNATIVE"
                        },
                        "meta": {
                            "schema_version": 0
                        },
                        "tainted": false
                    },
                    "deposed": [],
                    "provider": "provider.keycloak"
                },
                "keycloak_authentication_execution.tfer--authentication_execution_master_1170e24c_97ff_4a31_9e76_4eb741442189": {
                    "type": "keycloak_authentication_execution",
                    "depends_on": [],
                    "primary": {
                        "id": "1170e24c-97ff-4a31-9e76-4eb741442189",
                        "attributes": {
                            "authenticator": "basic-auth-otp",
                            "id": "1170e24c-97ff-4a31-9e76-4eb741442189",
                            "parent_flow_alias": "Authentication Options",
                            "realm_id": "master",
                            "requirement": "DISABLED"
                        },
                        "meta": {
                            "schema_version": 0
                        },
                        "tainted": false
                    },
                    "deposed": [],
                    "provider": "provider.keycloak"
                },
                "keycloak_authentication_execution.tfer--authentication_execution_master_186929e6_ae2f_44f2_968f_8cb1d1696549": {
                    "type": "keycloak_authentication_execution",
                    "depends_on": [],
                    "primary": {
                        "id": "186929e6-ae2f-44f2-968f-8cb1d1696549",
                        "attributes": {
                            "authenticator": "idp-create-user-if-unique",
                            "id": "186929e6-ae2f-44f2-968f-8cb1d1696549",
                            "parent_flow_alias": "User creation or linking",
                            "realm_id": "master",
                            "requirement": "ALTERNATIVE"
                        },
                        "meta": {
                            "schema_version": 0
                        },
                        "tainted": false
                    },
                    "deposed": [],
                    "provider": "provider.keycloak"
                },
                "keycloak_authentication_execution.tfer--authentication_execution_master_2e6df49a_e59b_4705_8bf4_862a2bdfe094": {
                    "type": "keycloak_authentication_execution",
                    "depends_on": [],
                    "primary": {
                        "id": "2e6df49a-e59b-4705-8bf4-862a2bdfe094",
                        "attributes": {
                            "authenticator": "conditional-user-configured",
                            "id": "2e6df49a-e59b-4705-8bf4-862a2bdfe094",
                            "parent_flow_alias": "Browser - Conditional OTP",
                            "realm_id": "master",
                            "requirement": "REQUIRED"
                        },
                        "meta": {
                            "schema_version": 0
                        },
                        "tainted": false
                    },
                    "deposed": [],
                    "provider": "provider.keycloak"
                },
                "keycloak_authentication_execution.tfer--authentication_execution_master_2f6c412a_da76_4ac4_b51e_89efe20e670f": {
                    "type": "keycloak_authentication_execution",
                    "depends_on": [],
                    "primary": {
                        "id": "2f6c412a-da76-4ac4-b51e-89efe20e670f",
                        "attributes": {
                            "authenticator": "registration-recaptcha-action",
                            "id": "2f6c412a-da76-4ac4-b51e-89efe20e670f",
                            "parent_flow_alias": "registration form",
                            "realm_id": "master",
                            "requirement": "DISABLED"
                        },
                        "meta": {
                            "schema_version": 0
                        },
                        "tainted": false
                    },
                    "deposed": [],
                    "provider": "provider.keycloak"
                },
                "keycloak_authentication_execution.tfer--authentication_execution_master_33427112_7627_4cf2_80e0_26b3944d2791": {
                    "type": "keycloak_authentication_execution",
                    "depends_on": [],
                    "primary": {
                        "id": "33427112-7627-4cf2-80e0-26b3944d2791",
                        "attributes": {
                            "authenticator": "auth-spnego",
                            "id": "33427112-7627-4cf2-80e0-26b3944d2791",
                            "parent_flow_alias": "Authentication Options",
                            "realm_id": "master",
                            "requirement": "DISABLED"
                        },
                        "meta": {
                            "schema_version": 0
                        },
                        "tainted": false
                    },
                    "deposed": [],
                    "provider": "provider.keycloak"
                },
                "keycloak_authentication_execution.tfer--authentication_execution_master_3dfe32cb_3393_4256_b0bd_ce23f2a68e74": {
                    "type": "keycloak_authentication_execution",
                    "depends_on": [],
                    "primary": {
                        "id": "3dfe32cb-3393-4256-b0bd-ce23f2a68e74",
                        "attributes": {
                            "authenticator": "registration-password-action",
                            "id": "3dfe32cb-3393-4256-b0bd-ce23f2a68e74",
                            "parent_flow_alias": "registration form",
                            "realm_id": "master",
                            "requirement": "REQUIRED"
                        },
                        "meta": {
                            "schema_version": 0
                        },
                        "tainted": false
                    },
                    "deposed": [],
                    "provider": "provider.keycloak"
                },
                "keycloak_authentication_execution.tfer--authentication_execution_master_3e00a0a2_00fc_4753_979a_942ebd72c851": {
                    "type": "keycloak_authentication_execution",
                    "depends_on": [],
                    "primary": {
                        "id": "3e00a0a2-00fc-4753-979a-942ebd72c851",
                        "attributes": {
                            "authenticator": "direct-grant-validate-otp",
                            "id": "3e00a0a2-00fc-4753-979a-942ebd72c851",
                            "parent_flow_alias": "Direct Grant - Conditional OTP",
                            "realm_id": "master",
                            "requirement": "REQUIRED"
                        },
                        "meta": {
                            "schema_version": 0
                        },
                        "tainted": false
                    },
                    "deposed": [],
                    "provider": "provider.keycloak"
                },
                "keycloak_authentication_execution.tfer--authentication_execution_master_404d10e0_f864_4276_8cb6_cea7a4bacd45": {
                    "type": "keycloak_authentication_execution",
                    "depends_on": [],
                    "primary": {
                        "id": "404d10e0-f864-4276-8cb6-cea7a4bacd45",
                        "attributes": {
                            "authenticator": "reset-password",
                            "id": "404d10e0-f864-4276-8cb6-cea7a4bacd45",
                            "parent_flow_alias": "reset credentials",
                            "realm_id": "master",
                            "requirement": "REQUIRED"
                        },
                        "meta": {
                            "schema_version": 0
                        },
                        "tainted": false
                    },
                    "deposed": [],
                    "provider": "provider.keycloak"
                },
                "keycloak_authentication_execution.tfer--authentication_execution_master_455b94fc_0f79_400d_bcef_b622fed9f991": {
                    "type": "keycloak_authentication_execution",
                    "depends_on": [],
                    "primary": {
                        "id": "455b94fc-0f79-400d-bcef-b622fed9f991",
                        "attributes": {
                            "authenticator": "no-cookie-redirect",
                            "id": "455b94fc-0f79-400d-bcef-b622fed9f991",
                            "parent_flow_alias": "http challenge",
                            "realm_id": "master",
                            "requirement": "REQUIRED"
                        },
                        "meta": {
                            "schema_version": 0
                        },
                        "tainted": false
                    },
                    "deposed": [],
                    "provider": "provider.keycloak"
                },
                "keycloak_authentication_execution.tfer--authentication_execution_master_49e74282_e32d_47e6_9f97_0945b3e036be": {
                    "type": "keycloak_authentication_execution",
                    "depends_on": [],
                    "primary": {
                        "id": "49e74282-e32d-47e6-9f97-0945b3e036be",
                        "attributes": {
                            "authenticator": "basic-auth",
                            "id": "49e74282-e32d-47e6-9f97-0945b3e036be",
                            "parent_flow_alias": "Authentication Options",
                            "realm_id": "master",
                            "requirement": "REQUIRED"
                        },
                        "meta": {
                            "schema_version": 0
                        },
                        "tainted": false
                    },
                    "deposed": [],
                    "provider": "provider.keycloak"
                },
                "keycloak_authentication_execution.tfer--authentication_execution_master_4d6bfb3d_28bb_4000_b963_465d5516bc81": {
                    "type": "keycloak_authentication_execution",
                    "depends_on": [],
                    "primary": {
                        "id": "4d6bfb3d-28bb-4000-b963-465d5516bc81",
                        "attributes": {
                            "authenticator": "identity-provider-redirector",
                            "id": "4d6bfb3d-28bb-4000-b963-465d5516bc81",
                            "parent_flow_alias": "browser",
                            "realm_id": "master",
                            "requirement": "ALTERNATIVE"
                        },
                        "meta": {
                            "schema_version": 0
                        },
                        "tainted": false
                    },
                    "deposed": [],
                    "provider": "provider.keycloak"
                },
                "keycloak_authentication_execution.tfer--authentication_execution_master_58c4fd99_1c59_46ab_b116_d7e4908aff21": {
                    "type": "keycloak_authentication_execution",
                    "depends_on": [],
                    "primary": {
                        "id": "58c4fd99-1c59-46ab-b116-d7e4908aff21",
                        "attributes": {
                            "authenticator": "auth-cookie",
                            "id": "58c4fd99-1c59-46ab-b116-d7e4908aff21",
                            "parent_flow_alias": "browser",
                            "realm_id": "master",
                            "requirement": "ALTERNATIVE"
                        },
                        "meta": {
                            "schema_version": 0
                        },
                        "tainted": false
                    },
                    "deposed": [],
                    "provider": "provider.keycloak"
                },
                "keycloak_authentication_execution.tfer--authentication_execution_master_67d47460_3df2_495b_9106_6115e0a83476": {
                    "type": "keycloak_authentication_execution",
                    "depends_on": [],
                    "primary": {
                        "id": "67d47460-3df2-495b-9106-6115e0a83476",
                        "attributes": {
                            "authenticator": "direct-grant-validate-password",
                            "id": "67d47460-3df2-495b-9106-6115e0a83476",
                            "parent_flow_alias": "direct grant",
                            "realm_id": "master",
                            "requirement": "REQUIRED"
                        },
                        "meta": {
                            "schema_version": 0
                        },
                        "tainted": false
                    },
                    "deposed": [],
                    "provider": "provider.keycloak"
                },
                "keycloak_authentication_execution.tfer--authentication_execution_master_6cc0c7c9_3b7c_41ef_8801_97e1805f4496": {
                    "type": "keycloak_authentication_execution",
                    "depends_on": [],
                    "primary": {
                        "id": "6cc0c7c9-3b7c-41ef-8801-97e1805f4496",
                        "attributes": {
                            "authenticator": "auth-spnego",
                            "id": "6cc0c7c9-3b7c-41ef-8801-97e1805f4496",
                            "parent_flow_alias": "browser",
                            "realm_id": "master",
                            "requirement": "DISABLED"
                        },
                        "meta": {
                            "schema_version": 0
                        },
                        "tainted": false
                    },
                    "deposed": [],
                    "provider": "provider.keycloak"
                },
                "keycloak_authentication_execution.tfer--authentication_execution_master_7321325e_0370_449a_b25e_bbbc13d0a32d": {
                    "type": "keycloak_authentication_execution",
                    "depends_on": [],
                    "primary": {
                        "id": "7321325e-0370-449a-b25e-bbbc13d0a32d",
                        "attributes": {
                            "authenticator": "reset-credentials-choose-user",
                            "id": "7321325e-0370-449a-b25e-bbbc13d0a32d",
                            "parent_flow_alias": "reset credentials",
                            "realm_id": "master",
                            "requirement": "REQUIRED"
                        },
                        "meta": {
                            "schema_version": 0
                        },
                        "tainted": false
                    },
                    "deposed": [],
                    "provider": "provider.keycloak"
                },
                "keycloak_authentication_execution.tfer--authentication_execution_master_798dccab_54af_439f_bdea_dc98a161cd66": {
                    "type": "keycloak_authentication_execution",
                    "depends_on": [],
                    "primary": {
                        "id": "798dccab-54af-439f-bdea-dc98a161cd66",
                        "attributes": {
                            "authenticator": "auth-username-password-form",
                            "id": "798dccab-54af-439f-bdea-dc98a161cd66",
                            "parent_flow_alias": "forms",
                            "realm_id": "master",
                            "requirement": "REQUIRED"
                        },
                        "meta": {
                            "schema_version": 0
                        },
                        "tainted": false
                    },
                    "deposed": [],
                    "provider": "provider.keycloak"
                },
                "keycloak_authentication_execution.tfer--authentication_execution_master_7b391b34_5435_451f_923b_059ee70d8dd6": {
                    "type": "keycloak_authentication_execution",
                    "depends_on": [],
                    "primary": {
                        "id": "7b391b34-5435-451f-923b-059ee70d8dd6",
                        "attributes": {
                            "authenticator": "conditional-user-configured",
                            "id": "7b391b34-5435-451f-923b-059ee70d8dd6",
                            "parent_flow_alias": "First broker login - Conditional OTP",
                            "realm_id": "master",
                            "requirement": "REQUIRED"
                        },
                        "meta": {
                            "schema_version": 0
                        },
                        "tainted": false
                    },
                    "deposed": [],
                    "provider": "provider.keycloak"
                },
                "keycloak_authentication_execution.tfer--authentication_execution_master_8e5a4f49_e0ff_4cb3_906a_e8a2979fe062": {
                    "type": "keycloak_authentication_execution",
                    "depends_on": [],
                    "primary": {
                        "id": "8e5a4f49-e0ff-4cb3-906a-e8a2979fe062",
                        "attributes": {
                            "authenticator": "conditional-user-configured",
                            "id": "8e5a4f49-e0ff-4cb3-906a-e8a2979fe062",
                            "parent_flow_alias": "Direct Grant - Conditional OTP",
                            "realm_id": "master",
                            "requirement": "REQUIRED"
                        },
                        "meta": {
                            "schema_version": 0
                        },
                        "tainted": false
                    },
                    "deposed": [],
                    "provider": "provider.keycloak"
                },
                "keycloak_authentication_execution.tfer--authentication_execution_master_970cd766_f1d7_4d10_bc5c_0e97913acc9f": {
                    "type": "keycloak_authentication_execution",
                    "depends_on": [],
                    "primary": {
                        "id": "970cd766-f1d7-4d10-bc5c-0e97913acc9f",
                        "attributes": {
                            "authenticator": "reset-otp",
                            "id": "970cd766-f1d7-4d10-bc5c-0e97913acc9f",
                            "parent_flow_alias": "Reset - Conditional OTP",
                            "realm_id": "master",
                            "requirement": "REQUIRED"
                        },
                        "meta": {
                            "schema_version": 0
                        },
                        "tainted": false
                    },
                    "deposed": [],
                    "provider": "provider.keycloak"
                },
                "keycloak_authentication_execution.tfer--authentication_execution_master_9c513c72_ea9b_44d3_a70b_4381c12e7deb": {
                    "type": "keycloak_authentication_execution",
                    "depends_on": [],
                    "primary": {
                        "id": "9c513c72-ea9b-44d3-a70b-4381c12e7deb",
                        "attributes": {
                            "authenticator": "idp-confirm-link",
                            "id": "9c513c72-ea9b-44d3-a70b-4381c12e7deb",
                            "parent_flow_alias": "Handle Existing Account",
                            "realm_id": "master",
                            "requirement": "REQUIRED"
                        },
                        "meta": {
                            "schema_version": 0
                        },
                        "tainted": false
                    },
                    "deposed": [],
                    "provider": "provider.keycloak"
                },
                "keycloak_authentication_execution.tfer--authentication_execution_master_9fa83e91_6c94_4bc7_a4c8_41b779f457aa": {
                    "type": "keycloak_authentication_execution",
                    "depends_on": [],
                    "primary": {
                        "id": "9fa83e91-6c94-4bc7-a4c8-41b779f457aa",
                        "attributes": {
                            "authenticator": "idp-username-password-form",
                            "id": "9fa83e91-6c94-4bc7-a4c8-41b779f457aa",
                            "parent_flow_alias": "Verify Existing Account by Re-authentication",
                            "realm_id": "master",
                            "requirement": "REQUIRED"
                        },
                        "meta": {
                            "schema_version": 0
                        },
                        "tainted": false
                    },
                    "deposed": [],
                    "provider": "provider.keycloak"
                },
                "keycloak_authentication_execution.tfer--authentication_execution_master_a52b16b5_a700_4c7a_b3d7_8608c403eb67": {
                    "type": "keycloak_authentication_execution",
                    "depends_on": [],
                    "primary": {
                        "id": "a52b16b5-a700-4c7a-b3d7-8608c403eb67",
                        "attributes": {
                            "authenticator": "client-jwt",
                            "id": "a52b16b5-a700-4c7a-b3d7-8608c403eb67",
                            "parent_flow_alias": "clients",
                            "realm_id": "master",
                            "requirement": "ALTERNATIVE"
                        },
                        "meta": {
                            "schema_version": 0
                        },
                        "tainted": false
                    },
                    "deposed": [],
                    "provider": "provider.keycloak"
                },
                "keycloak_authentication_execution.tfer--authentication_execution_master_a743bfa8_34b4_41d4_bd9a_2766269227aa": {
                    "type": "keycloak_authentication_execution",
                    "depends_on": [],
                    "primary": {
                        "id": "a743bfa8-34b4-41d4-bd9a-2766269227aa",
                        "attributes": {
                            "authenticator": "auth-otp-form",
                            "id": "a743bfa8-34b4-41d4-bd9a-2766269227aa",
                            "parent_flow_alias": "Browser - Conditional OTP",
                            "realm_id": "master",
                            "requirement": "REQUIRED"
                        },
                        "meta": {
                            "schema_version": 0
                        },
                        "tainted": false
                    },
                    "deposed": [],
                    "provider": "provider.keycloak"
                },
                "keycloak_authentication_execution.tfer--authentication_execution_master_a975adc9_cdb7_4979_ae65_b758d0621ea5": {
                    "type": "keycloak_authentication_execution",
                    "depends_on": [],
                    "primary": {
                        "id": "a975adc9-cdb7-4979-ae65-b758d0621ea5",
                        "attributes": {
                            "authenticator": "client-secret",
                            "id": "a975adc9-cdb7-4979-ae65-b758d0621ea5",
                            "parent_flow_alias": "clients",
                            "realm_id": "master",
                            "requirement": "ALTERNATIVE"
                        },
                        "meta": {
                            "schema_version": 0
                        },
                        "tainted": false
                    },
                    "deposed": [],
                    "provider": "provider.keycloak"
                },
                "keycloak_authentication_execution.tfer--authentication_execution_master_a9f91213_7cc1_4d4c_9d79_efe89d9ac39a": {
                    "type": "keycloak_authentication_execution",
                    "depends_on": [],
                    "primary": {
                        "id": "a9f91213-7cc1-4d4c-9d79-efe89d9ac39a",
                        "attributes": {
                            "authenticator": "registration-profile-action",
                            "id": "a9f91213-7cc1-4d4c-9d79-efe89d9ac39a",
                            "parent_flow_alias": "registration form",
                            "realm_id": "master",
                            "requirement": "REQUIRED"
                        },
                        "meta": {
                            "schema_version": 0
                        },
                        "tainted": false
                    },
                    "deposed": [],
                    "provider": "provider.keycloak"
                },
                "keycloak_authentication_execution.tfer--authentication_execution_master_bd193875_c908_4c26_af9e_d7a9fb387b23": {
                    "type": "keycloak_authentication_execution",
                    "depends_on": [],
                    "primary": {
                        "id": "bd193875-c908-4c26-af9e-d7a9fb387b23",
                        "attributes": {
                            "authenticator": "idp-email-verification",
                            "id": "bd193875-c908-4c26-af9e-d7a9fb387b23",
                            "parent_flow_alias": "Account verification options",
                            "realm_id": "master",
                            "requirement": "ALTERNATIVE"
                        },
                        "meta": {
                            "schema_version": 0
                        },
                        "tainted": false
                    },
                    "deposed": [],
                    "provider": "provider.keycloak"
                },
                "keycloak_authentication_execution.tfer--authentication_execution_master_bf25035e_b3ae_4589_8472_df3ee6aa0486": {
                    "type": "keycloak_authentication_execution",
                    "depends_on": [],
                    "primary": {
                        "id": "bf25035e-b3ae-4589-8472-df3ee6aa0486",
                        "attributes": {
                            "authenticator": "docker-http-basic-authenticator",
                            "id": "bf25035e-b3ae-4589-8472-df3ee6aa0486",
                            "parent_flow_alias": "docker auth",
                            "realm_id": "master",
                            "requirement": "REQUIRED"
                        },
                        "meta": {
                            "schema_version": 0
                        },
                        "tainted": false
                    },
                    "deposed": [],
                    "provider": "provider.keycloak"
                },
                "keycloak_authentication_execution.tfer--authentication_execution_master_c584cd42_6666_4bd7_93d4_492f376cb83c": {
                    "type": "keycloak_authentication_execution",
                    "depends_on": [],
                    "primary": {
                        "id": "c584cd42-6666-4bd7-93d4-492f376cb83c",
                        "attributes": {
                            "authenticator": "auth-otp-form",
                            "id": "c584cd42-6666-4bd7-93d4-492f376cb83c",
                            "parent_flow_alias": "First broker login - Conditional OTP",
                            "realm_id": "master",
                            "requirement": "REQUIRED"
                        },
                        "meta": {
                            "schema_version": 0
                        },
                        "tainted": false
                    },
                    "deposed": [],
                    "provider": "provider.keycloak"
                },
                "keycloak_authentication_execution.tfer--authentication_execution_master_de2ef52d_303d_4e60_8555_5a93af031f8e": {
                    "type": "keycloak_authentication_execution",
                    "depends_on": [],
                    "primary": {
                        "id": "de2ef52d-303d-4e60-8555-5a93af031f8e",
                        "attributes": {
                            "authenticator": "conditional-user-configured",
                            "id": "de2ef52d-303d-4e60-8555-5a93af031f8e",
                            "parent_flow_alias": "Reset - Conditional OTP",
                            "realm_id": "master",
                            "requirement": "REQUIRED"
                        },
                        "meta": {
                            "schema_version": 0
                        },
                        "tainted": false
                    },
                    "deposed": [],
                    "provider": "provider.keycloak"
                },
                "keycloak_authentication_execution.tfer--authentication_execution_master_e6f8556e_1162_46f5_ad29_d1d50a278498": {
                    "type": "keycloak_authentication_execution",
                    "depends_on": [],
                    "primary": {
                        "id": "e6f8556e-1162-46f5-ad29-d1d50a278498",
                        "attributes": {
                            "authenticator": "direct-grant-validate-username",
                            "id": "e6f8556e-1162-46f5-ad29-d1d50a278498",
                            "parent_flow_alias": "direct grant",
                            "realm_id": "master",
                            "requirement": "REQUIRED"
                        },
                        "meta": {
                            "schema_version": 0
                        },
                        "tainted": false
                    },
                    "deposed": [],
                    "provider": "provider.keycloak"
                },
                "keycloak_authentication_execution.tfer--authentication_execution_master_e9d8eb83_b97e_4509_bacc_920ba1853c34": {
                    "type": "keycloak_authentication_execution",
                    "depends_on": [],
                    "primary": {
                        "id": "e9d8eb83-b97e-4509-bacc-920ba1853c34",
                        "attributes": {
                            "authenticator": "registration-user-creation",
                            "id": "e9d8eb83-b97e-4509-bacc-920ba1853c34",
                            "parent_flow_alias": "registration form",
                            "realm_id": "master",
                            "requirement": "REQUIRED"
                        },
                        "meta": {
                            "schema_version": 0
                        },
                        "tainted": false
                    },
                    "deposed": [],
                    "provider": "provider.keycloak"
                },
                "keycloak_authentication_execution.tfer--authentication_execution_master_f4ed4500_004a_45e7_92b4_1ce466ce7813": {
                    "type": "keycloak_authentication_execution",
                    "depends_on": [],
                    "primary": {
                        "id": "f4ed4500-004a-45e7-92b4-1ce466ce7813",
                        "attributes": {
                            "authenticator": "reset-credential-email",
                            "id": "f4ed4500-004a-45e7-92b4-1ce466ce7813",
                            "parent_flow_alias": "reset credentials",
                            "realm_id": "master",
                            "requirement": "REQUIRED"
                        },
                        "meta": {
                            "schema_version": 0
                        },
                        "tainted": false
                    },
                    "deposed": [],
                    "provider": "provider.keycloak"
                },
                "keycloak_authentication_execution_config.tfer--authentication_execution_config_demo_b7c6481c_c3a4_40db_b03b_88ba40113294": {
                    "type": "keycloak_authentication_execution_config",
                    "depends_on": [],
                    "primary": {
                        "id": "b7c6481c-c3a4-40db-b03b-88ba40113294",
                        "attributes": {
                            "alias": "review profile config",
                            "config.%": "1",
                            "config.update.profile.on.first.login": "missing",
                            "execution_id": "315b56fe-c77a-4e2a-8b9d-6bcd0f4420a1",
                            "id": "b7c6481c-c3a4-40db-b03b-88ba40113294",
                            "realm_id": "demo"
                        },
                        "meta": {
                            "schema_version": 0
                        },
                        "tainted": false
                    },
                    "deposed": [],
                    "provider": "provider.keycloak"
                },
                "keycloak_authentication_execution_config.tfer--authentication_execution_config_demo_f3c629b1_546b_4b3d_9fdc_41cd2f3fd280": {
                    "type": "keycloak_authentication_execution_config",
                    "depends_on": [],
                    "primary": {
                        "id": "f3c629b1-546b-4b3d-9fdc-41cd2f3fd280",
                        "attributes": {
                            "alias": "create unique user config",
                            "config.%": "1",
                            "config.require.password.update.after.registration": "false",
                            "execution_id": "b9979044-7252-4ec3-bb63-b819926066ef",
                            "id": "f3c629b1-546b-4b3d-9fdc-41cd2f3fd280",
                            "realm_id": "demo"
                        },
                        "meta": {
                            "schema_version": 0
                        },
                        "tainted": false
                    },
                    "deposed": [],
                    "provider": "provider.keycloak"
                },
                "keycloak_authentication_execution_config.tfer--authentication_execution_config_master_45ffe98a_fdec_44ab_af17_22466214f50a": {
                    "type": "keycloak_authentication_execution_config",
                    "depends_on": [],
                    "primary": {
                        "id": "45ffe98a-fdec-44ab-af17-22466214f50a",
                        "attributes": {
                            "alias": "create unique user config",
                            "config.%": "1",
                            "config.require.password.update.after.registration": "false",
                            "execution_id": "186929e6-ae2f-44f2-968f-8cb1d1696549",
                            "id": "45ffe98a-fdec-44ab-af17-22466214f50a",
                            "realm_id": "master"
                        },
                        "meta": {
                            "schema_version": 0
                        },
                        "tainted": false
                    },
                    "deposed": [],
                    "provider": "provider.keycloak"
                },
                "keycloak_authentication_execution_config.tfer--authentication_execution_config_master_7ce3a2b1_2eac_4bd7_82a1_9e0f16d5c94f": {
                    "type": "keycloak_authentication_execution_config",
                    "depends_on": [],
                    "primary": {
                        "id": "7ce3a2b1-2eac-4bd7-82a1-9e0f16d5c94f",
                        "attributes": {
                            "alias": "review profile config",
                            "config.%": "1",
                            "config.update.profile.on.first.login": "missing",
                            "execution_id": "006c2cb3-844a-4d52-b47e-32abd064e20e",
                            "id": "7ce3a2b1-2eac-4bd7-82a1-9e0f16d5c94f",
                            "realm_id": "master"
                        },
                        "meta": {
                            "schema_version": 0
                        },
                        "tainted": false
                    },
                    "deposed": [],
                    "provider": "provider.keycloak"
                },
                "keycloak_authentication_flow.tfer--authentication_flow_demo_01b41ebd_a584_44ea_8002_f9a26221bb32": {
                    "type": "keycloak_authentication_flow",
                    "depends_on": [],
                    "primary": {
                        "id": "01b41ebd-a584-44ea-8002-f9a26221bb32",
                        "attributes": {
                            "alias": "browser",
                            "description": "browser based authentication",
                            "id": "01b41ebd-a584-44ea-8002-f9a26221bb32",
                            "provider_id": "basic-flow",
                            "realm_id": "demo"
                        },
                        "meta": {
                            "schema_version": 0
                        },
                        "tainted": false
                    },
                    "deposed": [],
                    "provider": "provider.keycloak"
                },
                "keycloak_authentication_flow.tfer--authentication_flow_demo_08896d22_4b3a_493f_a5c8_62dda91947e0": {
                    "type": "keycloak_authentication_flow",
                    "depends_on": [],
                    "primary": {
                        "id": "08896d22-4b3a-493f-a5c8-62dda91947e0",
                        "attributes": {
                            "alias": "first broker login",
                            "description": "Actions taken after first broker login with identity provider account, which is not yet linked to any Keycloak account",
                            "id": "08896d22-4b3a-493f-a5c8-62dda91947e0",
                            "provider_id": "basic-flow",
                            "realm_id": "demo"
                        },
                        "meta": {
                            "schema_version": 0
                        },
                        "tainted": false
                    },
                    "deposed": [],
                    "provider": "provider.keycloak"
                },
                "keycloak_authentication_flow.tfer--authentication_flow_demo_1b4c315a_72e8_4cc1_9247_a230cae06dd4": {
                    "type": "keycloak_authentication_flow",
                    "depends_on": [],
                    "primary": {
                        "id": "1b4c315a-72e8-4cc1-9247-a230cae06dd4",
                        "attributes": {
                            "alias": "docker auth",
                            "description": "Used by Docker clients to authenticate against the IDP",
                            "id": "1b4c315a-72e8-4cc1-9247-a230cae06dd4",
                            "provider_id": "basic-flow",
                            "realm_id": "demo"
                        },
                        "meta": {
                            "schema_version": 0
                        },
                        "tainted": false
                    },
                    "deposed": [],
                    "provider": "provider.keycloak"
                },
                "keycloak_authentication_flow.tfer--authentication_flow_demo_29275fe6_4fcd_4663_958c_f4ca8fc8cd91": {
                    "type": "keycloak_authentication_flow",
                    "depends_on": [],
                    "primary": {
                        "id": "29275fe6-4fcd-4663-958c-f4ca8fc8cd91",
                        "attributes": {
                            "alias": "registration",
                            "description": "registration flow",
                            "id": "29275fe6-4fcd-4663-958c-f4ca8fc8cd91",
                            "provider_id": "basic-flow",
                            "realm_id": "demo"
                        },
                        "meta": {
                            "schema_version": 0
                        },
                        "tainted": false
                    },
                    "deposed": [],
                    "provider": "provider.keycloak"
                },
                "keycloak_authentication_flow.tfer--authentication_flow_demo_5b3a53ab_5d63_494e_9288_09029aac73fd": {
                    "type": "keycloak_authentication_flow",
                    "depends_on": [],
                    "primary": {
                        "id": "5b3a53ab-5d63-494e-9288-09029aac73fd",
                        "attributes": {
                            "alias": "http challenge",
                            "description": "An authentication flow based on challenge-response HTTP Authentication Schemes",
                            "id": "5b3a53ab-5d63-494e-9288-09029aac73fd",
                            "provider_id": "basic-flow",
                            "realm_id": "demo"
                        },
                        "meta": {
                            "schema_version": 0
                        },
                        "tainted": false
                    },
                    "deposed": [],
                    "provider": "provider.keycloak"
                },
                "keycloak_authentication_flow.tfer--authentication_flow_demo_6e53ceef_bc10_4306_b75e_745572dca177": {
                    "type": "keycloak_authentication_flow",
                    "depends_on": [],
                    "primary": {
                        "id": "6e53ceef-bc10-4306-b75e-745572dca177",
                        "attributes": {
                            "alias": "direct grant",
                            "description": "OpenID Connect Resource Owner Grant",
                            "id": "6e53ceef-bc10-4306-b75e-745572dca177",
                            "provider_id": "basic-flow",
                            "realm_id": "demo"
                        },
                        "meta": {
                            "schema_version": 0
                        },
                        "tainted": false
                    },
                    "deposed": [],
                    "provider": "provider.keycloak"
                },
                "keycloak_authentication_flow.tfer--authentication_flow_demo_6ecfcc8e_65b1_4bac_80e0_b31c0c8704e4": {
                    "type": "keycloak_authentication_flow",
                    "depends_on": [],
                    "primary": {
                        "id": "6ecfcc8e-65b1-4bac-80e0-b31c0c8704e4",
                        "attributes": {
                            "alias": "reset credentials",
                            "description": "Reset credentials for a user if they forgot their password or something",
                            "id": "6ecfcc8e-65b1-4bac-80e0-b31c0c8704e4",
                            "provider_id": "basic-flow",
                            "realm_id": "demo"
                        },
                        "meta": {
                            "schema_version": 0
                        },
                        "tainted": false
                    },
                    "deposed": [],
                    "provider": "provider.keycloak"
                },
                "keycloak_authentication_flow.tfer--authentication_flow_demo_775e20f1_843e_419f_b974_e0ffd29d7aef": {
                    "type": "keycloak_authentication_flow",
                    "depends_on": [],
                    "primary": {
                        "id": "775e20f1-843e-419f-b974-e0ffd29d7aef",
                        "attributes": {
                            "alias": "clients",
                            "description": "Base authentication for clients",
                            "id": "775e20f1-843e-419f-b974-e0ffd29d7aef",
                            "provider_id": "client-flow",
                            "realm_id": "demo"
                        },
                        "meta": {
                            "schema_version": 0
                        },
                        "tainted": false
                    },
                    "deposed": [],
                    "provider": "provider.keycloak"
                },
                "keycloak_authentication_flow.tfer--authentication_flow_master_06563c1e_bddc_4876_8ee9_27d8807a6265": {
                    "type": "keycloak_authentication_flow",
                    "depends_on": [],
                    "primary": {
                        "id": "06563c1e-bddc-4876-8ee9-27d8807a6265",
                        "attributes": {
                            "alias": "first broker login",
                            "description": "Actions taken after first broker login with identity provider account, which is not yet linked to any Keycloak account",
                            "id": "06563c1e-bddc-4876-8ee9-27d8807a6265",
                            "provider_id": "basic-flow",
                            "realm_id": "master"
                        },
                        "meta": {
                            "schema_version": 0
                        },
                        "tainted": false
                    },
                    "deposed": [],
                    "provider": "provider.keycloak"
                },
                "keycloak_authentication_flow.tfer--authentication_flow_master_0a22d0f1_f362_4acf_8f3b_2033349fe483": {
                    "type": "keycloak_authentication_flow",
                    "depends_on": [],
                    "primary": {
                        "id": "0a22d0f1-f362-4acf-8f3b-2033349fe483",
                        "attributes": {
                            "alias": "http challenge",
                            "description": "An authentication flow based on challenge-response HTTP Authentication Schemes",
                            "id": "0a22d0f1-f362-4acf-8f3b-2033349fe483",
                            "provider_id": "basic-flow",
                            "realm_id": "master"
                        },
                        "meta": {
                            "schema_version": 0
                        },
                        "tainted": false
                    },
                    "deposed": [],
                    "provider": "provider.keycloak"
                },
                "keycloak_authentication_flow.tfer--authentication_flow_master_239a333d_7fb8_4c15_894d_095fa27141d8": {
                    "type": "keycloak_authentication_flow",
                    "depends_on": [],
                    "primary": {
                        "id": "239a333d-7fb8-4c15-894d-095fa27141d8",
                        "attributes": {
                            "alias": "clients",
                            "description": "Base authentication for clients",
                            "id": "239a333d-7fb8-4c15-894d-095fa27141d8",
                            "provider_id": "client-flow",
                            "realm_id": "master"
                        },
                        "meta": {
                            "schema_version": 0
                        },
                        "tainted": false
                    },
                    "deposed": [],
                    "provider": "provider.keycloak"
                },
                "keycloak_authentication_flow.tfer--authentication_flow_master_3ba15206_2d74_440c_8744_e37809c1072d": {
                    "type": "keycloak_authentication_flow",
                    "depends_on": [],
                    "primary": {
                        "id": "3ba15206-2d74-440c-8744-e37809c1072d",
                        "attributes": {
                            "alias": "registration",
                            "description": "registration flow",
                            "id": "3ba15206-2d74-440c-8744-e37809c1072d",
                            "provider_id": "basic-flow",
                            "realm_id": "master"
                        },
                        "meta": {
                            "schema_version": 0
                        },
                        "tainted": false
                    },
                    "deposed": [],
                    "provider": "provider.keycloak"
                },
                "keycloak_authentication_flow.tfer--authentication_flow_master_666e1bcb_a155_4ced_9f4c_5d9a8d7502a9": {
                    "type": "keycloak_authentication_flow",
                    "depends_on": [],
                    "primary": {
                        "id": "666e1bcb-a155-4ced-9f4c-5d9a8d7502a9",
                        "attributes": {
                            "alias": "docker auth",
                            "description": "Used by Docker clients to authenticate against the IDP",
                            "id": "666e1bcb-a155-4ced-9f4c-5d9a8d7502a9",
                            "provider_id": "basic-flow",
                            "realm_id": "master"
                        },
                        "meta": {
                            "schema_version": 0
                        },
                        "tainted": false
                    },
                    "deposed": [],
                    "provider": "provider.keycloak"
                },
                "keycloak_authentication_flow.tfer--authentication_flow_master_88962cd5_98e9_44c4_8631_7d6bb497055e": {
                    "type": "keycloak_authentication_flow",
                    "depends_on": [],
                    "primary": {
                        "id": "88962cd5-98e9-44c4-8631-7d6bb497055e",
                        "attributes": {
                            "alias": "browser",
                            "description": "browser based authentication",
                            "id": "88962cd5-98e9-44c4-8631-7d6bb497055e",
                            "provider_id": "basic-flow",
                            "realm_id": "master"
                        },
                        "meta": {
                            "schema_version": 0
                        },
                        "tainted": false
                    },
                    "deposed": [],
                    "provider": "provider.keycloak"
                },
                "keycloak_authentication_flow.tfer--authentication_flow_master_d03ef544_d902_49d6_9d9d_df5e076cfb5a": {
                    "type": "keycloak_authentication_flow",
                    "depends_on": [],
                    "primary": {
                        "id": "d03ef544-d902-49d6-9d9d-df5e076cfb5a",
                        "attributes": {
                            "alias": "direct grant",
                            "description": "OpenID Connect Resource Owner Grant",
                            "id": "d03ef544-d902-49d6-9d9d-df5e076cfb5a",
                            "provider_id": "basic-flow",
                            "realm_id": "master"
                        },
                        "meta": {
                            "schema_version": 0
                        },
                        "tainted": false
                    },
                    "deposed": [],
                    "provider": "provider.keycloak"
                },
                "keycloak_authentication_flow.tfer--authentication_flow_master_da8c20de_db7b_4957_8455_323300298874": {
                    "type": "keycloak_authentication_flow",
                    "depends_on": [],
                    "primary": {
                        "id": "da8c20de-db7b-4957-8455-323300298874",
                        "attributes": {
                            "alias": "reset credentials",
                            "description": "Reset credentials for a user if they forgot their password or something",
                            "id": "da8c20de-db7b-4957-8455-323300298874",
                            "provider_id": "basic-flow",
                            "realm_id": "master"
                        },
                        "meta": {
                            "schema_version": 0
                        },
                        "tainted": false
                    },
                    "deposed": [],
                    "provider": "provider.keycloak"
                },
                "keycloak_authentication_subflow.tfer--authentication_subflow_demo_191e283b_7ed9_49f1_83a1_81f5ac34f6a1": {
                    "type": "keycloak_authentication_subflow",
                    "depends_on": [],
                    "primary": {
                        "id": "191e283b-7ed9-49f1-83a1-81f5ac34f6a1",
                        "attributes": {
                            "alias": "forms",
                            "authenticator": "",
                            "description": "Username, password, otp and other auth forms.",
                            "id": "191e283b-7ed9-49f1-83a1-81f5ac34f6a1",
                            "parent_flow_alias": "browser",
                            "provider_id": "basic-flow",
                            "realm_id": "demo",
                            "requirement": "ALTERNATIVE"
                        },
                        "meta": {
                            "schema_version": 0
                        },
                        "tainted": false
                    },
                    "deposed": [],
                    "provider": "provider.keycloak"
                },
                "keycloak_authentication_subflow.tfer--authentication_subflow_demo_434f36ff_5242_4306_8fe9_d990523ffcc1": {
                    "type": "keycloak_authentication_subflow",
                    "depends_on": [],
                    "primary": {
                        "id": "434f36ff-5242-4306-8fe9-d990523ffcc1",
                        "attributes": {
                            "alias": "Direct Grant - Conditional OTP",
                            "authenticator": "",
                            "description": "Flow to determine if the OTP is required for the authentication",
                            "id": "434f36ff-5242-4306-8fe9-d990523ffcc1",
                            "parent_flow_alias": "direct grant",
                            "provider_id": "basic-flow",
                            "realm_id": "demo",
                            "requirement": "CONDITIONAL"
                        },
                        "meta": {
                            "schema_version": 0
                        },
                        "tainted": false
                    },
                    "deposed": [],
                    "provider": "provider.keycloak"
                },
                "keycloak_authentication_subflow.tfer--authentication_subflow_demo_49681b96_e2ca_4885_9ada_5816017ef413": {
                    "type": "keycloak_authentication_subflow",
                    "depends_on": [],
                    "primary": {
                        "id": "49681b96-e2ca-4885-9ada-5816017ef413",
                        "attributes": {
                            "alias": "Authentication Options",
                            "authenticator": "",
                            "description": "Authentication options.",
                            "id": "49681b96-e2ca-4885-9ada-5816017ef413",
                            "parent_flow_alias": "http challenge",
                            "provider_id": "basic-flow",
                            "realm_id": "demo",
                            "requirement": "REQUIRED"
                        },
                        "meta": {
                            "schema_version": 0
                        },
                        "tainted": false
                    },
                    "deposed": [],
                    "provider": "provider.keycloak"
                },
                "keycloak_authentication_subflow.tfer--authentication_subflow_demo_76da4739_7c59_4d03_953d_aaaff18e5300": {
                    "type": "keycloak_authentication_subflow",
                    "depends_on": [],
                    "primary": {
                        "id": "76da4739-7c59-4d03-953d-aaaff18e5300",
                        "attributes": {
                            "alias": "Verify Existing Account by Re-authentication",
                            "authenticator": "",
                            "description": "Reauthentication of existing account",
                            "id": "76da4739-7c59-4d03-953d-aaaff18e5300",
                            "parent_flow_alias": "Account verification options",
                            "provider_id": "basic-flow",
                            "realm_id": "demo",
                            "requirement": "ALTERNATIVE"
                        },
                        "meta": {
                            "schema_version": 0
                        },
                        "tainted": false
                    },
                    "deposed": [],
                    "provider": "provider.keycloak"
                },
                "keycloak_authentication_subflow.tfer--authentication_subflow_demo_80f62082_ac5c_4d84_aa93_58d3bbc2f744": {
                    "type": "keycloak_authentication_subflow",
                    "depends_on": [],
                    "primary": {
                        "id": "80f62082-ac5c-4d84-aa93-58d3bbc2f744",
                        "attributes": {
                            "alias": "Reset - Conditional OTP",
                            "authenticator": "",
                            "description": "Flow to determine if the OTP should be reset or not. Set to REQUIRED to force.",
                            "id": "80f62082-ac5c-4d84-aa93-58d3bbc2f744",
                            "parent_flow_alias": "reset credentials",
                            "provider_id": "basic-flow",
                            "realm_id": "demo",
                            "requirement": "CONDITIONAL"
                        },
                        "meta": {
                            "schema_version": 0
                        },
                        "tainted": false
                    },
                    "deposed": [],
                    "provider": "provider.keycloak"
                },
                "keycloak_authentication_subflow.tfer--authentication_subflow_demo_9067e544_b83b_4051_b9b0_793df7c18045": {
                    "type": "keycloak_authentication_subflow",
                    "depends_on": [],
                    "primary": {
                        "id": "9067e544-b83b-4051-b9b0-793df7c18045",
                        "attributes": {
                            "alias": "User creation or linking",
                            "authenticator": "",
                            "description": "Flow for the existing/non-existing user alternatives",
                            "id": "9067e544-b83b-4051-b9b0-793df7c18045",
                            "parent_flow_alias": "first broker login",
                            "provider_id": "basic-flow",
                            "realm_id": "demo",
                            "requirement": "REQUIRED"
                        },
                        "meta": {
                            "schema_version": 0
                        },
                        "tainted": false
                    },
                    "deposed": [],
                    "provider": "provider.keycloak"
                },
                "keycloak_authentication_subflow.tfer--authentication_subflow_demo_9f8cc65b_d472_4216_b072_284a75e1b7ae": {
                    "type": "keycloak_authentication_subflow",
                    "depends_on": [],
                    "primary": {
                        "id": "9f8cc65b-d472-4216-b072-284a75e1b7ae",
                        "attributes": {
                            "alias": "First broker login - Conditional OTP",
                            "authenticator": "",
                            "description": "Flow to determine if the OTP is required for the authentication",
                            "id": "9f8cc65b-d472-4216-b072-284a75e1b7ae",
                            "parent_flow_alias": "Verify Existing Account by Re-authentication",
                            "provider_id": "basic-flow",
                            "realm_id": "demo",
                            "requirement": "CONDITIONAL"
                        },
                        "meta": {
                            "schema_version": 0
                        },
                        "tainted": false
                    },
                    "deposed": [],
                    "provider": "provider.keycloak"
                },
                "keycloak_authentication_subflow.tfer--authentication_subflow_demo_a9dc7c3c_a1ec_495c_bdb7_5379333c86b6": {
                    "type": "keycloak_authentication_subflow",
                    "depends_on": [],
                    "primary": {
                        "id": "a9dc7c3c-a1ec-495c-bdb7-5379333c86b6",
                        "attributes": {
                            "alias": "Browser - Conditional OTP",
                            "authenticator": "",
                            "description": "Flow to determine if the OTP is required for the authentication",
                            "id": "a9dc7c3c-a1ec-495c-bdb7-5379333c86b6",
                            "parent_flow_alias": "forms",
                            "provider_id": "basic-flow",
                            "realm_id": "demo",
                            "requirement": "CONDITIONAL"
                        },
                        "meta": {
                            "schema_version": 0
                        },
                        "tainted": false
                    },
                    "deposed": [],
                    "provider": "provider.keycloak"
                },
                "keycloak_authentication_subflow.tfer--authentication_subflow_demo_c67c7f94_3c8b_43c3_8e27_23e11166ede7": {
                    "type": "keycloak_authentication_subflow",
                    "depends_on": [],
                    "primary": {
                        "id": "c67c7f94-3c8b-43c3-8e27-23e11166ede7",
                        "attributes": {
                            "alias": "Account verification options",
                            "authenticator": "",
                            "description": "Method with which to verity the existing account",
                            "id": "c67c7f94-3c8b-43c3-8e27-23e11166ede7",
                            "parent_flow_alias": "Handle Existing Account",
                            "provider_id": "basic-flow",
                            "realm_id": "demo",
                            "requirement": "REQUIRED"
                        },
                        "meta": {
                            "schema_version": 0
                        },
                        "tainted": false
                    },
                    "deposed": [],
                    "provider": "provider.keycloak"
                },
                "keycloak_authentication_subflow.tfer--authentication_subflow_demo_ed2f0aa9_57d3_4f7d_9ef1_5eb3c99b5c77": {
                    "type": "keycloak_authentication_subflow",
                    "depends_on": [],
                    "primary": {
                        "id": "ed2f0aa9-57d3-4f7d-9ef1-5eb3c99b5c77",
                        "attributes": {
                            "alias": "Handle Existing Account",
                            "authenticator": "",
                            "description": "Handle what to do if there is existing account with same email/username like authenticated identity provider",
                            "id": "ed2f0aa9-57d3-4f7d-9ef1-5eb3c99b5c77",
                            "parent_flow_alias": "User creation or linking",
                            "provider_id": "basic-flow",
                            "realm_id": "demo",
                            "requirement": "ALTERNATIVE"
                        },
                        "meta": {
                            "schema_version": 0
                        },
                        "tainted": false
                    },
                    "deposed": [],
                    "provider": "provider.keycloak"
                },
                "keycloak_authentication_subflow.tfer--authentication_subflow_demo_fa8c5c75_a7be_4a25_a1d6_5c039dd4b962": {
                    "type": "keycloak_authentication_subflow",
                    "depends_on": [],
                    "primary": {
                        "id": "fa8c5c75-a7be-4a25-a1d6-5c039dd4b962",
                        "attributes": {
                            "alias": "registration form",
                            "authenticator": "registration-page-form",
                            "description": "registration form",
                            "id": "fa8c5c75-a7be-4a25-a1d6-5c039dd4b962",
                            "parent_flow_alias": "registration",
                            "provider_id": "form-flow",
                            "realm_id": "demo",
                            "requirement": "REQUIRED"
                        },
                        "meta": {
                            "schema_version": 0
                        },
                        "tainted": false
                    },
                    "deposed": [],
                    "provider": "provider.keycloak"
                },
                "keycloak_authentication_subflow.tfer--authentication_subflow_master_1f178681_493e_46b0_a383_7d19c1dd1aaf": {
                    "type": "keycloak_authentication_subflow",
                    "depends_on": [],
                    "primary": {
                        "id": "1f178681-493e-46b0-a383-7d19c1dd1aaf",
                        "attributes": {
                            "alias": "Handle Existing Account",
                            "authenticator": "",
                            "description": "Handle what to do if there is existing account with same email/username like authenticated identity provider",
                            "id": "1f178681-493e-46b0-a383-7d19c1dd1aaf",
                            "parent_flow_alias": "User creation or linking",
                            "provider_id": "basic-flow",
                            "realm_id": "master",
                            "requirement": "ALTERNATIVE"
                        },
                        "meta": {
                            "schema_version": 0
                        },
                        "tainted": false
                    },
                    "deposed": [],
                    "provider": "provider.keycloak"
                },
                "keycloak_authentication_subflow.tfer--authentication_subflow_master_2ff10fb8_b23c_4a3f_aa83_e61e9fe7c0a4": {
                    "type": "keycloak_authentication_subflow",
                    "depends_on": [],
                    "primary": {
                        "id": "2ff10fb8-b23c-4a3f-aa83-e61e9fe7c0a4",
                        "attributes": {
                            "alias": "Direct Grant - Conditional OTP",
                            "authenticator": "",
                            "description": "Flow to determine if the OTP is required for the authentication",
                            "id": "2ff10fb8-b23c-4a3f-aa83-e61e9fe7c0a4",
                            "parent_flow_alias": "direct grant",
                            "provider_id": "basic-flow",
                            "realm_id": "master",
                            "requirement": "CONDITIONAL"
                        },
                        "meta": {
                            "schema_version": 0
                        },
                        "tainted": false
                    },
                    "deposed": [],
                    "provider": "provider.keycloak"
                },
                "keycloak_authentication_subflow.tfer--authentication_subflow_master_584a72ed_b3af_4bbb_a27f_81e96dfd97f9": {
                    "type": "keycloak_authentication_subflow",
                    "depends_on": [],
                    "primary": {
                        "id": "584a72ed-b3af-4bbb-a27f-81e96dfd97f9",
                        "attributes": {
                            "alias": "User creation or linking",
                            "authenticator": "",
                            "description": "Flow for the existing/non-existing user alternatives",
                            "id": "584a72ed-b3af-4bbb-a27f-81e96dfd97f9",
                            "parent_flow_alias": "first broker login",
                            "provider_id": "basic-flow",
                            "realm_id": "master",
                            "requirement": "REQUIRED"
                        },
                        "meta": {
                            "schema_version": 0
                        },
                        "tainted": false
                    },
                    "deposed": [],
                    "provider": "provider.keycloak"
                },
                "keycloak_authentication_subflow.tfer--authentication_subflow_master_6eb2a0e2_9841_427a_a78f_f416dc80de4a": {
                    "type": "keycloak_authentication_subflow",
                    "depends_on": [],
                    "primary": {
                        "id": "6eb2a0e2-9841-427a-a78f-f416dc80de4a",
                        "attributes": {
                            "alias": "forms",
                            "authenticator": "",
                            "description": "Username, password, otp and other auth forms.",
                            "id": "6eb2a0e2-9841-427a-a78f-f416dc80de4a",
                            "parent_flow_alias": "browser",
                            "provider_id": "basic-flow",
                            "realm_id": "master",
                            "requirement": "ALTERNATIVE"
                        },
                        "meta": {
                            "schema_version": 0
                        },
                        "tainted": false
                    },
                    "deposed": [],
                    "provider": "provider.keycloak"
                },
                "keycloak_authentication_subflow.tfer--authentication_subflow_master_7c5c5d6c_9052_4d84_b0e5_7b435180fc57": {
                    "type": "keycloak_authentication_subflow",
                    "depends_on": [],
                    "primary": {
                        "id": "7c5c5d6c-9052-4d84-b0e5-7b435180fc57",
                        "attributes": {
                            "alias": "Verify Existing Account by Re-authentication",
                            "authenticator": "",
                            "description": "Reauthentication of existing account",
                            "id": "7c5c5d6c-9052-4d84-b0e5-7b435180fc57",
                            "parent_flow_alias": "Account verification options",
                            "provider_id": "basic-flow",
                            "realm_id": "master",
                            "requirement": "ALTERNATIVE"
                        },
                        "meta": {
                            "schema_version": 0
                        },
                        "tainted": false
                    },
                    "deposed": [],
                    "provider": "provider.keycloak"
                },
                "keycloak_authentication_subflow.tfer--authentication_subflow_master_9c234bdb_44a9_4058_93d2_70bec0897279": {
                    "type": "keycloak_authentication_subflow",
                    "depends_on": [],
                    "primary": {
                        "id": "9c234bdb-44a9-4058-93d2-70bec0897279",
                        "attributes": {
                            "alias": "Account verification options",
                            "authenticator": "",
                            "description": "Method with which to verity the existing account",
                            "id": "9c234bdb-44a9-4058-93d2-70bec0897279",
                            "parent_flow_alias": "Handle Existing Account",
                            "provider_id": "basic-flow",
                            "realm_id": "master",
                            "requirement": "REQUIRED"
                        },
                        "meta": {
                            "schema_version": 0
                        },
                        "tainted": false
                    },
                    "deposed": [],
                    "provider": "provider.keycloak"
                },
                "keycloak_authentication_subflow.tfer--authentication_subflow_master_a34a800b_a897_4e82_8968_3f347ec6283b": {
                    "type": "keycloak_authentication_subflow",
                    "depends_on": [],
                    "primary": {
                        "id": "a34a800b-a897-4e82-8968-3f347ec6283b",
                        "attributes": {
                            "alias": "registration form",
                            "authenticator": "registration-page-form",
                            "description": "registration form",
                            "id": "a34a800b-a897-4e82-8968-3f347ec6283b",
                            "parent_flow_alias": "registration",
                            "provider_id": "form-flow",
                            "realm_id": "master",
                            "requirement": "REQUIRED"
                        },
                        "meta": {
                            "schema_version": 0
                        },
                        "tainted": false
                    },
                    "deposed": [],
                    "provider": "provider.keycloak"
                },
                "keycloak_authentication_subflow.tfer--authentication_subflow_master_de797a09_11c4_4825_87f7_ccbb72fca9a5": {
                    "type": "keycloak_authentication_subflow",
                    "depends_on": [],
                    "primary": {
                        "id": "de797a09-11c4-4825-87f7-ccbb72fca9a5",
                        "attributes": {
                            "alias": "Reset - Conditional OTP",
                            "authenticator": "",
                            "description": "Flow to determine if the OTP should be reset or not. Set to REQUIRED to force.",
                            "id": "de797a09-11c4-4825-87f7-ccbb72fca9a5",
                            "parent_flow_alias": "reset credentials",
                            "provider_id": "basic-flow",
                            "realm_id": "master",
                            "requirement": "CONDITIONAL"
                        },
                        "meta": {
                            "schema_version": 0
                        },
                        "tainted": false
                    },
                    "deposed": [],
                    "provider": "provider.keycloak"
                },
                "keycloak_authentication_subflow.tfer--authentication_subflow_master_dee0699e_3fd3_4b4d_8640_7a6bb6d533fc": {
                    "type": "keycloak_authentication_subflow",
                    "depends_on": [],
                    "primary": {
                        "id": "dee0699e-3fd3-4b4d-8640-7a6bb6d533fc",
                        "attributes": {
                            "alias": "Browser - Conditional OTP",
                            "authenticator": "",
                            "description": "Flow to determine if the OTP is required for the authentication",
                            "id": "dee0699e-3fd3-4b4d-8640-7a6bb6d533fc",
                            "parent_flow_alias": "forms",
                            "provider_id": "basic-flow",
                            "realm_id": "master",
                            "requirement": "CONDITIONAL"
                        },
                        "meta": {
                            "schema_version": 0
                        },
                        "tainted": false
                    },
                    "deposed": [],
                    "provider": "provider.keycloak"
                },
                "keycloak_authentication_subflow.tfer--authentication_subflow_master_efdbab63_b61b_48b5_b1b5_4c0ff30fac73": {
                    "type": "keycloak_authentication_subflow",
                    "depends_on": [],
                    "primary": {
                        "id": "efdbab63-b61b-48b5-b1b5-4c0ff30fac73",
                        "attributes": {
                            "alias": "First broker login - Conditional OTP",
                            "authenticator": "",
                            "description": "Flow to determine if the OTP is required for the authentication",
                            "id": "efdbab63-b61b-48b5-b1b5-4c0ff30fac73",
                            "parent_flow_alias": "Verify Existing Account by Re-authentication",
                            "provider_id": "basic-flow",
                            "realm_id": "master",
                            "requirement": "CONDITIONAL"
                        },
                        "meta": {
                            "schema_version": 0
                        },
                        "tainted": false
                    },
                    "deposed": [],
                    "provider": "provider.keycloak"
                },
                "keycloak_authentication_subflow.tfer--authentication_subflow_master_f478dc0a_bbd3_4f23_8da0_8ea44322ac19": {
                    "type": "keycloak_authentication_subflow",
                    "depends_on": [],
                    "primary": {
                        "id": "f478dc0a-bbd3-4f23-8da0-8ea44322ac19",
                        "attributes": {
                            "alias": "Authentication Options",
                            "authenticator": "",
                            "description": "Authentication options.",
                            "id": "f478dc0a-bbd3-4f23-8da0-8ea44322ac19",
                            "parent_flow_alias": "http challenge",
                            "provider_id": "basic-flow",
                            "realm_id": "master",
                            "requirement": "REQUIRED"
                        },
                        "meta": {
                            "schema_version": 0
                        },
                        "tainted": false
                    },
                    "deposed": [],
                    "provider": "provider.keycloak"
                },
                "keycloak_default_groups.tfer--default_groups_demo": {
                    "type": "keycloak_default_groups",
                    "depends_on": [],
                    "primary": {
                        "id": "demo/default-groups",
                        "attributes": {
                            "group_ids.#": "0",
                            "id": "demo/default-groups",
                            "realm_id": "demo"
                        },
                        "meta": {
                            "schema_version": 0
                        },
                        "tainted": false
                    },
                    "deposed": [],
                    "provider": "provider.keycloak"
                },
                "keycloak_default_groups.tfer--default_groups_master": {
                    "type": "keycloak_default_groups",
                    "depends_on": [],
                    "primary": {
                        "id": "master/default-groups",
                        "attributes": {
                            "group_ids.#": "0",
                            "id": "master/default-groups",
                            "realm_id": "master"
                        },
                        "meta": {
                            "schema_version": 0
                        },
                        "tainted": false
                    },
                    "deposed": [],
                    "provider": "provider.keycloak"
                },
                "keycloak_group.tfer--group_demo_french": {
                    "type": "keycloak_group",
                    "depends_on": [],
                    "primary": {
                        "id": "57c74a32-fb45-4d40-8eff-55559592ee8a",
                        "attributes": {
                            "attributes.%": "0",
                            "id": "57c74a32-fb45-4d40-8eff-55559592ee8a",
                            "name": "french",
                            "path": "/french",
                            "realm_id": "demo"
                        },
                        "meta": {
                            "schema_version": 0
                        },
                        "tainted": false
                    },
                    "deposed": [],
                    "provider": "provider.keycloak"
                },
                "keycloak_group.tfer--group_demo_north": {
                    "type": "keycloak_group",
                    "depends_on": [],
                    "primary": {
                        "id": "50d7359a-0071-45e6-9538-beea43da8afb",
                        "attributes": {
                            "attributes.%": "0",
                            "id": "50d7359a-0071-45e6-9538-beea43da8afb",
                            "name": "north",
                            "parent_id": "57c74a32-fb45-4d40-8eff-55559592ee8a",
                            "path": "/french/north",
                            "realm_id": "demo"
                        },
                        "meta": {
                            "schema_version": 0
                        },
                        "tainted": false
                    },
                    "deposed": [],
                    "provider": "provider.keycloak"
                },
                "keycloak_group_memberships.tfer--group_memberships_demo_french": {
                    "type": "keycloak_group_memberships",
                    "depends_on": [],
                    "primary": {
                        "id": "demo/group-memberships/57c74a32-fb45-4d40-8eff-55559592ee8a",
                        "attributes": {
                            "group_id": "57c74a32-fb45-4d40-8eff-55559592ee8a",
                            "id": "demo/group-memberships/57c74a32-fb45-4d40-8eff-55559592ee8a",
                            "members.#": "1",
                            "members.0": "pierreluigifr",
                            "realm_id": "demo"
                        },
                        "meta": {
                            "schema_version": 0
                        },
                        "tainted": false
                    },
                    "deposed": [],
                    "provider": "provider.keycloak"
                },
                "keycloak_group_memberships.tfer--group_memberships_demo_north": {
                    "type": "keycloak_group_memberships",
                    "depends_on": [],
                    "primary": {
                        "id": "demo/group-memberships/50d7359a-0071-45e6-9538-beea43da8afb",
                        "attributes": {
                            "group_id": "50d7359a-0071-45e6-9538-beea43da8afb",
                            "id": "demo/group-memberships/50d7359a-0071-45e6-9538-beea43da8afb",
                            "members.#": "1",
                            "members.0": "gianluca",
                            "realm_id": "demo"
                        },
                        "meta": {
                            "schema_version": 0
                        },
                        "tainted": false
                    },
                    "deposed": [],
                    "provider": "provider.keycloak"
                },
                "keycloak_openid_client.tfer--openid_client_demo_account": {
                    "type": "keycloak_openid_client",
                    "depends_on": [],
                    "primary": {
                        "id": "e8252954-c61e-48e3-ad92-55a72edfa109",
                        "attributes": {
                            "access_token_lifespan": "",
                            "access_type": "CONFIDENTIAL",
                            "admin_url": "",
                            "authentication_flow_binding_overrides.#": "0",
                            "base_url": "/realms/demo/account/",
                            "client_id": "account",
                            "client_secret": "**********",
                            "consent_required": "false",
                            "description": "",
                            "direct_access_grants_enabled": "false",
                            "enabled": "true",
                            "full_scope_allowed": "false",
                            "id": "e8252954-c61e-48e3-ad92-55a72edfa109",
                            "implicit_flow_enabled": "false",
                            "login_theme": "",
                            "name": "${client_account}",
                            "realm_id": "demo",
                            "root_url": "${authBaseUrl}",
                            "service_account_user_id": "",
                            "service_accounts_enabled": "false",
                            "standard_flow_enabled": "true",
                            "valid_redirect_uris.#": "1",
                            "valid_redirect_uris.0": "/realms/demo/account/*",
                            "web_origins.#": "0"
                        },
                        "meta": {
                            "schema_version": 0
                        },
                        "tainted": false
                    },
                    "deposed": [],
                    "provider": "provider.keycloak"
                },
                "keycloak_openid_client.tfer--openid_client_demo_account_console": {
                    "type": "keycloak_openid_client",
                    "depends_on": [],
                    "primary": {
                        "id": "5b00468b-f746-4026-a6c2-f3ce708768eb",
                        "attributes": {
                            "access_token_lifespan": "",
                            "access_type": "PUBLIC",
                            "admin_url": "",
                            "authentication_flow_binding_overrides.#": "0",
                            "base_url": "/realms/demo/account/",
                            "client_id": "account-console",
                            "client_secret": "**********",
                            "consent_required": "false",
                            "description": "",
                            "direct_access_grants_enabled": "false",
                            "enabled": "true",
                            "full_scope_allowed": "false",
                            "id": "5b00468b-f746-4026-a6c2-f3ce708768eb",
                            "implicit_flow_enabled": "false",
                            "login_theme": "",
                            "name": "${client_account-console}",
                            "realm_id": "demo",
                            "root_url": "${authBaseUrl}",
                            "service_account_user_id": "",
                            "service_accounts_enabled": "false",
                            "standard_flow_enabled": "true",
                            "valid_redirect_uris.#": "1",
                            "valid_redirect_uris.0": "/realms/demo/account/*",
                            "web_origins.#": "0"
                        },
                        "meta": {
                            "schema_version": 0
                        },
                        "tainted": false
                    },
                    "deposed": [],
                    "provider": "provider.keycloak"
                },
                "keycloak_openid_client.tfer--openid_client_demo_admin_cli": {
                    "type": "keycloak_openid_client",
                    "depends_on": [],
                    "primary": {
                        "id": "68b6ee70-14e0-45e4-9c50-967fe1c02617",
                        "attributes": {
                            "access_token_lifespan": "",
                            "access_type": "PUBLIC",
                            "admin_url": "",
                            "authentication_flow_binding_overrides.#": "0",
                            "base_url": "",
                            "client_id": "admin-cli",
                            "client_secret": "**********",
                            "consent_required": "false",
                            "description": "",
                            "direct_access_grants_enabled": "true",
                            "enabled": "true",
                            "full_scope_allowed": "false",
                            "id": "68b6ee70-14e0-45e4-9c50-967fe1c02617",
                            "implicit_flow_enabled": "false",
                            "login_theme": "",
                            "name": "${client_admin-cli}",
                            "realm_id": "demo",
                            "root_url": "",
                            "service_account_user_id": "",
                            "service_accounts_enabled": "false",
                            "standard_flow_enabled": "false",
                            "valid_redirect_uris.#": "0",
                            "web_origins.#": "0"
                        },
                        "meta": {
                            "schema_version": 0
                        },
                        "tainted": false
                    },
                    "deposed": [],
                    "provider": "provider.keycloak"
                },
                "keycloak_openid_client.tfer--openid_client_demo_broker": {
                    "type": "keycloak_openid_client",
                    "depends_on": [],
                    "primary": {
                        "id": "4005705b-6591-47d4-8e0a-b8105c48fabb",
                        "attributes": {
                            "access_token_lifespan": "",
                            "access_type": "CONFIDENTIAL",
                            "admin_url": "",
                            "authentication_flow_binding_overrides.#": "0",
                            "base_url": "",
                            "client_id": "broker",
                            "client_secret": "**********",
                            "consent_required": "false",
                            "description": "",
                            "direct_access_grants_enabled": "false",
                            "enabled": "true",
                            "full_scope_allowed": "false",
                            "id": "4005705b-6591-47d4-8e0a-b8105c48fabb",
                            "implicit_flow_enabled": "false",
                            "login_theme": "",
                            "name": "${client_broker}",
                            "realm_id": "demo",
                            "root_url": "",
                            "service_account_user_id": "",
                            "service_accounts_enabled": "false",
                            "standard_flow_enabled": "true",
                            "valid_redirect_uris.#": "0",
                            "web_origins.#": "0"
                        },
                        "meta": {
                            "schema_version": 0
                        },
                        "tainted": false
                    },
                    "deposed": [],
                    "provider": "provider.keycloak"
                },
                "keycloak_openid_client.tfer--openid_client_demo_masterminders": {
                    "type": "keycloak_openid_client",
                    "depends_on": [],
                    "primary": {
                        "id": "9803b59d-ca28-4881-bd02-fc1e7751dc6c",
                        "attributes": {
                            "access_token_lifespan": "",
                            "access_type": "CONFIDENTIAL",
                            "admin_url": "",
                            "authentication_flow_binding_overrides.#": "0",
                            "base_url": "",
                            "client_id": "masterminders",
                            "client_secret": "c39a6386-d97c-4418-8ce1-a641ec5f7b3b",
                            "consent_required": "false",
                            "description": "",
                            "direct_access_grants_enabled": "true",
                            "enabled": "true",
                            "full_scope_allowed": "true",
                            "id": "9803b59d-ca28-4881-bd02-fc1e7751dc6c",
                            "implicit_flow_enabled": "false",
                            "login_theme": "",
                            "name": "",
                            "realm_id": "demo",
                            "root_url": "",
                            "service_account_user_id": "c6b5282b-0ee1-4673-92eb-447984aeab48",
                            "service_accounts_enabled": "true",
                            "standard_flow_enabled": "true",
                            "valid_redirect_uris.#": "1",
                            "valid_redirect_uris.0": "/",
                            "web_origins.#": "0"
                        },
                        "meta": {
                            "schema_version": 0
                        },
                        "tainted": false
                    },
                    "deposed": [],
                    "provider": "provider.keycloak"
                },
                "keycloak_openid_client.tfer--openid_client_demo_realm_management": {
                    "type": "keycloak_openid_client",
                    "depends_on": [],
                    "primary": {
                        "id": "0d2e1fd9-84b9-475f-a9c9-172317832564",
                        "attributes": {
                            "access_token_lifespan": "",
                            "access_type": "BEARER-ONLY",
                            "admin_url": "",
                            "authentication_flow_binding_overrides.#": "0",
                            "base_url": "",
                            "client_id": "realm-management",
                            "client_secret": "**********",
                            "consent_required": "false",
                            "description": "",
                            "direct_access_grants_enabled": "false",
                            "enabled": "true",
                            "full_scope_allowed": "false",
                            "id": "0d2e1fd9-84b9-475f-a9c9-172317832564",
                            "implicit_flow_enabled": "false",
                            "login_theme": "",
                            "name": "${client_realm-management}",
                            "realm_id": "demo",
                            "root_url": "",
                            "service_account_user_id": "",
                            "service_accounts_enabled": "false",
                            "standard_flow_enabled": "true",
                            "valid_redirect_uris.#": "0",
                            "web_origins.#": "0"
                        },
                        "meta": {
                            "schema_version": 0
                        },
                        "tainted": false
                    },
                    "deposed": [],
                    "provider": "provider.keycloak"
                },
                "keycloak_openid_client.tfer--openid_client_demo_security_admin_console": {
                    "type": "keycloak_openid_client",
                    "depends_on": [],
                    "primary": {
                        "id": "7f9ba8ad-ea36-4dcf-81dc-31796e9549bb",
                        "attributes": {
                            "access_token_lifespan": "",
                            "access_type": "PUBLIC",
                            "admin_url": "",
                            "authentication_flow_binding_overrides.#": "0",
                            "base_url": "/admin/demo/console/",
                            "client_id": "security-admin-console",
                            "client_secret": "**********",
                            "consent_required": "false",
                            "description": "",
                            "direct_access_grants_enabled": "false",
                            "enabled": "true",
                            "full_scope_allowed": "false",
                            "id": "7f9ba8ad-ea36-4dcf-81dc-31796e9549bb",
                            "implicit_flow_enabled": "false",
                            "login_theme": "",
                            "name": "${client_security-admin-console}",
                            "realm_id": "demo",
                            "root_url": "${authAdminUrl}",
                            "service_account_user_id": "",
                            "service_accounts_enabled": "false",
                            "standard_flow_enabled": "true",
                            "valid_redirect_uris.#": "1",
                            "valid_redirect_uris.0": "/admin/demo/console/*",
                            "web_origins.#": "1",
                            "web_origins.0": "+"
                        },
                        "meta": {
                            "schema_version": 0
                        },
                        "tainted": false
                    },
                    "deposed": [],
                    "provider": "provider.keycloak"
                },
                "keycloak_openid_client.tfer--openid_client_demo_thanos": {
                    "type": "keycloak_openid_client",
                    "depends_on": [],
                    "primary": {
                        "id": "b5c2c3ff-efd0-439a-9cfc-53a469b79248",
                        "attributes": {
                            "access_token_lifespan": "",
                            "access_type": "PUBLIC",
                            "admin_url": "",
                            "authentication_flow_binding_overrides.#": "0",
                            "base_url": "",
                            "client_id": "thanos",
                            "client_secret": "",
                            "consent_required": "false",
                            "description": "",
                            "direct_access_grants_enabled": "true",
                            "enabled": "true",
                            "full_scope_allowed": "true",
                            "id": "b5c2c3ff-efd0-439a-9cfc-53a469b79248",
                            "implicit_flow_enabled": "false",
                            "login_theme": "",
                            "name": "",
                            "realm_id": "demo",
                            "root_url": "",
                            "service_account_user_id": "",
                            "service_accounts_enabled": "false",
                            "standard_flow_enabled": "true",
                            "valid_redirect_uris.#": "0",
                            "web_origins.#": "0"
                        },
                        "meta": {
                            "schema_version": 0
                        },
                        "tainted": false
                    },
                    "deposed": [],
                    "provider": "provider.keycloak"
                },
                "keycloak_openid_client.tfer--openid_client_demo_vanilla": {
                    "type": "keycloak_openid_client",
                    "depends_on": [],
                    "primary": {
                        "id": "51628c8d-b368-4e44-9434-238c1897964d",
                        "attributes": {
                            "access_token_lifespan": "",
                            "access_type": "PUBLIC",
                            "admin_url": "http://localhost:8080/vanilla",
                            "authentication_flow_binding_overrides.#": "0",
                            "base_url": "",
                            "client_id": "vanilla",
                            "client_secret": "**********",
                            "consent_required": "false",
                            "description": "",
                            "direct_access_grants_enabled": "true",
                            "enabled": "true",
                            "full_scope_allowed": "true",
                            "id": "51628c8d-b368-4e44-9434-238c1897964d",
                            "implicit_flow_enabled": "false",
                            "login_theme": "",
                            "name": "",
                            "realm_id": "demo",
                            "root_url": "http://localhost:8080/vanilla",
                            "service_account_user_id": "",
                            "service_accounts_enabled": "false",
                            "standard_flow_enabled": "true",
                            "valid_redirect_uris.#": "1",
                            "valid_redirect_uris.0": "http://localhost:8080/vanilla/*",
                            "web_origins.#": "1",
                            "web_origins.0": "http://localhost:8080"
                        },
                        "meta": {
                            "schema_version": 0
                        },
                        "tainted": false
                    },
                    "deposed": [],
                    "provider": "provider.keycloak"
                },
                "keycloak_openid_client.tfer--openid_client_master_account": {
                    "type": "keycloak_openid_client",
                    "depends_on": [],
                    "primary": {
                        "id": "12397b19-cd33-44a7-ad6c-344baa77a058",
                        "attributes": {
                            "access_token_lifespan": "",
                            "access_type": "PUBLIC",
                            "admin_url": "",
                            "authentication_flow_binding_overrides.#": "0",
                            "base_url": "/realms/master/account/",
                            "client_id": "account",
                            "client_secret": "",
                            "consent_required": "false",
                            "description": "",
                            "direct_access_grants_enabled": "false",
                            "enabled": "true",
                            "full_scope_allowed": "false",
                            "id": "12397b19-cd33-44a7-ad6c-344baa77a058",
                            "implicit_flow_enabled": "false",
                            "login_theme": "",
                            "name": "${client_account}",
                            "realm_id": "master",
                            "root_url": "${authBaseUrl}",
                            "service_account_user_id": "",
                            "service_accounts_enabled": "false",
                            "standard_flow_enabled": "true",
                            "valid_redirect_uris.#": "1",
                            "valid_redirect_uris.0": "/realms/master/account/*",
                            "web_origins.#": "0"
                        },
                        "meta": {
                            "schema_version": 0
                        },
                        "tainted": false
                    },
                    "deposed": [],
                    "provider": "provider.keycloak"
                },
                "keycloak_openid_client.tfer--openid_client_master_account_console": {
                    "type": "keycloak_openid_client",
                    "depends_on": [],
                    "primary": {
                        "id": "696d1099-8f02-45c1-97d0-13bd4541b32c",
                        "attributes": {
                            "access_token_lifespan": "",
                            "access_type": "PUBLIC",
                            "admin_url": "",
                            "authentication_flow_binding_overrides.#": "0",
                            "base_url": "/realms/master/account/",
                            "client_id": "account-console",
                            "client_secret": "",
                            "consent_required": "false",
                            "description": "",
                            "direct_access_grants_enabled": "false",
                            "enabled": "true",
                            "full_scope_allowed": "false",
                            "id": "696d1099-8f02-45c1-97d0-13bd4541b32c",
                            "implicit_flow_enabled": "false",
                            "login_theme": "",
                            "name": "${client_account-console}",
                            "realm_id": "master",
                            "root_url": "${authBaseUrl}",
                            "service_account_user_id": "",
                            "service_accounts_enabled": "false",
                            "standard_flow_enabled": "true",
                            "valid_redirect_uris.#": "1",
                            "valid_redirect_uris.0": "/realms/master/account/*",
                            "web_origins.#": "0"
                        },
                        "meta": {
                            "schema_version": 0
                        },
                        "tainted": false
                    },
                    "deposed": [],
                    "provider": "provider.keycloak"
                },
                "keycloak_openid_client.tfer--openid_client_master_admin_cli": {
                    "type": "keycloak_openid_client",
                    "depends_on": [],
                    "primary": {
                        "id": "0ffb9ff4-642a-45b7-91ab-ac3b834d8ada",
                        "attributes": {
                            "access_token_lifespan": "",
                            "access_type": "PUBLIC",
                            "admin_url": "",
                            "authentication_flow_binding_overrides.#": "0",
                            "base_url": "",
                            "client_id": "admin-cli",
                            "client_secret": "",
                            "consent_required": "false",
                            "description": "",
                            "direct_access_grants_enabled": "true",
                            "enabled": "true",
                            "full_scope_allowed": "false",
                            "id": "0ffb9ff4-642a-45b7-91ab-ac3b834d8ada",
                            "implicit_flow_enabled": "false",
                            "login_theme": "",
                            "name": "${client_admin-cli}",
                            "realm_id": "master",
                            "root_url": "",
                            "service_account_user_id": "",
                            "service_accounts_enabled": "false",
                            "standard_flow_enabled": "false",
                            "valid_redirect_uris.#": "0",
                            "web_origins.#": "0"
                        },
                        "meta": {
                            "schema_version": 0
                        },
                        "tainted": false
                    },
                    "deposed": [],
                    "provider": "provider.keycloak"
                },
                "keycloak_openid_client.tfer--openid_client_master_broker": {
                    "type": "keycloak_openid_client",
                    "depends_on": [],
                    "primary": {
                        "id": "a302d2e3-5905-4d3f-b458-a96d07a75765",
                        "attributes": {
                            "access_token_lifespan": "",
                            "access_type": "BEARER-ONLY",
                            "admin_url": "",
                            "authentication_flow_binding_overrides.#": "0",
                            "base_url": "",
                            "client_id": "broker",
                            "client_secret": "",
                            "consent_required": "false",
                            "description": "",
                            "direct_access_grants_enabled": "false",
                            "enabled": "true",
                            "full_scope_allowed": "false",
                            "id": "a302d2e3-5905-4d3f-b458-a96d07a75765",
                            "implicit_flow_enabled": "false",
                            "login_theme": "",
                            "name": "${client_broker}",
                            "realm_id": "master",
                            "root_url": "",
                            "service_account_user_id": "",
                            "service_accounts_enabled": "false",
                            "standard_flow_enabled": "true",
                            "valid_redirect_uris.#": "0",
                            "web_origins.#": "0"
                        },
                        "meta": {
                            "schema_version": 0
                        },
                        "tainted": false
                    },
                    "deposed": [],
                    "provider": "provider.keycloak"
                },
                "keycloak_openid_client.tfer--openid_client_master_demo_realm": {
                    "type": "keycloak_openid_client",
                    "depends_on": [],
                    "primary": {
                        "id": "d93bf5ae-a298-4a9e-b38c-728fae456ee8",
                        "attributes": {
                            "access_token_lifespan": "",
                            "access_type": "BEARER-ONLY",
                            "admin_url": "",
                            "authentication_flow_binding_overrides.#": "0",
                            "base_url": "",
                            "client_id": "demo-realm",
                            "client_secret": "",
                            "consent_required": "false",
                            "description": "",
                            "direct_access_grants_enabled": "false",
                            "enabled": "true",
                            "full_scope_allowed": "false",
                            "id": "d93bf5ae-a298-4a9e-b38c-728fae456ee8",
                            "implicit_flow_enabled": "false",
                            "login_theme": "",
                            "name": "demo Realm",
                            "realm_id": "master",
                            "root_url": "",
                            "service_account_user_id": "",
                            "service_accounts_enabled": "false",
                            "standard_flow_enabled": "true",
                            "valid_redirect_uris.#": "0",
                            "web_origins.#": "0"
                        },
                        "meta": {
                            "schema_version": 0
                        },
                        "tainted": false
                    },
                    "deposed": [],
                    "provider": "provider.keycloak"
                },
                "keycloak_openid_client.tfer--openid_client_master_master_realm": {
                    "type": "keycloak_openid_client",
                    "depends_on": [],
                    "primary": {
                        "id": "499e29eb-4394-4d3d-bb68-6d34f3dc8ca6",
                        "attributes": {
                            "access_token_lifespan": "",
                            "access_type": "BEARER-ONLY",
                            "admin_url": "",
                            "authentication_flow_binding_overrides.#": "0",
                            "base_url": "",
                            "client_id": "master-realm",
                            "client_secret": "",
                            "consent_required": "false",
                            "description": "",
                            "direct_access_grants_enabled": "false",
                            "enabled": "true",
                            "full_scope_allowed": "false",
                            "id": "499e29eb-4394-4d3d-bb68-6d34f3dc8ca6",
                            "implicit_flow_enabled": "false",
                            "login_theme": "",
                            "name": "master Realm",
                            "realm_id": "master",
                            "root_url": "",
                            "service_account_user_id": "",
                            "service_accounts_enabled": "false",
                            "standard_flow_enabled": "true",
                            "valid_redirect_uris.#": "0",
                            "web_origins.#": "0"
                        },
                        "meta": {
                            "schema_version": 0
                        },
                        "tainted": false
                    },
                    "deposed": [],
                    "provider": "provider.keycloak"
                },
                "keycloak_openid_client.tfer--openid_client_master_mastermind": {
                    "type": "keycloak_openid_client",
                    "depends_on": [],
                    "primary": {
                        "id": "7ce44102-2af7-4203-bfb8-f449d90b3a02",
                        "attributes": {
                            "access_token_lifespan": "",
                            "access_type": "CONFIDENTIAL",
                            "admin_url": "",
                            "authentication_flow_binding_overrides.#": "0",
                            "base_url": "",
                            "client_id": "mastermind",
                            "client_secret": "37b6993a-bcf9-4700-8239-fd9f6fb1fe29",
                            "consent_required": "false",
                            "description": "",
                            "direct_access_grants_enabled": "true",
                            "enabled": "true",
                            "full_scope_allowed": "true",
                            "id": "7ce44102-2af7-4203-bfb8-f449d90b3a02",
                            "implicit_flow_enabled": "false",
                            "login_theme": "",
                            "name": "",
                            "realm_id": "master",
                            "root_url": "",
                            "service_account_user_id": "44072f94-5eb3-4fe1-a2c1-5089f434358d",
                            "service_accounts_enabled": "true",
                            "standard_flow_enabled": "true",
                            "valid_redirect_uris.#": "1",
                            "valid_redirect_uris.0": "/",
                            "web_origins.#": "0"
                        },
                        "meta": {
                            "schema_version": 0
                        },
                        "tainted": false
                    },
                    "deposed": [],
                    "provider": "provider.keycloak"
                },
                "keycloak_openid_client.tfer--openid_client_master_security_admin_console": {
                    "type": "keycloak_openid_client",
                    "depends_on": [],
                    "primary": {
                        "id": "bfd08aa4-cfd5-421b-b329-e735da3e0031",
                        "attributes": {
                            "access_token_lifespan": "",
                            "access_type": "PUBLIC",
                            "admin_url": "",
                            "authentication_flow_binding_overrides.#": "0",
                            "base_url": "/admin/master/console/",
                            "client_id": "security-admin-console",
                            "client_secret": "",
                            "consent_required": "false",
                            "description": "",
                            "direct_access_grants_enabled": "false",
                            "enabled": "true",
                            "full_scope_allowed": "false",
                            "id": "bfd08aa4-cfd5-421b-b329-e735da3e0031",
                            "implicit_flow_enabled": "false",
                            "login_theme": "",
                            "name": "${client_security-admin-console}",
                            "realm_id": "master",
                            "root_url": "${authAdminUrl}",
                            "service_account_user_id": "",
                            "service_accounts_enabled": "false",
                            "standard_flow_enabled": "true",
                            "valid_redirect_uris.#": "1",
                            "valid_redirect_uris.0": "/admin/master/console/*",
                            "web_origins.#": "1",
                            "web_origins.0": "+"
                        },
                        "meta": {
                            "schema_version": 0
                        },
                        "tainted": false
                    },
                    "deposed": [],
                    "provider": "provider.keycloak"
                },
                "keycloak_openid_client_default_scopes.tfer--openid_client_default_scopes_demo_account": {
                    "type": "keycloak_openid_client_default_scopes",
                    "depends_on": [],
                    "primary": {
                        "id": "demo/e8252954-c61e-48e3-ad92-55a72edfa109",
                        "attributes": {
                            "client_id": "e8252954-c61e-48e3-ad92-55a72edfa109",
                            "default_scopes.#": "4",
                            "default_scopes.0": "email",
                            "default_scopes.1": "profile",
                            "default_scopes.2": "roles",
                            "default_scopes.3": "web-origins",
                            "id": "demo/e8252954-c61e-48e3-ad92-55a72edfa109",
                            "realm_id": "demo"
                        },
                        "meta": {
                            "schema_version": 0
                        },
                        "tainted": false
                    },
                    "deposed": [],
                    "provider": "provider.keycloak"
                },
                "keycloak_openid_client_default_scopes.tfer--openid_client_default_scopes_demo_account_console": {
                    "type": "keycloak_openid_client_default_scopes",
                    "depends_on": [],
                    "primary": {
                        "id": "demo/5b00468b-f746-4026-a6c2-f3ce708768eb",
                        "attributes": {
                            "client_id": "5b00468b-f746-4026-a6c2-f3ce708768eb",
                            "default_scopes.#": "4",
                            "default_scopes.0": "email",
                            "default_scopes.1": "profile",
                            "default_scopes.2": "roles",
                            "default_scopes.3": "web-origins",
                            "id": "demo/5b00468b-f746-4026-a6c2-f3ce708768eb",
                            "realm_id": "demo"
                        },
                        "meta": {
                            "schema_version": 0
                        },
                        "tainted": false
                    },
                    "deposed": [],
                    "provider": "provider.keycloak"
                },
                "keycloak_openid_client_default_scopes.tfer--openid_client_default_scopes_demo_admin_cli": {
                    "type": "keycloak_openid_client_default_scopes",
                    "depends_on": [],
                    "primary": {
                        "id": "demo/68b6ee70-14e0-45e4-9c50-967fe1c02617",
                        "attributes": {
                            "client_id": "68b6ee70-14e0-45e4-9c50-967fe1c02617",
                            "default_scopes.#": "4",
                            "default_scopes.0": "email",
                            "default_scopes.1": "profile",
                            "default_scopes.2": "roles",
                            "default_scopes.3": "web-origins",
                            "id": "demo/68b6ee70-14e0-45e4-9c50-967fe1c02617",
                            "realm_id": "demo"
                        },
                        "meta": {
                            "schema_version": 0
                        },
                        "tainted": false
                    },
                    "deposed": [],
                    "provider": "provider.keycloak"
                },
                "keycloak_openid_client_default_scopes.tfer--openid_client_default_scopes_demo_broker": {
                    "type": "keycloak_openid_client_default_scopes",
                    "depends_on": [],
                    "primary": {
                        "id": "demo/4005705b-6591-47d4-8e0a-b8105c48fabb",
                        "attributes": {
                            "client_id": "4005705b-6591-47d4-8e0a-b8105c48fabb",
                            "default_scopes.#": "4",
                            "default_scopes.0": "email",
                            "default_scopes.1": "profile",
                            "default_scopes.2": "roles",
                            "default_scopes.3": "web-origins",
                            "id": "demo/4005705b-6591-47d4-8e0a-b8105c48fabb",
                            "realm_id": "demo"
                        },
                        "meta": {
                            "schema_version": 0
                        },
                        "tainted": false
                    },
                    "deposed": [],
                    "provider": "provider.keycloak"
                },
                "keycloak_openid_client_default_scopes.tfer--openid_client_default_scopes_demo_masterminders": {
                    "type": "keycloak_openid_client_default_scopes",
                    "depends_on": [],
                    "primary": {
                        "id": "demo/9803b59d-ca28-4881-bd02-fc1e7751dc6c",
                        "attributes": {
                            "client_id": "9803b59d-ca28-4881-bd02-fc1e7751dc6c",
                            "default_scopes.#": "4",
                            "default_scopes.0": "email",
                            "default_scopes.1": "profile",
                            "default_scopes.2": "roles",
                            "default_scopes.3": "web-origins",
                            "id": "demo/9803b59d-ca28-4881-bd02-fc1e7751dc6c",
                            "realm_id": "demo"
                        },
                        "meta": {
                            "schema_version": 0
                        },
                        "tainted": false
                    },
                    "deposed": [],
                    "provider": "provider.keycloak"
                },
                "keycloak_openid_client_default_scopes.tfer--openid_client_default_scopes_demo_realm_management": {
                    "type": "keycloak_openid_client_default_scopes",
                    "depends_on": [],
                    "primary": {
                        "id": "demo/0d2e1fd9-84b9-475f-a9c9-172317832564",
                        "attributes": {
                            "client_id": "0d2e1fd9-84b9-475f-a9c9-172317832564",
                            "default_scopes.#": "4",
                            "default_scopes.0": "email",
                            "default_scopes.1": "profile",
                            "default_scopes.2": "roles",
                            "default_scopes.3": "web-origins",
                            "id": "demo/0d2e1fd9-84b9-475f-a9c9-172317832564",
                            "realm_id": "demo"
                        },
                        "meta": {
                            "schema_version": 0
                        },
                        "tainted": false
                    },
                    "deposed": [],
                    "provider": "provider.keycloak"
                },
                "keycloak_openid_client_default_scopes.tfer--openid_client_default_scopes_demo_security_admin_console": {
                    "type": "keycloak_openid_client_default_scopes",
                    "depends_on": [],
                    "primary": {
                        "id": "demo/7f9ba8ad-ea36-4dcf-81dc-31796e9549bb",
                        "attributes": {
                            "client_id": "7f9ba8ad-ea36-4dcf-81dc-31796e9549bb",
                            "default_scopes.#": "4",
                            "default_scopes.0": "email",
                            "default_scopes.1": "profile",
                            "default_scopes.2": "roles",
                            "default_scopes.3": "web-origins",
                            "id": "demo/7f9ba8ad-ea36-4dcf-81dc-31796e9549bb",
                            "realm_id": "demo"
                        },
                        "meta": {
                            "schema_version": 0
                        },
                        "tainted": false
                    },
                    "deposed": [],
                    "provider": "provider.keycloak"
                },
                "keycloak_openid_client_default_scopes.tfer--openid_client_default_scopes_demo_thanos": {
                    "type": "keycloak_openid_client_default_scopes",
                    "depends_on": [],
                    "primary": {
                        "id": "demo/b5c2c3ff-efd0-439a-9cfc-53a469b79248",
                        "attributes": {
                            "client_id": "b5c2c3ff-efd0-439a-9cfc-53a469b79248",
                            "default_scopes.#": "4",
                            "default_scopes.0": "email",
                            "default_scopes.1": "profile",
                            "default_scopes.2": "roles",
                            "default_scopes.3": "web-origins",
                            "id": "demo/b5c2c3ff-efd0-439a-9cfc-53a469b79248",
                            "realm_id": "demo"
                        },
                        "meta": {
                            "schema_version": 0
                        },
                        "tainted": false
                    },
                    "deposed": [],
                    "provider": "provider.keycloak"
                },
                "keycloak_openid_client_default_scopes.tfer--openid_client_default_scopes_demo_vanilla": {
                    "type": "keycloak_openid_client_default_scopes",
                    "depends_on": [],
                    "primary": {
                        "id": "demo/51628c8d-b368-4e44-9434-238c1897964d",
                        "attributes": {
                            "client_id": "51628c8d-b368-4e44-9434-238c1897964d",
                            "default_scopes.#": "4",
                            "default_scopes.0": "email",
                            "default_scopes.1": "profile",
                            "default_scopes.2": "roles",
                            "default_scopes.3": "web-origins",
                            "id": "demo/51628c8d-b368-4e44-9434-238c1897964d",
                            "realm_id": "demo"
                        },
                        "meta": {
                            "schema_version": 0
                        },
                        "tainted": false
                    },
                    "deposed": [],
                    "provider": "provider.keycloak"
                },
                "keycloak_openid_client_default_scopes.tfer--openid_client_default_scopes_master_account": {
                    "type": "keycloak_openid_client_default_scopes",
                    "depends_on": [],
                    "primary": {
                        "id": "master/12397b19-cd33-44a7-ad6c-344baa77a058",
                        "attributes": {
                            "client_id": "12397b19-cd33-44a7-ad6c-344baa77a058",
                            "default_scopes.#": "4",
                            "default_scopes.0": "email",
                            "default_scopes.1": "profile",
                            "default_scopes.2": "roles",
                            "default_scopes.3": "web-origins",
                            "id": "master/12397b19-cd33-44a7-ad6c-344baa77a058",
                            "realm_id": "master"
                        },
                        "meta": {
                            "schema_version": 0
                        },
                        "tainted": false
                    },
                    "deposed": [],
                    "provider": "provider.keycloak"
                },
                "keycloak_openid_client_default_scopes.tfer--openid_client_default_scopes_master_account_console": {
                    "type": "keycloak_openid_client_default_scopes",
                    "depends_on": [],
                    "primary": {
                        "id": "master/696d1099-8f02-45c1-97d0-13bd4541b32c",
                        "attributes": {
                            "client_id": "696d1099-8f02-45c1-97d0-13bd4541b32c",
                            "default_scopes.#": "4",
                            "default_scopes.0": "email",
                            "default_scopes.1": "profile",
                            "default_scopes.2": "roles",
                            "default_scopes.3": "web-origins",
                            "id": "master/696d1099-8f02-45c1-97d0-13bd4541b32c",
                            "realm_id": "master"
                        },
                        "meta": {
                            "schema_version": 0
                        },
                        "tainted": false
                    },
                    "deposed": [],
                    "provider": "provider.keycloak"
                },
                "keycloak_openid_client_default_scopes.tfer--openid_client_default_scopes_master_admin_cli": {
                    "type": "keycloak_openid_client_default_scopes",
                    "depends_on": [],
                    "primary": {
                        "id": "master/0ffb9ff4-642a-45b7-91ab-ac3b834d8ada",
                        "attributes": {
                            "client_id": "0ffb9ff4-642a-45b7-91ab-ac3b834d8ada",
                            "default_scopes.#": "4",
                            "default_scopes.0": "email",
                            "default_scopes.1": "profile",
                            "default_scopes.2": "roles",
                            "default_scopes.3": "web-origins",
                            "id": "master/0ffb9ff4-642a-45b7-91ab-ac3b834d8ada",
                            "realm_id": "master"
                        },
                        "meta": {
                            "schema_version": 0
                        },
                        "tainted": false
                    },
                    "deposed": [],
                    "provider": "provider.keycloak"
                },
                "keycloak_openid_client_default_scopes.tfer--openid_client_default_scopes_master_broker": {
                    "type": "keycloak_openid_client_default_scopes",
                    "depends_on": [],
                    "primary": {
                        "id": "master/a302d2e3-5905-4d3f-b458-a96d07a75765",
                        "attributes": {
                            "client_id": "a302d2e3-5905-4d3f-b458-a96d07a75765",
                            "default_scopes.#": "4",
                            "default_scopes.0": "email",
                            "default_scopes.1": "profile",
                            "default_scopes.2": "roles",
                            "default_scopes.3": "web-origins",
                            "id": "master/a302d2e3-5905-4d3f-b458-a96d07a75765",
                            "realm_id": "master"
                        },
                        "meta": {
                            "schema_version": 0
                        },
                        "tainted": false
                    },
                    "deposed": [],
                    "provider": "provider.keycloak"
                },
                "keycloak_openid_client_default_scopes.tfer--openid_client_default_scopes_master_master_realm": {
                    "type": "keycloak_openid_client_default_scopes",
                    "depends_on": [],
                    "primary": {
                        "id": "master/499e29eb-4394-4d3d-bb68-6d34f3dc8ca6",
                        "attributes": {
                            "client_id": "499e29eb-4394-4d3d-bb68-6d34f3dc8ca6",
                            "default_scopes.#": "4",
                            "default_scopes.0": "email",
                            "default_scopes.1": "profile",
                            "default_scopes.2": "roles",
                            "default_scopes.3": "web-origins",
                            "id": "master/499e29eb-4394-4d3d-bb68-6d34f3dc8ca6",
                            "realm_id": "master"
                        },
                        "meta": {
                            "schema_version": 0
                        },
                        "tainted": false
                    },
                    "deposed": [],
                    "provider": "provider.keycloak"
                },
                "keycloak_openid_client_default_scopes.tfer--openid_client_default_scopes_master_mastermind": {
                    "type": "keycloak_openid_client_default_scopes",
                    "depends_on": [],
                    "primary": {
                        "id": "master/7ce44102-2af7-4203-bfb8-f449d90b3a02",
                        "attributes": {
                            "client_id": "7ce44102-2af7-4203-bfb8-f449d90b3a02",
                            "default_scopes.#": "4",
                            "default_scopes.0": "email",
                            "default_scopes.1": "profile",
                            "default_scopes.2": "roles",
                            "default_scopes.3": "web-origins",
                            "id": "master/7ce44102-2af7-4203-bfb8-f449d90b3a02",
                            "realm_id": "master"
                        },
                        "meta": {
                            "schema_version": 0
                        },
                        "tainted": false
                    },
                    "deposed": [],
                    "provider": "provider.keycloak"
                },
                "keycloak_openid_client_default_scopes.tfer--openid_client_default_scopes_master_security_admin_console": {
                    "type": "keycloak_openid_client_default_scopes",
                    "depends_on": [],
                    "primary": {
                        "id": "master/bfd08aa4-cfd5-421b-b329-e735da3e0031",
                        "attributes": {
                            "client_id": "bfd08aa4-cfd5-421b-b329-e735da3e0031",
                            "default_scopes.#": "4",
                            "default_scopes.0": "email",
                            "default_scopes.1": "profile",
                            "default_scopes.2": "roles",
                            "default_scopes.3": "web-origins",
                            "id": "master/bfd08aa4-cfd5-421b-b329-e735da3e0031",
                            "realm_id": "master"
                        },
                        "meta": {
                            "schema_version": 0
                        },
                        "tainted": false
                    },
                    "deposed": [],
                    "provider": "provider.keycloak"
                },
                "keycloak_openid_client_optional_scopes.tfer--openid_client_optional_scopes_demo_account": {
                    "type": "keycloak_openid_client_optional_scopes",
                    "depends_on": [],
                    "primary": {
                        "id": "demo/e8252954-c61e-48e3-ad92-55a72edfa109",
                        "attributes": {
                            "client_id": "e8252954-c61e-48e3-ad92-55a72edfa109",
                            "id": "demo/e8252954-c61e-48e3-ad92-55a72edfa109",
                            "optional_scopes.#": "4",
                            "optional_scopes.0": "address",
                            "optional_scopes.1": "microprofile-jwt",
                            "optional_scopes.2": "offline_access",
                            "optional_scopes.3": "phone",
                            "realm_id": "demo"
                        },
                        "meta": {
                            "schema_version": 0
                        },
                        "tainted": false
                    },
                    "deposed": [],
                    "provider": "provider.keycloak"
                },
                "keycloak_openid_client_optional_scopes.tfer--openid_client_optional_scopes_demo_account_console": {
                    "type": "keycloak_openid_client_optional_scopes",
                    "depends_on": [],
                    "primary": {
                        "id": "demo/5b00468b-f746-4026-a6c2-f3ce708768eb",
                        "attributes": {
                            "client_id": "5b00468b-f746-4026-a6c2-f3ce708768eb",
                            "id": "demo/5b00468b-f746-4026-a6c2-f3ce708768eb",
                            "optional_scopes.#": "4",
                            "optional_scopes.0": "address",
                            "optional_scopes.1": "microprofile-jwt",
                            "optional_scopes.2": "offline_access",
                            "optional_scopes.3": "phone",
                            "realm_id": "demo"
                        },
                        "meta": {
                            "schema_version": 0
                        },
                        "tainted": false
                    },
                    "deposed": [],
                    "provider": "provider.keycloak"
                },
                "keycloak_openid_client_optional_scopes.tfer--openid_client_optional_scopes_demo_admin_cli": {
                    "type": "keycloak_openid_client_optional_scopes",
                    "depends_on": [],
                    "primary": {
                        "id": "demo/68b6ee70-14e0-45e4-9c50-967fe1c02617",
                        "attributes": {
                            "client_id": "68b6ee70-14e0-45e4-9c50-967fe1c02617",
                            "id": "demo/68b6ee70-14e0-45e4-9c50-967fe1c02617",
                            "optional_scopes.#": "4",
                            "optional_scopes.0": "address",
                            "optional_scopes.1": "microprofile-jwt",
                            "optional_scopes.2": "offline_access",
                            "optional_scopes.3": "phone",
                            "realm_id": "demo"
                        },
                        "meta": {
                            "schema_version": 0
                        },
                        "tainted": false
                    },
                    "deposed": [],
                    "provider": "provider.keycloak"
                },
                "keycloak_openid_client_optional_scopes.tfer--openid_client_optional_scopes_demo_broker": {
                    "type": "keycloak_openid_client_optional_scopes",
                    "depends_on": [],
                    "primary": {
                        "id": "demo/4005705b-6591-47d4-8e0a-b8105c48fabb",
                        "attributes": {
                            "client_id": "4005705b-6591-47d4-8e0a-b8105c48fabb",
                            "id": "demo/4005705b-6591-47d4-8e0a-b8105c48fabb",
                            "optional_scopes.#": "4",
                            "optional_scopes.0": "address",
                            "optional_scopes.1": "microprofile-jwt",
                            "optional_scopes.2": "offline_access",
                            "optional_scopes.3": "phone",
                            "realm_id": "demo"
                        },
                        "meta": {
                            "schema_version": 0
                        },
                        "tainted": false
                    },
                    "deposed": [],
                    "provider": "provider.keycloak"
                },
                "keycloak_openid_client_optional_scopes.tfer--openid_client_optional_scopes_demo_masterminders": {
                    "type": "keycloak_openid_client_optional_scopes",
                    "depends_on": [],
                    "primary": {
                        "id": "demo/9803b59d-ca28-4881-bd02-fc1e7751dc6c",
                        "attributes": {
                            "client_id": "9803b59d-ca28-4881-bd02-fc1e7751dc6c",
                            "id": "demo/9803b59d-ca28-4881-bd02-fc1e7751dc6c",
                            "optional_scopes.#": "4",
                            "optional_scopes.0": "address",
                            "optional_scopes.1": "microprofile-jwt",
                            "optional_scopes.2": "offline_access",
                            "optional_scopes.3": "phone",
                            "realm_id": "demo"
                        },
                        "meta": {
                            "schema_version": 0
                        },
                        "tainted": false
                    },
                    "deposed": [],
                    "provider": "provider.keycloak"
                },
                "keycloak_openid_client_optional_scopes.tfer--openid_client_optional_scopes_demo_realm_management": {
                    "type": "keycloak_openid_client_optional_scopes",
                    "depends_on": [],
                    "primary": {
                        "id": "demo/0d2e1fd9-84b9-475f-a9c9-172317832564",
                        "attributes": {
                            "client_id": "0d2e1fd9-84b9-475f-a9c9-172317832564",
                            "id": "demo/0d2e1fd9-84b9-475f-a9c9-172317832564",
                            "optional_scopes.#": "4",
                            "optional_scopes.0": "address",
                            "optional_scopes.1": "microprofile-jwt",
                            "optional_scopes.2": "offline_access",
                            "optional_scopes.3": "phone",
                            "realm_id": "demo"
                        },
                        "meta": {
                            "schema_version": 0
                        },
                        "tainted": false
                    },
                    "deposed": [],
                    "provider": "provider.keycloak"
                },
                "keycloak_openid_client_optional_scopes.tfer--openid_client_optional_scopes_demo_security_admin_console": {
                    "type": "keycloak_openid_client_optional_scopes",
                    "depends_on": [],
                    "primary": {
                        "id": "demo/7f9ba8ad-ea36-4dcf-81dc-31796e9549bb",
                        "attributes": {
                            "client_id": "7f9ba8ad-ea36-4dcf-81dc-31796e9549bb",
                            "id": "demo/7f9ba8ad-ea36-4dcf-81dc-31796e9549bb",
                            "optional_scopes.#": "4",
                            "optional_scopes.0": "address",
                            "optional_scopes.1": "microprofile-jwt",
                            "optional_scopes.2": "offline_access",
                            "optional_scopes.3": "phone",
                            "realm_id": "demo"
                        },
                        "meta": {
                            "schema_version": 0
                        },
                        "tainted": false
                    },
                    "deposed": [],
                    "provider": "provider.keycloak"
                },
                "keycloak_openid_client_optional_scopes.tfer--openid_client_optional_scopes_demo_thanos": {
                    "type": "keycloak_openid_client_optional_scopes",
                    "depends_on": [],
                    "primary": {
                        "id": "demo/b5c2c3ff-efd0-439a-9cfc-53a469b79248",
                        "attributes": {
                            "client_id": "b5c2c3ff-efd0-439a-9cfc-53a469b79248",
                            "id": "demo/b5c2c3ff-efd0-439a-9cfc-53a469b79248",
                            "optional_scopes.#": "4",
                            "optional_scopes.0": "address",
                            "optional_scopes.1": "microprofile-jwt",
                            "optional_scopes.2": "offline_access",
                            "optional_scopes.3": "phone",
                            "realm_id": "demo"
                        },
                        "meta": {
                            "schema_version": 0
                        },
                        "tainted": false
                    },
                    "deposed": [],
                    "provider": "provider.keycloak"
                },
                "keycloak_openid_client_optional_scopes.tfer--openid_client_optional_scopes_demo_vanilla": {
                    "type": "keycloak_openid_client_optional_scopes",
                    "depends_on": [],
                    "primary": {
                        "id": "demo/51628c8d-b368-4e44-9434-238c1897964d",
                        "attributes": {
                            "client_id": "51628c8d-b368-4e44-9434-238c1897964d",
                            "id": "demo/51628c8d-b368-4e44-9434-238c1897964d",
                            "optional_scopes.#": "4",
                            "optional_scopes.0": "address",
                            "optional_scopes.1": "microprofile-jwt",
                            "optional_scopes.2": "offline_access",
                            "optional_scopes.3": "phone",
                            "realm_id": "demo"
                        },
                        "meta": {
                            "schema_version": 0
                        },
                        "tainted": false
                    },
                    "deposed": [],
                    "provider": "provider.keycloak"
                },
                "keycloak_openid_client_optional_scopes.tfer--openid_client_optional_scopes_master_account": {
                    "type": "keycloak_openid_client_optional_scopes",
                    "depends_on": [],
                    "primary": {
                        "id": "master/12397b19-cd33-44a7-ad6c-344baa77a058",
                        "attributes": {
                            "client_id": "12397b19-cd33-44a7-ad6c-344baa77a058",
                            "id": "master/12397b19-cd33-44a7-ad6c-344baa77a058",
                            "optional_scopes.#": "4",
                            "optional_scopes.0": "address",
                            "optional_scopes.1": "microprofile-jwt",
                            "optional_scopes.2": "offline_access",
                            "optional_scopes.3": "phone",
                            "realm_id": "master"
                        },
                        "meta": {
                            "schema_version": 0
                        },
                        "tainted": false
                    },
                    "deposed": [],
                    "provider": "provider.keycloak"
                },
                "keycloak_openid_client_optional_scopes.tfer--openid_client_optional_scopes_master_account_console": {
                    "type": "keycloak_openid_client_optional_scopes",
                    "depends_on": [],
                    "primary": {
                        "id": "master/696d1099-8f02-45c1-97d0-13bd4541b32c",
                        "attributes": {
                            "client_id": "696d1099-8f02-45c1-97d0-13bd4541b32c",
                            "id": "master/696d1099-8f02-45c1-97d0-13bd4541b32c",
                            "optional_scopes.#": "4",
                            "optional_scopes.0": "address",
                            "optional_scopes.1": "microprofile-jwt",
                            "optional_scopes.2": "offline_access",
                            "optional_scopes.3": "phone",
                            "realm_id": "master"
                        },
                        "meta": {
                            "schema_version": 0
                        },
                        "tainted": false
                    },
                    "deposed": [],
                    "provider": "provider.keycloak"
                },
                "keycloak_openid_client_optional_scopes.tfer--openid_client_optional_scopes_master_admin_cli": {
                    "type": "keycloak_openid_client_optional_scopes",
                    "depends_on": [],
                    "primary": {
                        "id": "master/0ffb9ff4-642a-45b7-91ab-ac3b834d8ada",
                        "attributes": {
                            "client_id": "0ffb9ff4-642a-45b7-91ab-ac3b834d8ada",
                            "id": "master/0ffb9ff4-642a-45b7-91ab-ac3b834d8ada",
                            "optional_scopes.#": "4",
                            "optional_scopes.0": "address",
                            "optional_scopes.1": "microprofile-jwt",
                            "optional_scopes.2": "offline_access",
                            "optional_scopes.3": "phone",
                            "realm_id": "master"
                        },
                        "meta": {
                            "schema_version": 0
                        },
                        "tainted": false
                    },
                    "deposed": [],
                    "provider": "provider.keycloak"
                },
                "keycloak_openid_client_optional_scopes.tfer--openid_client_optional_scopes_master_broker": {
                    "type": "keycloak_openid_client_optional_scopes",
                    "depends_on": [],
                    "primary": {
                        "id": "master/a302d2e3-5905-4d3f-b458-a96d07a75765",
                        "attributes": {
                            "client_id": "a302d2e3-5905-4d3f-b458-a96d07a75765",
                            "id": "master/a302d2e3-5905-4d3f-b458-a96d07a75765",
                            "optional_scopes.#": "4",
                            "optional_scopes.0": "address",
                            "optional_scopes.1": "microprofile-jwt",
                            "optional_scopes.2": "offline_access",
                            "optional_scopes.3": "phone",
                            "realm_id": "master"
                        },
                        "meta": {
                            "schema_version": 0
                        },
                        "tainted": false
                    },
                    "deposed": [],
                    "provider": "provider.keycloak"
                },
                "keycloak_openid_client_optional_scopes.tfer--openid_client_optional_scopes_master_master_realm": {
                    "type": "keycloak_openid_client_optional_scopes",
                    "depends_on": [],
                    "primary": {
                        "id": "master/499e29eb-4394-4d3d-bb68-6d34f3dc8ca6",
                        "attributes": {
                            "client_id": "499e29eb-4394-4d3d-bb68-6d34f3dc8ca6",
                            "id": "master/499e29eb-4394-4d3d-bb68-6d34f3dc8ca6",
                            "optional_scopes.#": "4",
                            "optional_scopes.0": "address",
                            "optional_scopes.1": "microprofile-jwt",
                            "optional_scopes.2": "offline_access",
                            "optional_scopes.3": "phone",
                            "realm_id": "master"
                        },
                        "meta": {
                            "schema_version": 0
                        },
                        "tainted": false
                    },
                    "deposed": [],
                    "provider": "provider.keycloak"
                },
                "keycloak_openid_client_optional_scopes.tfer--openid_client_optional_scopes_master_mastermind": {
                    "type": "keycloak_openid_client_optional_scopes",
                    "depends_on": [],
                    "primary": {
                        "id": "master/7ce44102-2af7-4203-bfb8-f449d90b3a02",
                        "attributes": {
                            "client_id": "7ce44102-2af7-4203-bfb8-f449d90b3a02",
                            "id": "master/7ce44102-2af7-4203-bfb8-f449d90b3a02",
                            "optional_scopes.#": "4",
                            "optional_scopes.0": "address",
                            "optional_scopes.1": "microprofile-jwt",
                            "optional_scopes.2": "offline_access",
                            "optional_scopes.3": "phone",
                            "realm_id": "master"
                        },
                        "meta": {
                            "schema_version": 0
                        },
                        "tainted": false
                    },
                    "deposed": [],
                    "provider": "provider.keycloak"
                },
                "keycloak_openid_client_optional_scopes.tfer--openid_client_optional_scopes_master_security_admin_console": {
                    "type": "keycloak_openid_client_optional_scopes",
                    "depends_on": [],
                    "primary": {
                        "id": "master/bfd08aa4-cfd5-421b-b329-e735da3e0031",
                        "attributes": {
                            "client_id": "bfd08aa4-cfd5-421b-b329-e735da3e0031",
                            "id": "master/bfd08aa4-cfd5-421b-b329-e735da3e0031",
                            "optional_scopes.#": "4",
                            "optional_scopes.0": "address",
                            "optional_scopes.1": "microprofile-jwt",
                            "optional_scopes.2": "offline_access",
                            "optional_scopes.3": "phone",
                            "realm_id": "master"
                        },
                        "meta": {
                            "schema_version": 0
                        },
                        "tainted": false
                    },
                    "deposed": [],
                    "provider": "provider.keycloak"
                },
                "keycloak_openid_client_scope.tfer--openid_client_scope_demo_address": {
                    "type": "keycloak_openid_client_scope",
                    "depends_on": [],
                    "primary": {
                        "id": "eef9f9cf-f9d5-449a-9248-b13ce6511be6",
                        "attributes": {
                            "consent_screen_text": "${addressScopeConsentText}",
                            "description": "OpenID Connect built-in scope: address",
                            "id": "eef9f9cf-f9d5-449a-9248-b13ce6511be6",
                            "include_in_token_scope": "true",
                            "name": "address",
                            "realm_id": "demo"
                        },
                        "meta": {
                            "schema_version": 0
                        },
                        "tainted": false
                    },
                    "deposed": [],
                    "provider": "provider.keycloak"
                },
                "keycloak_openid_client_scope.tfer--openid_client_scope_demo_email": {
                    "type": "keycloak_openid_client_scope",
                    "depends_on": [],
                    "primary": {
                        "id": "0ef5fb75-1ed8-4d97-a1b6-f160e803e327",
                        "attributes": {
                            "consent_screen_text": "${emailScopeConsentText}",
                            "description": "OpenID Connect built-in scope: email",
                            "id": "0ef5fb75-1ed8-4d97-a1b6-f160e803e327",
                            "include_in_token_scope": "true",
                            "name": "email",
                            "realm_id": "demo"
                        },
                        "meta": {
                            "schema_version": 0
                        },
                        "tainted": false
                    },
                    "deposed": [],
                    "provider": "provider.keycloak"
                },
                "keycloak_openid_client_scope.tfer--openid_client_scope_demo_microprofile_jwt": {
                    "type": "keycloak_openid_client_scope",
                    "depends_on": [],
                    "primary": {
                        "id": "1e1c80ca-9c3f-48e8-93aa-d13a86a3a737",
                        "attributes": {
                            "description": "Microprofile - JWT built-in scope",
                            "id": "1e1c80ca-9c3f-48e8-93aa-d13a86a3a737",
                            "include_in_token_scope": "true",
                            "name": "microprofile-jwt",
                            "realm_id": "demo"
                        },
                        "meta": {
                            "schema_version": 0
                        },
                        "tainted": false
                    },
                    "deposed": [],
                    "provider": "provider.keycloak"
                },
                "keycloak_openid_client_scope.tfer--openid_client_scope_demo_offline_access": {
                    "type": "keycloak_openid_client_scope",
                    "depends_on": [],
                    "primary": {
                        "id": "f2842c3c-b5db-4566-9714-e9dd0483bbba",
                        "attributes": {
                            "consent_screen_text": "${offlineAccessScopeConsentText}",
                            "description": "OpenID Connect built-in scope: offline_access",
                            "id": "f2842c3c-b5db-4566-9714-e9dd0483bbba",
                            "include_in_token_scope": "false",
                            "name": "offline_access",
                            "realm_id": "demo"
                        },
                        "meta": {
                            "schema_version": 0
                        },
                        "tainted": false
                    },
                    "deposed": [],
                    "provider": "provider.keycloak"
                },
                "keycloak_openid_client_scope.tfer--openid_client_scope_demo_phone": {
                    "type": "keycloak_openid_client_scope",
                    "depends_on": [],
                    "primary": {
                        "id": "cb8c0eac-8d71-4183-98b0-dafb5cd0842f",
                        "attributes": {
                            "consent_screen_text": "${phoneScopeConsentText}",
                            "description": "OpenID Connect built-in scope: phone",
                            "id": "cb8c0eac-8d71-4183-98b0-dafb5cd0842f",
                            "include_in_token_scope": "true",
                            "name": "phone",
                            "realm_id": "demo"
                        },
                        "meta": {
                            "schema_version": 0
                        },
                        "tainted": false
                    },
                    "deposed": [],
                    "provider": "provider.keycloak"
                },
                "keycloak_openid_client_scope.tfer--openid_client_scope_demo_profile": {
                    "type": "keycloak_openid_client_scope",
                    "depends_on": [],
                    "primary": {
                        "id": "149f5679-c2a9-4721-a258-30aa61171167",
                        "attributes": {
                            "consent_screen_text": "${profileScopeConsentText}",
                            "description": "OpenID Connect built-in scope: profile",
                            "id": "149f5679-c2a9-4721-a258-30aa61171167",
                            "include_in_token_scope": "true",
                            "name": "profile",
                            "realm_id": "demo"
                        },
                        "meta": {
                            "schema_version": 0
                        },
                        "tainted": false
                    },
                    "deposed": [],
                    "provider": "provider.keycloak"
                },
                "keycloak_openid_client_scope.tfer--openid_client_scope_demo_roles": {
                    "type": "keycloak_openid_client_scope",
                    "depends_on": [],
                    "primary": {
                        "id": "b09a66ee-2304-41a0-b194-4921bcfc0b22",
                        "attributes": {
                            "consent_screen_text": "${rolesScopeConsentText}",
                            "description": "OpenID Connect scope for add user roles to the access token",
                            "id": "b09a66ee-2304-41a0-b194-4921bcfc0b22",
                            "include_in_token_scope": "false",
                            "name": "roles",
                            "realm_id": "demo"
                        },
                        "meta": {
                            "schema_version": 0
                        },
                        "tainted": false
                    },
                    "deposed": [],
                    "provider": "provider.keycloak"
                },
                "keycloak_openid_client_scope.tfer--openid_client_scope_demo_web_origins": {
                    "type": "keycloak_openid_client_scope",
                    "depends_on": [],
                    "primary": {
                        "id": "1cdd1233-701f-4b52-8abd-059d1d252788",
                        "attributes": {
                            "description": "OpenID Connect scope for add allowed web origins to the access token",
                            "id": "1cdd1233-701f-4b52-8abd-059d1d252788",
                            "include_in_token_scope": "false",
                            "name": "web-origins",
                            "realm_id": "demo"
                        },
                        "meta": {
                            "schema_version": 0
                        },
                        "tainted": false
                    },
                    "deposed": [],
                    "provider": "provider.keycloak"
                },
                "keycloak_openid_client_scope.tfer--openid_client_scope_master_address": {
                    "type": "keycloak_openid_client_scope",
                    "depends_on": [],
                    "primary": {
                        "id": "0c292626-508f-4398-a82d-a8d39b0820d1",
                        "attributes": {
                            "consent_screen_text": "${addressScopeConsentText}",
                            "description": "OpenID Connect built-in scope: address",
                            "id": "0c292626-508f-4398-a82d-a8d39b0820d1",
                            "include_in_token_scope": "true",
                            "name": "address",
                            "realm_id": "master"
                        },
                        "meta": {
                            "schema_version": 0
                        },
                        "tainted": false
                    },
                    "deposed": [],
                    "provider": "provider.keycloak"
                },
                "keycloak_openid_client_scope.tfer--openid_client_scope_master_email": {
                    "type": "keycloak_openid_client_scope",
                    "depends_on": [],
                    "primary": {
                        "id": "aaabc416-58ca-4795-bea6-dab5db3c039e",
                        "attributes": {
                            "consent_screen_text": "${emailScopeConsentText}",
                            "description": "OpenID Connect built-in scope: email",
                            "id": "aaabc416-58ca-4795-bea6-dab5db3c039e",
                            "include_in_token_scope": "true",
                            "name": "email",
                            "realm_id": "master"
                        },
                        "meta": {
                            "schema_version": 0
                        },
                        "tainted": false
                    },
                    "deposed": [],
                    "provider": "provider.keycloak"
                },
                "keycloak_openid_client_scope.tfer--openid_client_scope_master_microprofile_jwt": {
                    "type": "keycloak_openid_client_scope",
                    "depends_on": [],
                    "primary": {
                        "id": "7b4a2883-eb84-48e2-bbec-8d715f526c45",
                        "attributes": {
                            "description": "Microprofile - JWT built-in scope",
                            "id": "7b4a2883-eb84-48e2-bbec-8d715f526c45",
                            "include_in_token_scope": "true",
                            "name": "microprofile-jwt",
                            "realm_id": "master"
                        },
                        "meta": {
                            "schema_version": 0
                        },
                        "tainted": false
                    },
                    "deposed": [],
                    "provider": "provider.keycloak"
                },
                "keycloak_openid_client_scope.tfer--openid_client_scope_master_offline_access": {
                    "type": "keycloak_openid_client_scope",
                    "depends_on": [],
                    "primary": {
                        "id": "dda4ad8c-04e8-45ca-a0a7-864e2fa6b062",
                        "attributes": {
                            "consent_screen_text": "${offlineAccessScopeConsentText}",
                            "description": "OpenID Connect built-in scope: offline_access",
                            "id": "dda4ad8c-04e8-45ca-a0a7-864e2fa6b062",
                            "include_in_token_scope": "false",
                            "name": "offline_access",
                            "realm_id": "master"
                        },
                        "meta": {
                            "schema_version": 0
                        },
                        "tainted": false
                    },
                    "deposed": [],
                    "provider": "provider.keycloak"
                },
                "keycloak_openid_client_scope.tfer--openid_client_scope_master_phone": {
                    "type": "keycloak_openid_client_scope",
                    "depends_on": [],
                    "primary": {
                        "id": "59632024-7320-41f1-8fb8-79d895f1a94e",
                        "attributes": {
                            "consent_screen_text": "${phoneScopeConsentText}",
                            "description": "OpenID Connect built-in scope: phone",
                            "id": "59632024-7320-41f1-8fb8-79d895f1a94e",
                            "include_in_token_scope": "true",
                            "name": "phone",
                            "realm_id": "master"
                        },
                        "meta": {
                            "schema_version": 0
                        },
                        "tainted": false
                    },
                    "deposed": [],
                    "provider": "provider.keycloak"
                },
                "keycloak_openid_client_scope.tfer--openid_client_scope_master_profile": {
                    "type": "keycloak_openid_client_scope",
                    "depends_on": [],
                    "primary": {
                        "id": "b5e73969-356b-482b-b686-b20cb5f00d04",
                        "attributes": {
                            "consent_screen_text": "${profileScopeConsentText}",
                            "description": "OpenID Connect built-in scope: profile",
                            "id": "b5e73969-356b-482b-b686-b20cb5f00d04",
                            "include_in_token_scope": "true",
                            "name": "profile",
                            "realm_id": "master"
                        },
                        "meta": {
                            "schema_version": 0
                        },
                        "tainted": false
                    },
                    "deposed": [],
                    "provider": "provider.keycloak"
                },
                "keycloak_openid_client_scope.tfer--openid_client_scope_master_roles": {
                    "type": "keycloak_openid_client_scope",
                    "depends_on": [],
                    "primary": {
                        "id": "0886b52d-f6c0-402e-8b26-df9bf6d0b6ed",
                        "attributes": {
                            "consent_screen_text": "${rolesScopeConsentText}",
                            "description": "OpenID Connect scope for add user roles to the access token",
                            "id": "0886b52d-f6c0-402e-8b26-df9bf6d0b6ed",
                            "include_in_token_scope": "false",
                            "name": "roles",
                            "realm_id": "master"
                        },
                        "meta": {
                            "schema_version": 0
                        },
                        "tainted": false
                    },
                    "deposed": [],
                    "provider": "provider.keycloak"
                },
                "keycloak_openid_client_scope.tfer--openid_client_scope_master_web_origins": {
                    "type": "keycloak_openid_client_scope",
                    "depends_on": [],
                    "primary": {
                        "id": "79dd0aa5-7506-4754-b811-bbfa3dc7a9a8",
                        "attributes": {
                            "description": "OpenID Connect scope for add allowed web origins to the access token",
                            "id": "79dd0aa5-7506-4754-b811-bbfa3dc7a9a8",
                            "include_in_token_scope": "false",
                            "name": "web-origins",
                            "realm_id": "master"
                        },
                        "meta": {
                            "schema_version": 0
                        },
                        "tainted": false
                    },
                    "deposed": [],
                    "provider": "provider.keycloak"
                },
                "keycloak_openid_client_service_account_role.tfer--openid_client_service_account_role_demo_masterminders_realm_management_create_client": {
                    "type": "keycloak_openid_client_service_account_role",
                    "depends_on": [],
                    "primary": {
                        "id": "c6b5282b-0ee1-4673-92eb-447984aeab48/2be031e0-a56e-4ef0-90d6-3dae7077702e",
                        "attributes": {
                            "client_id": "0d2e1fd9-84b9-475f-a9c9-172317832564",
                            "id": "c6b5282b-0ee1-4673-92eb-447984aeab48/2be031e0-a56e-4ef0-90d6-3dae7077702e",
                            "realm_id": "demo",
                            "role": "create-client",
                            "service_account_user_id": "c6b5282b-0ee1-4673-92eb-447984aeab48"
                        },
                        "meta": {
                            "schema_version": 0
                        },
                        "tainted": false
                    },
                    "deposed": [],
                    "provider": "provider.keycloak"
                },
                "keycloak_openid_client_service_account_role.tfer--openid_client_service_account_role_demo_masterminders_realm_management_impersonation": {
                    "type": "keycloak_openid_client_service_account_role",
                    "depends_on": [],
                    "primary": {
                        "id": "c6b5282b-0ee1-4673-92eb-447984aeab48/a2192d99-eb05-4238-9f05-0e30258b86aa",
                        "attributes": {
                            "client_id": "0d2e1fd9-84b9-475f-a9c9-172317832564",
                            "id": "c6b5282b-0ee1-4673-92eb-447984aeab48/a2192d99-eb05-4238-9f05-0e30258b86aa",
                            "realm_id": "demo",
                            "role": "impersonation",
                            "service_account_user_id": "c6b5282b-0ee1-4673-92eb-447984aeab48"
                        },
                        "meta": {
                            "schema_version": 0
                        },
                        "tainted": false
                    },
                    "deposed": [],
                    "provider": "provider.keycloak"
                },
                "keycloak_openid_client_service_account_role.tfer--openid_client_service_account_role_demo_masterminders_realm_management_manage_authorization": {
                    "type": "keycloak_openid_client_service_account_role",
                    "depends_on": [],
                    "primary": {
                        "id": "c6b5282b-0ee1-4673-92eb-447984aeab48/785cefb5-91e8-46bc-9de9-065fabd5afb9",
                        "attributes": {
                            "client_id": "0d2e1fd9-84b9-475f-a9c9-172317832564",
                            "id": "c6b5282b-0ee1-4673-92eb-447984aeab48/785cefb5-91e8-46bc-9de9-065fabd5afb9",
                            "realm_id": "demo",
                            "role": "manage-authorization",
                            "service_account_user_id": "c6b5282b-0ee1-4673-92eb-447984aeab48"
                        },
                        "meta": {
                            "schema_version": 0
                        },
                        "tainted": false
                    },
                    "deposed": [],
                    "provider": "provider.keycloak"
                },
                "keycloak_openid_client_service_account_role.tfer--openid_client_service_account_role_demo_masterminders_realm_management_manage_clients": {
                    "type": "keycloak_openid_client_service_account_role",
                    "depends_on": [],
                    "primary": {
                        "id": "c6b5282b-0ee1-4673-92eb-447984aeab48/34535409-61ab-4276-954b-8775e5374005",
                        "attributes": {
                            "client_id": "0d2e1fd9-84b9-475f-a9c9-172317832564",
                            "id": "c6b5282b-0ee1-4673-92eb-447984aeab48/34535409-61ab-4276-954b-8775e5374005",
                            "realm_id": "demo",
                            "role": "manage-clients",
                            "service_account_user_id": "c6b5282b-0ee1-4673-92eb-447984aeab48"
                        },
                        "meta": {
                            "schema_version": 0
                        },
                        "tainted": false
                    },
                    "deposed": [],
                    "provider": "provider.keycloak"
                },
                "keycloak_openid_client_service_account_role.tfer--openid_client_service_account_role_demo_masterminders_realm_management_manage_events": {
                    "type": "keycloak_openid_client_service_account_role",
                    "depends_on": [],
                    "primary": {
                        "id": "c6b5282b-0ee1-4673-92eb-447984aeab48/6b7b3d13-9463-4872-978b-a8fbd57ec659",
                        "attributes": {
                            "client_id": "0d2e1fd9-84b9-475f-a9c9-172317832564",
                            "id": "c6b5282b-0ee1-4673-92eb-447984aeab48/6b7b3d13-9463-4872-978b-a8fbd57ec659",
                            "realm_id": "demo",
                            "role": "manage-events",
                            "service_account_user_id": "c6b5282b-0ee1-4673-92eb-447984aeab48"
                        },
                        "meta": {
                            "schema_version": 0
                        },
                        "tainted": false
                    },
                    "deposed": [],
                    "provider": "provider.keycloak"
                },
                "keycloak_openid_client_service_account_role.tfer--openid_client_service_account_role_demo_masterminders_realm_management_manage_identity_providers": {
                    "type": "keycloak_openid_client_service_account_role",
                    "depends_on": [],
                    "primary": {
                        "id": "c6b5282b-0ee1-4673-92eb-447984aeab48/70cbe132-d7ab-4bc2-bbf5-d5c4c8dde597",
                        "attributes": {
                            "client_id": "0d2e1fd9-84b9-475f-a9c9-172317832564",
                            "id": "c6b5282b-0ee1-4673-92eb-447984aeab48/70cbe132-d7ab-4bc2-bbf5-d5c4c8dde597",
                            "realm_id": "demo",
                            "role": "manage-identity-providers",
                            "service_account_user_id": "c6b5282b-0ee1-4673-92eb-447984aeab48"
                        },
                        "meta": {
                            "schema_version": 0
                        },
                        "tainted": false
                    },
                    "deposed": [],
                    "provider": "provider.keycloak"
                },
                "keycloak_openid_client_service_account_role.tfer--openid_client_service_account_role_demo_masterminders_realm_management_manage_realm": {
                    "type": "keycloak_openid_client_service_account_role",
                    "depends_on": [],
                    "primary": {
                        "id": "c6b5282b-0ee1-4673-92eb-447984aeab48/7188c56d-2daf-461e-b758-045e176d202f",
                        "attributes": {
                            "client_id": "0d2e1fd9-84b9-475f-a9c9-172317832564",
                            "id": "c6b5282b-0ee1-4673-92eb-447984aeab48/7188c56d-2daf-461e-b758-045e176d202f",
                            "realm_id": "demo",
                            "role": "manage-realm",
                            "service_account_user_id": "c6b5282b-0ee1-4673-92eb-447984aeab48"
                        },
                        "meta": {
                            "schema_version": 0
                        },
                        "tainted": false
                    },
                    "deposed": [],
                    "provider": "provider.keycloak"
                },
                "keycloak_openid_client_service_account_role.tfer--openid_client_service_account_role_demo_masterminders_realm_management_manage_users": {
                    "type": "keycloak_openid_client_service_account_role",
                    "depends_on": [],
                    "primary": {
                        "id": "c6b5282b-0ee1-4673-92eb-447984aeab48/1868496c-a563-4784-ab50-f9378f7cb67e",
                        "attributes": {
                            "client_id": "0d2e1fd9-84b9-475f-a9c9-172317832564",
                            "id": "c6b5282b-0ee1-4673-92eb-447984aeab48/1868496c-a563-4784-ab50-f9378f7cb67e",
                            "realm_id": "demo",
                            "role": "manage-users",
                            "service_account_user_id": "c6b5282b-0ee1-4673-92eb-447984aeab48"
                        },
                        "meta": {
                            "schema_version": 0
                        },
                        "tainted": false
                    },
                    "deposed": [],
                    "provider": "provider.keycloak"
                },
                "keycloak_openid_client_service_account_role.tfer--openid_client_service_account_role_demo_masterminders_realm_management_query_clients": {
                    "type": "keycloak_openid_client_service_account_role",
                    "depends_on": [],
                    "primary": {
                        "id": "c6b5282b-0ee1-4673-92eb-447984aeab48/38b3d96d-0dda-4d54-ab96-060ca48678d1",
                        "attributes": {
                            "client_id": "0d2e1fd9-84b9-475f-a9c9-172317832564",
                            "id": "c6b5282b-0ee1-4673-92eb-447984aeab48/38b3d96d-0dda-4d54-ab96-060ca48678d1",
                            "realm_id": "demo",
                            "role": "query-clients",
                            "service_account_user_id": "c6b5282b-0ee1-4673-92eb-447984aeab48"
                        },
                        "meta": {
                            "schema_version": 0
                        },
                        "tainted": false
                    },
                    "deposed": [],
                    "provider": "provider.keycloak"
                },
                "keycloak_openid_client_service_account_role.tfer--openid_client_service_account_role_demo_masterminders_realm_management_query_groups": {
                    "type": "keycloak_openid_client_service_account_role",
                    "depends_on": [],
                    "primary": {
                        "id": "c6b5282b-0ee1-4673-92eb-447984aeab48/f1842007-ca6b-4a57-8c48-da20c97a3c2a",
                        "attributes": {
                            "client_id": "0d2e1fd9-84b9-475f-a9c9-172317832564",
                            "id": "c6b5282b-0ee1-4673-92eb-447984aeab48/f1842007-ca6b-4a57-8c48-da20c97a3c2a",
                            "realm_id": "demo",
                            "role": "query-groups",
                            "service_account_user_id": "c6b5282b-0ee1-4673-92eb-447984aeab48"
                        },
                        "meta": {
                            "schema_version": 0
                        },
                        "tainted": false
                    },
                    "deposed": [],
                    "provider": "provider.keycloak"
                },
                "keycloak_openid_client_service_account_role.tfer--openid_client_service_account_role_demo_masterminders_realm_management_query_realms": {
                    "type": "keycloak_openid_client_service_account_role",
                    "depends_on": [],
                    "primary": {
                        "id": "c6b5282b-0ee1-4673-92eb-447984aeab48/874ecb8d-dd8d-4f82-99fb-7b9e7957b5e0",
                        "attributes": {
                            "client_id": "0d2e1fd9-84b9-475f-a9c9-172317832564",
                            "id": "c6b5282b-0ee1-4673-92eb-447984aeab48/874ecb8d-dd8d-4f82-99fb-7b9e7957b5e0",
                            "realm_id": "demo",
                            "role": "query-realms",
                            "service_account_user_id": "c6b5282b-0ee1-4673-92eb-447984aeab48"
                        },
                        "meta": {
                            "schema_version": 0
                        },
                        "tainted": false
                    },
                    "deposed": [],
                    "provider": "provider.keycloak"
                },
                "keycloak_openid_client_service_account_role.tfer--openid_client_service_account_role_demo_masterminders_realm_management_query_users": {
                    "type": "keycloak_openid_client_service_account_role",
                    "depends_on": [],
                    "primary": {
                        "id": "c6b5282b-0ee1-4673-92eb-447984aeab48/4cb21360-b499-4074-9195-3d117961ab4c",
                        "attributes": {
                            "client_id": "0d2e1fd9-84b9-475f-a9c9-172317832564",
                            "id": "c6b5282b-0ee1-4673-92eb-447984aeab48/4cb21360-b499-4074-9195-3d117961ab4c",
                            "realm_id": "demo",
                            "role": "query-users",
                            "service_account_user_id": "c6b5282b-0ee1-4673-92eb-447984aeab48"
                        },
                        "meta": {
                            "schema_version": 0
                        },
                        "tainted": false
                    },
                    "deposed": [],
                    "provider": "provider.keycloak"
                },
                "keycloak_openid_client_service_account_role.tfer--openid_client_service_account_role_demo_masterminders_realm_management_realm_admin": {
                    "type": "keycloak_openid_client_service_account_role",
                    "depends_on": [],
                    "primary": {
                        "id": "c6b5282b-0ee1-4673-92eb-447984aeab48/b5d1fc9c-83d9-47bb-b1d5-a237332ded27",
                        "attributes": {
                            "client_id": "0d2e1fd9-84b9-475f-a9c9-172317832564",
                            "id": "c6b5282b-0ee1-4673-92eb-447984aeab48/b5d1fc9c-83d9-47bb-b1d5-a237332ded27",
                            "realm_id": "demo",
                            "role": "realm-admin",
                            "service_account_user_id": "c6b5282b-0ee1-4673-92eb-447984aeab48"
                        },
                        "meta": {
                            "schema_version": 0
                        },
                        "tainted": false
                    },
                    "deposed": [],
                    "provider": "provider.keycloak"
                },
                "keycloak_openid_client_service_account_role.tfer--openid_client_service_account_role_demo_masterminders_realm_management_view_realm": {
                    "type": "keycloak_openid_client_service_account_role",
                    "depends_on": [],
                    "primary": {
                        "id": "c6b5282b-0ee1-4673-92eb-447984aeab48/c7ae782c-ff39-4848-9371-f3012d7cc045",
                        "attributes": {
                            "client_id": "0d2e1fd9-84b9-475f-a9c9-172317832564",
                            "id": "c6b5282b-0ee1-4673-92eb-447984aeab48/c7ae782c-ff39-4848-9371-f3012d7cc045",
                            "realm_id": "demo",
                            "role": "view-realm",
                            "service_account_user_id": "c6b5282b-0ee1-4673-92eb-447984aeab48"
                        },
                        "meta": {
                            "schema_version": 0
                        },
                        "tainted": false
                    },
                    "deposed": [],
                    "provider": "provider.keycloak"
                },
                "keycloak_openid_user_attribute_protocol_mapper.tfer--openid_user_attribute_protocol_mapper_demo_security_admin_console_locale": {
                    "type": "keycloak_openid_user_attribute_protocol_mapper",
                    "depends_on": [],
                    "primary": {
                        "id": "b8ab0457-3f9e-4946-ba65-ad0b7d24122c",
                        "attributes": {
                            "add_to_access_token": "true",
                            "add_to_id_token": "true",
                            "add_to_userinfo": "true",
                            "aggregate_attributes": "false",
                            "claim_name": "locale",
                            "claim_value_type": "String",
                            "client_id": "7f9ba8ad-ea36-4dcf-81dc-31796e9549bb",
                            "id": "b8ab0457-3f9e-4946-ba65-ad0b7d24122c",
                            "multivalued": "false",
                            "name": "locale",
                            "realm_id": "demo",
                            "user_attribute": "locale"
                        },
                        "meta": {
                            "schema_version": 0
                        },
                        "tainted": false
                    },
                    "deposed": [],
                    "provider": "provider.keycloak"
                },
                "keycloak_openid_user_attribute_protocol_mapper.tfer--openid_user_attribute_protocol_mapper_master_security_admin_console_locale": {
                    "type": "keycloak_openid_user_attribute_protocol_mapper",
                    "depends_on": [],
                    "primary": {
                        "id": "d63aa0ac-f474-4568-99e5-df44d4dbd776",
                        "attributes": {
                            "add_to_access_token": "true",
                            "add_to_id_token": "true",
                            "add_to_userinfo": "true",
                            "aggregate_attributes": "false",
                            "claim_name": "locale",
                            "claim_value_type": "String",
                            "client_id": "bfd08aa4-cfd5-421b-b329-e735da3e0031",
                            "id": "d63aa0ac-f474-4568-99e5-df44d4dbd776",
                            "multivalued": "false",
                            "name": "locale",
                            "realm_id": "master",
                            "user_attribute": "locale"
                        },
                        "meta": {
                            "schema_version": 0
                        },
                        "tainted": false
                    },
                    "deposed": [],
                    "provider": "provider.keycloak"
                },
                "keycloak_openid_user_session_note_protocol_mapper.tfer--openid_user_session_note_protocol_mapper_demo_masterminders_client_host": {
                    "type": "keycloak_openid_user_session_note_protocol_mapper",
                    "depends_on": [],
                    "primary": {
                        "id": "de839e54-3de7-4304-84fc-bd4ab87913a3",
                        "attributes": {
                            "add_to_access_token": "true",
                            "add_to_id_token": "true",
                            "claim_name": "clientHost",
                            "claim_value_type": "String",
                            "client_id": "9803b59d-ca28-4881-bd02-fc1e7751dc6c",
                            "id": "de839e54-3de7-4304-84fc-bd4ab87913a3",
                            "name": "Client Host",
                            "realm_id": "demo",
                            "session_note": "clientHost"
                        },
                        "meta": {
                            "schema_version": 0
                        },
                        "tainted": false
                    },
                    "deposed": [],
                    "provider": "provider.keycloak"
                },
                "keycloak_openid_user_session_note_protocol_mapper.tfer--openid_user_session_note_protocol_mapper_demo_masterminders_client_id": {
                    "type": "keycloak_openid_user_session_note_protocol_mapper",
                    "depends_on": [],
                    "primary": {
                        "id": "24b13afd-2321-4468-b66a-8a201e619cf7",
                        "attributes": {
                            "add_to_access_token": "true",
                            "add_to_id_token": "true",
                            "claim_name": "clientId",
                            "claim_value_type": "String",
                            "client_id": "9803b59d-ca28-4881-bd02-fc1e7751dc6c",
                            "id": "24b13afd-2321-4468-b66a-8a201e619cf7",
                            "name": "Client ID",
                            "realm_id": "demo",
                            "session_note": "clientId"
                        },
                        "meta": {
                            "schema_version": 0
                        },
                        "tainted": false
                    },
                    "deposed": [],
                    "provider": "provider.keycloak"
                },
                "keycloak_openid_user_session_note_protocol_mapper.tfer--openid_user_session_note_protocol_mapper_demo_masterminders_client_ip_address": {
                    "type": "keycloak_openid_user_session_note_protocol_mapper",
                    "depends_on": [],
                    "primary": {
                        "id": "bea6cdf3-63a3-488e-bb54-b75f37cc3fb7",
                        "attributes": {
                            "add_to_access_token": "true",
                            "add_to_id_token": "true",
                            "claim_name": "clientAddress",
                            "claim_value_type": "String",
                            "client_id": "9803b59d-ca28-4881-bd02-fc1e7751dc6c",
                            "id": "bea6cdf3-63a3-488e-bb54-b75f37cc3fb7",
                            "name": "Client IP Address",
                            "realm_id": "demo",
                            "session_note": "clientAddress"
                        },
                        "meta": {
                            "schema_version": 0
                        },
                        "tainted": false
                    },
                    "deposed": [],
                    "provider": "provider.keycloak"
                },
                "keycloak_openid_user_session_note_protocol_mapper.tfer--openid_user_session_note_protocol_mapper_master_mastermind_client_host": {
                    "type": "keycloak_openid_user_session_note_protocol_mapper",
                    "depends_on": [],
                    "primary": {
                        "id": "f8f6c054-43e4-4042-b47c-c568687e5d5e",
                        "attributes": {
                            "add_to_access_token": "true",
                            "add_to_id_token": "true",
                            "claim_name": "clientHost",
                            "claim_value_type": "String",
                            "client_id": "7ce44102-2af7-4203-bfb8-f449d90b3a02",
                            "id": "f8f6c054-43e4-4042-b47c-c568687e5d5e",
                            "name": "Client Host",
                            "realm_id": "master",
                            "session_note": "clientHost"
                        },
                        "meta": {
                            "schema_version": 0
                        },
                        "tainted": false
                    },
                    "deposed": [],
                    "provider": "provider.keycloak"
                },
                "keycloak_openid_user_session_note_protocol_mapper.tfer--openid_user_session_note_protocol_mapper_master_mastermind_client_id": {
                    "type": "keycloak_openid_user_session_note_protocol_mapper",
                    "depends_on": [],
                    "primary": {
                        "id": "bf63d537-2ffe-4c0e-8878-b05602aebaeb",
                        "attributes": {
                            "add_to_access_token": "true",
                            "add_to_id_token": "true",
                            "claim_name": "clientId",
                            "claim_value_type": "String",
                            "client_id": "7ce44102-2af7-4203-bfb8-f449d90b3a02",
                            "id": "bf63d537-2ffe-4c0e-8878-b05602aebaeb",
                            "name": "Client ID",
                            "realm_id": "master",
                            "session_note": "clientId"
                        },
                        "meta": {
                            "schema_version": 0
                        },
                        "tainted": false
                    },
                    "deposed": [],
                    "provider": "provider.keycloak"
                },
                "keycloak_openid_user_session_note_protocol_mapper.tfer--openid_user_session_note_protocol_mapper_master_mastermind_client_ip_address": {
                    "type": "keycloak_openid_user_session_note_protocol_mapper",
                    "depends_on": [],
                    "primary": {
                        "id": "b6d7b76a-b17b-49f1-ac55-cf532be5cb7d",
                        "attributes": {
                            "add_to_access_token": "true",
                            "add_to_id_token": "true",
                            "claim_name": "clientAddress",
                            "claim_value_type": "String",
                            "client_id": "7ce44102-2af7-4203-bfb8-f449d90b3a02",
                            "id": "b6d7b76a-b17b-49f1-ac55-cf532be5cb7d",
                            "name": "Client IP Address",
                            "realm_id": "master",
                            "session_note": "clientAddress"
                        },
                        "meta": {
                            "schema_version": 0
                        },
                        "tainted": false
                    },
                    "deposed": [],
                    "provider": "provider.keycloak"
                },
                "keycloak_required_action.tfer--required_action_demo_configure_totp": {
                    "type": "keycloak_required_action",
                    "depends_on": [],
                    "primary": {
                        "id": "demo/CONFIGURE_TOTP",
                        "attributes": {
                            "alias": "CONFIGURE_TOTP",
                            "default_action": "false",
                            "enabled": "true",
                            "id": "demo/CONFIGURE_TOTP",
                            "name": "Configure OTP",
                            "priority": "10",
                            "realm_id": "demo"
                        },
                        "meta": {
                            "schema_version": 0
                        },
                        "tainted": false
                    },
                    "deposed": [],
                    "provider": "provider.keycloak"
                },
                "keycloak_required_action.tfer--required_action_demo_delete_account": {
                    "type": "keycloak_required_action",
                    "depends_on": [],
                    "primary": {
                        "id": "demo/delete_account",
                        "attributes": {
                            "alias": "delete_account",
                            "default_action": "false",
                            "enabled": "false",
                            "id": "demo/delete_account",
                            "name": "Delete Account",
                            "priority": "60",
                            "realm_id": "demo"
                        },
                        "meta": {
                            "schema_version": 0
                        },
                        "tainted": false
                    },
                    "deposed": [],
                    "provider": "provider.keycloak"
                },
                "keycloak_required_action.tfer--required_action_demo_terms_and_conditions": {
                    "type": "keycloak_required_action",
                    "depends_on": [],
                    "primary": {
                        "id": "demo/terms_and_conditions",
                        "attributes": {
                            "alias": "terms_and_conditions",
                            "default_action": "false",
                            "enabled": "false",
                            "id": "demo/terms_and_conditions",
                            "name": "Terms and Conditions",
                            "priority": "20",
                            "realm_id": "demo"
                        },
                        "meta": {
                            "schema_version": 0
                        },
                        "tainted": false
                    },
                    "deposed": [],
                    "provider": "provider.keycloak"
                },
                "keycloak_required_action.tfer--required_action_demo_update_password": {
                    "type": "keycloak_required_action",
                    "depends_on": [],
                    "primary": {
                        "id": "demo/UPDATE_PASSWORD",
                        "attributes": {
                            "alias": "UPDATE_PASSWORD",
                            "default_action": "false",
                            "enabled": "true",
                            "id": "demo/UPDATE_PASSWORD",
                            "name": "Update Password",
                            "priority": "30",
                            "realm_id": "demo"
                        },
                        "meta": {
                            "schema_version": 0
                        },
                        "tainted": false
                    },
                    "deposed": [],
                    "provider": "provider.keycloak"
                },
                "keycloak_required_action.tfer--required_action_demo_update_profile": {
                    "type": "keycloak_required_action",
                    "depends_on": [],
                    "primary": {
                        "id": "demo/UPDATE_PROFILE",
                        "attributes": {
                            "alias": "UPDATE_PROFILE",
                            "default_action": "false",
                            "enabled": "true",
                            "id": "demo/UPDATE_PROFILE",
                            "name": "Update Profile",
                            "priority": "40",
                            "realm_id": "demo"
                        },
                        "meta": {
                            "schema_version": 0
                        },
                        "tainted": false
                    },
                    "deposed": [],
                    "provider": "provider.keycloak"
                },
                "keycloak_required_action.tfer--required_action_demo_update_user_locale": {
                    "type": "keycloak_required_action",
                    "depends_on": [],
                    "primary": {
                        "id": "demo/update_user_locale",
                        "attributes": {
                            "alias": "update_user_locale",
                            "default_action": "false",
                            "enabled": "true",
                            "id": "demo/update_user_locale",
                            "name": "Update User Locale",
                            "priority": "1000",
                            "realm_id": "demo"
                        },
                        "meta": {
                            "schema_version": 0
                        },
                        "tainted": false
                    },
                    "deposed": [],
                    "provider": "provider.keycloak"
                },
                "keycloak_required_action.tfer--required_action_demo_verify_email": {
                    "type": "keycloak_required_action",
                    "depends_on": [],
                    "primary": {
                        "id": "demo/VERIFY_EMAIL",
                        "attributes": {
                            "alias": "VERIFY_EMAIL",
                            "default_action": "false",
                            "enabled": "true",
                            "id": "demo/VERIFY_EMAIL",
                            "name": "Verify Email",
                            "priority": "50",
                            "realm_id": "demo"
                        },
                        "meta": {
                            "schema_version": 0
                        },
                        "tainted": false
                    },
                    "deposed": [],
                    "provider": "provider.keycloak"
                },
                "keycloak_required_action.tfer--required_action_master_configure_totp": {
                    "type": "keycloak_required_action",
                    "depends_on": [],
                    "primary": {
                        "id": "master/CONFIGURE_TOTP",
                        "attributes": {
                            "alias": "CONFIGURE_TOTP",
                            "default_action": "false",
                            "enabled": "true",
                            "id": "master/CONFIGURE_TOTP",
                            "name": "Configure OTP",
                            "priority": "10",
                            "realm_id": "master"
                        },
                        "meta": {
                            "schema_version": 0
                        },
                        "tainted": false
                    },
                    "deposed": [],
                    "provider": "provider.keycloak"
                },
                "keycloak_required_action.tfer--required_action_master_delete_account": {
                    "type": "keycloak_required_action",
                    "depends_on": [],
                    "primary": {
                        "id": "master/delete_account",
                        "attributes": {
                            "alias": "delete_account",
                            "default_action": "false",
                            "enabled": "false",
                            "id": "master/delete_account",
                            "name": "Delete Account",
                            "priority": "60",
                            "realm_id": "master"
                        },
                        "meta": {
                            "schema_version": 0
                        },
                        "tainted": false
                    },
                    "deposed": [],
                    "provider": "provider.keycloak"
                },
                "keycloak_required_action.tfer--required_action_master_terms_and_conditions": {
                    "type": "keycloak_required_action",
                    "depends_on": [],
                    "primary": {
                        "id": "master/terms_and_conditions",
                        "attributes": {
                            "alias": "terms_and_conditions",
                            "default_action": "false",
                            "enabled": "false",
                            "id": "master/terms_and_conditions",
                            "name": "Terms and Conditions",
                            "priority": "20",
                            "realm_id": "master"
                        },
                        "meta": {
                            "schema_version": 0
                        },
                        "tainted": false
                    },
                    "deposed": [],
                    "provider": "provider.keycloak"
                },
                "keycloak_required_action.tfer--required_action_master_update_password": {
                    "type": "keycloak_required_action",
                    "depends_on": [],
                    "primary": {
                        "id": "master/UPDATE_PASSWORD",
                        "attributes": {
                            "alias": "UPDATE_PASSWORD",
                            "default_action": "false",
                            "enabled": "true",
                            "id": "master/UPDATE_PASSWORD",
                            "name": "Update Password",
                            "priority": "30",
                            "realm_id": "master"
                        },
                        "meta": {
                            "schema_version": 0
                        },
                        "tainted": false
                    },
                    "deposed": [],
                    "provider": "provider.keycloak"
                },
                "keycloak_required_action.tfer--required_action_master_update_profile": {
                    "type": "keycloak_required_action",
                    "depends_on": [],
                    "primary": {
                        "id": "master/UPDATE_PROFILE",
                        "attributes": {
                            "alias": "UPDATE_PROFILE",
                            "default_action": "false",
                            "enabled": "true",
                            "id": "master/UPDATE_PROFILE",
                            "name": "Update Profile",
                            "priority": "40",
                            "realm_id": "master"
                        },
                        "meta": {
                            "schema_version": 0
                        },
                        "tainted": false
                    },
                    "deposed": [],
                    "provider": "provider.keycloak"
                },
                "keycloak_required_action.tfer--required_action_master_update_user_locale": {
                    "type": "keycloak_required_action",
                    "depends_on": [],
                    "primary": {
                        "id": "master/update_user_locale",
                        "attributes": {
                            "alias": "update_user_locale",
                            "default_action": "false",
                            "enabled": "true",
                            "id": "master/update_user_locale",
                            "name": "Update User Locale",
                            "priority": "1000",
                            "realm_id": "master"
                        },
                        "meta": {
                            "schema_version": 0
                        },
                        "tainted": false
                    },
                    "deposed": [],
                    "provider": "provider.keycloak"
                },
                "keycloak_required_action.tfer--required_action_master_verify_email": {
                    "type": "keycloak_required_action",
                    "depends_on": [],
                    "primary": {
                        "id": "master/VERIFY_EMAIL",
                        "attributes": {
                            "alias": "VERIFY_EMAIL",
                            "default_action": "false",
                            "enabled": "true",
                            "id": "master/VERIFY_EMAIL",
                            "name": "Verify Email",
                            "priority": "50",
                            "realm_id": "master"
                        },
                        "meta": {
                            "schema_version": 0
                        },
                        "tainted": false
                    },
                    "deposed": [],
                    "provider": "provider.keycloak"
                },
                "keycloak_role.tfer--role_demo_account_delete_account": {
                    "type": "keycloak_role",
                    "depends_on": [],
                    "primary": {
                        "id": "3ed2f1d1-7c17-45f0-b9db-e7e303f031e8",
                        "attributes": {
                            "attributes.%": "0",
                            "client_id": "e8252954-c61e-48e3-ad92-55a72edfa109",
                            "description": "${role_delete-account}",
                            "id": "3ed2f1d1-7c17-45f0-b9db-e7e303f031e8",
                            "name": "delete-account",
                            "realm_id": "demo"
                        },
                        "meta": {
                            "schema_version": 0
                        },
                        "tainted": false
                    },
                    "deposed": [],
                    "provider": "provider.keycloak"
                },
                "keycloak_role.tfer--role_demo_account_manage_account": {
                    "type": "keycloak_role",
                    "depends_on": [],
                    "primary": {
                        "id": "b80c564d-0483-407c-9338-ae67607259f0",
                        "attributes": {
                            "attributes.%": "0",
                            "client_id": "e8252954-c61e-48e3-ad92-55a72edfa109",
                            "composite_roles.#": "1",
                            "composite_roles.0": "1929a782-2374-4260-a5b0-9b0b2f06b076",
                            "description": "${role_manage-account}",
                            "id": "b80c564d-0483-407c-9338-ae67607259f0",
                            "name": "manage-account",
                            "realm_id": "demo"
                        },
                        "meta": {
                            "schema_version": 0
                        },
                        "tainted": false
                    },
                    "deposed": [],
                    "provider": "provider.keycloak"
                },
                "keycloak_role.tfer--role_demo_account_manage_account_links": {
                    "type": "keycloak_role",
                    "depends_on": [],
                    "primary": {
                        "id": "1929a782-2374-4260-a5b0-9b0b2f06b076",
                        "attributes": {
                            "attributes.%": "0",
                            "client_id": "e8252954-c61e-48e3-ad92-55a72edfa109",
                            "description": "${role_manage-account-links}",
                            "id": "1929a782-2374-4260-a5b0-9b0b2f06b076",
                            "name": "manage-account-links",
                            "realm_id": "demo"
                        },
                        "meta": {
                            "schema_version": 0
                        },
                        "tainted": false
                    },
                    "deposed": [],
                    "provider": "provider.keycloak"
                },
                "keycloak_role.tfer--role_demo_account_manage_consent": {
                    "type": "keycloak_role",
                    "depends_on": [],
                    "primary": {
                        "id": "d0ff4d81-4dde-4dd3-b083-2fee39a8235e",
                        "attributes": {
                            "attributes.%": "0",
                            "client_id": "e8252954-c61e-48e3-ad92-55a72edfa109",
                            "composite_roles.#": "1",
                            "composite_roles.0": "39a961c8-1122-4b5e-9751-582a2e3367d9",
                            "description": "${role_manage-consent}",
                            "id": "d0ff4d81-4dde-4dd3-b083-2fee39a8235e",
                            "name": "manage-consent",
                            "realm_id": "demo"
                        },
                        "meta": {
                            "schema_version": 0
                        },
                        "tainted": false
                    },
                    "deposed": [],
                    "provider": "provider.keycloak"
                },
                "keycloak_role.tfer--role_demo_account_view_applications": {
                    "type": "keycloak_role",
                    "depends_on": [],
                    "primary": {
                        "id": "99f6a9e8-2104-4a61-b21f-4775023bd23a",
                        "attributes": {
                            "attributes.%": "0",
                            "client_id": "e8252954-c61e-48e3-ad92-55a72edfa109",
                            "description": "${role_view-applications}",
                            "id": "99f6a9e8-2104-4a61-b21f-4775023bd23a",
                            "name": "view-applications",
                            "realm_id": "demo"
                        },
                        "meta": {
                            "schema_version": 0
                        },
                        "tainted": false
                    },
                    "deposed": [],
                    "provider": "provider.keycloak"
                },
                "keycloak_role.tfer--role_demo_account_view_consent": {
                    "type": "keycloak_role",
                    "depends_on": [],
                    "primary": {
                        "id": "39a961c8-1122-4b5e-9751-582a2e3367d9",
                        "attributes": {
                            "attributes.%": "0",
                            "client_id": "e8252954-c61e-48e3-ad92-55a72edfa109",
                            "description": "${role_view-consent}",
                            "id": "39a961c8-1122-4b5e-9751-582a2e3367d9",
                            "name": "view-consent",
                            "realm_id": "demo"
                        },
                        "meta": {
                            "schema_version": 0
                        },
                        "tainted": false
                    },
                    "deposed": [],
                    "provider": "provider.keycloak"
                },
                "keycloak_role.tfer--role_demo_account_view_profile": {
                    "type": "keycloak_role",
                    "depends_on": [],
                    "primary": {
                        "id": "f06a9918-ce4c-4958-a922-26a169cdc7a8",
                        "attributes": {
                            "attributes.%": "0",
                            "client_id": "e8252954-c61e-48e3-ad92-55a72edfa109",
                            "description": "${role_view-profile}",
                            "id": "f06a9918-ce4c-4958-a922-26a169cdc7a8",
                            "name": "view-profile",
                            "realm_id": "demo"
                        },
                        "meta": {
                            "schema_version": 0
                        },
                        "tainted": false
                    },
                    "deposed": [],
                    "provider": "provider.keycloak"
                },
                "keycloak_role.tfer--role_demo_broker_read_token": {
                    "type": "keycloak_role",
                    "depends_on": [],
                    "primary": {
                        "id": "4e9930eb-c594-4291-b5d3-de1e3f8f8738",
                        "attributes": {
                            "attributes.%": "0",
                            "client_id": "4005705b-6591-47d4-8e0a-b8105c48fabb",
                            "description": "${role_read-token}",
                            "id": "4e9930eb-c594-4291-b5d3-de1e3f8f8738",
                            "name": "read-token",
                            "realm_id": "demo"
                        },
                        "meta": {
                            "schema_version": 0
                        },
                        "tainted": false
                    },
                    "deposed": [],
                    "provider": "provider.keycloak"
                },
                "keycloak_role.tfer--role_demo_default_roles_demo": {
                    "type": "keycloak_role",
                    "depends_on": [],
                    "primary": {
                        "id": "a4efca8e-08a6-47a8-882a-d4253fcb6dfb",
                        "attributes": {
                            "attributes.%": "0",
                            "client_id": "",
                            "composite_roles.#": "4",
                            "composite_roles.0": "108b1f66-628f-4f2e-82db-a11dd27f09e2",
                            "composite_roles.1": "6bab456e-bb93-48e9-9fd5-24e6541e8d20",
                            "composite_roles.2": "b80c564d-0483-407c-9338-ae67607259f0",
                            "composite_roles.3": "f06a9918-ce4c-4958-a922-26a169cdc7a8",
                            "description": "${role_default-roles}",
                            "id": "a4efca8e-08a6-47a8-882a-d4253fcb6dfb",
                            "name": "default-roles-demo",
                            "realm_id": "demo"
                        },
                        "meta": {
                            "schema_version": 0
                        },
                        "tainted": false
                    },
                    "deposed": [],
                    "provider": "provider.keycloak"
                },
                "keycloak_role.tfer--role_demo_mm": {
                    "type": "keycloak_role",
                    "depends_on": [],
                    "primary": {
                        "id": "20caf9cf-9549-4e3f-abde-3f4e8b3ae691",
                        "attributes": {
                            "attributes.%": "0",
                            "client_id": "",
                            "description": "",
                            "id": "20caf9cf-9549-4e3f-abde-3f4e8b3ae691",
                            "name": "mm",
                            "realm_id": "demo"
                        },
                        "meta": {
                            "schema_version": 0
                        },
                        "tainted": false
                    },
                    "deposed": [],
                    "provider": "provider.keycloak"
                },
                "keycloak_role.tfer--role_demo_offline_access": {
                    "type": "keycloak_role",
                    "depends_on": [],
                    "primary": {
                        "id": "6bab456e-bb93-48e9-9fd5-24e6541e8d20",
                        "attributes": {
                            "attributes.%": "0",
                            "client_id": "",
                            "description": "${role_offline-access}",
                            "id": "6bab456e-bb93-48e9-9fd5-24e6541e8d20",
                            "name": "offline_access",
                            "realm_id": "demo"
                        },
                        "meta": {
                            "schema_version": 0
                        },
                        "tainted": false
                    },
                    "deposed": [],
                    "provider": "provider.keycloak"
                },
                "keycloak_role.tfer--role_demo_realm_management_create_client": {
                    "type": "keycloak_role",
                    "depends_on": [],
                    "primary": {
                        "id": "2be031e0-a56e-4ef0-90d6-3dae7077702e",
                        "attributes": {
                            "attributes.%": "0",
                            "client_id": "0d2e1fd9-84b9-475f-a9c9-172317832564",
                            "description": "${role_create-client}",
                            "id": "2be031e0-a56e-4ef0-90d6-3dae7077702e",
                            "name": "create-client",
                            "realm_id": "demo"
                        },
                        "meta": {
                            "schema_version": 0
                        },
                        "tainted": false
                    },
                    "deposed": [],
                    "provider": "provider.keycloak"
                },
                "keycloak_role.tfer--role_demo_realm_management_impersonation": {
                    "type": "keycloak_role",
                    "depends_on": [],
                    "primary": {
                        "id": "a2192d99-eb05-4238-9f05-0e30258b86aa",
                        "attributes": {
                            "attributes.%": "0",
                            "client_id": "0d2e1fd9-84b9-475f-a9c9-172317832564",
                            "description": "${role_impersonation}",
                            "id": "a2192d99-eb05-4238-9f05-0e30258b86aa",
                            "name": "impersonation",
                            "realm_id": "demo"
                        },
                        "meta": {
                            "schema_version": 0
                        },
                        "tainted": false
                    },
                    "deposed": [],
                    "provider": "provider.keycloak"
                },
                "keycloak_role.tfer--role_demo_realm_management_manage_authorization": {
                    "type": "keycloak_role",
                    "depends_on": [],
                    "primary": {
                        "id": "785cefb5-91e8-46bc-9de9-065fabd5afb9",
                        "attributes": {
                            "attributes.%": "0",
                            "client_id": "0d2e1fd9-84b9-475f-a9c9-172317832564",
                            "description": "${role_manage-authorization}",
                            "id": "785cefb5-91e8-46bc-9de9-065fabd5afb9",
                            "name": "manage-authorization",
                            "realm_id": "demo"
                        },
                        "meta": {
                            "schema_version": 0
                        },
                        "tainted": false
                    },
                    "deposed": [],
                    "provider": "provider.keycloak"
                },
                "keycloak_role.tfer--role_demo_realm_management_manage_clients": {
                    "type": "keycloak_role",
                    "depends_on": [],
                    "primary": {
                        "id": "34535409-61ab-4276-954b-8775e5374005",
                        "attributes": {
                            "attributes.%": "0",
                            "client_id": "0d2e1fd9-84b9-475f-a9c9-172317832564",
                            "description": "${role_manage-clients}",
                            "id": "34535409-61ab-4276-954b-8775e5374005",
                            "name": "manage-clients",
                            "realm_id": "demo"
                        },
                        "meta": {
                            "schema_version": 0
                        },
                        "tainted": false
                    },
                    "deposed": [],
                    "provider": "provider.keycloak"
                },
                "keycloak_role.tfer--role_demo_realm_management_manage_events": {
                    "type": "keycloak_role",
                    "depends_on": [],
                    "primary": {
                        "id": "6b7b3d13-9463-4872-978b-a8fbd57ec659",
                        "attributes": {
                            "attributes.%": "0",
                            "client_id": "0d2e1fd9-84b9-475f-a9c9-172317832564",
                            "description": "${role_manage-events}",
                            "id": "6b7b3d13-9463-4872-978b-a8fbd57ec659",
                            "name": "manage-events",
                            "realm_id": "demo"
                        },
                        "meta": {
                            "schema_version": 0
                        },
                        "tainted": false
                    },
                    "deposed": [],
                    "provider": "provider.keycloak"
                },
                "keycloak_role.tfer--role_demo_realm_management_manage_identity_providers": {
                    "type": "keycloak_role",
                    "depends_on": [],
                    "primary": {
                        "id": "70cbe132-d7ab-4bc2-bbf5-d5c4c8dde597",
                        "attributes": {
                            "attributes.%": "0",
                            "client_id": "0d2e1fd9-84b9-475f-a9c9-172317832564",
                            "description": "${role_manage-identity-providers}",
                            "id": "70cbe132-d7ab-4bc2-bbf5-d5c4c8dde597",
                            "name": "manage-identity-providers",
                            "realm_id": "demo"
                        },
                        "meta": {
                            "schema_version": 0
                        },
                        "tainted": false
                    },
                    "deposed": [],
                    "provider": "provider.keycloak"
                },
                "keycloak_role.tfer--role_demo_realm_management_manage_realm": {
                    "type": "keycloak_role",
                    "depends_on": [],
                    "primary": {
                        "id": "7188c56d-2daf-461e-b758-045e176d202f",
                        "attributes": {
                            "attributes.%": "0",
                            "client_id": "0d2e1fd9-84b9-475f-a9c9-172317832564",
                            "description": "${role_manage-realm}",
                            "id": "7188c56d-2daf-461e-b758-045e176d202f",
                            "name": "manage-realm",
                            "realm_id": "demo"
                        },
                        "meta": {
                            "schema_version": 0
                        },
                        "tainted": false
                    },
                    "deposed": [],
                    "provider": "provider.keycloak"
                },
                "keycloak_role.tfer--role_demo_realm_management_manage_users": {
                    "type": "keycloak_role",
                    "depends_on": [],
                    "primary": {
                        "id": "1868496c-a563-4784-ab50-f9378f7cb67e",
                        "attributes": {
                            "attributes.%": "0",
                            "client_id": "0d2e1fd9-84b9-475f-a9c9-172317832564",
                            "description": "${role_manage-users}",
                            "id": "1868496c-a563-4784-ab50-f9378f7cb67e",
                            "name": "manage-users",
                            "realm_id": "demo"
                        },
                        "meta": {
                            "schema_version": 0
                        },
                        "tainted": false
                    },
                    "deposed": [],
                    "provider": "provider.keycloak"
                },
                "keycloak_role.tfer--role_demo_realm_management_query_clients": {
                    "type": "keycloak_role",
                    "depends_on": [],
                    "primary": {
                        "id": "38b3d96d-0dda-4d54-ab96-060ca48678d1",
                        "attributes": {
                            "attributes.%": "0",
                            "client_id": "0d2e1fd9-84b9-475f-a9c9-172317832564",
                            "description": "${role_query-clients}",
                            "id": "38b3d96d-0dda-4d54-ab96-060ca48678d1",
                            "name": "query-clients",
                            "realm_id": "demo"
                        },
                        "meta": {
                            "schema_version": 0
                        },
                        "tainted": false
                    },
                    "deposed": [],
                    "provider": "provider.keycloak"
                },
                "keycloak_role.tfer--role_demo_realm_management_query_groups": {
                    "type": "keycloak_role",
                    "depends_on": [],
                    "primary": {
                        "id": "f1842007-ca6b-4a57-8c48-da20c97a3c2a",
                        "attributes": {
                            "attributes.%": "0",
                            "client_id": "0d2e1fd9-84b9-475f-a9c9-172317832564",
                            "description": "${role_query-groups}",
                            "id": "f1842007-ca6b-4a57-8c48-da20c97a3c2a",
                            "name": "query-groups",
                            "realm_id": "demo"
                        },
                        "meta": {
                            "schema_version": 0
                        },
                        "tainted": false
                    },
                    "deposed": [],
                    "provider": "provider.keycloak"
                },
                "keycloak_role.tfer--role_demo_realm_management_query_realms": {
                    "type": "keycloak_role",
                    "depends_on": [],
                    "primary": {
                        "id": "874ecb8d-dd8d-4f82-99fb-7b9e7957b5e0",
                        "attributes": {
                            "attributes.%": "0",
                            "client_id": "0d2e1fd9-84b9-475f-a9c9-172317832564",
                            "description": "${role_query-realms}",
                            "id": "874ecb8d-dd8d-4f82-99fb-7b9e7957b5e0",
                            "name": "query-realms",
                            "realm_id": "demo"
                        },
                        "meta": {
                            "schema_version": 0
                        },
                        "tainted": false
                    },
                    "deposed": [],
                    "provider": "provider.keycloak"
                },
                "keycloak_role.tfer--role_demo_realm_management_query_users": {
                    "type": "keycloak_role",
                    "depends_on": [],
                    "primary": {
                        "id": "4cb21360-b499-4074-9195-3d117961ab4c",
                        "attributes": {
                            "attributes.%": "0",
                            "client_id": "0d2e1fd9-84b9-475f-a9c9-172317832564",
                            "description": "${role_query-users}",
                            "id": "4cb21360-b499-4074-9195-3d117961ab4c",
                            "name": "query-users",
                            "realm_id": "demo"
                        },
                        "meta": {
                            "schema_version": 0
                        },
                        "tainted": false
                    },
                    "deposed": [],
                    "provider": "provider.keycloak"
                },
                "keycloak_role.tfer--role_demo_realm_management_realm_admin": {
                    "type": "keycloak_role",
                    "depends_on": [],
                    "primary": {
                        "id": "b5d1fc9c-83d9-47bb-b1d5-a237332ded27",
                        "attributes": {
                            "attributes.%": "0",
                            "client_id": "0d2e1fd9-84b9-475f-a9c9-172317832564",
                            "composite_roles.#": "18",
                            "composite_roles.0": "1868496c-a563-4784-ab50-f9378f7cb67e",
                            "composite_roles.1": "2be031e0-a56e-4ef0-90d6-3dae7077702e",
                            "composite_roles.10": "874ecb8d-dd8d-4f82-99fb-7b9e7957b5e0",
                            "composite_roles.11": "a2192d99-eb05-4238-9f05-0e30258b86aa",
                            "composite_roles.12": "a3839031-3b06-48e7-b12a-176e807eec73",
                            "composite_roles.13": "c7ae782c-ff39-4848-9371-f3012d7cc045",
                            "composite_roles.14": "c906c8f3-de7d-44e9-b6a0-8459efd96606",
                            "composite_roles.15": "e32c39d7-8888-4495-8d0f-1a7f1302b937",
                            "composite_roles.16": "f1842007-ca6b-4a57-8c48-da20c97a3c2a",
                            "composite_roles.17": "f993e570-576b-4689-b97b-8ea89f6ba655",
                            "composite_roles.2": "34535409-61ab-4276-954b-8775e5374005",
                            "composite_roles.3": "38b3d96d-0dda-4d54-ab96-060ca48678d1",
                            "composite_roles.4": "4cb21360-b499-4074-9195-3d117961ab4c",
                            "composite_roles.5": "6b7b3d13-9463-4872-978b-a8fbd57ec659",
                            "composite_roles.6": "70cbe132-d7ab-4bc2-bbf5-d5c4c8dde597",
                            "composite_roles.7": "7188c56d-2daf-461e-b758-045e176d202f",
                            "composite_roles.8": "785cefb5-91e8-46bc-9de9-065fabd5afb9",
                            "composite_roles.9": "83f0b89f-3dd0-475d-9a21-c4ee48149dd9",
                            "description": "${role_realm-admin}",
                            "id": "b5d1fc9c-83d9-47bb-b1d5-a237332ded27",
                            "name": "realm-admin",
                            "realm_id": "demo"
                        },
                        "meta": {
                            "schema_version": 0
                        },
                        "tainted": false
                    },
                    "deposed": [],
                    "provider": "provider.keycloak"
                },
                "keycloak_role.tfer--role_demo_realm_management_view_authorization": {
                    "type": "keycloak_role",
                    "depends_on": [],
                    "primary": {
                        "id": "e32c39d7-8888-4495-8d0f-1a7f1302b937",
                        "attributes": {
                            "attributes.%": "0",
                            "client_id": "0d2e1fd9-84b9-475f-a9c9-172317832564",
                            "description": "${role_view-authorization}",
                            "id": "e32c39d7-8888-4495-8d0f-1a7f1302b937",
                            "name": "view-authorization",
                            "realm_id": "demo"
                        },
                        "meta": {
                            "schema_version": 0
                        },
                        "tainted": false
                    },
                    "deposed": [],
                    "provider": "provider.keycloak"
                },
                "keycloak_role.tfer--role_demo_realm_management_view_clients": {
                    "type": "keycloak_role",
                    "depends_on": [],
                    "primary": {
                        "id": "f993e570-576b-4689-b97b-8ea89f6ba655",
                        "attributes": {
                            "attributes.%": "0",
                            "client_id": "0d2e1fd9-84b9-475f-a9c9-172317832564",
                            "composite_roles.#": "1",
                            "composite_roles.0": "38b3d96d-0dda-4d54-ab96-060ca48678d1",
                            "description": "${role_view-clients}",
                            "id": "f993e570-576b-4689-b97b-8ea89f6ba655",
                            "name": "view-clients",
                            "realm_id": "demo"
                        },
                        "meta": {
                            "schema_version": 0
                        },
                        "tainted": false
                    },
                    "deposed": [],
                    "provider": "provider.keycloak"
                },
                "keycloak_role.tfer--role_demo_realm_management_view_events": {
                    "type": "keycloak_role",
                    "depends_on": [],
                    "primary": {
                        "id": "c906c8f3-de7d-44e9-b6a0-8459efd96606",
                        "attributes": {
                            "attributes.%": "0",
                            "client_id": "0d2e1fd9-84b9-475f-a9c9-172317832564",
                            "description": "${role_view-events}",
                            "id": "c906c8f3-de7d-44e9-b6a0-8459efd96606",
                            "name": "view-events",
                            "realm_id": "demo"
                        },
                        "meta": {
                            "schema_version": 0
                        },
                        "tainted": false
                    },
                    "deposed": [],
                    "provider": "provider.keycloak"
                },
                "keycloak_role.tfer--role_demo_realm_management_view_identity_providers": {
                    "type": "keycloak_role",
                    "depends_on": [],
                    "primary": {
                        "id": "a3839031-3b06-48e7-b12a-176e807eec73",
                        "attributes": {
                            "attributes.%": "0",
                            "client_id": "0d2e1fd9-84b9-475f-a9c9-172317832564",
                            "description": "${role_view-identity-providers}",
                            "id": "a3839031-3b06-48e7-b12a-176e807eec73",
                            "name": "view-identity-providers",
                            "realm_id": "demo"
                        },
                        "meta": {
                            "schema_version": 0
                        },
                        "tainted": false
                    },
                    "deposed": [],
                    "provider": "provider.keycloak"
                },
                "keycloak_role.tfer--role_demo_realm_management_view_realm": {
                    "type": "keycloak_role",
                    "depends_on": [],
                    "primary": {
                        "id": "c7ae782c-ff39-4848-9371-f3012d7cc045",
                        "attributes": {
                            "attributes.%": "0",
                            "client_id": "0d2e1fd9-84b9-475f-a9c9-172317832564",
                            "description": "${role_view-realm}",
                            "id": "c7ae782c-ff39-4848-9371-f3012d7cc045",
                            "name": "view-realm",
                            "realm_id": "demo"
                        },
                        "meta": {
                            "schema_version": 0
                        },
                        "tainted": false
                    },
                    "deposed": [],
                    "provider": "provider.keycloak"
                },
                "keycloak_role.tfer--role_demo_realm_management_view_users": {
                    "type": "keycloak_role",
                    "depends_on": [],
                    "primary": {
                        "id": "83f0b89f-3dd0-475d-9a21-c4ee48149dd9",
                        "attributes": {
                            "attributes.%": "0",
                            "client_id": "0d2e1fd9-84b9-475f-a9c9-172317832564",
                            "composite_roles.#": "2",
                            "composite_roles.0": "4cb21360-b499-4074-9195-3d117961ab4c",
                            "composite_roles.1": "f1842007-ca6b-4a57-8c48-da20c97a3c2a",
                            "description": "${role_view-users}",
                            "id": "83f0b89f-3dd0-475d-9a21-c4ee48149dd9",
                            "name": "view-users",
                            "realm_id": "demo"
                        },
                        "meta": {
                            "schema_version": 0
                        },
                        "tainted": false
                    },
                    "deposed": [],
                    "provider": "provider.keycloak"
                },
                "keycloak_role.tfer--role_demo_uma_authorization": {
                    "type": "keycloak_role",
                    "depends_on": [],
                    "primary": {
                        "id": "108b1f66-628f-4f2e-82db-a11dd27f09e2",
                        "attributes": {
                            "attributes.%": "0",
                            "client_id": "",
                            "description": "${role_uma_authorization}",
                            "id": "108b1f66-628f-4f2e-82db-a11dd27f09e2",
                            "name": "uma_authorization",
                            "realm_id": "demo"
                        },
                        "meta": {
                            "schema_version": 0
                        },
                        "tainted": false
                    },
                    "deposed": [],
                    "provider": "provider.keycloak"
                },
                "keycloak_role.tfer--role_demo_vanilla_read": {
                    "type": "keycloak_role",
                    "depends_on": [],
                    "primary": {
                        "id": "12812a2b-ea37-4a1d-a240-1be3ec998421",
                        "attributes": {
                            "attributes.%": "0",
                            "client_id": "51628c8d-b368-4e44-9434-238c1897964d",
                            "description": "read",
                            "id": "12812a2b-ea37-4a1d-a240-1be3ec998421",
                            "name": "Read",
                            "realm_id": "demo"
                        },
                        "meta": {
                            "schema_version": 0
                        },
                        "tainted": false
                    },
                    "deposed": [],
                    "provider": "provider.keycloak"
                },
                "keycloak_role.tfer--role_master_account_delete_account": {
                    "type": "keycloak_role",
                    "depends_on": [],
                    "primary": {
                        "id": "092db83f-4cce-44e6-903c-d388a385547f",
                        "attributes": {
                            "attributes.%": "0",
                            "client_id": "12397b19-cd33-44a7-ad6c-344baa77a058",
                            "description": "${role_delete-account}",
                            "id": "092db83f-4cce-44e6-903c-d388a385547f",
                            "name": "delete-account",
                            "realm_id": "master"
                        },
                        "meta": {
                            "schema_version": 0
                        },
                        "tainted": false
                    },
                    "deposed": [],
                    "provider": "provider.keycloak"
                },
                "keycloak_role.tfer--role_master_account_manage_account": {
                    "type": "keycloak_role",
                    "depends_on": [],
                    "primary": {
                        "id": "664bedcf-2951-417e-91ee-58466996c15e",
                        "attributes": {
                            "attributes.%": "0",
                            "client_id": "12397b19-cd33-44a7-ad6c-344baa77a058",
                            "composite_roles.#": "1",
                            "composite_roles.0": "052ed776-c49b-46cd-bc12-175a77a116fb",
                            "description": "${role_manage-account}",
                            "id": "664bedcf-2951-417e-91ee-58466996c15e",
                            "name": "manage-account",
                            "realm_id": "master"
                        },
                        "meta": {
                            "schema_version": 0
                        },
                        "tainted": false
                    },
                    "deposed": [],
                    "provider": "provider.keycloak"
                },
                "keycloak_role.tfer--role_master_account_manage_account_links": {
                    "type": "keycloak_role",
                    "depends_on": [],
                    "primary": {
                        "id": "052ed776-c49b-46cd-bc12-175a77a116fb",
                        "attributes": {
                            "attributes.%": "0",
                            "client_id": "12397b19-cd33-44a7-ad6c-344baa77a058",
                            "description": "${role_manage-account-links}",
                            "id": "052ed776-c49b-46cd-bc12-175a77a116fb",
                            "name": "manage-account-links",
                            "realm_id": "master"
                        },
                        "meta": {
                            "schema_version": 0
                        },
                        "tainted": false
                    },
                    "deposed": [],
                    "provider": "provider.keycloak"
                },
                "keycloak_role.tfer--role_master_account_manage_consent": {
                    "type": "keycloak_role",
                    "depends_on": [],
                    "primary": {
                        "id": "d30d95ef-ba0f-4028-a3dd-8850be918aea",
                        "attributes": {
                            "attributes.%": "0",
                            "client_id": "12397b19-cd33-44a7-ad6c-344baa77a058",
                            "composite_roles.#": "1",
                            "composite_roles.0": "eb933965-45a3-4c2e-abc3-224c1126121e",
                            "description": "${role_manage-consent}",
                            "id": "d30d95ef-ba0f-4028-a3dd-8850be918aea",
                            "name": "manage-consent",
                            "realm_id": "master"
                        },
                        "meta": {
                            "schema_version": 0
                        },
                        "tainted": false
                    },
                    "deposed": [],
                    "provider": "provider.keycloak"
                },
                "keycloak_role.tfer--role_master_account_view_applications": {
                    "type": "keycloak_role",
                    "depends_on": [],
                    "primary": {
                        "id": "8202197c-f794-4244-88f5-662be9ffe97d",
                        "attributes": {
                            "attributes.%": "0",
                            "client_id": "12397b19-cd33-44a7-ad6c-344baa77a058",
                            "description": "${role_view-applications}",
                            "id": "8202197c-f794-4244-88f5-662be9ffe97d",
                            "name": "view-applications",
                            "realm_id": "master"
                        },
                        "meta": {
                            "schema_version": 0
                        },
                        "tainted": false
                    },
                    "deposed": [],
                    "provider": "provider.keycloak"
                },
                "keycloak_role.tfer--role_master_account_view_consent": {
                    "type": "keycloak_role",
                    "depends_on": [],
                    "primary": {
                        "id": "eb933965-45a3-4c2e-abc3-224c1126121e",
                        "attributes": {
                            "attributes.%": "0",
                            "client_id": "12397b19-cd33-44a7-ad6c-344baa77a058",
                            "description": "${role_view-consent}",
                            "id": "eb933965-45a3-4c2e-abc3-224c1126121e",
                            "name": "view-consent",
                            "realm_id": "master"
                        },
                        "meta": {
                            "schema_version": 0
                        },
                        "tainted": false
                    },
                    "deposed": [],
                    "provider": "provider.keycloak"
                },
                "keycloak_role.tfer--role_master_account_view_profile": {
                    "type": "keycloak_role",
                    "depends_on": [],
                    "primary": {
                        "id": "2d3a442e-8bb0-470e-be82-3993595c2941",
                        "attributes": {
                            "attributes.%": "0",
                            "client_id": "12397b19-cd33-44a7-ad6c-344baa77a058",
                            "description": "${role_view-profile}",
                            "id": "2d3a442e-8bb0-470e-be82-3993595c2941",
                            "name": "view-profile",
                            "realm_id": "master"
                        },
                        "meta": {
                            "schema_version": 0
                        },
                        "tainted": false
                    },
                    "deposed": [],
                    "provider": "provider.keycloak"
                },
                "keycloak_role.tfer--role_master_admin": {
                    "type": "keycloak_role",
                    "depends_on": [],
                    "primary": {
                        "id": "92c6e0c7-4af5-481f-9bbf-2a1d0d9d2977",
                        "attributes": {
                            "attributes.%": "0",
                            "client_id": "",
                            "composite_roles.#": "37",
                            "composite_roles.0": "0927181e-6d2c-4e85-8839-7144e6e04e32",
                            "composite_roles.1": "102bc01e-9795-468e-b13b-1a0ca3275f34",
                            "composite_roles.10": "38e72610-b9d8-4a8d-9455-6d4bcc509107",
                            "composite_roles.11": "4631dc0e-f013-4545-a96d-2c8bb4c63706",
                            "composite_roles.12": "47dc16e3-82aa-459a-9eab-a6ae7c558f67",
                            "composite_roles.13": "4ae8a478-3a00-44ef-8df6-0bbc2ae5301f",
                            "composite_roles.14": "4b96898b-a1e0-4aa7-bde2-e5f42f0e04bc",
                            "composite_roles.15": "4cad71e2-f1a4-48c7-be35-daef9c2a7299",
                            "composite_roles.16": "546bf858-1ceb-4c37-b8e5-ff09af82523d",
                            "composite_roles.17": "587a817e-9e86-4f13-99dd-b35c81b30cdf",
                            "composite_roles.18": "6ebffbdb-26a5-4751-a16f-2f68f9f61045",
                            "composite_roles.19": "728ca8e4-c626-4b61-ab2a-d08a1499c8b6",
                            "composite_roles.2": "1466390a-374f-40d5-8a9c-0d8a0224716b",
                            "composite_roles.20": "852b0deb-899f-4466-a33b-046cf4564db8",
                            "composite_roles.21": "93e1b9e8-96f6-4029-a7c4-29b5a257fc00",
                            "composite_roles.22": "9e5fcffb-d49c-4f66-adf0-ee610dab999e",
                            "composite_roles.23": "a4958b71-5417-46b6-8f63-c544279c810b",
                            "composite_roles.24": "a54dda2a-c2d7-4ce9-beac-bc643df563ac",
                            "composite_roles.25": "a65a1ddc-1637-4087-802f-6017d52895d3",
                            "composite_roles.26": "abdac715-f602-4c99-bec4-8d5001477519",
                            "composite_roles.27": "bcabc97d-fa47-4f17-8393-6ca8bfac76db",
                            "composite_roles.28": "bdcb3580-7644-43b1-a9a9-d7640394a7ea",
                            "composite_roles.29": "c3504020-0b73-493f-9f8d-335569cbd54a",
                            "composite_roles.3": "1e368d47-3806-4e11-affd-813f4e4f6947",
                            "composite_roles.30": "d02863fe-c3ce-44d0-8915-528bf084a14e",
                            "composite_roles.31": "d789e95f-f207-4d15-9fd8-49d207d100fb",
                            "composite_roles.32": "d96ae904-61c5-4ba7-bbb8-cd2abb0ad30e",
                            "composite_roles.33": "dcef7397-15bf-4e86-9829-8cf0f82a6012",
                            "composite_roles.34": "e490094d-9c6e-44df-8ca1-45249d3e33b8",
                            "composite_roles.35": "e70ffb4a-9797-4f3f-bfd1-b76d0894b2d1",
                            "composite_roles.36": "f1a13741-3571-470e-baa4-1d52af1673c0",
                            "composite_roles.4": "218cd492-edcb-4720-b759-71ff81191849",
                            "composite_roles.5": "27a1c186-0979-41c6-9ae9-5099c3040ce0",
                            "composite_roles.6": "2d9e3898-1811-4cec-ab03-fd58d8e5dfe5",
                            "composite_roles.7": "2fb97943-d4ec-4874-a707-7d6556646d4b",
                            "composite_roles.8": "3122b6a9-c88e-4b26-82b5-bb55f9a304ff",
                            "composite_roles.9": "31a99a9e-ed57-4891-a3d0-793961643edd",
                            "description": "${role_admin}",
                            "id": "92c6e0c7-4af5-481f-9bbf-2a1d0d9d2977",
                            "name": "admin",
                            "realm_id": "master"
                        },
                        "meta": {
                            "schema_version": 0
                        },
                        "tainted": false
                    },
                    "deposed": [],
                    "provider": "provider.keycloak"
                },
                "keycloak_role.tfer--role_master_broker_read_token": {
                    "type": "keycloak_role",
                    "depends_on": [],
                    "primary": {
                        "id": "a9321a90-46aa-46e6-82e8-1dfee0451836",
                        "attributes": {
                            "attributes.%": "0",
                            "client_id": "a302d2e3-5905-4d3f-b458-a96d07a75765",
                            "description": "${role_read-token}",
                            "id": "a9321a90-46aa-46e6-82e8-1dfee0451836",
                            "name": "read-token",
                            "realm_id": "master"
                        },
                        "meta": {
                            "schema_version": 0
                        },
                        "tainted": false
                    },
                    "deposed": [],
                    "provider": "provider.keycloak"
                },
                "keycloak_role.tfer--role_master_create_realm": {
                    "type": "keycloak_role",
                    "depends_on": [],
                    "primary": {
                        "id": "c3504020-0b73-493f-9f8d-335569cbd54a",
                        "attributes": {
                            "attributes.%": "0",
                            "client_id": "",
                            "description": "${role_create-realm}",
                            "id": "c3504020-0b73-493f-9f8d-335569cbd54a",
                            "name": "create-realm",
                            "realm_id": "master"
                        },
                        "meta": {
                            "schema_version": 0
                        },
                        "tainted": false
                    },
                    "deposed": [],
                    "provider": "provider.keycloak"
                },
                "keycloak_role.tfer--role_master_default_roles_master": {
                    "type": "keycloak_role",
                    "depends_on": [],
                    "primary": {
                        "id": "7b2322d0-a150-47ec-a1e9-3c3a1bb4dacb",
                        "attributes": {
                            "attributes.%": "0",
                            "client_id": "",
                            "composite_roles.#": "4",
                            "composite_roles.0": "2d3a442e-8bb0-470e-be82-3993595c2941",
                            "composite_roles.1": "4540d488-9db2-4b36-8fe7-e0ffcd6ffac8",
                            "composite_roles.2": "664bedcf-2951-417e-91ee-58466996c15e",
                            "composite_roles.3": "d59ab0fa-131d-4c01-a157-465426a42e36",
                            "description": "${role_default-roles}",
                            "id": "7b2322d0-a150-47ec-a1e9-3c3a1bb4dacb",
                            "name": "default-roles-master",
                            "realm_id": "master"
                        },
                        "meta": {
                            "schema_version": 0
                        },
                        "tainted": false
                    },
                    "deposed": [],
                    "provider": "provider.keycloak"
                },
                "keycloak_role.tfer--role_master_demo_realm_create_client": {
                    "type": "keycloak_role",
                    "depends_on": [],
                    "primary": {
                        "id": "47dc16e3-82aa-459a-9eab-a6ae7c558f67",
                        "attributes": {
                            "attributes.%": "0",
                            "client_id": "d93bf5ae-a298-4a9e-b38c-728fae456ee8",
                            "description": "${role_create-client}",
                            "id": "47dc16e3-82aa-459a-9eab-a6ae7c558f67",
                            "name": "create-client",
                            "realm_id": "master"
                        },
                        "meta": {
                            "schema_version": 0
                        },
                        "tainted": false
                    },
                    "deposed": [],
                    "provider": "provider.keycloak"
                },
                "keycloak_role.tfer--role_master_demo_realm_impersonation": {
                    "type": "keycloak_role",
                    "depends_on": [],
                    "primary": {
                        "id": "31a99a9e-ed57-4891-a3d0-793961643edd",
                        "attributes": {
                            "attributes.%": "0",
                            "client_id": "d93bf5ae-a298-4a9e-b38c-728fae456ee8",
                            "description": "${role_impersonation}",
                            "id": "31a99a9e-ed57-4891-a3d0-793961643edd",
                            "name": "impersonation",
                            "realm_id": "master"
                        },
                        "meta": {
                            "schema_version": 0
                        },
                        "tainted": false
                    },
                    "deposed": [],
                    "provider": "provider.keycloak"
                },
                "keycloak_role.tfer--role_master_demo_realm_manage_authorization": {
                    "type": "keycloak_role",
                    "depends_on": [],
                    "primary": {
                        "id": "4b96898b-a1e0-4aa7-bde2-e5f42f0e04bc",
                        "attributes": {
                            "attributes.%": "0",
                            "client_id": "d93bf5ae-a298-4a9e-b38c-728fae456ee8",
                            "description": "${role_manage-authorization}",
                            "id": "4b96898b-a1e0-4aa7-bde2-e5f42f0e04bc",
                            "name": "manage-authorization",
                            "realm_id": "master"
                        },
                        "meta": {
                            "schema_version": 0
                        },
                        "tainted": false
                    },
                    "deposed": [],
                    "provider": "provider.keycloak"
                },
                "keycloak_role.tfer--role_master_demo_realm_manage_clients": {
                    "type": "keycloak_role",
                    "depends_on": [],
                    "primary": {
                        "id": "bcabc97d-fa47-4f17-8393-6ca8bfac76db",
                        "attributes": {
                            "attributes.%": "0",
                            "client_id": "d93bf5ae-a298-4a9e-b38c-728fae456ee8",
                            "description": "${role_manage-clients}",
                            "id": "bcabc97d-fa47-4f17-8393-6ca8bfac76db",
                            "name": "manage-clients",
                            "realm_id": "master"
                        },
                        "meta": {
                            "schema_version": 0
                        },
                        "tainted": false
                    },
                    "deposed": [],
                    "provider": "provider.keycloak"
                },
                "keycloak_role.tfer--role_master_demo_realm_manage_events": {
                    "type": "keycloak_role",
                    "depends_on": [],
                    "primary": {
                        "id": "d96ae904-61c5-4ba7-bbb8-cd2abb0ad30e",
                        "attributes": {
                            "attributes.%": "0",
                            "client_id": "d93bf5ae-a298-4a9e-b38c-728fae456ee8",
                            "description": "${role_manage-events}",
                            "id": "d96ae904-61c5-4ba7-bbb8-cd2abb0ad30e",
                            "name": "manage-events",
                            "realm_id": "master"
                        },
                        "meta": {
                            "schema_version": 0
                        },
                        "tainted": false
                    },
                    "deposed": [],
                    "provider": "provider.keycloak"
                },
                "keycloak_role.tfer--role_master_demo_realm_manage_identity_providers": {
                    "type": "keycloak_role",
                    "depends_on": [],
                    "primary": {
                        "id": "f1a13741-3571-470e-baa4-1d52af1673c0",
                        "attributes": {
                            "attributes.%": "0",
                            "client_id": "d93bf5ae-a298-4a9e-b38c-728fae456ee8",
                            "description": "${role_manage-identity-providers}",
                            "id": "f1a13741-3571-470e-baa4-1d52af1673c0",
                            "name": "manage-identity-providers",
                            "realm_id": "master"
                        },
                        "meta": {
                            "schema_version": 0
                        },
                        "tainted": false
                    },
                    "deposed": [],
                    "provider": "provider.keycloak"
                },
                "keycloak_role.tfer--role_master_demo_realm_manage_realm": {
                    "type": "keycloak_role",
                    "depends_on": [],
                    "primary": {
                        "id": "a65a1ddc-1637-4087-802f-6017d52895d3",
                        "attributes": {
                            "attributes.%": "0",
                            "client_id": "d93bf5ae-a298-4a9e-b38c-728fae456ee8",
                            "description": "${role_manage-realm}",
                            "id": "a65a1ddc-1637-4087-802f-6017d52895d3",
                            "name": "manage-realm",
                            "realm_id": "master"
                        },
                        "meta": {
                            "schema_version": 0
                        },
                        "tainted": false
                    },
                    "deposed": [],
                    "provider": "provider.keycloak"
                },
                "keycloak_role.tfer--role_master_demo_realm_manage_users": {
                    "type": "keycloak_role",
                    "depends_on": [],
                    "primary": {
                        "id": "4cad71e2-f1a4-48c7-be35-daef9c2a7299",
                        "attributes": {
                            "attributes.%": "0",
                            "client_id": "d93bf5ae-a298-4a9e-b38c-728fae456ee8",
                            "description": "${role_manage-users}",
                            "id": "4cad71e2-f1a4-48c7-be35-daef9c2a7299",
                            "name": "manage-users",
                            "realm_id": "master"
                        },
                        "meta": {
                            "schema_version": 0
                        },
                        "tainted": false
                    },
                    "deposed": [],
                    "provider": "provider.keycloak"
                },
                "keycloak_role.tfer--role_master_demo_realm_query_clients": {
                    "type": "keycloak_role",
                    "depends_on": [],
                    "primary": {
                        "id": "6ebffbdb-26a5-4751-a16f-2f68f9f61045",
                        "attributes": {
                            "attributes.%": "0",
                            "client_id": "d93bf5ae-a298-4a9e-b38c-728fae456ee8",
                            "description": "${role_query-clients}",
                            "id": "6ebffbdb-26a5-4751-a16f-2f68f9f61045",
                            "name": "query-clients",
                            "realm_id": "master"
                        },
                        "meta": {
                            "schema_version": 0
                        },
                        "tainted": false
                    },
                    "deposed": [],
                    "provider": "provider.keycloak"
                },
                "keycloak_role.tfer--role_master_demo_realm_query_groups": {
                    "type": "keycloak_role",
                    "depends_on": [],
                    "primary": {
                        "id": "27a1c186-0979-41c6-9ae9-5099c3040ce0",
                        "attributes": {
                            "attributes.%": "0",
                            "client_id": "d93bf5ae-a298-4a9e-b38c-728fae456ee8",
                            "description": "${role_query-groups}",
                            "id": "27a1c186-0979-41c6-9ae9-5099c3040ce0",
                            "name": "query-groups",
                            "realm_id": "master"
                        },
                        "meta": {
                            "schema_version": 0
                        },
                        "tainted": false
                    },
                    "deposed": [],
                    "provider": "provider.keycloak"
                },
                "keycloak_role.tfer--role_master_demo_realm_query_realms": {
                    "type": "keycloak_role",
                    "depends_on": [],
                    "primary": {
                        "id": "1e368d47-3806-4e11-affd-813f4e4f6947",
                        "attributes": {
                            "attributes.%": "0",
                            "client_id": "d93bf5ae-a298-4a9e-b38c-728fae456ee8",
                            "description": "${role_query-realms}",
                            "id": "1e368d47-3806-4e11-affd-813f4e4f6947",
                            "name": "query-realms",
                            "realm_id": "master"
                        },
                        "meta": {
                            "schema_version": 0
                        },
                        "tainted": false
                    },
                    "deposed": [],
                    "provider": "provider.keycloak"
                },
                "keycloak_role.tfer--role_master_demo_realm_query_users": {
                    "type": "keycloak_role",
                    "depends_on": [],
                    "primary": {
                        "id": "dcef7397-15bf-4e86-9829-8cf0f82a6012",
                        "attributes": {
                            "attributes.%": "0",
                            "client_id": "d93bf5ae-a298-4a9e-b38c-728fae456ee8",
                            "description": "${role_query-users}",
                            "id": "dcef7397-15bf-4e86-9829-8cf0f82a6012",
                            "name": "query-users",
                            "realm_id": "master"
                        },
                        "meta": {
                            "schema_version": 0
                        },
                        "tainted": false
                    },
                    "deposed": [],
                    "provider": "provider.keycloak"
                },
                "keycloak_role.tfer--role_master_demo_realm_view_authorization": {
                    "type": "keycloak_role",
                    "depends_on": [],
                    "primary": {
                        "id": "a54dda2a-c2d7-4ce9-beac-bc643df563ac",
                        "attributes": {
                            "attributes.%": "0",
                            "client_id": "d93bf5ae-a298-4a9e-b38c-728fae456ee8",
                            "description": "${role_view-authorization}",
                            "id": "a54dda2a-c2d7-4ce9-beac-bc643df563ac",
                            "name": "view-authorization",
                            "realm_id": "master"
                        },
                        "meta": {
                            "schema_version": 0
                        },
                        "tainted": false
                    },
                    "deposed": [],
                    "provider": "provider.keycloak"
                },
                "keycloak_role.tfer--role_master_demo_realm_view_clients": {
                    "type": "keycloak_role",
                    "depends_on": [],
                    "primary": {
                        "id": "abdac715-f602-4c99-bec4-8d5001477519",
                        "attributes": {
                            "attributes.%": "0",
                            "client_id": "d93bf5ae-a298-4a9e-b38c-728fae456ee8",
                            "composite_roles.#": "1",
                            "composite_roles.0": "6ebffbdb-26a5-4751-a16f-2f68f9f61045",
                            "description": "${role_view-clients}",
                            "id": "abdac715-f602-4c99-bec4-8d5001477519",
                            "name": "view-clients",
                            "realm_id": "master"
                        },
                        "meta": {
                            "schema_version": 0
                        },
                        "tainted": false
                    },
                    "deposed": [],
                    "provider": "provider.keycloak"
                },
                "keycloak_role.tfer--role_master_demo_realm_view_events": {
                    "type": "keycloak_role",
                    "depends_on": [],
                    "primary": {
                        "id": "4631dc0e-f013-4545-a96d-2c8bb4c63706",
                        "attributes": {
                            "attributes.%": "0",
                            "client_id": "d93bf5ae-a298-4a9e-b38c-728fae456ee8",
                            "description": "${role_view-events}",
                            "id": "4631dc0e-f013-4545-a96d-2c8bb4c63706",
                            "name": "view-events",
                            "realm_id": "master"
                        },
                        "meta": {
                            "schema_version": 0
                        },
                        "tainted": false
                    },
                    "deposed": [],
                    "provider": "provider.keycloak"
                },
                "keycloak_role.tfer--role_master_demo_realm_view_identity_providers": {
                    "type": "keycloak_role",
                    "depends_on": [],
                    "primary": {
                        "id": "0927181e-6d2c-4e85-8839-7144e6e04e32",
                        "attributes": {
                            "attributes.%": "0",
                            "client_id": "d93bf5ae-a298-4a9e-b38c-728fae456ee8",
                            "description": "${role_view-identity-providers}",
                            "id": "0927181e-6d2c-4e85-8839-7144e6e04e32",
                            "name": "view-identity-providers",
                            "realm_id": "master"
                        },
                        "meta": {
                            "schema_version": 0
                        },
                        "tainted": false
                    },
                    "deposed": [],
                    "provider": "provider.keycloak"
                },
                "keycloak_role.tfer--role_master_demo_realm_view_realm": {
                    "type": "keycloak_role",
                    "depends_on": [],
                    "primary": {
                        "id": "218cd492-edcb-4720-b759-71ff81191849",
                        "attributes": {
                            "attributes.%": "0",
                            "client_id": "d93bf5ae-a298-4a9e-b38c-728fae456ee8",
                            "description": "${role_view-realm}",
                            "id": "218cd492-edcb-4720-b759-71ff81191849",
                            "name": "view-realm",
                            "realm_id": "master"
                        },
                        "meta": {
                            "schema_version": 0
                        },
                        "tainted": false
                    },
                    "deposed": [],
                    "provider": "provider.keycloak"
                },
                "keycloak_role.tfer--role_master_demo_realm_view_users": {
                    "type": "keycloak_role",
                    "depends_on": [],
                    "primary": {
                        "id": "d789e95f-f207-4d15-9fd8-49d207d100fb",
                        "attributes": {
                            "attributes.%": "0",
                            "client_id": "d93bf5ae-a298-4a9e-b38c-728fae456ee8",
                            "composite_roles.#": "2",
                            "composite_roles.0": "27a1c186-0979-41c6-9ae9-5099c3040ce0",
                            "composite_roles.1": "dcef7397-15bf-4e86-9829-8cf0f82a6012",
                            "description": "${role_view-users}",
                            "id": "d789e95f-f207-4d15-9fd8-49d207d100fb",
                            "name": "view-users",
                            "realm_id": "master"
                        },
                        "meta": {
                            "schema_version": 0
                        },
                        "tainted": false
                    },
                    "deposed": [],
                    "provider": "provider.keycloak"
                },
                "keycloak_role.tfer--role_master_master_realm_create_client": {
                    "type": "keycloak_role",
                    "depends_on": [],
                    "primary": {
                        "id": "9e5fcffb-d49c-4f66-adf0-ee610dab999e",
                        "attributes": {
                            "attributes.%": "0",
                            "client_id": "499e29eb-4394-4d3d-bb68-6d34f3dc8ca6",
                            "description": "${role_create-client}",
                            "id": "9e5fcffb-d49c-4f66-adf0-ee610dab999e",
                            "name": "create-client",
                            "realm_id": "master"
                        },
                        "meta": {
                            "schema_version": 0
                        },
                        "tainted": false
                    },
                    "deposed": [],
                    "provider": "provider.keycloak"
                },
                "keycloak_role.tfer--role_master_master_realm_impersonation": {
                    "type": "keycloak_role",
                    "depends_on": [],
                    "primary": {
                        "id": "d02863fe-c3ce-44d0-8915-528bf084a14e",
                        "attributes": {
                            "attributes.%": "0",
                            "client_id": "499e29eb-4394-4d3d-bb68-6d34f3dc8ca6",
                            "description": "${role_impersonation}",
                            "id": "d02863fe-c3ce-44d0-8915-528bf084a14e",
                            "name": "impersonation",
                            "realm_id": "master"
                        },
                        "meta": {
                            "schema_version": 0
                        },
                        "tainted": false
                    },
                    "deposed": [],
                    "provider": "provider.keycloak"
                },
                "keycloak_role.tfer--role_master_master_realm_manage_authorization": {
                    "type": "keycloak_role",
                    "depends_on": [],
                    "primary": {
                        "id": "bdcb3580-7644-43b1-a9a9-d7640394a7ea",
                        "attributes": {
                            "attributes.%": "0",
                            "client_id": "499e29eb-4394-4d3d-bb68-6d34f3dc8ca6",
                            "description": "${role_manage-authorization}",
                            "id": "bdcb3580-7644-43b1-a9a9-d7640394a7ea",
                            "name": "manage-authorization",
                            "realm_id": "master"
                        },
                        "meta": {
                            "schema_version": 0
                        },
                        "tainted": false
                    },
                    "deposed": [],
                    "provider": "provider.keycloak"
                },
                "keycloak_role.tfer--role_master_master_realm_manage_clients": {
                    "type": "keycloak_role",
                    "depends_on": [],
                    "primary": {
                        "id": "102bc01e-9795-468e-b13b-1a0ca3275f34",
                        "attributes": {
                            "attributes.%": "0",
                            "client_id": "499e29eb-4394-4d3d-bb68-6d34f3dc8ca6",
                            "description": "${role_manage-clients}",
                            "id": "102bc01e-9795-468e-b13b-1a0ca3275f34",
                            "name": "manage-clients",
                            "realm_id": "master"
                        },
                        "meta": {
                            "schema_version": 0
                        },
                        "tainted": false
                    },
                    "deposed": [],
                    "provider": "provider.keycloak"
                },
                "keycloak_role.tfer--role_master_master_realm_manage_events": {
                    "type": "keycloak_role",
                    "depends_on": [],
                    "primary": {
                        "id": "a4958b71-5417-46b6-8f63-c544279c810b",
                        "attributes": {
                            "attributes.%": "0",
                            "client_id": "499e29eb-4394-4d3d-bb68-6d34f3dc8ca6",
                            "description": "${role_manage-events}",
                            "id": "a4958b71-5417-46b6-8f63-c544279c810b",
                            "name": "manage-events",
                            "realm_id": "master"
                        },
                        "meta": {
                            "schema_version": 0
                        },
                        "tainted": false
                    },
                    "deposed": [],
                    "provider": "provider.keycloak"
                },
                "keycloak_role.tfer--role_master_master_realm_manage_identity_providers": {
                    "type": "keycloak_role",
                    "depends_on": [],
                    "primary": {
                        "id": "852b0deb-899f-4466-a33b-046cf4564db8",
                        "attributes": {
                            "attributes.%": "0",
                            "client_id": "499e29eb-4394-4d3d-bb68-6d34f3dc8ca6",
                            "description": "${role_manage-identity-providers}",
                            "id": "852b0deb-899f-4466-a33b-046cf4564db8",
                            "name": "manage-identity-providers",
                            "realm_id": "master"
                        },
                        "meta": {
                            "schema_version": 0
                        },
                        "tainted": false
                    },
                    "deposed": [],
                    "provider": "provider.keycloak"
                },
                "keycloak_role.tfer--role_master_master_realm_manage_realm": {
                    "type": "keycloak_role",
                    "depends_on": [],
                    "primary": {
                        "id": "e490094d-9c6e-44df-8ca1-45249d3e33b8",
                        "attributes": {
                            "attributes.%": "0",
                            "client_id": "499e29eb-4394-4d3d-bb68-6d34f3dc8ca6",
                            "description": "${role_manage-realm}",
                            "id": "e490094d-9c6e-44df-8ca1-45249d3e33b8",
                            "name": "manage-realm",
                            "realm_id": "master"
                        },
                        "meta": {
                            "schema_version": 0
                        },
                        "tainted": false
                    },
                    "deposed": [],
                    "provider": "provider.keycloak"
                },
                "keycloak_role.tfer--role_master_master_realm_manage_users": {
                    "type": "keycloak_role",
                    "depends_on": [],
                    "primary": {
                        "id": "38e72610-b9d8-4a8d-9455-6d4bcc509107",
                        "attributes": {
                            "attributes.%": "0",
                            "client_id": "499e29eb-4394-4d3d-bb68-6d34f3dc8ca6",
                            "description": "${role_manage-users}",
                            "id": "38e72610-b9d8-4a8d-9455-6d4bcc509107",
                            "name": "manage-users",
                            "realm_id": "master"
                        },
                        "meta": {
                            "schema_version": 0
                        },
                        "tainted": false
                    },
                    "deposed": [],
                    "provider": "provider.keycloak"
                },
                "keycloak_role.tfer--role_master_master_realm_query_clients": {
                    "type": "keycloak_role",
                    "depends_on": [],
                    "primary": {
                        "id": "728ca8e4-c626-4b61-ab2a-d08a1499c8b6",
                        "attributes": {
                            "attributes.%": "0",
                            "client_id": "499e29eb-4394-4d3d-bb68-6d34f3dc8ca6",
                            "description": "${role_query-clients}",
                            "id": "728ca8e4-c626-4b61-ab2a-d08a1499c8b6",
                            "name": "query-clients",
                            "realm_id": "master"
                        },
                        "meta": {
                            "schema_version": 0
                        },
                        "tainted": false
                    },
                    "deposed": [],
                    "provider": "provider.keycloak"
                },
                "keycloak_role.tfer--role_master_master_realm_query_groups": {
                    "type": "keycloak_role",
                    "depends_on": [],
                    "primary": {
                        "id": "546bf858-1ceb-4c37-b8e5-ff09af82523d",
                        "attributes": {
                            "attributes.%": "0",
                            "client_id": "499e29eb-4394-4d3d-bb68-6d34f3dc8ca6",
                            "description": "${role_query-groups}",
                            "id": "546bf858-1ceb-4c37-b8e5-ff09af82523d",
                            "name": "query-groups",
                            "realm_id": "master"
                        },
                        "meta": {
                            "schema_version": 0
                        },
                        "tainted": false
                    },
                    "deposed": [],
                    "provider": "provider.keycloak"
                },
                "keycloak_role.tfer--role_master_master_realm_query_realms": {
                    "type": "keycloak_role",
                    "depends_on": [],
                    "primary": {
                        "id": "e70ffb4a-9797-4f3f-bfd1-b76d0894b2d1",
                        "attributes": {
                            "attributes.%": "0",
                            "client_id": "499e29eb-4394-4d3d-bb68-6d34f3dc8ca6",
                            "description": "${role_query-realms}",
                            "id": "e70ffb4a-9797-4f3f-bfd1-b76d0894b2d1",
                            "name": "query-realms",
                            "realm_id": "master"
                        },
                        "meta": {
                            "schema_version": 0
                        },
                        "tainted": false
                    },
                    "deposed": [],
                    "provider": "provider.keycloak"
                },
                "keycloak_role.tfer--role_master_master_realm_query_users": {
                    "type": "keycloak_role",
                    "depends_on": [],
                    "primary": {
                        "id": "3122b6a9-c88e-4b26-82b5-bb55f9a304ff",
                        "attributes": {
                            "attributes.%": "0",
                            "client_id": "499e29eb-4394-4d3d-bb68-6d34f3dc8ca6",
                            "description": "${role_query-users}",
                            "id": "3122b6a9-c88e-4b26-82b5-bb55f9a304ff",
                            "name": "query-users",
                            "realm_id": "master"
                        },
                        "meta": {
                            "schema_version": 0
                        },
                        "tainted": false
                    },
                    "deposed": [],
                    "provider": "provider.keycloak"
                },
                "keycloak_role.tfer--role_master_master_realm_view_authorization": {
                    "type": "keycloak_role",
                    "depends_on": [],
                    "primary": {
                        "id": "4ae8a478-3a00-44ef-8df6-0bbc2ae5301f",
                        "attributes": {
                            "attributes.%": "0",
                            "client_id": "499e29eb-4394-4d3d-bb68-6d34f3dc8ca6",
                            "description": "${role_view-authorization}",
                            "id": "4ae8a478-3a00-44ef-8df6-0bbc2ae5301f",
                            "name": "view-authorization",
                            "realm_id": "master"
                        },
                        "meta": {
                            "schema_version": 0
                        },
                        "tainted": false
                    },
                    "deposed": [],
                    "provider": "provider.keycloak"
                },
                "keycloak_role.tfer--role_master_master_realm_view_clients": {
                    "type": "keycloak_role",
                    "depends_on": [],
                    "primary": {
                        "id": "2fb97943-d4ec-4874-a707-7d6556646d4b",
                        "attributes": {
                            "attributes.%": "0",
                            "client_id": "499e29eb-4394-4d3d-bb68-6d34f3dc8ca6",
                            "composite_roles.#": "1",
                            "composite_roles.0": "728ca8e4-c626-4b61-ab2a-d08a1499c8b6",
                            "description": "${role_view-clients}",
                            "id": "2fb97943-d4ec-4874-a707-7d6556646d4b",
                            "name": "view-clients",
                            "realm_id": "master"
                        },
                        "meta": {
                            "schema_version": 0
                        },
                        "tainted": false
                    },
                    "deposed": [],
                    "provider": "provider.keycloak"
                },
                "keycloak_role.tfer--role_master_master_realm_view_events": {
                    "type": "keycloak_role",
                    "depends_on": [],
                    "primary": {
                        "id": "2d9e3898-1811-4cec-ab03-fd58d8e5dfe5",
                        "attributes": {
                            "attributes.%": "0",
                            "client_id": "499e29eb-4394-4d3d-bb68-6d34f3dc8ca6",
                            "description": "${role_view-events}",
                            "id": "2d9e3898-1811-4cec-ab03-fd58d8e5dfe5",
                            "name": "view-events",
                            "realm_id": "master"
                        },
                        "meta": {
                            "schema_version": 0
                        },
                        "tainted": false
                    },
                    "deposed": [],
                    "provider": "provider.keycloak"
                },
                "keycloak_role.tfer--role_master_master_realm_view_identity_providers": {
                    "type": "keycloak_role",
                    "depends_on": [],
                    "primary": {
                        "id": "1466390a-374f-40d5-8a9c-0d8a0224716b",
                        "attributes": {
                            "attributes.%": "0",
                            "client_id": "499e29eb-4394-4d3d-bb68-6d34f3dc8ca6",
                            "description": "${role_view-identity-providers}",
                            "id": "1466390a-374f-40d5-8a9c-0d8a0224716b",
                            "name": "view-identity-providers",
                            "realm_id": "master"
                        },
                        "meta": {
                            "schema_version": 0
                        },
                        "tainted": false
                    },
                    "deposed": [],
                    "provider": "provider.keycloak"
                },
                "keycloak_role.tfer--role_master_master_realm_view_realm": {
                    "type": "keycloak_role",
                    "depends_on": [],
                    "primary": {
                        "id": "587a817e-9e86-4f13-99dd-b35c81b30cdf",
                        "attributes": {
                            "attributes.%": "0",
                            "client_id": "499e29eb-4394-4d3d-bb68-6d34f3dc8ca6",
                            "description": "${role_view-realm}",
                            "id": "587a817e-9e86-4f13-99dd-b35c81b30cdf",
                            "name": "view-realm",
                            "realm_id": "master"
                        },
                        "meta": {
                            "schema_version": 0
                        },
                        "tainted": false
                    },
                    "deposed": [],
                    "provider": "provider.keycloak"
                },
                "keycloak_role.tfer--role_master_master_realm_view_users": {
                    "type": "keycloak_role",
                    "depends_on": [],
                    "primary": {
                        "id": "93e1b9e8-96f6-4029-a7c4-29b5a257fc00",
                        "attributes": {
                            "attributes.%": "0",
                            "client_id": "499e29eb-4394-4d3d-bb68-6d34f3dc8ca6",
                            "composite_roles.#": "2",
                            "composite_roles.0": "3122b6a9-c88e-4b26-82b5-bb55f9a304ff",
                            "composite_roles.1": "546bf858-1ceb-4c37-b8e5-ff09af82523d",
                            "description": "${role_view-users}",
                            "id": "93e1b9e8-96f6-4029-a7c4-29b5a257fc00",
                            "name": "view-users",
                            "realm_id": "master"
                        },
                        "meta": {
                            "schema_version": 0
                        },
                        "tainted": false
                    },
                    "deposed": [],
                    "provider": "provider.keycloak"
                },
                "keycloak_role.tfer--role_master_offline_access": {
                    "type": "keycloak_role",
                    "depends_on": [],
                    "primary": {
                        "id": "d59ab0fa-131d-4c01-a157-465426a42e36",
                        "attributes": {
                            "attributes.%": "0",
                            "client_id": "",
                            "description": "${role_offline-access}",
                            "id": "d59ab0fa-131d-4c01-a157-465426a42e36",
                            "name": "offline_access",
                            "realm_id": "master"
                        },
                        "meta": {
                            "schema_version": 0
                        },
                        "tainted": false
                    },
                    "deposed": [],
                    "provider": "provider.keycloak"
                },
                "keycloak_role.tfer--role_master_uma_authorization": {
                    "type": "keycloak_role",
                    "depends_on": [],
                    "primary": {
                        "id": "4540d488-9db2-4b36-8fe7-e0ffcd6ffac8",
                        "attributes": {
                            "attributes.%": "0",
                            "client_id": "",
                            "description": "${role_uma_authorization}",
                            "id": "4540d488-9db2-4b36-8fe7-e0ffcd6ffac8",
                            "name": "uma_authorization",
                            "realm_id": "master"
                        },
                        "meta": {
                            "schema_version": 0
                        },
                        "tainted": false
                    },
                    "deposed": [],
                    "provider": "provider.keycloak"
                },
                "keycloak_user.tfer--user_demo_gianluca": {
                    "type": "keycloak_user",
                    "depends_on": [],
                    "primary": {
                        "id": "9b5a9454-a174-4ff2-b92f-c235a4d1dc88",
                        "attributes": {
                            "attributes.%": "1",
                            "attributes.locale": "fr",
                            "email": "gianluca@example.fr",
                            "email_verified": "false",
                            "enabled": "true",
                            "federated_identity.#": "0",
                            "first_name": "Gianluca",
                            "id": "9b5a9454-a174-4ff2-b92f-c235a4d1dc88",
                            "last_name": "Perotti",
                            "realm_id": "demo",
                            "username": "gianluca"
                        },
                        "meta": {
                            "schema_version": 0
                        },
                        "tainted": false
                    },
                    "deposed": [],
                    "provider": "provider.keycloak"
                },
                "keycloak_user.tfer--user_demo_johndoe": {
                    "type": "keycloak_user",
                    "depends_on": [],
                    "primary": {
                        "id": "16b399f0-aacd-4f0f-b7bf-565869969ec2",
                        "attributes": {
                            "attributes.%": "1",
                            "attributes.locale": "en",
                            "email": "johndoe@unbelievable.com",
                            "email_verified": "false",
                            "enabled": "true",
                            "federated_identity.#": "0",
                            "first_name": "John",
                            "id": "16b399f0-aacd-4f0f-b7bf-565869969ec2",
                            "last_name": "Doe",
                            "realm_id": "demo",
                            "username": "johndoe"
                        },
                        "meta": {
                            "schema_version": 0
                        },
                        "tainted": false
                    },
                    "deposed": [],
                    "provider": "provider.keycloak"
                },
                "keycloak_user.tfer--user_demo_pierreluigifr": {
                    "type": "keycloak_user",
                    "depends_on": [],
                    "primary": {
                        "id": "8fec4d6c-1dc9-47ec-b51b-86370b1b60fb",
                        "attributes": {
                            "attributes.%": "1",
                            "attributes.locale": "fr",
                            "email": "pierre@example.fr",
                            "email_verified": "false",
                            "enabled": "true",
                            "federated_identity.#": "0",
                            "first_name": "Pierre",
                            "id": "8fec4d6c-1dc9-47ec-b51b-86370b1b60fb",
                            "last_name": "Luigi",
                            "realm_id": "demo",
                            "username": "pierreluigifr"
                        },
                        "meta": {
                            "schema_version": 0
                        },
                        "tainted": false
                    },
                    "deposed": [],
                    "provider": "provider.keycloak"
                },
                "keycloak_user.tfer--user_master_admin": {
                    "type": "keycloak_user",
                    "depends_on": [],
                    "primary": {
                        "id": "2798d7c2-07aa-409b-8b67-02a53314d5da",
                        "attributes": {
                            "attributes.%": "0",
                            "email": "",
                            "email_verified": "false",
                            "enabled": "true",
                            "federated_identity.#": "0",
                            "first_name": "",
                            "id": "2798d7c2-07aa-409b-8b67-02a53314d5da",
                            "last_name": "",
                            "realm_id": "master",
                            "username": "admin"
                        },
                        "meta": {
                            "schema_version": 0
                        },
                        "tainted": false
                    },
                    "deposed": [],
                    "provider": "provider.keycloak"
                }
            },
            "depends_on": []
        }
    ]
}
