{
    "version": 3,
    "terraform_version": "0.12.31",
    "serial": 1,
    "lineage": "46896743-f976-a62c-131b-e625912345a6",
    "modules": [
        {
            "path": [
                "root"
            ],
            "outputs": {
                "keycloak_authentication_execution_config_tfer--authentication_execution_config_master_45ffe98a_fdec_44ab_af17_22466214f50a_id": {
                    "sensitive": false,
                    "type": "string",
                    "value": "45ffe98a-fdec-44ab-af17-22466214f50a"
                },
                "keycloak_authentication_execution_config_tfer--authentication_execution_config_master_7ce3a2b1_2eac_4bd7_82a1_9e0f16d5c94f_id": {
                    "sensitive": false,
                    "type": "string",
                    "value": "7ce3a2b1-2eac-4bd7-82a1-9e0f16d5c94f"
                },
                "keycloak_authentication_execution_tfer--authentication_execution_master_006c2cb3_844a_4d52_b47e_32abd064e20e_id": {
                    "sensitive": false,
                    "type": "string",
                    "value": "006c2cb3-844a-4d52-b47e-32abd064e20e"
                },
                "keycloak_authentication_execution_tfer--authentication_execution_master_0f40f1c5_3366_4fe0_8c59_efbc26c064cc_id": {
                    "sensitive": false,
                    "type": "string",
                    "value": "0f40f1c5-3366-4fe0-8c59-efbc26c064cc"
                },
                "keycloak_authentication_execution_tfer--authentication_execution_master_10649564_ea69_4e85_90c5_e08b4ce22fd6_id": {
                    "sensitive": false,
                    "type": "string",
                    "value": "10649564-ea69-4e85-90c5-e08b4ce22fd6"
                },
                "keycloak_authentication_execution_tfer--authentication_execution_master_1170e24c_97ff_4a31_9e76_4eb741442189_id": {
                    "sensitive": false,
                    "type": "string",
                    "value": "1170e24c-97ff-4a31-9e76-4eb741442189"
                },
                "keycloak_authentication_execution_tfer--authentication_execution_master_186929e6_ae2f_44f2_968f_8cb1d1696549_id": {
                    "sensitive": false,
                    "type": "string",
                    "value": "186929e6-ae2f-44f2-968f-8cb1d1696549"
                },
                "keycloak_authentication_execution_tfer--authentication_execution_master_2e6df49a_e59b_4705_8bf4_862a2bdfe094_id": {
                    "sensitive": false,
                    "type": "string",
                    "value": "2e6df49a-e59b-4705-8bf4-862a2bdfe094"
                },
                "keycloak_authentication_execution_tfer--authentication_execution_master_2f6c412a_da76_4ac4_b51e_89efe20e670f_id": {
                    "sensitive": false,
                    "type": "string",
                    "value": "2f6c412a-da76-4ac4-b51e-89efe20e670f"
                },
                "keycloak_authentication_execution_tfer--authentication_execution_master_33427112_7627_4cf2_80e0_26b3944d2791_id": {
                    "sensitive": false,
                    "type": "string",
                    "value": "33427112-7627-4cf2-80e0-26b3944d2791"
                },
                "keycloak_authentication_execution_tfer--authentication_execution_master_3dfe32cb_3393_4256_b0bd_ce23f2a68e74_id": {
                    "sensitive": false,
                    "type": "string",
                    "value": "3dfe32cb-3393-4256-b0bd-ce23f2a68e74"
                },
                "keycloak_authentication_execution_tfer--authentication_execution_master_3e00a0a2_00fc_4753_979a_942ebd72c851_id": {
                    "sensitive": false,
                    "type": "string",
                    "value": "3e00a0a2-00fc-4753-979a-942ebd72c851"
                },
                "keycloak_authentication_execution_tfer--authentication_execution_master_404d10e0_f864_4276_8cb6_cea7a4bacd45_id": {
                    "sensitive": false,
                    "type": "string",
                    "value": "404d10e0-f864-4276-8cb6-cea7a4bacd45"
                },
                "keycloak_authentication_execution_tfer--authentication_execution_master_455b94fc_0f79_400d_bcef_b622fed9f991_id": {
                    "sensitive": false,
                    "type": "string",
                    "value": "455b94fc-0f79-400d-bcef-b622fed9f991"
                },
                "keycloak_authentication_execution_tfer--authentication_execution_master_49e74282_e32d_47e6_9f97_0945b3e036be_id": {
                    "sensitive": false,
                    "type": "string",
                    "value": "49e74282-e32d-47e6-9f97-0945b3e036be"
                },
                "keycloak_authentication_execution_tfer--authentication_execution_master_4d6bfb3d_28bb_4000_b963_465d5516bc81_id": {
                    "sensitive": false,
                    "type": "string",
                    "value": "4d6bfb3d-28bb-4000-b963-465d5516bc81"
                },
                "keycloak_authentication_execution_tfer--authentication_execution_master_58c4fd99_1c59_46ab_b116_d7e4908aff21_id": {
                    "sensitive": false,
                    "type": "string",
                    "value": "58c4fd99-1c59-46ab-b116-d7e4908aff21"
                },
                "keycloak_authentication_execution_tfer--authentication_execution_master_67d47460_3df2_495b_9106_6115e0a83476_id": {
                    "sensitive": false,
                    "type": "string",
                    "value": "67d47460-3df2-495b-9106-6115e0a83476"
                },
                "keycloak_authentication_execution_tfer--authentication_execution_master_6cc0c7c9_3b7c_41ef_8801_97e1805f4496_id": {
                    "sensitive": false,
                    "type": "string",
                    "value": "6cc0c7c9-3b7c-41ef-8801-97e1805f4496"
                },
                "keycloak_authentication_execution_tfer--authentication_execution_master_7321325e_0370_449a_b25e_bbbc13d0a32d_id": {
                    "sensitive": false,
                    "type": "string",
                    "value": "7321325e-0370-449a-b25e-bbbc13d0a32d"
                },
                "keycloak_authentication_execution_tfer--authentication_execution_master_798dccab_54af_439f_bdea_dc98a161cd66_id": {
                    "sensitive": false,
                    "type": "string",
                    "value": "798dccab-54af-439f-bdea-dc98a161cd66"
                },
                "keycloak_authentication_execution_tfer--authentication_execution_master_7b391b34_5435_451f_923b_059ee70d8dd6_id": {
                    "sensitive": false,
                    "type": "string",
                    "value": "7b391b34-5435-451f-923b-059ee70d8dd6"
                },
                "keycloak_authentication_execution_tfer--authentication_execution_master_8e5a4f49_e0ff_4cb3_906a_e8a2979fe062_id": {
                    "sensitive": false,
                    "type": "string",
                    "value": "8e5a4f49-e0ff-4cb3-906a-e8a2979fe062"
                },
                "keycloak_authentication_execution_tfer--authentication_execution_master_970cd766_f1d7_4d10_bc5c_0e97913acc9f_id": {
                    "sensitive": false,
                    "type": "string",
                    "value": "970cd766-f1d7-4d10-bc5c-0e97913acc9f"
                },
                "keycloak_authentication_execution_tfer--authentication_execution_master_9c513c72_ea9b_44d3_a70b_4381c12e7deb_id": {
                    "sensitive": false,
                    "type": "string",
                    "value": "9c513c72-ea9b-44d3-a70b-4381c12e7deb"
                },
                "keycloak_authentication_execution_tfer--authentication_execution_master_9fa83e91_6c94_4bc7_a4c8_41b779f457aa_id": {
                    "sensitive": false,
                    "type": "string",
                    "value": "9fa83e91-6c94-4bc7-a4c8-41b779f457aa"
                },
                "keycloak_authentication_execution_tfer--authentication_execution_master_a52b16b5_a700_4c7a_b3d7_8608c403eb67_id": {
                    "sensitive": false,
                    "type": "string",
                    "value": "a52b16b5-a700-4c7a-b3d7-8608c403eb67"
                },
                "keycloak_authentication_execution_tfer--authentication_execution_master_a743bfa8_34b4_41d4_bd9a_2766269227aa_id": {
                    "sensitive": false,
                    "type": "string",
                    "value": "a743bfa8-34b4-41d4-bd9a-2766269227aa"
                },
                "keycloak_authentication_execution_tfer--authentication_execution_master_a975adc9_cdb7_4979_ae65_b758d0621ea5_id": {
                    "sensitive": false,
                    "type": "string",
                    "value": "a975adc9-cdb7-4979-ae65-b758d0621ea5"
                },
                "keycloak_authentication_execution_tfer--authentication_execution_master_a9f91213_7cc1_4d4c_9d79_efe89d9ac39a_id": {
                    "sensitive": false,
                    "type": "string",
                    "value": "a9f91213-7cc1-4d4c-9d79-efe89d9ac39a"
                },
                "keycloak_authentication_execution_tfer--authentication_execution_master_bd193875_c908_4c26_af9e_d7a9fb387b23_id": {
                    "sensitive": false,
                    "type": "string",
                    "value": "bd193875-c908-4c26-af9e-d7a9fb387b23"
                },
                "keycloak_authentication_execution_tfer--authentication_execution_master_bf25035e_b3ae_4589_8472_df3ee6aa0486_id": {
                    "sensitive": false,
                    "type": "string",
                    "value": "bf25035e-b3ae-4589-8472-df3ee6aa0486"
                },
                "keycloak_authentication_execution_tfer--authentication_execution_master_c584cd42_6666_4bd7_93d4_492f376cb83c_id": {
                    "sensitive": false,
                    "type": "string",
                    "value": "c584cd42-6666-4bd7-93d4-492f376cb83c"
                },
                "keycloak_authentication_execution_tfer--authentication_execution_master_de2ef52d_303d_4e60_8555_5a93af031f8e_id": {
                    "sensitive": false,
                    "type": "string",
                    "value": "de2ef52d-303d-4e60-8555-5a93af031f8e"
                },
                "keycloak_authentication_execution_tfer--authentication_execution_master_e6f8556e_1162_46f5_ad29_d1d50a278498_id": {
                    "sensitive": false,
                    "type": "string",
                    "value": "e6f8556e-1162-46f5-ad29-d1d50a278498"
                },
                "keycloak_authentication_execution_tfer--authentication_execution_master_e9d8eb83_b97e_4509_bacc_920ba1853c34_id": {
                    "sensitive": false,
                    "type": "string",
                    "value": "e9d8eb83-b97e-4509-bacc-920ba1853c34"
                },
                "keycloak_authentication_execution_tfer--authentication_execution_master_f4ed4500_004a_45e7_92b4_1ce466ce7813_id": {
                    "sensitive": false,
                    "type": "string",
                    "value": "f4ed4500-004a-45e7-92b4-1ce466ce7813"
                },
                "keycloak_authentication_flow_tfer--authentication_flow_master_06563c1e_bddc_4876_8ee9_27d8807a6265_id": {
                    "sensitive": false,
                    "type": "string",
                    "value": "06563c1e-bddc-4876-8ee9-27d8807a6265"
                },
                "keycloak_authentication_flow_tfer--authentication_flow_master_0a22d0f1_f362_4acf_8f3b_2033349fe483_id": {
                    "sensitive": false,
                    "type": "string",
                    "value": "0a22d0f1-f362-4acf-8f3b-2033349fe483"
                },
                "keycloak_authentication_flow_tfer--authentication_flow_master_239a333d_7fb8_4c15_894d_095fa27141d8_id": {
                    "sensitive": false,
                    "type": "string",
                    "value": "239a333d-7fb8-4c15-894d-095fa27141d8"
                },
                "keycloak_authentication_flow_tfer--authentication_flow_master_3ba15206_2d74_440c_8744_e37809c1072d_id": {
                    "sensitive": false,
                    "type": "string",
                    "value": "3ba15206-2d74-440c-8744-e37809c1072d"
                },
                "keycloak_authentication_flow_tfer--authentication_flow_master_666e1bcb_a155_4ced_9f4c_5d9a8d7502a9_id": {
                    "sensitive": false,
                    "type": "string",
                    "value": "666e1bcb-a155-4ced-9f4c-5d9a8d7502a9"
                },
                "keycloak_authentication_flow_tfer--authentication_flow_master_88962cd5_98e9_44c4_8631_7d6bb497055e_id": {
                    "sensitive": false,
                    "type": "string",
                    "value": "88962cd5-98e9-44c4-8631-7d6bb497055e"
                },
                "keycloak_authentication_flow_tfer--authentication_flow_master_d03ef544_d902_49d6_9d9d_df5e076cfb5a_id": {
                    "sensitive": false,
                    "type": "string",
                    "value": "d03ef544-d902-49d6-9d9d-df5e076cfb5a"
                },
                "keycloak_authentication_flow_tfer--authentication_flow_master_da8c20de_db7b_4957_8455_323300298874_id": {
                    "sensitive": false,
                    "type": "string",
                    "value": "da8c20de-db7b-4957-8455-323300298874"
                },
                "keycloak_authentication_subflow_tfer--authentication_subflow_master_1f178681_493e_46b0_a383_7d19c1dd1aaf_id": {
                    "sensitive": false,
                    "type": "string",
                    "value": "1f178681-493e-46b0-a383-7d19c1dd1aaf"
                },
                "keycloak_authentication_subflow_tfer--authentication_subflow_master_2ff10fb8_b23c_4a3f_aa83_e61e9fe7c0a4_id": {
                    "sensitive": false,
                    "type": "string",
                    "value": "2ff10fb8-b23c-4a3f-aa83-e61e9fe7c0a4"
                },
                "keycloak_authentication_subflow_tfer--authentication_subflow_master_584a72ed_b3af_4bbb_a27f_81e96dfd97f9_id": {
                    "sensitive": false,
                    "type": "string",
                    "value": "584a72ed-b3af-4bbb-a27f-81e96dfd97f9"
                },
                "keycloak_authentication_subflow_tfer--authentication_subflow_master_6eb2a0e2_9841_427a_a78f_f416dc80de4a_id": {
                    "sensitive": false,
                    "type": "string",
                    "value": "6eb2a0e2-9841-427a-a78f-f416dc80de4a"
                },
                "keycloak_authentication_subflow_tfer--authentication_subflow_master_7c5c5d6c_9052_4d84_b0e5_7b435180fc57_id": {
                    "sensitive": false,
                    "type": "string",
                    "value": "7c5c5d6c-9052-4d84-b0e5-7b435180fc57"
                },
                "keycloak_authentication_subflow_tfer--authentication_subflow_master_9c234bdb_44a9_4058_93d2_70bec0897279_id": {
                    "sensitive": false,
                    "type": "string",
                    "value": "9c234bdb-44a9-4058-93d2-70bec0897279"
                },
                "keycloak_authentication_subflow_tfer--authentication_subflow_master_a34a800b_a897_4e82_8968_3f347ec6283b_id": {
                    "sensitive": false,
                    "type": "string",
                    "value": "a34a800b-a897-4e82-8968-3f347ec6283b"
                },
                "keycloak_authentication_subflow_tfer--authentication_subflow_master_de797a09_11c4_4825_87f7_ccbb72fca9a5_id": {
                    "sensitive": false,
                    "type": "string",
                    "value": "de797a09-11c4-4825-87f7-ccbb72fca9a5"
                },
                "keycloak_authentication_subflow_tfer--authentication_subflow_master_dee0699e_3fd3_4b4d_8640_7a6bb6d533fc_id": {
                    "sensitive": false,
                    "type": "string",
                    "value": "dee0699e-3fd3-4b4d-8640-7a6bb6d533fc"
                },
                "keycloak_authentication_subflow_tfer--authentication_subflow_master_efdbab63_b61b_48b5_b1b5_4c0ff30fac73_id": {
                    "sensitive": false,
                    "type": "string",
                    "value": "efdbab63-b61b-48b5-b1b5-4c0ff30fac73"
                },
                "keycloak_authentication_subflow_tfer--authentication_subflow_master_f478dc0a_bbd3_4f23_8da0_8ea44322ac19_id": {
                    "sensitive": false,
                    "type": "string",
                    "value": "f478dc0a-bbd3-4f23-8da0-8ea44322ac19"
                },
                "keycloak_default_groups_tfer--default_groups_master_id": {
                    "sensitive": false,
                    "type": "string",
                    "value": "master/default-groups"
                },
                "keycloak_openid_client_default_scopes_tfer--openid_client_default_scopes_master_account_console_id": {
                    "sensitive": false,
                    "type": "string",
                    "value": "master/696d1099-8f02-45c1-97d0-13bd4541b32c"
                },
                "keycloak_openid_client_default_scopes_tfer--openid_client_default_scopes_master_account_id": {
                    "sensitive": false,
                    "type": "string",
                    "value": "master/12397b19-cd33-44a7-ad6c-344baa77a058"
                },
                "keycloak_openid_client_default_scopes_tfer--openid_client_default_scopes_master_admin_cli_id": {
                    "sensitive": false,
                    "type": "string",
                    "value": "master/0ffb9ff4-642a-45b7-91ab-ac3b834d8ada"
                },
                "keycloak_openid_client_default_scopes_tfer--openid_client_default_scopes_master_broker_id": {
                    "sensitive": false,
                    "type": "string",
                    "value": "master/a302d2e3-5905-4d3f-b458-a96d07a75765"
                },
                "keycloak_openid_client_default_scopes_tfer--openid_client_default_scopes_master_master_realm_id": {
                    "sensitive": false,
                    "type": "string",
                    "value": "master/499e29eb-4394-4d3d-bb68-6d34f3dc8ca6"
                },
                "keycloak_openid_client_default_scopes_tfer--openid_client_default_scopes_master_mastermind_id": {
                    "sensitive": false,
                    "type": "string",
                    "value": "master/7ce44102-2af7-4203-bfb8-f449d90b3a02"
                },
                "keycloak_openid_client_default_scopes_tfer--openid_client_default_scopes_master_security_admin_console_id": {
                    "sensitive": false,
                    "type": "string",
                    "value": "master/bfd08aa4-cfd5-421b-b329-e735da3e0031"
                },
                "keycloak_openid_client_optional_scopes_tfer--openid_client_optional_scopes_master_account_console_id": {
                    "sensitive": false,
                    "type": "string",
                    "value": "master/696d1099-8f02-45c1-97d0-13bd4541b32c"
                },
                "keycloak_openid_client_optional_scopes_tfer--openid_client_optional_scopes_master_account_id": {
                    "sensitive": false,
                    "type": "string",
                    "value": "master/12397b19-cd33-44a7-ad6c-344baa77a058"
                },
                "keycloak_openid_client_optional_scopes_tfer--openid_client_optional_scopes_master_admin_cli_id": {
                    "sensitive": false,
                    "type": "string",
                    "value": "master/0ffb9ff4-642a-45b7-91ab-ac3b834d8ada"
                },
                "keycloak_openid_client_optional_scopes_tfer--openid_client_optional_scopes_master_broker_id": {
                    "sensitive": false,
                    "type": "string",
                    "value": "master/a302d2e3-5905-4d3f-b458-a96d07a75765"
                },
                "keycloak_openid_client_optional_scopes_tfer--openid_client_optional_scopes_master_master_realm_id": {
                    "sensitive": false,
                    "type": "string",
                    "value": "master/499e29eb-4394-4d3d-bb68-6d34f3dc8ca6"
                },
                "keycloak_openid_client_optional_scopes_tfer--openid_client_optional_scopes_master_mastermind_id": {
                    "sensitive": false,
                    "type": "string",
                    "value": "master/7ce44102-2af7-4203-bfb8-f449d90b3a02"
                },
                "keycloak_openid_client_optional_scopes_tfer--openid_client_optional_scopes_master_security_admin_console_id": {
                    "sensitive": false,
                    "type": "string",
                    "value": "master/bfd08aa4-cfd5-421b-b329-e735da3e0031"
                },
                "keycloak_openid_client_scope_tfer--openid_client_scope_master_address_id": {
                    "sensitive": false,
                    "type": "string",
                    "value": "0c292626-508f-4398-a82d-a8d39b0820d1"
                },
                "keycloak_openid_client_scope_tfer--openid_client_scope_master_email_id": {
                    "sensitive": false,
                    "type": "string",
                    "value": "aaabc416-58ca-4795-bea6-dab5db3c039e"
                },
                "keycloak_openid_client_scope_tfer--openid_client_scope_master_microprofile_jwt_id": {
                    "sensitive": false,
                    "type": "string",
                    "value": "7b4a2883-eb84-48e2-bbec-8d715f526c45"
                },
                "keycloak_openid_client_scope_tfer--openid_client_scope_master_offline_access_id": {
                    "sensitive": false,
                    "type": "string",
                    "value": "dda4ad8c-04e8-45ca-a0a7-864e2fa6b062"
                },
                "keycloak_openid_client_scope_tfer--openid_client_scope_master_phone_id": {
                    "sensitive": false,
                    "type": "string",
                    "value": "59632024-7320-41f1-8fb8-79d895f1a94e"
                },
                "keycloak_openid_client_scope_tfer--openid_client_scope_master_profile_id": {
                    "sensitive": false,
                    "type": "string",
                    "value": "b5e73969-356b-482b-b686-b20cb5f00d04"
                },
                "keycloak_openid_client_scope_tfer--openid_client_scope_master_roles_id": {
                    "sensitive": false,
                    "type": "string",
                    "value": "0886b52d-f6c0-402e-8b26-df9bf6d0b6ed"
                },
                "keycloak_openid_client_scope_tfer--openid_client_scope_master_web_origins_id": {
                    "sensitive": false,
                    "type": "string",
                    "value": "79dd0aa5-7506-4754-b811-bbfa3dc7a9a8"
                },
                "keycloak_openid_client_tfer--openid_client_master_account_console_id": {
                    "sensitive": false,
                    "type": "string",
                    "value": "696d1099-8f02-45c1-97d0-13bd4541b32c"
                },
                "keycloak_openid_client_tfer--openid_client_master_account_id": {
                    "sensitive": false,
                    "type": "string",
                    "value": "12397b19-cd33-44a7-ad6c-344baa77a058"
                },
                "keycloak_openid_client_tfer--openid_client_master_admin_cli_id": {
                    "sensitive": false,
                    "type": "string",
                    "value": "0ffb9ff4-642a-45b7-91ab-ac3b834d8ada"
                },
                "keycloak_openid_client_tfer--openid_client_master_broker_id": {
                    "sensitive": false,
                    "type": "string",
                    "value": "a302d2e3-5905-4d3f-b458-a96d07a75765"
                },
                "keycloak_openid_client_tfer--openid_client_master_demo_realm_id": {
                    "sensitive": false,
                    "type": "string",
                    "value": "d93bf5ae-a298-4a9e-b38c-728fae456ee8"
                },
                "keycloak_openid_client_tfer--openid_client_master_master_realm_id": {
                    "sensitive": false,
                    "type": "string",
                    "value": "499e29eb-4394-4d3d-bb68-6d34f3dc8ca6"
                },
                "keycloak_openid_client_tfer--openid_client_master_mastermind_id": {
                    "sensitive": false,
                    "type": "string",
                    "value": "7ce44102-2af7-4203-bfb8-f449d90b3a02"
                },
                "keycloak_openid_client_tfer--openid_client_master_security_admin_console_id": {
                    "sensitive": false,
                    "type": "string",
                    "value": "bfd08aa4-cfd5-421b-b329-e735da3e0031"
                },
                "keycloak_openid_user_attribute_protocol_mapper_tfer--openid_user_attribute_protocol_mapper_master_security_admin_console_locale_id": {
                    "sensitive": false,
                    "type": "string",
                    "value": "d63aa0ac-f474-4568-99e5-df44d4dbd776"
                },
                "keycloak_openid_user_session_note_protocol_mapper_tfer--openid_user_session_note_protocol_mapper_master_mastermind_client_host_id": {
                    "sensitive": false,
                    "type": "string",
                    "value": "f8f6c054-43e4-4042-b47c-c568687e5d5e"
                },
                "keycloak_openid_user_session_note_protocol_mapper_tfer--openid_user_session_note_protocol_mapper_master_mastermind_client_id_id": {
                    "sensitive": false,
                    "type": "string",
                    "value": "bf63d537-2ffe-4c0e-8878-b05602aebaeb"
                },
                "keycloak_openid_user_session_note_protocol_mapper_tfer--openid_user_session_note_protocol_mapper_master_mastermind_client_ip_address_id": {
                    "sensitive": false,
                    "type": "string",
                    "value": "b6d7b76a-b17b-49f1-ac55-cf532be5cb7d"
                },
                "keycloak_realm_tfer--realm_master_id": {
                    "sensitive": false,
                    "type": "string",
                    "value": "master"
                },
                "keycloak_required_action_tfer--required_action_master_configure_totp_id": {
                    "sensitive": false,
                    "type": "string",
                    "value": "master/CONFIGURE_TOTP"
                },
                "keycloak_required_action_tfer--required_action_master_delete_account_id": {
                    "sensitive": false,
                    "type": "string",
                    "value": "master/delete_account"
                },
                "keycloak_required_action_tfer--required_action_master_terms_and_conditions_id": {
                    "sensitive": false,
                    "type": "string",
                    "value": "master/terms_and_conditions"
                },
                "keycloak_required_action_tfer--required_action_master_update_password_id": {
                    "sensitive": false,
                    "type": "string",
                    "value": "master/UPDATE_PASSWORD"
                },
                "keycloak_required_action_tfer--required_action_master_update_profile_id": {
                    "sensitive": false,
                    "type": "string",
                    "value": "master/UPDATE_PROFILE"
                },
                "keycloak_required_action_tfer--required_action_master_update_user_locale_id": {
                    "sensitive": false,
                    "type": "string",
                    "value": "master/update_user_locale"
                },
                "keycloak_required_action_tfer--required_action_master_verify_email_id": {
                    "sensitive": false,
                    "type": "string",
                    "value": "master/VERIFY_EMAIL"
                },
                "keycloak_role_tfer--role_master_account_delete_account_id": {
                    "sensitive": false,
                    "type": "string",
                    "value": "092db83f-4cce-44e6-903c-d388a385547f"
                },
                "keycloak_role_tfer--role_master_account_manage_account_id": {
                    "sensitive": false,
                    "type": "string",
                    "value": "664bedcf-2951-417e-91ee-58466996c15e"
                },
                "keycloak_role_tfer--role_master_account_manage_account_links_id": {
                    "sensitive": false,
                    "type": "string",
                    "value": "052ed776-c49b-46cd-bc12-175a77a116fb"
                },
                "keycloak_role_tfer--role_master_account_manage_consent_id": {
                    "sensitive": false,
                    "type": "string",
                    "value": "d30d95ef-ba0f-4028-a3dd-8850be918aea"
                },
                "keycloak_role_tfer--role_master_account_view_applications_id": {
                    "sensitive": false,
                    "type": "string",
                    "value": "8202197c-f794-4244-88f5-662be9ffe97d"
                },
                "keycloak_role_tfer--role_master_account_view_consent_id": {
                    "sensitive": false,
                    "type": "string",
                    "value": "eb933965-45a3-4c2e-abc3-224c1126121e"
                },
                "keycloak_role_tfer--role_master_account_view_profile_id": {
                    "sensitive": false,
                    "type": "string",
                    "value": "2d3a442e-8bb0-470e-be82-3993595c2941"
                },
                "keycloak_role_tfer--role_master_admin_id": {
                    "sensitive": false,
                    "type": "string",
                    "value": "92c6e0c7-4af5-481f-9bbf-2a1d0d9d2977"
                },
                "keycloak_role_tfer--role_master_broker_read_token_id": {
                    "sensitive": false,
                    "type": "string",
                    "value": "a9321a90-46aa-46e6-82e8-1dfee0451836"
                },
                "keycloak_role_tfer--role_master_create_realm_id": {
                    "sensitive": false,
                    "type": "string",
                    "value": "c3504020-0b73-493f-9f8d-335569cbd54a"
                },
                "keycloak_role_tfer--role_master_default_roles_master_id": {
                    "sensitive": false,
                    "type": "string",
                    "value": "7b2322d0-a150-47ec-a1e9-3c3a1bb4dacb"
                },
                "keycloak_role_tfer--role_master_demo_realm_create_client_id": {
                    "sensitive": false,
                    "type": "string",
                    "value": "47dc16e3-82aa-459a-9eab-a6ae7c558f67"
                },
                "keycloak_role_tfer--role_master_demo_realm_impersonation_id": {
                    "sensitive": false,
                    "type": "string",
                    "value": "31a99a9e-ed57-4891-a3d0-793961643edd"
                },
                "keycloak_role_tfer--role_master_demo_realm_manage_authorization_id": {
                    "sensitive": false,
                    "type": "string",
                    "value": "4b96898b-a1e0-4aa7-bde2-e5f42f0e04bc"
                },
                "keycloak_role_tfer--role_master_demo_realm_manage_clients_id": {
                    "sensitive": false,
                    "type": "string",
                    "value": "bcabc97d-fa47-4f17-8393-6ca8bfac76db"
                },
                "keycloak_role_tfer--role_master_demo_realm_manage_events_id": {
                    "sensitive": false,
                    "type": "string",
                    "value": "d96ae904-61c5-4ba7-bbb8-cd2abb0ad30e"
                },
                "keycloak_role_tfer--role_master_demo_realm_manage_identity_providers_id": {
                    "sensitive": false,
                    "type": "string",
                    "value": "f1a13741-3571-470e-baa4-1d52af1673c0"
                },
                "keycloak_role_tfer--role_master_demo_realm_manage_realm_id": {
                    "sensitive": false,
                    "type": "string",
                    "value": "a65a1ddc-1637-4087-802f-6017d52895d3"
                },
                "keycloak_role_tfer--role_master_demo_realm_manage_users_id": {
                    "sensitive": false,
                    "type": "string",
                    "value": "4cad71e2-f1a4-48c7-be35-daef9c2a7299"
                },
                "keycloak_role_tfer--role_master_demo_realm_query_clients_id": {
                    "sensitive": false,
                    "type": "string",
                    "value": "6ebffbdb-26a5-4751-a16f-2f68f9f61045"
                },
                "keycloak_role_tfer--role_master_demo_realm_query_groups_id": {
                    "sensitive": false,
                    "type": "string",
                    "value": "27a1c186-0979-41c6-9ae9-5099c3040ce0"
                },
                "keycloak_role_tfer--role_master_demo_realm_query_realms_id": {
                    "sensitive": false,
                    "type": "string",
                    "value": "1e368d47-3806-4e11-affd-813f4e4f6947"
                },
                "keycloak_role_tfer--role_master_demo_realm_query_users_id": {
                    "sensitive": false,
                    "type": "string",
                    "value": "dcef7397-15bf-4e86-9829-8cf0f82a6012"
                },
                "keycloak_role_tfer--role_master_demo_realm_view_authorization_id": {
                    "sensitive": false,
                    "type": "string",
                    "value": "a54dda2a-c2d7-4ce9-beac-bc643df563ac"
                },
                "keycloak_role_tfer--role_master_demo_realm_view_clients_id": {
                    "sensitive": false,
                    "type": "string",
                    "value": "abdac715-f602-4c99-bec4-8d5001477519"
                },
                "keycloak_role_tfer--role_master_demo_realm_view_events_id": {
                    "sensitive": false,
                    "type": "string",
                    "value": "4631dc0e-f013-4545-a96d-2c8bb4c63706"
                },
                "keycloak_role_tfer--role_master_demo_realm_view_identity_providers_id": {
                    "sensitive": false,
                    "type": "string",
                    "value": "0927181e-6d2c-4e85-8839-7144e6e04e32"
                },
                "keycloak_role_tfer--role_master_demo_realm_view_realm_id": {
                    "sensitive": false,
                    "type": "string",
                    "value": "218cd492-edcb-4720-b759-71ff81191849"
                },
                "keycloak_role_tfer--role_master_demo_realm_view_users_id": {
                    "sensitive": false,
                    "type": "string",
                    "value": "d789e95f-f207-4d15-9fd8-49d207d100fb"
                },
                "keycloak_role_tfer--role_master_master_realm_create_client_id": {
                    "sensitive": false,
                    "type": "string",
                    "value": "9e5fcffb-d49c-4f66-adf0-ee610dab999e"
                },
                "keycloak_role_tfer--role_master_master_realm_impersonation_id": {
                    "sensitive": false,
                    "type": "string",
                    "value": "d02863fe-c3ce-44d0-8915-528bf084a14e"
                },
                "keycloak_role_tfer--role_master_master_realm_manage_authorization_id": {
                    "sensitive": false,
                    "type": "string",
                    "value": "bdcb3580-7644-43b1-a9a9-d7640394a7ea"
                },
                "keycloak_role_tfer--role_master_master_realm_manage_clients_id": {
                    "sensitive": false,
                    "type": "string",
                    "value": "102bc01e-9795-468e-b13b-1a0ca3275f34"
                },
                "keycloak_role_tfer--role_master_master_realm_manage_events_id": {
                    "sensitive": false,
                    "type": "string",
                    "value": "a4958b71-5417-46b6-8f63-c544279c810b"
                },
                "keycloak_role_tfer--role_master_master_realm_manage_identity_providers_id": {
                    "sensitive": false,
                    "type": "string",
                    "value": "852b0deb-899f-4466-a33b-046cf4564db8"
                },
                "keycloak_role_tfer--role_master_master_realm_manage_realm_id": {
                    "sensitive": false,
                    "type": "string",
                    "value": "e490094d-9c6e-44df-8ca1-45249d3e33b8"
                },
                "keycloak_role_tfer--role_master_master_realm_manage_users_id": {
                    "sensitive": false,
                    "type": "string",
                    "value": "38e72610-b9d8-4a8d-9455-6d4bcc509107"
                },
                "keycloak_role_tfer--role_master_master_realm_query_clients_id": {
                    "sensitive": false,
                    "type": "string",
                    "value": "728ca8e4-c626-4b61-ab2a-d08a1499c8b6"
                },
                "keycloak_role_tfer--role_master_master_realm_query_groups_id": {
                    "sensitive": false,
                    "type": "string",
                    "value": "546bf858-1ceb-4c37-b8e5-ff09af82523d"
                },
                "keycloak_role_tfer--role_master_master_realm_query_realms_id": {
                    "sensitive": false,
                    "type": "string",
                    "value": "e70ffb4a-9797-4f3f-bfd1-b76d0894b2d1"
                },
                "keycloak_role_tfer--role_master_master_realm_query_users_id": {
                    "sensitive": false,
                    "type": "string",
                    "value": "3122b6a9-c88e-4b26-82b5-bb55f9a304ff"
                },
                "keycloak_role_tfer--role_master_master_realm_view_authorization_id": {
                    "sensitive": false,
                    "type": "string",
                    "value": "4ae8a478-3a00-44ef-8df6-0bbc2ae5301f"
                },
                "keycloak_role_tfer--role_master_master_realm_view_clients_id": {
                    "sensitive": false,
                    "type": "string",
                    "value": "2fb97943-d4ec-4874-a707-7d6556646d4b"
                },
                "keycloak_role_tfer--role_master_master_realm_view_events_id": {
                    "sensitive": false,
                    "type": "string",
                    "value": "2d9e3898-1811-4cec-ab03-fd58d8e5dfe5"
                },
                "keycloak_role_tfer--role_master_master_realm_view_identity_providers_id": {
                    "sensitive": false,
                    "type": "string",
                    "value": "1466390a-374f-40d5-8a9c-0d8a0224716b"
                },
                "keycloak_role_tfer--role_master_master_realm_view_realm_id": {
                    "sensitive": false,
                    "type": "string",
                    "value": "587a817e-9e86-4f13-99dd-b35c81b30cdf"
                },
                "keycloak_role_tfer--role_master_master_realm_view_users_id": {
                    "sensitive": false,
                    "type": "string",
                    "value": "93e1b9e8-96f6-4029-a7c4-29b5a257fc00"
                },
                "keycloak_role_tfer--role_master_offline_access_id": {
                    "sensitive": false,
                    "type": "string",
                    "value": "d59ab0fa-131d-4c01-a157-465426a42e36"
                },
                "keycloak_role_tfer--role_master_uma_authorization_id": {
                    "sensitive": false,
                    "type": "string",
                    "value": "4540d488-9db2-4b36-8fe7-e0ffcd6ffac8"
                },
                "keycloak_user_tfer--user_master_admin_id": {
                    "sensitive": false,
                    "type": "string",
                    "value": "2798d7c2-07aa-409b-8b67-02a53314d5da"
                }
            },
            "resources": {
                "keycloak_authentication_execution.tfer--authentication_execution_master_006c2cb3_844a_4d52_b47e_32abd064e20e": {
                    "type": "keycloak_authentication_execution",
                    "depends_on": [],
                    "primary": {
                        "id": "006c2cb3-844a-4d52-b47e-32abd064e20e",
                        "attributes": {
                            "authenticator": "idp-review-profile",
                            "id": "006c2cb3-844a-4d52-b47e-32abd064e20e",
                            "parent_flow_alias": "first broker login",
                            "realm_id": "master",
                            "requirement": "REQUIRED"
                        },
                        "meta": {
                            "schema_version": 0
                        },
                        "tainted": false
                    },
                    "deposed": [],
                    "provider": "provider.keycloak"
                },
                "keycloak_authentication_execution.tfer--authentication_execution_master_0f40f1c5_3366_4fe0_8c59_efbc26c064cc": {
                    "type": "keycloak_authentication_execution",
                    "depends_on": [],
                    "primary": {
                        "id": "0f40f1c5-3366-4fe0-8c59-efbc26c064cc",
                        "attributes": {
                            "authenticator": "client-secret-jwt",
                            "id": "0f40f1c5-3366-4fe0-8c59-efbc26c064cc",
                            "parent_flow_alias": "clients",
                            "realm_id": "master",
                            "requirement": "ALTERNATIVE"
                        },
                        "meta": {
                            "schema_version": 0
                        },
                        "tainted": false
                    },
                    "deposed": [],
                    "provider": "provider.keycloak"
                },
                "keycloak_authentication_execution.tfer--authentication_execution_master_10649564_ea69_4e85_90c5_e08b4ce22fd6": {
                    "type": "keycloak_authentication_execution",
                    "depends_on": [],
                    "primary": {
                        "id": "10649564-ea69-4e85-90c5-e08b4ce22fd6",
                        "attributes": {
                            "authenticator": "client-x509",
                            "id": "10649564-ea69-4e85-90c5-e08b4ce22fd6",
                            "parent_flow_alias": "clients",
                            "realm_id": "master",
                            "requirement": "ALTERNATIVE"
                        },
                        "meta": {
                            "schema_version": 0
                        },
                        "tainted": false
                    },
                    "deposed": [],
                    "provider": "provider.keycloak"
                },
                "keycloak_authentication_execution.tfer--authentication_execution_master_1170e24c_97ff_4a31_9e76_4eb741442189": {
                    "type": "keycloak_authentication_execution",
                    "depends_on": [],
                    "primary": {
                        "id": "1170e24c-97ff-4a31-9e76-4eb741442189",
                        "attributes": {
                            "authenticator": "basic-auth-otp",
                            "id": "1170e24c-97ff-4a31-9e76-4eb741442189",
                            "parent_flow_alias": "Authentication Options",
                            "realm_id": "master",
                            "requirement": "DISABLED"
                        },
                        "meta": {
                            "schema_version": 0
                        },
                        "tainted": false
                    },
                    "deposed": [],
                    "provider": "provider.keycloak"
                },
                "keycloak_authentication_execution.tfer--authentication_execution_master_186929e6_ae2f_44f2_968f_8cb1d1696549": {
                    "type": "keycloak_authentication_execution",
                    "depends_on": [],
                    "primary": {
                        "id": "186929e6-ae2f-44f2-968f-8cb1d1696549",
                        "attributes": {
                            "authenticator": "idp-create-user-if-unique",
                            "id": "186929e6-ae2f-44f2-968f-8cb1d1696549",
                            "parent_flow_alias": "User creation or linking",
                            "realm_id": "master",
                            "requirement": "ALTERNATIVE"
                        },
                        "meta": {
                            "schema_version": 0
                        },
                        "tainted": false
                    },
                    "deposed": [],
                    "provider": "provider.keycloak"
                },
                "keycloak_authentication_execution.tfer--authentication_execution_master_2e6df49a_e59b_4705_8bf4_862a2bdfe094": {
                    "type": "keycloak_authentication_execution",
                    "depends_on": [],
                    "primary": {
                        "id": "2e6df49a-e59b-4705-8bf4-862a2bdfe094",
                        "attributes": {
                            "authenticator": "conditional-user-configured",
                            "id": "2e6df49a-e59b-4705-8bf4-862a2bdfe094",
                            "parent_flow_alias": "Browser - Conditional OTP",
                            "realm_id": "master",
                            "requirement": "REQUIRED"
                        },
                        "meta": {
                            "schema_version": 0
                        },
                        "tainted": false
                    },
                    "deposed": [],
                    "provider": "provider.keycloak"
                },
                "keycloak_authentication_execution.tfer--authentication_execution_master_2f6c412a_da76_4ac4_b51e_89efe20e670f": {
                    "type": "keycloak_authentication_execution",
                    "depends_on": [],
                    "primary": {
                        "id": "2f6c412a-da76-4ac4-b51e-89efe20e670f",
                        "attributes": {
                            "authenticator": "registration-recaptcha-action",
                            "id": "2f6c412a-da76-4ac4-b51e-89efe20e670f",
                            "parent_flow_alias": "registration form",
                            "realm_id": "master",
                            "requirement": "DISABLED"
                        },
                        "meta": {
                            "schema_version": 0
                        },
                        "tainted": false
                    },
                    "deposed": [],
                    "provider": "provider.keycloak"
                },
                "keycloak_authentication_execution.tfer--authentication_execution_master_33427112_7627_4cf2_80e0_26b3944d2791": {
                    "type": "keycloak_authentication_execution",
                    "depends_on": [],
                    "primary": {
                        "id": "33427112-7627-4cf2-80e0-26b3944d2791",
                        "attributes": {
                            "authenticator": "auth-spnego",
                            "id": "33427112-7627-4cf2-80e0-26b3944d2791",
                            "parent_flow_alias": "Authentication Options",
                            "realm_id": "master",
                            "requirement": "DISABLED"
                        },
                        "meta": {
                            "schema_version": 0
                        },
                        "tainted": false
                    },
                    "deposed": [],
                    "provider": "provider.keycloak"
                },
                "keycloak_authentication_execution.tfer--authentication_execution_master_3dfe32cb_3393_4256_b0bd_ce23f2a68e74": {
                    "type": "keycloak_authentication_execution",
                    "depends_on": [],
                    "primary": {
                        "id": "3dfe32cb-3393-4256-b0bd-ce23f2a68e74",
                        "attributes": {
                            "authenticator": "registration-password-action",
                            "id": "3dfe32cb-3393-4256-b0bd-ce23f2a68e74",
                            "parent_flow_alias": "registration form",
                            "realm_id": "master",
                            "requirement": "REQUIRED"
                        },
                        "meta": {
                            "schema_version": 0
                        },
                        "tainted": false
                    },
                    "deposed": [],
                    "provider": "provider.keycloak"
                },
                "keycloak_authentication_execution.tfer--authentication_execution_master_3e00a0a2_00fc_4753_979a_942ebd72c851": {
                    "type": "keycloak_authentication_execution",
                    "depends_on": [],
                    "primary": {
                        "id": "3e00a0a2-00fc-4753-979a-942ebd72c851",
                        "attributes": {
                            "authenticator": "direct-grant-validate-otp",
                            "id": "3e00a0a2-00fc-4753-979a-942ebd72c851",
                            "parent_flow_alias": "Direct Grant - Conditional OTP",
                            "realm_id": "master",
                            "requirement": "REQUIRED"
                        },
                        "meta": {
                            "schema_version": 0
                        },
                        "tainted": false
                    },
                    "deposed": [],
                    "provider": "provider.keycloak"
                },
                "keycloak_authentication_execution.tfer--authentication_execution_master_404d10e0_f864_4276_8cb6_cea7a4bacd45": {
                    "type": "keycloak_authentication_execution",
                    "depends_on": [],
                    "primary": {
                        "id": "404d10e0-f864-4276-8cb6-cea7a4bacd45",
                        "attributes": {
                            "authenticator": "reset-password",
                            "id": "404d10e0-f864-4276-8cb6-cea7a4bacd45",
                            "parent_flow_alias": "reset credentials",
                            "realm_id": "master",
                            "requirement": "REQUIRED"
                        },
                        "meta": {
                            "schema_version": 0
                        },
                        "tainted": false
                    },
                    "deposed": [],
                    "provider": "provider.keycloak"
                },
                "keycloak_authentication_execution.tfer--authentication_execution_master_455b94fc_0f79_400d_bcef_b622fed9f991": {
                    "type": "keycloak_authentication_execution",
                    "depends_on": [],
                    "primary": {
                        "id": "455b94fc-0f79-400d-bcef-b622fed9f991",
                        "attributes": {
                            "authenticator": "no-cookie-redirect",
                            "id": "455b94fc-0f79-400d-bcef-b622fed9f991",
                            "parent_flow_alias": "http challenge",
                            "realm_id": "master",
                            "requirement": "REQUIRED"
                        },
                        "meta": {
                            "schema_version": 0
                        },
                        "tainted": false
                    },
                    "deposed": [],
                    "provider": "provider.keycloak"
                },
                "keycloak_authentication_execution.tfer--authentication_execution_master_49e74282_e32d_47e6_9f97_0945b3e036be": {
                    "type": "keycloak_authentication_execution",
                    "depends_on": [],
                    "primary": {
                        "id": "49e74282-e32d-47e6-9f97-0945b3e036be",
                        "attributes": {
                            "authenticator": "basic-auth",
                            "id": "49e74282-e32d-47e6-9f97-0945b3e036be",
                            "parent_flow_alias": "Authentication Options",
                            "realm_id": "master",
                            "requirement": "REQUIRED"
                        },
                        "meta": {
                            "schema_version": 0
                        },
                        "tainted": false
                    },
                    "deposed": [],
                    "provider": "provider.keycloak"
                },
                "keycloak_authentication_execution.tfer--authentication_execution_master_4d6bfb3d_28bb_4000_b963_465d5516bc81": {
                    "type": "keycloak_authentication_execution",
                    "depends_on": [],
                    "primary": {
                        "id": "4d6bfb3d-28bb-4000-b963-465d5516bc81",
                        "attributes": {
                            "authenticator": "identity-provider-redirector",
                            "id": "4d6bfb3d-28bb-4000-b963-465d5516bc81",
                            "parent_flow_alias": "browser",
                            "realm_id": "master",
                            "requirement": "ALTERNATIVE"
                        },
                        "meta": {
                            "schema_version": 0
                        },
                        "tainted": false
                    },
                    "deposed": [],
                    "provider": "provider.keycloak"
                },
                "keycloak_authentication_execution.tfer--authentication_execution_master_58c4fd99_1c59_46ab_b116_d7e4908aff21": {
                    "type": "keycloak_authentication_execution",
                    "depends_on": [],
                    "primary": {
                        "id": "58c4fd99-1c59-46ab-b116-d7e4908aff21",
                        "attributes": {
                            "authenticator": "auth-cookie",
                            "id": "58c4fd99-1c59-46ab-b116-d7e4908aff21",
                            "parent_flow_alias": "browser",
                            "realm_id": "master",
                            "requirement": "ALTERNATIVE"
                        },
                        "meta": {
                            "schema_version": 0
                        },
                        "tainted": false
                    },
                    "deposed": [],
                    "provider": "provider.keycloak"
                },
                "keycloak_authentication_execution.tfer--authentication_execution_master_67d47460_3df2_495b_9106_6115e0a83476": {
                    "type": "keycloak_authentication_execution",
                    "depends_on": [],
                    "primary": {
                        "id": "67d47460-3df2-495b-9106-6115e0a83476",
                        "attributes": {
                            "authenticator": "direct-grant-validate-password",
                            "id": "67d47460-3df2-495b-9106-6115e0a83476",
                            "parent_flow_alias": "direct grant",
                            "realm_id": "master",
                            "requirement": "REQUIRED"
                        },
                        "meta": {
                            "schema_version": 0
                        },
                        "tainted": false
                    },
                    "deposed": [],
                    "provider": "provider.keycloak"
                },
                "keycloak_authentication_execution.tfer--authentication_execution_master_6cc0c7c9_3b7c_41ef_8801_97e1805f4496": {
                    "type": "keycloak_authentication_execution",
                    "depends_on": [],
                    "primary": {
                        "id": "6cc0c7c9-3b7c-41ef-8801-97e1805f4496",
                        "attributes": {
                            "authenticator": "auth-spnego",
                            "id": "6cc0c7c9-3b7c-41ef-8801-97e1805f4496",
                            "parent_flow_alias": "browser",
                            "realm_id": "master",
                            "requirement": "DISABLED"
                        },
                        "meta": {
                            "schema_version": 0
                        },
                        "tainted": false
                    },
                    "deposed": [],
                    "provider": "provider.keycloak"
                },
                "keycloak_authentication_execution.tfer--authentication_execution_master_7321325e_0370_449a_b25e_bbbc13d0a32d": {
                    "type": "keycloak_authentication_execution",
                    "depends_on": [],
                    "primary": {
                        "id": "7321325e-0370-449a-b25e-bbbc13d0a32d",
                        "attributes": {
                            "authenticator": "reset-credentials-choose-user",
                            "id": "7321325e-0370-449a-b25e-bbbc13d0a32d",
                            "parent_flow_alias": "reset credentials",
                            "realm_id": "master",
                            "requirement": "REQUIRED"
                        },
                        "meta": {
                            "schema_version": 0
                        },
                        "tainted": false
                    },
                    "deposed": [],
                    "provider": "provider.keycloak"
                },
                "keycloak_authentication_execution.tfer--authentication_execution_master_798dccab_54af_439f_bdea_dc98a161cd66": {
                    "type": "keycloak_authentication_execution",
                    "depends_on": [],
                    "primary": {
                        "id": "798dccab-54af-439f-bdea-dc98a161cd66",
                        "attributes": {
                            "authenticator": "auth-username-password-form",
                            "id": "798dccab-54af-439f-bdea-dc98a161cd66",
                            "parent_flow_alias": "forms",
                            "realm_id": "master",
                            "requirement": "REQUIRED"
                        },
                        "meta": {
                            "schema_version": 0
                        },
                        "tainted": false
                    },
                    "deposed": [],
                    "provider": "provider.keycloak"
                },
                "keycloak_authentication_execution.tfer--authentication_execution_master_7b391b34_5435_451f_923b_059ee70d8dd6": {
                    "type": "keycloak_authentication_execution",
                    "depends_on": [],
                    "primary": {
                        "id": "7b391b34-5435-451f-923b-059ee70d8dd6",
                        "attributes": {
                            "authenticator": "conditional-user-configured",
                            "id": "7b391b34-5435-451f-923b-059ee70d8dd6",
                            "parent_flow_alias": "First broker login - Conditional OTP",
                            "realm_id": "master",
                            "requirement": "REQUIRED"
                        },
                        "meta": {
                            "schema_version": 0
                        },
                        "tainted": false
                    },
                    "deposed": [],
                    "provider": "provider.keycloak"
                },
                "keycloak_authentication_execution.tfer--authentication_execution_master_8e5a4f49_e0ff_4cb3_906a_e8a2979fe062": {
                    "type": "keycloak_authentication_execution",
                    "depends_on": [],
                    "primary": {
                        "id": "8e5a4f49-e0ff-4cb3-906a-e8a2979fe062",
                        "attributes": {
                            "authenticator": "conditional-user-configured",
                            "id": "8e5a4f49-e0ff-4cb3-906a-e8a2979fe062",
                            "parent_flow_alias": "Direct Grant - Conditional OTP",
                            "realm_id": "master",
                            "requirement": "REQUIRED"
                        },
                        "meta": {
                            "schema_version": 0
                        },
                        "tainted": false
                    },
                    "deposed": [],
                    "provider": "provider.keycloak"
                },
                "keycloak_authentication_execution.tfer--authentication_execution_master_970cd766_f1d7_4d10_bc5c_0e97913acc9f": {
                    "type": "keycloak_authentication_execution",
                    "depends_on": [],
                    "primary": {
                        "id": "970cd766-f1d7-4d10-bc5c-0e97913acc9f",
                        "attributes": {
                            "authenticator": "reset-otp",
                            "id": "970cd766-f1d7-4d10-bc5c-0e97913acc9f",
                            "parent_flow_alias": "Reset - Conditional OTP",
                            "realm_id": "master",
                            "requirement": "REQUIRED"
                        },
                        "meta": {
                            "schema_version": 0
                        },
                        "tainted": false
                    },
                    "deposed": [],
                    "provider": "provider.keycloak"
                },
                "keycloak_authentication_execution.tfer--authentication_execution_master_9c513c72_ea9b_44d3_a70b_4381c12e7deb": {
                    "type": "keycloak_authentication_execution",
                    "depends_on": [],
                    "primary": {
                        "id": "9c513c72-ea9b-44d3-a70b-4381c12e7deb",
                        "attributes": {
                            "authenticator": "idp-confirm-link",
                            "id": "9c513c72-ea9b-44d3-a70b-4381c12e7deb",
                            "parent_flow_alias": "Handle Existing Account",
                            "realm_id": "master",
                            "requirement": "REQUIRED"
                        },
                        "meta": {
                            "schema_version": 0
                        },
                        "tainted": false
                    },
                    "deposed": [],
                    "provider": "provider.keycloak"
                },
                "keycloak_authentication_execution.tfer--authentication_execution_master_9fa83e91_6c94_4bc7_a4c8_41b779f457aa": {
                    "type": "keycloak_authentication_execution",
                    "depends_on": [],
                    "primary": {
                        "id": "9fa83e91-6c94-4bc7-a4c8-41b779f457aa",
                        "attributes": {
                            "authenticator": "idp-username-password-form",
                            "id": "9fa83e91-6c94-4bc7-a4c8-41b779f457aa",
                            "parent_flow_alias": "Verify Existing Account by Re-authentication",
                            "realm_id": "master",
                            "requirement": "REQUIRED"
                        },
                        "meta": {
                            "schema_version": 0
                        },
                        "tainted": false
                    },
                    "deposed": [],
                    "provider": "provider.keycloak"
                },
                "keycloak_authentication_execution.tfer--authentication_execution_master_a52b16b5_a700_4c7a_b3d7_8608c403eb67": {
                    "type": "keycloak_authentication_execution",
                    "depends_on": [],
                    "primary": {
                        "id": "a52b16b5-a700-4c7a-b3d7-8608c403eb67",
                        "attributes": {
                            "authenticator": "client-jwt",
                            "id": "a52b16b5-a700-4c7a-b3d7-8608c403eb67",
                            "parent_flow_alias": "clients",
                            "realm_id": "master",
                            "requirement": "ALTERNATIVE"
                        },
                        "meta": {
                            "schema_version": 0
                        },
                        "tainted": false
                    },
                    "deposed": [],
                    "provider": "provider.keycloak"
                },
                "keycloak_authentication_execution.tfer--authentication_execution_master_a743bfa8_34b4_41d4_bd9a_2766269227aa": {
                    "type": "keycloak_authentication_execution",
                    "depends_on": [],
                    "primary": {
                        "id": "a743bfa8-34b4-41d4-bd9a-2766269227aa",
                        "attributes": {
                            "authenticator": "auth-otp-form",
                            "id": "a743bfa8-34b4-41d4-bd9a-2766269227aa",
                            "parent_flow_alias": "Browser - Conditional OTP",
                            "realm_id": "master",
                            "requirement": "REQUIRED"
                        },
                        "meta": {
                            "schema_version": 0
                        },
                        "tainted": false
                    },
                    "deposed": [],
                    "provider": "provider.keycloak"
                },
                "keycloak_authentication_execution.tfer--authentication_execution_master_a975adc9_cdb7_4979_ae65_b758d0621ea5": {
                    "type": "keycloak_authentication_execution",
                    "depends_on": [],
                    "primary": {
                        "id": "a975adc9-cdb7-4979-ae65-b758d0621ea5",
                        "attributes": {
                            "authenticator": "client-secret",
                            "id": "a975adc9-cdb7-4979-ae65-b758d0621ea5",
                            "parent_flow_alias": "clients",
                            "realm_id": "master",
                            "requirement": "ALTERNATIVE"
                        },
                        "meta": {
                            "schema_version": 0
                        },
                        "tainted": false
                    },
                    "deposed": [],
                    "provider": "provider.keycloak"
                },
                "keycloak_authentication_execution.tfer--authentication_execution_master_a9f91213_7cc1_4d4c_9d79_efe89d9ac39a": {
                    "type": "keycloak_authentication_execution",
                    "depends_on": [],
                    "primary": {
                        "id": "a9f91213-7cc1-4d4c-9d79-efe89d9ac39a",
                        "attributes": {
                            "authenticator": "registration-profile-action",
                            "id": "a9f91213-7cc1-4d4c-9d79-efe89d9ac39a",
                            "parent_flow_alias": "registration form",
                            "realm_id": "master",
                            "requirement": "REQUIRED"
                        },
                        "meta": {
                            "schema_version": 0
                        },
                        "tainted": false
                    },
                    "deposed": [],
                    "provider": "provider.keycloak"
                },
                "keycloak_authentication_execution.tfer--authentication_execution_master_bd193875_c908_4c26_af9e_d7a9fb387b23": {
                    "type": "keycloak_authentication_execution",
                    "depends_on": [],
                    "primary": {
                        "id": "bd193875-c908-4c26-af9e-d7a9fb387b23",
                        "attributes": {
                            "authenticator": "idp-email-verification",
                            "id": "bd193875-c908-4c26-af9e-d7a9fb387b23",
                            "parent_flow_alias": "Account verification options",
                            "realm_id": "master",
                            "requirement": "ALTERNATIVE"
                        },
                        "meta": {
                            "schema_version": 0
                        },
                        "tainted": false
                    },
                    "deposed": [],
                    "provider": "provider.keycloak"
                },
                "keycloak_authentication_execution.tfer--authentication_execution_master_bf25035e_b3ae_4589_8472_df3ee6aa0486": {
                    "type": "keycloak_authentication_execution",
                    "depends_on": [],
                    "primary": {
                        "id": "bf25035e-b3ae-4589-8472-df3ee6aa0486",
                        "attributes": {
                            "authenticator": "docker-http-basic-authenticator",
                            "id": "bf25035e-b3ae-4589-8472-df3ee6aa0486",
                            "parent_flow_alias": "docker auth",
                            "realm_id": "master",
                            "requirement": "REQUIRED"
                        },
                        "meta": {
                            "schema_version": 0
                        },
                        "tainted": false
                    },
                    "deposed": [],
                    "provider": "provider.keycloak"
                },
                "keycloak_authentication_execution.tfer--authentication_execution_master_c584cd42_6666_4bd7_93d4_492f376cb83c": {
                    "type": "keycloak_authentication_execution",
                    "depends_on": [],
                    "primary": {
                        "id": "c584cd42-6666-4bd7-93d4-492f376cb83c",
                        "attributes": {
                            "authenticator": "auth-otp-form",
                            "id": "c584cd42-6666-4bd7-93d4-492f376cb83c",
                            "parent_flow_alias": "First broker login - Conditional OTP",
                            "realm_id": "master",
                            "requirement": "REQUIRED"
                        },
                        "meta": {
                            "schema_version": 0
                        },
                        "tainted": false
                    },
                    "deposed": [],
                    "provider": "provider.keycloak"
                },
                "keycloak_authentication_execution.tfer--authentication_execution_master_de2ef52d_303d_4e60_8555_5a93af031f8e": {
                    "type": "keycloak_authentication_execution",
                    "depends_on": [],
                    "primary": {
                        "id": "de2ef52d-303d-4e60-8555-5a93af031f8e",
                        "attributes": {
                            "authenticator": "conditional-user-configured",
                            "id": "de2ef52d-303d-4e60-8555-5a93af031f8e",
                            "parent_flow_alias": "Reset - Conditional OTP",
                            "realm_id": "master",
                            "requirement": "REQUIRED"
                        },
                        "meta": {
                            "schema_version": 0
                        },
                        "tainted": false
                    },
                    "deposed": [],
                    "provider": "provider.keycloak"
                },
                "keycloak_authentication_execution.tfer--authentication_execution_master_e6f8556e_1162_46f5_ad29_d1d50a278498": {
                    "type": "keycloak_authentication_execution",
                    "depends_on": [],
                    "primary": {
                        "id": "e6f8556e-1162-46f5-ad29-d1d50a278498",
                        "attributes": {
                            "authenticator": "direct-grant-validate-username",
                            "id": "e6f8556e-1162-46f5-ad29-d1d50a278498",
                            "parent_flow_alias": "direct grant",
                            "realm_id": "master",
                            "requirement": "REQUIRED"
                        },
                        "meta": {
                            "schema_version": 0
                        },
                        "tainted": false
                    },
                    "deposed": [],
                    "provider": "provider.keycloak"
                },
                "keycloak_authentication_execution.tfer--authentication_execution_master_e9d8eb83_b97e_4509_bacc_920ba1853c34": {
                    "type": "keycloak_authentication_execution",
                    "depends_on": [],
                    "primary": {
                        "id": "e9d8eb83-b97e-4509-bacc-920ba1853c34",
                        "attributes": {
                            "authenticator": "registration-user-creation",
                            "id": "e9d8eb83-b97e-4509-bacc-920ba1853c34",
                            "parent_flow_alias": "registration form",
                            "realm_id": "master",
                            "requirement": "REQUIRED"
                        },
                        "meta": {
                            "schema_version": 0
                        },
                        "tainted": false
                    },
                    "deposed": [],
                    "provider": "provider.keycloak"
                },
                "keycloak_authentication_execution.tfer--authentication_execution_master_f4ed4500_004a_45e7_92b4_1ce466ce7813": {
                    "type": "keycloak_authentication_execution",
                    "depends_on": [],
                    "primary": {
                        "id": "f4ed4500-004a-45e7-92b4-1ce466ce7813",
                        "attributes": {
                            "authenticator": "reset-credential-email",
                            "id": "f4ed4500-004a-45e7-92b4-1ce466ce7813",
                            "parent_flow_alias": "reset credentials",
                            "realm_id": "master",
                            "requirement": "REQUIRED"
                        },
                        "meta": {
                            "schema_version": 0
                        },
                        "tainted": false
                    },
                    "deposed": [],
                    "provider": "provider.keycloak"
                },
                "keycloak_authentication_execution_config.tfer--authentication_execution_config_master_45ffe98a_fdec_44ab_af17_22466214f50a": {
                    "type": "keycloak_authentication_execution_config",
                    "depends_on": [],
                    "primary": {
                        "id": "45ffe98a-fdec-44ab-af17-22466214f50a",
                        "attributes": {
                            "alias": "create unique user config",
                            "config.%": "1",
                            "config.require.password.update.after.registration": "false",
                            "execution_id": "186929e6-ae2f-44f2-968f-8cb1d1696549",
                            "id": "45ffe98a-fdec-44ab-af17-22466214f50a",
                            "realm_id": "master"
                        },
                        "meta": {
                            "schema_version": 0
                        },
                        "tainted": false
                    },
                    "deposed": [],
                    "provider": "provider.keycloak"
                },
                "keycloak_authentication_execution_config.tfer--authentication_execution_config_master_7ce3a2b1_2eac_4bd7_82a1_9e0f16d5c94f": {
                    "type": "keycloak_authentication_execution_config",
                    "depends_on": [],
                    "primary": {
                        "id": "7ce3a2b1-2eac-4bd7-82a1-9e0f16d5c94f",
                        "attributes": {
                            "alias": "review profile config",
                            "config.%": "1",
                            "config.update.profile.on.first.login": "missing",
                            "execution_id": "006c2cb3-844a-4d52-b47e-32abd064e20e",
                            "id": "7ce3a2b1-2eac-4bd7-82a1-9e0f16d5c94f",
                            "realm_id": "master"
                        },
                        "meta": {
                            "schema_version": 0
                        },
                        "tainted": false
                    },
                    "deposed": [],
                    "provider": "provider.keycloak"
                },
                "keycloak_authentication_flow.tfer--authentication_flow_master_06563c1e_bddc_4876_8ee9_27d8807a6265": {
                    "type": "keycloak_authentication_flow",
                    "depends_on": [],
                    "primary": {
                        "id": "06563c1e-bddc-4876-8ee9-27d8807a6265",
                        "attributes": {
                            "alias": "first broker login",
                            "description": "Actions taken after first broker login with identity provider account, which is not yet linked to any Keycloak account",
                            "id": "06563c1e-bddc-4876-8ee9-27d8807a6265",
                            "provider_id": "basic-flow",
                            "realm_id": "master"
                        },
                        "meta": {
                            "schema_version": 0
                        },
                        "tainted": false
                    },
                    "deposed": [],
                    "provider": "provider.keycloak"
                },
                "keycloak_authentication_flow.tfer--authentication_flow_master_0a22d0f1_f362_4acf_8f3b_2033349fe483": {
                    "type": "keycloak_authentication_flow",
                    "depends_on": [],
                    "primary": {
                        "id": "0a22d0f1-f362-4acf-8f3b-2033349fe483",
                        "attributes": {
                            "alias": "http challenge",
                            "description": "An authentication flow based on challenge-response HTTP Authentication Schemes",
                            "id": "0a22d0f1-f362-4acf-8f3b-2033349fe483",
                            "provider_id": "basic-flow",
                            "realm_id": "master"
                        },
                        "meta": {
                            "schema_version": 0
                        },
                        "tainted": false
                    },
                    "deposed": [],
                    "provider": "provider.keycloak"
                },
                "keycloak_authentication_flow.tfer--authentication_flow_master_239a333d_7fb8_4c15_894d_095fa27141d8": {
                    "type": "keycloak_authentication_flow",
                    "depends_on": [],
                    "primary": {
                        "id": "239a333d-7fb8-4c15-894d-095fa27141d8",
                        "attributes": {
                            "alias": "clients",
                            "description": "Base authentication for clients",
                            "id": "239a333d-7fb8-4c15-894d-095fa27141d8",
                            "provider_id": "client-flow",
                            "realm_id": "master"
                        },
                        "meta": {
                            "schema_version": 0
                        },
                        "tainted": false
                    },
                    "deposed": [],
                    "provider": "provider.keycloak"
                },
                "keycloak_authentication_flow.tfer--authentication_flow_master_3ba15206_2d74_440c_8744_e37809c1072d": {
                    "type": "keycloak_authentication_flow",
                    "depends_on": [],
                    "primary": {
                        "id": "3ba15206-2d74-440c-8744-e37809c1072d",
                        "attributes": {
                            "alias": "registration",
                            "description": "registration flow",
                            "id": "3ba15206-2d74-440c-8744-e37809c1072d",
                            "provider_id": "basic-flow",
                            "realm_id": "master"
                        },
                        "meta": {
                            "schema_version": 0
                        },
                        "tainted": false
                    },
                    "deposed": [],
                    "provider": "provider.keycloak"
                },
                "keycloak_authentication_flow.tfer--authentication_flow_master_666e1bcb_a155_4ced_9f4c_5d9a8d7502a9": {
                    "type": "keycloak_authentication_flow",
                    "depends_on": [],
                    "primary": {
                        "id": "666e1bcb-a155-4ced-9f4c-5d9a8d7502a9",
                        "attributes": {
                            "alias": "docker auth",
                            "description": "Used by Docker clients to authenticate against the IDP",
                            "id": "666e1bcb-a155-4ced-9f4c-5d9a8d7502a9",
                            "provider_id": "basic-flow",
                            "realm_id": "master"
                        },
                        "meta": {
                            "schema_version": 0
                        },
                        "tainted": false
                    },
                    "deposed": [],
                    "provider": "provider.keycloak"
                },
                "keycloak_authentication_flow.tfer--authentication_flow_master_88962cd5_98e9_44c4_8631_7d6bb497055e": {
                    "type": "keycloak_authentication_flow",
                    "depends_on": [],
                    "primary": {
                        "id": "88962cd5-98e9-44c4-8631-7d6bb497055e",
                        "attributes": {
                            "alias": "browser",
                            "description": "browser based authentication",
                            "id": "88962cd5-98e9-44c4-8631-7d6bb497055e",
                            "provider_id": "basic-flow",
                            "realm_id": "master"
                        },
                        "meta": {
                            "schema_version": 0
                        },
                        "tainted": false
                    },
                    "deposed": [],
                    "provider": "provider.keycloak"
                },
                "keycloak_authentication_flow.tfer--authentication_flow_master_d03ef544_d902_49d6_9d9d_df5e076cfb5a": {
                    "type": "keycloak_authentication_flow",
                    "depends_on": [],
                    "primary": {
                        "id": "d03ef544-d902-49d6-9d9d-df5e076cfb5a",
                        "attributes": {
                            "alias": "direct grant",
                            "description": "OpenID Connect Resource Owner Grant",
                            "id": "d03ef544-d902-49d6-9d9d-df5e076cfb5a",
                            "provider_id": "basic-flow",
                            "realm_id": "master"
                        },
                        "meta": {
                            "schema_version": 0
                        },
                        "tainted": false
                    },
                    "deposed": [],
                    "provider": "provider.keycloak"
                },
                "keycloak_authentication_flow.tfer--authentication_flow_master_da8c20de_db7b_4957_8455_323300298874": {
                    "type": "keycloak_authentication_flow",
                    "depends_on": [],
                    "primary": {
                        "id": "da8c20de-db7b-4957-8455-323300298874",
                        "attributes": {
                            "alias": "reset credentials",
                            "description": "Reset credentials for a user if they forgot their password or something",
                            "id": "da8c20de-db7b-4957-8455-323300298874",
                            "provider_id": "basic-flow",
                            "realm_id": "master"
                        },
                        "meta": {
                            "schema_version": 0
                        },
                        "tainted": false
                    },
                    "deposed": [],
                    "provider": "provider.keycloak"
                },
                "keycloak_authentication_subflow.tfer--authentication_subflow_master_1f178681_493e_46b0_a383_7d19c1dd1aaf": {
                    "type": "keycloak_authentication_subflow",
                    "depends_on": [],
                    "primary": {
                        "id": "1f178681-493e-46b0-a383-7d19c1dd1aaf",
                        "attributes": {
                            "alias": "Handle Existing Account",
                            "authenticator": "",
                            "description": "Handle what to do if there is existing account with same email/username like authenticated identity provider",
                            "id": "1f178681-493e-46b0-a383-7d19c1dd1aaf",
                            "parent_flow_alias": "User creation or linking",
                            "provider_id": "basic-flow",
                            "realm_id": "master",
                            "requirement": "ALTERNATIVE"
                        },
                        "meta": {
                            "schema_version": 0
                        },
                        "tainted": false
                    },
                    "deposed": [],
                    "provider": "provider.keycloak"
                },
                "keycloak_authentication_subflow.tfer--authentication_subflow_master_2ff10fb8_b23c_4a3f_aa83_e61e9fe7c0a4": {
                    "type": "keycloak_authentication_subflow",
                    "depends_on": [],
                    "primary": {
                        "id": "2ff10fb8-b23c-4a3f-aa83-e61e9fe7c0a4",
                        "attributes": {
                            "alias": "Direct Grant - Conditional OTP",
                            "authenticator": "",
                            "description": "Flow to determine if the OTP is required for the authentication",
                            "id": "2ff10fb8-b23c-4a3f-aa83-e61e9fe7c0a4",
                            "parent_flow_alias": "direct grant",
                            "provider_id": "basic-flow",
                            "realm_id": "master",
                            "requirement": "CONDITIONAL"
                        },
                        "meta": {
                            "schema_version": 0
                        },
                        "tainted": false
                    },
                    "deposed": [],
                    "provider": "provider.keycloak"
                },
                "keycloak_authentication_subflow.tfer--authentication_subflow_master_584a72ed_b3af_4bbb_a27f_81e96dfd97f9": {
                    "type": "keycloak_authentication_subflow",
                    "depends_on": [],
                    "primary": {
                        "id": "584a72ed-b3af-4bbb-a27f-81e96dfd97f9",
                        "attributes": {
                            "alias": "User creation or linking",
                            "authenticator": "",
                            "description": "Flow for the existing/non-existing user alternatives",
                            "id": "584a72ed-b3af-4bbb-a27f-81e96dfd97f9",
                            "parent_flow_alias": "first broker login",
                            "provider_id": "basic-flow",
                            "realm_id": "master",
                            "requirement": "REQUIRED"
                        },
                        "meta": {
                            "schema_version": 0
                        },
                        "tainted": false
                    },
                    "deposed": [],
                    "provider": "provider.keycloak"
                },
                "keycloak_authentication_subflow.tfer--authentication_subflow_master_6eb2a0e2_9841_427a_a78f_f416dc80de4a": {
                    "type": "keycloak_authentication_subflow",
                    "depends_on": [],
                    "primary": {
                        "id": "6eb2a0e2-9841-427a-a78f-f416dc80de4a",
                        "attributes": {
                            "alias": "forms",
                            "authenticator": "",
                            "description": "Username, password, otp and other auth forms.",
                            "id": "6eb2a0e2-9841-427a-a78f-f416dc80de4a",
                            "parent_flow_alias": "browser",
                            "provider_id": "basic-flow",
                            "realm_id": "master",
                            "requirement": "ALTERNATIVE"
                        },
                        "meta": {
                            "schema_version": 0
                        },
                        "tainted": false
                    },
                    "deposed": [],
                    "provider": "provider.keycloak"
                },
                "keycloak_authentication_subflow.tfer--authentication_subflow_master_7c5c5d6c_9052_4d84_b0e5_7b435180fc57": {
                    "type": "keycloak_authentication_subflow",
                    "depends_on": [],
                    "primary": {
                        "id": "7c5c5d6c-9052-4d84-b0e5-7b435180fc57",
                        "attributes": {
                            "alias": "Verify Existing Account by Re-authentication",
                            "authenticator": "",
                            "description": "Reauthentication of existing account",
                            "id": "7c5c5d6c-9052-4d84-b0e5-7b435180fc57",
                            "parent_flow_alias": "Account verification options",
                            "provider_id": "basic-flow",
                            "realm_id": "master",
                            "requirement": "ALTERNATIVE"
                        },
                        "meta": {
                            "schema_version": 0
                        },
                        "tainted": false
                    },
                    "deposed": [],
                    "provider": "provider.keycloak"
                },
                "keycloak_authentication_subflow.tfer--authentication_subflow_master_9c234bdb_44a9_4058_93d2_70bec0897279": {
                    "type": "keycloak_authentication_subflow",
                    "depends_on": [],
                    "primary": {
                        "id": "9c234bdb-44a9-4058-93d2-70bec0897279",
                        "attributes": {
                            "alias": "Account verification options",
                            "authenticator": "",
                            "description": "Method with which to verity the existing account",
                            "id": "9c234bdb-44a9-4058-93d2-70bec0897279",
                            "parent_flow_alias": "Handle Existing Account",
                            "provider_id": "basic-flow",
                            "realm_id": "master",
                            "requirement": "REQUIRED"
                        },
                        "meta": {
                            "schema_version": 0
                        },
                        "tainted": false
                    },
                    "deposed": [],
                    "provider": "provider.keycloak"
                },
                "keycloak_authentication_subflow.tfer--authentication_subflow_master_a34a800b_a897_4e82_8968_3f347ec6283b": {
                    "type": "keycloak_authentication_subflow",
                    "depends_on": [],
                    "primary": {
                        "id": "a34a800b-a897-4e82-8968-3f347ec6283b",
                        "attributes": {
                            "alias": "registration form",
                            "authenticator": "registration-page-form",
                            "description": "registration form",
                            "id": "a34a800b-a897-4e82-8968-3f347ec6283b",
                            "parent_flow_alias": "registration",
                            "provider_id": "form-flow",
                            "realm_id": "master",
                            "requirement": "REQUIRED"
                        },
                        "meta": {
                            "schema_version": 0
                        },
                        "tainted": false
                    },
                    "deposed": [],
                    "provider": "provider.keycloak"
                },
                "keycloak_authentication_subflow.tfer--authentication_subflow_master_de797a09_11c4_4825_87f7_ccbb72fca9a5": {
                    "type": "keycloak_authentication_subflow",
                    "depends_on": [],
                    "primary": {
                        "id": "de797a09-11c4-4825-87f7-ccbb72fca9a5",
                        "attributes": {
                            "alias": "Reset - Conditional OTP",
                            "authenticator": "",
                            "description": "Flow to determine if the OTP should be reset or not. Set to REQUIRED to force.",
                            "id": "de797a09-11c4-4825-87f7-ccbb72fca9a5",
                            "parent_flow_alias": "reset credentials",
                            "provider_id": "basic-flow",
                            "realm_id": "master",
                            "requirement": "CONDITIONAL"
                        },
                        "meta": {
                            "schema_version": 0
                        },
                        "tainted": false
                    },
                    "deposed": [],
                    "provider": "provider.keycloak"
                },
                "keycloak_authentication_subflow.tfer--authentication_subflow_master_dee0699e_3fd3_4b4d_8640_7a6bb6d533fc": {
                    "type": "keycloak_authentication_subflow",
                    "depends_on": [],
                    "primary": {
                        "id": "dee0699e-3fd3-4b4d-8640-7a6bb6d533fc",
                        "attributes": {
                            "alias": "Browser - Conditional OTP",
                            "authenticator": "",
                            "description": "Flow to determine if the OTP is required for the authentication",
                            "id": "dee0699e-3fd3-4b4d-8640-7a6bb6d533fc",
                            "parent_flow_alias": "forms",
                            "provider_id": "basic-flow",
                            "realm_id": "master",
                            "requirement": "CONDITIONAL"
                        },
                        "meta": {
                            "schema_version": 0
                        },
                        "tainted": false
                    },
                    "deposed": [],
                    "provider": "provider.keycloak"
                },
                "keycloak_authentication_subflow.tfer--authentication_subflow_master_efdbab63_b61b_48b5_b1b5_4c0ff30fac73": {
                    "type": "keycloak_authentication_subflow",
                    "depends_on": [],
                    "primary": {
                        "id": "efdbab63-b61b-48b5-b1b5-4c0ff30fac73",
                        "attributes": {
                            "alias": "First broker login - Conditional OTP",
                            "authenticator": "",
                            "description": "Flow to determine if the OTP is required for the authentication",
                            "id": "efdbab63-b61b-48b5-b1b5-4c0ff30fac73",
                            "parent_flow_alias": "Verify Existing Account by Re-authentication",
                            "provider_id": "basic-flow",
                            "realm_id": "master",
                            "requirement": "CONDITIONAL"
                        },
                        "meta": {
                            "schema_version": 0
                        },
                        "tainted": false
                    },
                    "deposed": [],
                    "provider": "provider.keycloak"
                },
                "keycloak_authentication_subflow.tfer--authentication_subflow_master_f478dc0a_bbd3_4f23_8da0_8ea44322ac19": {
                    "type": "keycloak_authentication_subflow",
                    "depends_on": [],
                    "primary": {
                        "id": "f478dc0a-bbd3-4f23-8da0-8ea44322ac19",
                        "attributes": {
                            "alias": "Authentication Options",
                            "authenticator": "",
                            "description": "Authentication options.",
                            "id": "f478dc0a-bbd3-4f23-8da0-8ea44322ac19",
                            "parent_flow_alias": "http challenge",
                            "provider_id": "basic-flow",
                            "realm_id": "master",
                            "requirement": "REQUIRED"
                        },
                        "meta": {
                            "schema_version": 0
                        },
                        "tainted": false
                    },
                    "deposed": [],
                    "provider": "provider.keycloak"
                },
                "keycloak_default_groups.tfer--default_groups_master": {
                    "type": "keycloak_default_groups",
                    "depends_on": [],
                    "primary": {
                        "id": "master/default-groups",
                        "attributes": {
                            "group_ids.#": "0",
                            "id": "master/default-groups",
                            "realm_id": "master"
                        },
                        "meta": {
                            "schema_version": 0
                        },
                        "tainted": false
                    },
                    "deposed": [],
                    "provider": "provider.keycloak"
                },
                "keycloak_openid_client.tfer--openid_client_master_account": {
                    "type": "keycloak_openid_client",
                    "depends_on": [],
                    "primary": {
                        "id": "12397b19-cd33-44a7-ad6c-344baa77a058",
                        "attributes": {
                            "access_token_lifespan": "",
                            "access_type": "PUBLIC",
                            "admin_url": "",
                            "authentication_flow_binding_overrides.#": "0",
                            "base_url": "/realms/master/account/",
                            "client_id": "account",
                            "client_secret": "",
                            "consent_required": "false",
                            "description": "",
                            "direct_access_grants_enabled": "false",
                            "enabled": "true",
                            "full_scope_allowed": "false",
                            "id": "12397b19-cd33-44a7-ad6c-344baa77a058",
                            "implicit_flow_enabled": "false",
                            "login_theme": "",
                            "name": "${client_account}",
                            "realm_id": "master",
                            "root_url": "${authBaseUrl}",
                            "service_account_user_id": "",
                            "service_accounts_enabled": "false",
                            "standard_flow_enabled": "true",
                            "valid_redirect_uris.#": "1",
                            "valid_redirect_uris.0": "/realms/master/account/*",
                            "web_origins.#": "0"
                        },
                        "meta": {
                            "schema_version": 0
                        },
                        "tainted": false
                    },
                    "deposed": [],
                    "provider": "provider.keycloak"
                },
                "keycloak_openid_client.tfer--openid_client_master_account_console": {
                    "type": "keycloak_openid_client",
                    "depends_on": [],
                    "primary": {
                        "id": "696d1099-8f02-45c1-97d0-13bd4541b32c",
                        "attributes": {
                            "access_token_lifespan": "",
                            "access_type": "PUBLIC",
                            "admin_url": "",
                            "authentication_flow_binding_overrides.#": "0",
                            "base_url": "/realms/master/account/",
                            "client_id": "account-console",
                            "client_secret": "",
                            "consent_required": "false",
                            "description": "",
                            "direct_access_grants_enabled": "false",
                            "enabled": "true",
                            "full_scope_allowed": "false",
                            "id": "696d1099-8f02-45c1-97d0-13bd4541b32c",
                            "implicit_flow_enabled": "false",
                            "login_theme": "",
                            "name": "${client_account-console}",
                            "realm_id": "master",
                            "root_url": "${authBaseUrl}",
                            "service_account_user_id": "",
                            "service_accounts_enabled": "false",
                            "standard_flow_enabled": "true",
                            "valid_redirect_uris.#": "1",
                            "valid_redirect_uris.0": "/realms/master/account/*",
                            "web_origins.#": "0"
                        },
                        "meta": {
                            "schema_version": 0
                        },
                        "tainted": false
                    },
                    "deposed": [],
                    "provider": "provider.keycloak"
                },
                "keycloak_openid_client.tfer--openid_client_master_admin_cli": {
                    "type": "keycloak_openid_client",
                    "depends_on": [],
                    "primary": {
                        "id": "0ffb9ff4-642a-45b7-91ab-ac3b834d8ada",
                        "attributes": {
                            "access_token_lifespan": "",
                            "access_type": "PUBLIC",
                            "admin_url": "",
                            "authentication_flow_binding_overrides.#": "0",
                            "base_url": "",
                            "client_id": "admin-cli",
                            "client_secret": "",
                            "consent_required": "false",
                            "description": "",
                            "direct_access_grants_enabled": "true",
                            "enabled": "true",
                            "full_scope_allowed": "false",
                            "id": "0ffb9ff4-642a-45b7-91ab-ac3b834d8ada",
                            "implicit_flow_enabled": "false",
                            "login_theme": "",
                            "name": "${client_admin-cli}",
                            "realm_id": "master",
                            "root_url": "",
                            "service_account_user_id": "",
                            "service_accounts_enabled": "false",
                            "standard_flow_enabled": "false",
                            "valid_redirect_uris.#": "0",
                            "web_origins.#": "0"
                        },
                        "meta": {
                            "schema_version": 0
                        },
                        "tainted": false
                    },
                    "deposed": [],
                    "provider": "provider.keycloak"
                },
                "keycloak_openid_client.tfer--openid_client_master_broker": {
                    "type": "keycloak_openid_client",
                    "depends_on": [],
                    "primary": {
                        "id": "a302d2e3-5905-4d3f-b458-a96d07a75765",
                        "attributes": {
                            "access_token_lifespan": "",
                            "access_type": "BEARER-ONLY",
                            "admin_url": "",
                            "authentication_flow_binding_overrides.#": "0",
                            "base_url": "",
                            "client_id": "broker",
                            "client_secret": "",
                            "consent_required": "false",
                            "description": "",
                            "direct_access_grants_enabled": "false",
                            "enabled": "true",
                            "full_scope_allowed": "false",
                            "id": "a302d2e3-5905-4d3f-b458-a96d07a75765",
                            "implicit_flow_enabled": "false",
                            "login_theme": "",
                            "name": "${client_broker}",
                            "realm_id": "master",
                            "root_url": "",
                            "service_account_user_id": "",
                            "service_accounts_enabled": "false",
                            "standard_flow_enabled": "true",
                            "valid_redirect_uris.#": "0",
                            "web_origins.#": "0"
                        },
                        "meta": {
                            "schema_version": 0
                        },
                        "tainted": false
                    },
                    "deposed": [],
                    "provider": "provider.keycloak"
                },
                "keycloak_openid_client.tfer--openid_client_master_demo_realm": {
                    "type": "keycloak_openid_client",
                    "depends_on": [],
                    "primary": {
                        "id": "d93bf5ae-a298-4a9e-b38c-728fae456ee8",
                        "attributes": {
                            "access_token_lifespan": "",
                            "access_type": "BEARER-ONLY",
                            "admin_url": "",
                            "authentication_flow_binding_overrides.#": "0",
                            "base_url": "",
                            "client_id": "demo-realm",
                            "client_secret": "",
                            "consent_required": "false",
                            "description": "",
                            "direct_access_grants_enabled": "false",
                            "enabled": "true",
                            "full_scope_allowed": "false",
                            "id": "d93bf5ae-a298-4a9e-b38c-728fae456ee8",
                            "implicit_flow_enabled": "false",
                            "login_theme": "",
                            "name": "demo Realm",
                            "realm_id": "master",
                            "root_url": "",
                            "service_account_user_id": "",
                            "service_accounts_enabled": "false",
                            "standard_flow_enabled": "true",
                            "valid_redirect_uris.#": "0",
                            "web_origins.#": "0"
                        },
                        "meta": {
                            "schema_version": 0
                        },
                        "tainted": false
                    },
                    "deposed": [],
                    "provider": "provider.keycloak"
                },
                "keycloak_openid_client.tfer--openid_client_master_master_realm": {
                    "type": "keycloak_openid_client",
                    "depends_on": [],
                    "primary": {
                        "id": "499e29eb-4394-4d3d-bb68-6d34f3dc8ca6",
                        "attributes": {
                            "access_token_lifespan": "",
                            "access_type": "BEARER-ONLY",
                            "admin_url": "",
                            "authentication_flow_binding_overrides.#": "0",
                            "base_url": "",
                            "client_id": "master-realm",
                            "client_secret": "",
                            "consent_required": "false",
                            "description": "",
                            "direct_access_grants_enabled": "false",
                            "enabled": "true",
                            "full_scope_allowed": "false",
                            "id": "499e29eb-4394-4d3d-bb68-6d34f3dc8ca6",
                            "implicit_flow_enabled": "false",
                            "login_theme": "",
                            "name": "master Realm",
                            "realm_id": "master",
                            "root_url": "",
                            "service_account_user_id": "",
                            "service_accounts_enabled": "false",
                            "standard_flow_enabled": "true",
                            "valid_redirect_uris.#": "0",
                            "web_origins.#": "0"
                        },
                        "meta": {
                            "schema_version": 0
                        },
                        "tainted": false
                    },
                    "deposed": [],
                    "provider": "provider.keycloak"
                },
                "keycloak_openid_client.tfer--openid_client_master_mastermind": {
                    "type": "keycloak_openid_client",
                    "depends_on": [],
                    "primary": {
                        "id": "7ce44102-2af7-4203-bfb8-f449d90b3a02",
                        "attributes": {
                            "access_token_lifespan": "",
                            "access_type": "CONFIDENTIAL",
                            "admin_url": "",
                            "authentication_flow_binding_overrides.#": "0",
                            "base_url": "",
                            "client_id": "mastermind",
                            "client_secret": "37b6993a-bcf9-4700-8239-fd9f6fb1fe29",
                            "consent_required": "false",
                            "description": "",
                            "direct_access_grants_enabled": "true",
                            "enabled": "true",
                            "full_scope_allowed": "true",
                            "id": "7ce44102-2af7-4203-bfb8-f449d90b3a02",
                            "implicit_flow_enabled": "false",
                            "login_theme": "",
                            "name": "",
                            "realm_id": "master",
                            "root_url": "",
                            "service_account_user_id": "44072f94-5eb3-4fe1-a2c1-5089f434358d",
                            "service_accounts_enabled": "true",
                            "standard_flow_enabled": "true",
                            "valid_redirect_uris.#": "1",
                            "valid_redirect_uris.0": "/",
                            "web_origins.#": "0"
                        },
                        "meta": {
                            "schema_version": 0
                        },
                        "tainted": false
                    },
                    "deposed": [],
                    "provider": "provider.keycloak"
                },
                "keycloak_openid_client.tfer--openid_client_master_security_admin_console": {
                    "type": "keycloak_openid_client",
                    "depends_on": [],
                    "primary": {
                        "id": "bfd08aa4-cfd5-421b-b329-e735da3e0031",
                        "attributes": {
                            "access_token_lifespan": "",
                            "access_type": "PUBLIC",
                            "admin_url": "",
                            "authentication_flow_binding_overrides.#": "0",
                            "base_url": "/admin/master/console/",
                            "client_id": "security-admin-console",
                            "client_secret": "",
                            "consent_required": "false",
                            "description": "",
                            "direct_access_grants_enabled": "false",
                            "enabled": "true",
                            "full_scope_allowed": "false",
                            "id": "bfd08aa4-cfd5-421b-b329-e735da3e0031",
                            "implicit_flow_enabled": "false",
                            "login_theme": "",
                            "name": "${client_security-admin-console}",
                            "realm_id": "master",
                            "root_url": "${authAdminUrl}",
                            "service_account_user_id": "",
                            "service_accounts_enabled": "false",
                            "standard_flow_enabled": "true",
                            "valid_redirect_uris.#": "1",
                            "valid_redirect_uris.0": "/admin/master/console/*",
                            "web_origins.#": "1",
                            "web_origins.0": "+"
                        },
                        "meta": {
                            "schema_version": 0
                        },
                        "tainted": false
                    },
                    "deposed": [],
                    "provider": "provider.keycloak"
                },
                "keycloak_openid_client_default_scopes.tfer--openid_client_default_scopes_master_account": {
                    "type": "keycloak_openid_client_default_scopes",
                    "depends_on": [],
                    "primary": {
                        "id": "master/12397b19-cd33-44a7-ad6c-344baa77a058",
                        "attributes": {
                            "client_id": "12397b19-cd33-44a7-ad6c-344baa77a058",
                            "default_scopes.#": "4",
                            "default_scopes.0": "email",
                            "default_scopes.1": "profile",
                            "default_scopes.2": "roles",
                            "default_scopes.3": "web-origins",
                            "id": "master/12397b19-cd33-44a7-ad6c-344baa77a058",
                            "realm_id": "master"
                        },
                        "meta": {
                            "schema_version": 0
                        },
                        "tainted": false
                    },
                    "deposed": [],
                    "provider": "provider.keycloak"
                },
                "keycloak_openid_client_default_scopes.tfer--openid_client_default_scopes_master_account_console": {
                    "type": "keycloak_openid_client_default_scopes",
                    "depends_on": [],
                    "primary": {
                        "id": "master/696d1099-8f02-45c1-97d0-13bd4541b32c",
                        "attributes": {
                            "client_id": "696d1099-8f02-45c1-97d0-13bd4541b32c",
                            "default_scopes.#": "4",
                            "default_scopes.0": "email",
                            "default_scopes.1": "profile",
                            "default_scopes.2": "roles",
                            "default_scopes.3": "web-origins",
                            "id": "master/696d1099-8f02-45c1-97d0-13bd4541b32c",
                            "realm_id": "master"
                        },
                        "meta": {
                            "schema_version": 0
                        },
                        "tainted": false
                    },
                    "deposed": [],
                    "provider": "provider.keycloak"
                },
                "keycloak_openid_client_default_scopes.tfer--openid_client_default_scopes_master_admin_cli": {
                    "type": "keycloak_openid_client_default_scopes",
                    "depends_on": [],
                    "primary": {
                        "id": "master/0ffb9ff4-642a-45b7-91ab-ac3b834d8ada",
                        "attributes": {
                            "client_id": "0ffb9ff4-642a-45b7-91ab-ac3b834d8ada",
                            "default_scopes.#": "4",
                            "default_scopes.0": "email",
                            "default_scopes.1": "profile",
                            "default_scopes.2": "roles",
                            "default_scopes.3": "web-origins",
                            "id": "master/0ffb9ff4-642a-45b7-91ab-ac3b834d8ada",
                            "realm_id": "master"
                        },
                        "meta": {
                            "schema_version": 0
                        },
                        "tainted": false
                    },
                    "deposed": [],
                    "provider": "provider.keycloak"
                },
                "keycloak_openid_client_default_scopes.tfer--openid_client_default_scopes_master_broker": {
                    "type": "keycloak_openid_client_default_scopes",
                    "depends_on": [],
                    "primary": {
                        "id": "master/a302d2e3-5905-4d3f-b458-a96d07a75765",
                        "attributes": {
                            "client_id": "a302d2e3-5905-4d3f-b458-a96d07a75765",
                            "default_scopes.#": "4",
                            "default_scopes.0": "email",
                            "default_scopes.1": "profile",
                            "default_scopes.2": "roles",
                            "default_scopes.3": "web-origins",
                            "id": "master/a302d2e3-5905-4d3f-b458-a96d07a75765",
                            "realm_id": "master"
                        },
                        "meta": {
                            "schema_version": 0
                        },
                        "tainted": false
                    },
                    "deposed": [],
                    "provider": "provider.keycloak"
                },
                "keycloak_openid_client_default_scopes.tfer--openid_client_default_scopes_master_master_realm": {
                    "type": "keycloak_openid_client_default_scopes",
                    "depends_on": [],
                    "primary": {
                        "id": "master/499e29eb-4394-4d3d-bb68-6d34f3dc8ca6",
                        "attributes": {
                            "client_id": "499e29eb-4394-4d3d-bb68-6d34f3dc8ca6",
                            "default_scopes.#": "4",
                            "default_scopes.0": "email",
                            "default_scopes.1": "profile",
                            "default_scopes.2": "roles",
                            "default_scopes.3": "web-origins",
                            "id": "master/499e29eb-4394-4d3d-bb68-6d34f3dc8ca6",
                            "realm_id": "master"
                        },
                        "meta": {
                            "schema_version": 0
                        },
                        "tainted": false
                    },
                    "deposed": [],
                    "provider": "provider.keycloak"
                },
                "keycloak_openid_client_default_scopes.tfer--openid_client_default_scopes_master_mastermind": {
                    "type": "keycloak_openid_client_default_scopes",
                    "depends_on": [],
                    "primary": {
                        "id": "master/7ce44102-2af7-4203-bfb8-f449d90b3a02",
                        "attributes": {
                            "client_id": "7ce44102-2af7-4203-bfb8-f449d90b3a02",
                            "default_scopes.#": "4",
                            "default_scopes.0": "email",
                            "default_scopes.1": "profile",
                            "default_scopes.2": "roles",
                            "default_scopes.3": "web-origins",
                            "id": "master/7ce44102-2af7-4203-bfb8-f449d90b3a02",
                            "realm_id": "master"
                        },
                        "meta": {
                            "schema_version": 0
                        },
                        "tainted": false
                    },
                    "deposed": [],
                    "provider": "provider.keycloak"
                },
                "keycloak_openid_client_default_scopes.tfer--openid_client_default_scopes_master_security_admin_console": {
                    "type": "keycloak_openid_client_default_scopes",
                    "depends_on": [],
                    "primary": {
                        "id": "master/bfd08aa4-cfd5-421b-b329-e735da3e0031",
                        "attributes": {
                            "client_id": "bfd08aa4-cfd5-421b-b329-e735da3e0031",
                            "default_scopes.#": "4",
                            "default_scopes.0": "email",
                            "default_scopes.1": "profile",
                            "default_scopes.2": "roles",
                            "default_scopes.3": "web-origins",
                            "id": "master/bfd08aa4-cfd5-421b-b329-e735da3e0031",
                            "realm_id": "master"
                        },
                        "meta": {
                            "schema_version": 0
                        },
                        "tainted": false
                    },
                    "deposed": [],
                    "provider": "provider.keycloak"
                },
                "keycloak_openid_client_optional_scopes.tfer--openid_client_optional_scopes_master_account": {
                    "type": "keycloak_openid_client_optional_scopes",
                    "depends_on": [],
                    "primary": {
                        "id": "master/12397b19-cd33-44a7-ad6c-344baa77a058",
                        "attributes": {
                            "client_id": "12397b19-cd33-44a7-ad6c-344baa77a058",
                            "id": "master/12397b19-cd33-44a7-ad6c-344baa77a058",
                            "optional_scopes.#": "4",
                            "optional_scopes.0": "address",
                            "optional_scopes.1": "microprofile-jwt",
                            "optional_scopes.2": "offline_access",
                            "optional_scopes.3": "phone",
                            "realm_id": "master"
                        },
                        "meta": {
                            "schema_version": 0
                        },
                        "tainted": false
                    },
                    "deposed": [],
                    "provider": "provider.keycloak"
                },
                "keycloak_openid_client_optional_scopes.tfer--openid_client_optional_scopes_master_account_console": {
                    "type": "keycloak_openid_client_optional_scopes",
                    "depends_on": [],
                    "primary": {
                        "id": "master/696d1099-8f02-45c1-97d0-13bd4541b32c",
                        "attributes": {
                            "client_id": "696d1099-8f02-45c1-97d0-13bd4541b32c",
                            "id": "master/696d1099-8f02-45c1-97d0-13bd4541b32c",
                            "optional_scopes.#": "4",
                            "optional_scopes.0": "address",
                            "optional_scopes.1": "microprofile-jwt",
                            "optional_scopes.2": "offline_access",
                            "optional_scopes.3": "phone",
                            "realm_id": "master"
                        },
                        "meta": {
                            "schema_version": 0
                        },
                        "tainted": false
                    },
                    "deposed": [],
                    "provider": "provider.keycloak"
                },
                "keycloak_openid_client_optional_scopes.tfer--openid_client_optional_scopes_master_admin_cli": {
                    "type": "keycloak_openid_client_optional_scopes",
                    "depends_on": [],
                    "primary": {
                        "id": "master/0ffb9ff4-642a-45b7-91ab-ac3b834d8ada",
                        "attributes": {
                            "client_id": "0ffb9ff4-642a-45b7-91ab-ac3b834d8ada",
                            "id": "master/0ffb9ff4-642a-45b7-91ab-ac3b834d8ada",
                            "optional_scopes.#": "4",
                            "optional_scopes.0": "address",
                            "optional_scopes.1": "microprofile-jwt",
                            "optional_scopes.2": "offline_access",
                            "optional_scopes.3": "phone",
                            "realm_id": "master"
                        },
                        "meta": {
                            "schema_version": 0
                        },
                        "tainted": false
                    },
                    "deposed": [],
                    "provider": "provider.keycloak"
                },
                "keycloak_openid_client_optional_scopes.tfer--openid_client_optional_scopes_master_broker": {
                    "type": "keycloak_openid_client_optional_scopes",
                    "depends_on": [],
                    "primary": {
                        "id": "master/a302d2e3-5905-4d3f-b458-a96d07a75765",
                        "attributes": {
                            "client_id": "a302d2e3-5905-4d3f-b458-a96d07a75765",
                            "id": "master/a302d2e3-5905-4d3f-b458-a96d07a75765",
                            "optional_scopes.#": "4",
                            "optional_scopes.0": "address",
                            "optional_scopes.1": "microprofile-jwt",
                            "optional_scopes.2": "offline_access",
                            "optional_scopes.3": "phone",
                            "realm_id": "master"
                        },
                        "meta": {
                            "schema_version": 0
                        },
                        "tainted": false
                    },
                    "deposed": [],
                    "provider": "provider.keycloak"
                },
                "keycloak_openid_client_optional_scopes.tfer--openid_client_optional_scopes_master_master_realm": {
                    "type": "keycloak_openid_client_optional_scopes",
                    "depends_on": [],
                    "primary": {
                        "id": "master/499e29eb-4394-4d3d-bb68-6d34f3dc8ca6",
                        "attributes": {
                            "client_id": "499e29eb-4394-4d3d-bb68-6d34f3dc8ca6",
                            "id": "master/499e29eb-4394-4d3d-bb68-6d34f3dc8ca6",
                            "optional_scopes.#": "4",
                            "optional_scopes.0": "address",
                            "optional_scopes.1": "microprofile-jwt",
                            "optional_scopes.2": "offline_access",
                            "optional_scopes.3": "phone",
                            "realm_id": "master"
                        },
                        "meta": {
                            "schema_version": 0
                        },
                        "tainted": false
                    },
                    "deposed": [],
                    "provider": "provider.keycloak"
                },
                "keycloak_openid_client_optional_scopes.tfer--openid_client_optional_scopes_master_mastermind": {
                    "type": "keycloak_openid_client_optional_scopes",
                    "depends_on": [],
                    "primary": {
                        "id": "master/7ce44102-2af7-4203-bfb8-f449d90b3a02",
                        "attributes": {
                            "client_id": "7ce44102-2af7-4203-bfb8-f449d90b3a02",
                            "id": "master/7ce44102-2af7-4203-bfb8-f449d90b3a02",
                            "optional_scopes.#": "4",
                            "optional_scopes.0": "address",
                            "optional_scopes.1": "microprofile-jwt",
                            "optional_scopes.2": "offline_access",
                            "optional_scopes.3": "phone",
                            "realm_id": "master"
                        },
                        "meta": {
                            "schema_version": 0
                        },
                        "tainted": false
                    },
                    "deposed": [],
                    "provider": "provider.keycloak"
                },
                "keycloak_openid_client_optional_scopes.tfer--openid_client_optional_scopes_master_security_admin_console": {
                    "type": "keycloak_openid_client_optional_scopes",
                    "depends_on": [],
                    "primary": {
                        "id": "master/bfd08aa4-cfd5-421b-b329-e735da3e0031",
                        "attributes": {
                            "client_id": "bfd08aa4-cfd5-421b-b329-e735da3e0031",
                            "id": "master/bfd08aa4-cfd5-421b-b329-e735da3e0031",
                            "optional_scopes.#": "4",
                            "optional_scopes.0": "address",
                            "optional_scopes.1": "microprofile-jwt",
                            "optional_scopes.2": "offline_access",
                            "optional_scopes.3": "phone",
                            "realm_id": "master"
                        },
                        "meta": {
                            "schema_version": 0
                        },
                        "tainted": false
                    },
                    "deposed": [],
                    "provider": "provider.keycloak"
                },
                "keycloak_openid_client_scope.tfer--openid_client_scope_master_address": {
                    "type": "keycloak_openid_client_scope",
                    "depends_on": [],
                    "primary": {
                        "id": "0c292626-508f-4398-a82d-a8d39b0820d1",
                        "attributes": {
                            "consent_screen_text": "${addressScopeConsentText}",
                            "description": "OpenID Connect built-in scope: address",
                            "id": "0c292626-508f-4398-a82d-a8d39b0820d1",
                            "include_in_token_scope": "true",
                            "name": "address",
                            "realm_id": "master"
                        },
                        "meta": {
                            "schema_version": 0
                        },
                        "tainted": false
                    },
                    "deposed": [],
                    "provider": "provider.keycloak"
                },
                "keycloak_openid_client_scope.tfer--openid_client_scope_master_email": {
                    "type": "keycloak_openid_client_scope",
                    "depends_on": [],
                    "primary": {
                        "id": "aaabc416-58ca-4795-bea6-dab5db3c039e",
                        "attributes": {
                            "consent_screen_text": "${emailScopeConsentText}",
                            "description": "OpenID Connect built-in scope: email",
                            "id": "aaabc416-58ca-4795-bea6-dab5db3c039e",
                            "include_in_token_scope": "true",
                            "name": "email",
                            "realm_id": "master"
                        },
                        "meta": {
                            "schema_version": 0
                        },
                        "tainted": false
                    },
                    "deposed": [],
                    "provider": "provider.keycloak"
                },
                "keycloak_openid_client_scope.tfer--openid_client_scope_master_microprofile_jwt": {
                    "type": "keycloak_openid_client_scope",
                    "depends_on": [],
                    "primary": {
                        "id": "7b4a2883-eb84-48e2-bbec-8d715f526c45",
                        "attributes": {
                            "description": "Microprofile - JWT built-in scope",
                            "id": "7b4a2883-eb84-48e2-bbec-8d715f526c45",
                            "include_in_token_scope": "true",
                            "name": "microprofile-jwt",
                            "realm_id": "master"
                        },
                        "meta": {
                            "schema_version": 0
                        },
                        "tainted": false
                    },
                    "deposed": [],
                    "provider": "provider.keycloak"
                },
                "keycloak_openid_client_scope.tfer--openid_client_scope_master_offline_access": {
                    "type": "keycloak_openid_client_scope",
                    "depends_on": [],
                    "primary": {
                        "id": "dda4ad8c-04e8-45ca-a0a7-864e2fa6b062",
                        "attributes": {
                            "consent_screen_text": "${offlineAccessScopeConsentText}",
                            "description": "OpenID Connect built-in scope: offline_access",
                            "id": "dda4ad8c-04e8-45ca-a0a7-864e2fa6b062",
                            "include_in_token_scope": "false",
                            "name": "offline_access",
                            "realm_id": "master"
                        },
                        "meta": {
                            "schema_version": 0
                        },
                        "tainted": false
                    },
                    "deposed": [],
                    "provider": "provider.keycloak"
                },
                "keycloak_openid_client_scope.tfer--openid_client_scope_master_phone": {
                    "type": "keycloak_openid_client_scope",
                    "depends_on": [],
                    "primary": {
                        "id": "59632024-7320-41f1-8fb8-79d895f1a94e",
                        "attributes": {
                            "consent_screen_text": "${phoneScopeConsentText}",
                            "description": "OpenID Connect built-in scope: phone",
                            "id": "59632024-7320-41f1-8fb8-79d895f1a94e",
                            "include_in_token_scope": "true",
                            "name": "phone",
                            "realm_id": "master"
                        },
                        "meta": {
                            "schema_version": 0
                        },
                        "tainted": false
                    },
                    "deposed": [],
                    "provider": "provider.keycloak"
                },
                "keycloak_openid_client_scope.tfer--openid_client_scope_master_profile": {
                    "type": "keycloak_openid_client_scope",
                    "depends_on": [],
                    "primary": {
                        "id": "b5e73969-356b-482b-b686-b20cb5f00d04",
                        "attributes": {
                            "consent_screen_text": "${profileScopeConsentText}",
                            "description": "OpenID Connect built-in scope: profile",
                            "id": "b5e73969-356b-482b-b686-b20cb5f00d04",
                            "include_in_token_scope": "true",
                            "name": "profile",
                            "realm_id": "master"
                        },
                        "meta": {
                            "schema_version": 0
                        },
                        "tainted": false
                    },
                    "deposed": [],
                    "provider": "provider.keycloak"
                },
                "keycloak_openid_client_scope.tfer--openid_client_scope_master_roles": {
                    "type": "keycloak_openid_client_scope",
                    "depends_on": [],
                    "primary": {
                        "id": "0886b52d-f6c0-402e-8b26-df9bf6d0b6ed",
                        "attributes": {
                            "consent_screen_text": "${rolesScopeConsentText}",
                            "description": "OpenID Connect scope for add user roles to the access token",
                            "id": "0886b52d-f6c0-402e-8b26-df9bf6d0b6ed",
                            "include_in_token_scope": "false",
                            "name": "roles",
                            "realm_id": "master"
                        },
                        "meta": {
                            "schema_version": 0
                        },
                        "tainted": false
                    },
                    "deposed": [],
                    "provider": "provider.keycloak"
                },
                "keycloak_openid_client_scope.tfer--openid_client_scope_master_web_origins": {
                    "type": "keycloak_openid_client_scope",
                    "depends_on": [],
                    "primary": {
                        "id": "79dd0aa5-7506-4754-b811-bbfa3dc7a9a8",
                        "attributes": {
                            "description": "OpenID Connect scope for add allowed web origins to the access token",
                            "id": "79dd0aa5-7506-4754-b811-bbfa3dc7a9a8",
                            "include_in_token_scope": "false",
                            "name": "web-origins",
                            "realm_id": "master"
                        },
                        "meta": {
                            "schema_version": 0
                        },
                        "tainted": false
                    },
                    "deposed": [],
                    "provider": "provider.keycloak"
                },
                "keycloak_openid_user_attribute_protocol_mapper.tfer--openid_user_attribute_protocol_mapper_master_security_admin_console_locale": {
                    "type": "keycloak_openid_user_attribute_protocol_mapper",
                    "depends_on": [],
                    "primary": {
                        "id": "d63aa0ac-f474-4568-99e5-df44d4dbd776",
                        "attributes": {
                            "add_to_access_token": "true",
                            "add_to_id_token": "true",
                            "add_to_userinfo": "true",
                            "aggregate_attributes": "false",
                            "claim_name": "locale",
                            "claim_value_type": "String",
                            "client_id": "bfd08aa4-cfd5-421b-b329-e735da3e0031",
                            "id": "d63aa0ac-f474-4568-99e5-df44d4dbd776",
                            "multivalued": "false",
                            "name": "locale",
                            "realm_id": "master",
                            "user_attribute": "locale"
                        },
                        "meta": {
                            "schema_version": 0
                        },
                        "tainted": false
                    },
                    "deposed": [],
                    "provider": "provider.keycloak"
                },
                "keycloak_openid_user_session_note_protocol_mapper.tfer--openid_user_session_note_protocol_mapper_master_mastermind_client_host": {
                    "type": "keycloak_openid_user_session_note_protocol_mapper",
                    "depends_on": [],
                    "primary": {
                        "id": "f8f6c054-43e4-4042-b47c-c568687e5d5e",
                        "attributes": {
                            "add_to_access_token": "true",
                            "add_to_id_token": "true",
                            "claim_name": "clientHost",
                            "claim_value_type": "String",
                            "client_id": "7ce44102-2af7-4203-bfb8-f449d90b3a02",
                            "id": "f8f6c054-43e4-4042-b47c-c568687e5d5e",
                            "name": "Client Host",
                            "realm_id": "master",
                            "session_note": "clientHost"
                        },
                        "meta": {
                            "schema_version": 0
                        },
                        "tainted": false
                    },
                    "deposed": [],
                    "provider": "provider.keycloak"
                },
                "keycloak_openid_user_session_note_protocol_mapper.tfer--openid_user_session_note_protocol_mapper_master_mastermind_client_id": {
                    "type": "keycloak_openid_user_session_note_protocol_mapper",
                    "depends_on": [],
                    "primary": {
                        "id": "bf63d537-2ffe-4c0e-8878-b05602aebaeb",
                        "attributes": {
                            "add_to_access_token": "true",
                            "add_to_id_token": "true",
                            "claim_name": "clientId",
                            "claim_value_type": "String",
                            "client_id": "7ce44102-2af7-4203-bfb8-f449d90b3a02",
                            "id": "bf63d537-2ffe-4c0e-8878-b05602aebaeb",
                            "name": "Client ID",
                            "realm_id": "master",
                            "session_note": "clientId"
                        },
                        "meta": {
                            "schema_version": 0
                        },
                        "tainted": false
                    },
                    "deposed": [],
                    "provider": "provider.keycloak"
                },
                "keycloak_openid_user_session_note_protocol_mapper.tfer--openid_user_session_note_protocol_mapper_master_mastermind_client_ip_address": {
                    "type": "keycloak_openid_user_session_note_protocol_mapper",
                    "depends_on": [],
                    "primary": {
                        "id": "b6d7b76a-b17b-49f1-ac55-cf532be5cb7d",
                        "attributes": {
                            "add_to_access_token": "true",
                            "add_to_id_token": "true",
                            "claim_name": "clientAddress",
                            "claim_value_type": "String",
                            "client_id": "7ce44102-2af7-4203-bfb8-f449d90b3a02",
                            "id": "b6d7b76a-b17b-49f1-ac55-cf532be5cb7d",
                            "name": "Client IP Address",
                            "realm_id": "master",
                            "session_note": "clientAddress"
                        },
                        "meta": {
                            "schema_version": 0
                        },
                        "tainted": false
                    },
                    "deposed": [],
                    "provider": "provider.keycloak"
                },
                "keycloak_realm.tfer--realm_master": {
                    "type": "keycloak_realm",
                    "depends_on": [],
                    "primary": {
                        "id": "master",
                        "attributes": {
                            "access_code_lifespan": "1m0s",
                            "access_code_lifespan_login": "30m0s",
                            "access_code_lifespan_user_action": "5m0s",
                            "access_token_lifespan": "1m0s",
                            "access_token_lifespan_for_implicit_flow": "15m0s",
                            "account_theme": "",
                            "action_token_generated_by_admin_lifespan": "12h0m0s",
                            "action_token_generated_by_user_lifespan": "5m0s",
                            "admin_theme": "",
                            "attributes.%": "0",
                            "browser_flow": "browser",
                            "client_authentication_flow": "clients",
                            "default_default_client_scopes.#": "0",
                            "default_optional_client_scopes.#": "0",
                            "default_signature_algorithm": "RS256",
                            "direct_grant_flow": "direct grant",
                            "display_name": "Keycloak",
                            "display_name_html": "\u003cdiv class=\"kc-logo-text\"\u003e\u003cspan\u003eKeycloak\u003c/span\u003e\u003c/div\u003e",
                            "docker_authentication_flow": "docker auth",
                            "duplicate_emails_allowed": "false",
                            "edit_username_allowed": "false",
                            "email_theme": "",
                            "enabled": "true",
                            "id": "master",
                            "internal_id": "master",
                            "internationalization.#": "0",
                            "login_theme": "",
                            "login_with_email_allowed": "true",
                            "offline_session_idle_timeout": "720h0m0s",
                            "offline_session_max_lifespan": "1440h0m0s",
                            "offline_session_max_lifespan_enabled": "false",
                            "password_policy": "",
                            "realm": "master",
                            "refresh_token_max_reuse": "0",
                            "registration_allowed": "false",
                            "registration_email_as_username": "false",
                            "registration_flow": "registration",
                            "remember_me": "false",
                            "reset_credentials_flow": "reset credentials",
                            "reset_password_allowed": "false",
                            "revoke_refresh_token": "false",
                            "smtp_server.#": "0",
                            "ssl_required": "external",
                            "sso_session_idle_timeout": "30m0s",
                            "sso_session_idle_timeout_remember_me": "0s",
                            "sso_session_max_lifespan": "10h0m0s",
                            "sso_session_max_lifespan_remember_me": "0s",
                            "user_managed_access": "false",
                            "verify_email": "false",
                            "web_authn_passwordless_policy.#": "1",
                            "web_authn_passwordless_policy.0.acceptable_aaguids.#": "0",
                            "web_authn_passwordless_policy.0.attestation_conveyance_preference": "not specified",
                            "web_authn_passwordless_policy.0.authenticator_attachment": "not specified",
                            "web_authn_passwordless_policy.0.avoid_same_authenticator_register": "false",
                            "web_authn_passwordless_policy.0.create_timeout": "0",
                            "web_authn_passwordless_policy.0.relying_party_entity_name": "keycloak",
                            "web_authn_passwordless_policy.0.relying_party_id": "",
                            "web_authn_passwordless_policy.0.require_resident_key": "not specified",
                            "web_authn_passwordless_policy.0.signature_algorithms.#": "1",
                            "web_authn_passwordless_policy.0.signature_algorithms.0": "ES256",
                            "web_authn_passwordless_policy.0.user_verification_requirement": "not specified",
                            "web_authn_policy.#": "1",
                            "web_authn_policy.0.acceptable_aaguids.#": "0",
                            "web_authn_policy.0.attestation_conveyance_preference": "not specified",
                            "web_authn_policy.0.authenticator_attachment": "not specified",
                            "web_authn_policy.0.avoid_same_authenticator_register": "false",
                            "web_authn_policy.0.create_timeout": "0",
                            "web_authn_policy.0.relying_party_entity_name": "keycloak",
                            "web_authn_policy.0.relying_party_id": "",
                            "web_authn_policy.0.require_resident_key": "not specified",
                            "web_authn_policy.0.signature_algorithms.#": "1",
                            "web_authn_policy.0.signature_algorithms.0": "ES256",
                            "web_authn_policy.0.user_verification_requirement": "not specified"
                        },
                        "meta": {
                            "schema_version": 0
                        },
                        "tainted": false
                    },
                    "deposed": [],
                    "provider": "provider.keycloak"
                },
                "keycloak_required_action.tfer--required_action_master_configure_totp": {
                    "type": "keycloak_required_action",
                    "depends_on": [],
                    "primary": {
                        "id": "master/CONFIGURE_TOTP",
                        "attributes": {
                            "alias": "CONFIGURE_TOTP",
                            "default_action": "false",
                            "enabled": "true",
                            "id": "master/CONFIGURE_TOTP",
                            "name": "Configure OTP",
                            "priority": "10",
                            "realm_id": "master"
                        },
                        "meta": {
                            "schema_version": 0
                        },
                        "tainted": false
                    },
                    "deposed": [],
                    "provider": "provider.keycloak"
                },
                "keycloak_required_action.tfer--required_action_master_delete_account": {
                    "type": "keycloak_required_action",
                    "depends_on": [],
                    "primary": {
                        "id": "master/delete_account",
                        "attributes": {
                            "alias": "delete_account",
                            "default_action": "false",
                            "enabled": "false",
                            "id": "master/delete_account",
                            "name": "Delete Account",
                            "priority": "60",
                            "realm_id": "master"
                        },
                        "meta": {
                            "schema_version": 0
                        },
                        "tainted": false
                    },
                    "deposed": [],
                    "provider": "provider.keycloak"
                },
                "keycloak_required_action.tfer--required_action_master_terms_and_conditions": {
                    "type": "keycloak_required_action",
                    "depends_on": [],
                    "primary": {
                        "id": "master/terms_and_conditions",
                        "attributes": {
                            "alias": "terms_and_conditions",
                            "default_action": "false",
                            "enabled": "false",
                            "id": "master/terms_and_conditions",
                            "name": "Terms and Conditions",
                            "priority": "20",
                            "realm_id": "master"
                        },
                        "meta": {
                            "schema_version": 0
                        },
                        "tainted": false
                    },
                    "deposed": [],
                    "provider": "provider.keycloak"
                },
                "keycloak_required_action.tfer--required_action_master_update_password": {
                    "type": "keycloak_required_action",
                    "depends_on": [],
                    "primary": {
                        "id": "master/UPDATE_PASSWORD",
                        "attributes": {
                            "alias": "UPDATE_PASSWORD",
                            "default_action": "false",
                            "enabled": "true",
                            "id": "master/UPDATE_PASSWORD",
                            "name": "Update Password",
                            "priority": "30",
                            "realm_id": "master"
                        },
                        "meta": {
                            "schema_version": 0
                        },
                        "tainted": false
                    },
                    "deposed": [],
                    "provider": "provider.keycloak"
                },
                "keycloak_required_action.tfer--required_action_master_update_profile": {
                    "type": "keycloak_required_action",
                    "depends_on": [],
                    "primary": {
                        "id": "master/UPDATE_PROFILE",
                        "attributes": {
                            "alias": "UPDATE_PROFILE",
                            "default_action": "false",
                            "enabled": "true",
                            "id": "master/UPDATE_PROFILE",
                            "name": "Update Profile",
                            "priority": "40",
                            "realm_id": "master"
                        },
                        "meta": {
                            "schema_version": 0
                        },
                        "tainted": false
                    },
                    "deposed": [],
                    "provider": "provider.keycloak"
                },
                "keycloak_required_action.tfer--required_action_master_update_user_locale": {
                    "type": "keycloak_required_action",
                    "depends_on": [],
                    "primary": {
                        "id": "master/update_user_locale",
                        "attributes": {
                            "alias": "update_user_locale",
                            "default_action": "false",
                            "enabled": "true",
                            "id": "master/update_user_locale",
                            "name": "Update User Locale",
                            "priority": "1000",
                            "realm_id": "master"
                        },
                        "meta": {
                            "schema_version": 0
                        },
                        "tainted": false
                    },
                    "deposed": [],
                    "provider": "provider.keycloak"
                },
                "keycloak_required_action.tfer--required_action_master_verify_email": {
                    "type": "keycloak_required_action",
                    "depends_on": [],
                    "primary": {
                        "id": "master/VERIFY_EMAIL",
                        "attributes": {
                            "alias": "VERIFY_EMAIL",
                            "default_action": "false",
                            "enabled": "true",
                            "id": "master/VERIFY_EMAIL",
                            "name": "Verify Email",
                            "priority": "50",
                            "realm_id": "master"
                        },
                        "meta": {
                            "schema_version": 0
                        },
                        "tainted": false
                    },
                    "deposed": [],
                    "provider": "provider.keycloak"
                },
                "keycloak_role.tfer--role_master_account_delete_account": {
                    "type": "keycloak_role",
                    "depends_on": [],
                    "primary": {
                        "id": "092db83f-4cce-44e6-903c-d388a385547f",
                        "attributes": {
                            "attributes.%": "0",
                            "client_id": "12397b19-cd33-44a7-ad6c-344baa77a058",
                            "description": "${role_delete-account}",
                            "id": "092db83f-4cce-44e6-903c-d388a385547f",
                            "name": "delete-account",
                            "realm_id": "master"
                        },
                        "meta": {
                            "schema_version": 0
                        },
                        "tainted": false
                    },
                    "deposed": [],
                    "provider": "provider.keycloak"
                },
                "keycloak_role.tfer--role_master_account_manage_account": {
                    "type": "keycloak_role",
                    "depends_on": [],
                    "primary": {
                        "id": "664bedcf-2951-417e-91ee-58466996c15e",
                        "attributes": {
                            "attributes.%": "0",
                            "client_id": "12397b19-cd33-44a7-ad6c-344baa77a058",
                            "composite_roles.#": "1",
                            "composite_roles.0": "052ed776-c49b-46cd-bc12-175a77a116fb",
                            "description": "${role_manage-account}",
                            "id": "664bedcf-2951-417e-91ee-58466996c15e",
                            "name": "manage-account",
                            "realm_id": "master"
                        },
                        "meta": {
                            "schema_version": 0
                        },
                        "tainted": false
                    },
                    "deposed": [],
                    "provider": "provider.keycloak"
                },
                "keycloak_role.tfer--role_master_account_manage_account_links": {
                    "type": "keycloak_role",
                    "depends_on": [],
                    "primary": {
                        "id": "052ed776-c49b-46cd-bc12-175a77a116fb",
                        "attributes": {
                            "attributes.%": "0",
                            "client_id": "12397b19-cd33-44a7-ad6c-344baa77a058",
                            "description": "${role_manage-account-links}",
                            "id": "052ed776-c49b-46cd-bc12-175a77a116fb",
                            "name": "manage-account-links",
                            "realm_id": "master"
                        },
                        "meta": {
                            "schema_version": 0
                        },
                        "tainted": false
                    },
                    "deposed": [],
                    "provider": "provider.keycloak"
                },
                "keycloak_role.tfer--role_master_account_manage_consent": {
                    "type": "keycloak_role",
                    "depends_on": [],
                    "primary": {
                        "id": "d30d95ef-ba0f-4028-a3dd-8850be918aea",
                        "attributes": {
                            "attributes.%": "0",
                            "client_id": "12397b19-cd33-44a7-ad6c-344baa77a058",
                            "composite_roles.#": "1",
                            "composite_roles.0": "eb933965-45a3-4c2e-abc3-224c1126121e",
                            "description": "${role_manage-consent}",
                            "id": "d30d95ef-ba0f-4028-a3dd-8850be918aea",
                            "name": "manage-consent",
                            "realm_id": "master"
                        },
                        "meta": {
                            "schema_version": 0
                        },
                        "tainted": false
                    },
                    "deposed": [],
                    "provider": "provider.keycloak"
                },
                "keycloak_role.tfer--role_master_account_view_applications": {
                    "type": "keycloak_role",
                    "depends_on": [],
                    "primary": {
                        "id": "8202197c-f794-4244-88f5-662be9ffe97d",
                        "attributes": {
                            "attributes.%": "0",
                            "client_id": "12397b19-cd33-44a7-ad6c-344baa77a058",
                            "description": "${role_view-applications}",
                            "id": "8202197c-f794-4244-88f5-662be9ffe97d",
                            "name": "view-applications",
                            "realm_id": "master"
                        },
                        "meta": {
                            "schema_version": 0
                        },
                        "tainted": false
                    },
                    "deposed": [],
                    "provider": "provider.keycloak"
                },
                "keycloak_role.tfer--role_master_account_view_consent": {
                    "type": "keycloak_role",
                    "depends_on": [],
                    "primary": {
                        "id": "eb933965-45a3-4c2e-abc3-224c1126121e",
                        "attributes": {
                            "attributes.%": "0",
                            "client_id": "12397b19-cd33-44a7-ad6c-344baa77a058",
                            "description": "${role_view-consent}",
                            "id": "eb933965-45a3-4c2e-abc3-224c1126121e",
                            "name": "view-consent",
                            "realm_id": "master"
                        },
                        "meta": {
                            "schema_version": 0
                        },
                        "tainted": false
                    },
                    "deposed": [],
                    "provider": "provider.keycloak"
                },
                "keycloak_role.tfer--role_master_account_view_profile": {
                    "type": "keycloak_role",
                    "depends_on": [],
                    "primary": {
                        "id": "2d3a442e-8bb0-470e-be82-3993595c2941",
                        "attributes": {
                            "attributes.%": "0",
                            "client_id": "12397b19-cd33-44a7-ad6c-344baa77a058",
                            "description": "${role_view-profile}",
                            "id": "2d3a442e-8bb0-470e-be82-3993595c2941",
                            "name": "view-profile",
                            "realm_id": "master"
                        },
                        "meta": {
                            "schema_version": 0
                        },
                        "tainted": false
                    },
                    "deposed": [],
                    "provider": "provider.keycloak"
                },
                "keycloak_role.tfer--role_master_admin": {
                    "type": "keycloak_role",
                    "depends_on": [],
                    "primary": {
                        "id": "92c6e0c7-4af5-481f-9bbf-2a1d0d9d2977",
                        "attributes": {
                            "attributes.%": "0",
                            "client_id": "",
                            "composite_roles.#": "37",
                            "composite_roles.0": "0927181e-6d2c-4e85-8839-7144e6e04e32",
                            "composite_roles.1": "102bc01e-9795-468e-b13b-1a0ca3275f34",
                            "composite_roles.10": "38e72610-b9d8-4a8d-9455-6d4bcc509107",
                            "composite_roles.11": "4631dc0e-f013-4545-a96d-2c8bb4c63706",
                            "composite_roles.12": "47dc16e3-82aa-459a-9eab-a6ae7c558f67",
                            "composite_roles.13": "4ae8a478-3a00-44ef-8df6-0bbc2ae5301f",
                            "composite_roles.14": "4b96898b-a1e0-4aa7-bde2-e5f42f0e04bc",
                            "composite_roles.15": "4cad71e2-f1a4-48c7-be35-daef9c2a7299",
                            "composite_roles.16": "546bf858-1ceb-4c37-b8e5-ff09af82523d",
                            "composite_roles.17": "587a817e-9e86-4f13-99dd-b35c81b30cdf",
                            "composite_roles.18": "6ebffbdb-26a5-4751-a16f-2f68f9f61045",
                            "composite_roles.19": "728ca8e4-c626-4b61-ab2a-d08a1499c8b6",
                            "composite_roles.2": "1466390a-374f-40d5-8a9c-0d8a0224716b",
                            "composite_roles.20": "852b0deb-899f-4466-a33b-046cf4564db8",
                            "composite_roles.21": "93e1b9e8-96f6-4029-a7c4-29b5a257fc00",
                            "composite_roles.22": "9e5fcffb-d49c-4f66-adf0-ee610dab999e",
                            "composite_roles.23": "a4958b71-5417-46b6-8f63-c544279c810b",
                            "composite_roles.24": "a54dda2a-c2d7-4ce9-beac-bc643df563ac",
                            "composite_roles.25": "a65a1ddc-1637-4087-802f-6017d52895d3",
                            "composite_roles.26": "abdac715-f602-4c99-bec4-8d5001477519",
                            "composite_roles.27": "bcabc97d-fa47-4f17-8393-6ca8bfac76db",
                            "composite_roles.28": "bdcb3580-7644-43b1-a9a9-d7640394a7ea",
                            "composite_roles.29": "c3504020-0b73-493f-9f8d-335569cbd54a",
                            "composite_roles.3": "1e368d47-3806-4e11-affd-813f4e4f6947",
                            "composite_roles.30": "d02863fe-c3ce-44d0-8915-528bf084a14e",
                            "composite_roles.31": "d789e95f-f207-4d15-9fd8-49d207d100fb",
                            "composite_roles.32": "d96ae904-61c5-4ba7-bbb8-cd2abb0ad30e",
                            "composite_roles.33": "dcef7397-15bf-4e86-9829-8cf0f82a6012",
                            "composite_roles.34": "e490094d-9c6e-44df-8ca1-45249d3e33b8",
                            "composite_roles.35": "e70ffb4a-9797-4f3f-bfd1-b76d0894b2d1",
                            "composite_roles.36": "f1a13741-3571-470e-baa4-1d52af1673c0",
                            "composite_roles.4": "218cd492-edcb-4720-b759-71ff81191849",
                            "composite_roles.5": "27a1c186-0979-41c6-9ae9-5099c3040ce0",
                            "composite_roles.6": "2d9e3898-1811-4cec-ab03-fd58d8e5dfe5",
                            "composite_roles.7": "2fb97943-d4ec-4874-a707-7d6556646d4b",
                            "composite_roles.8": "3122b6a9-c88e-4b26-82b5-bb55f9a304ff",
                            "composite_roles.9": "31a99a9e-ed57-4891-a3d0-793961643edd",
                            "description": "${role_admin}",
                            "id": "92c6e0c7-4af5-481f-9bbf-2a1d0d9d2977",
                            "name": "admin",
                            "realm_id": "master"
                        },
                        "meta": {
                            "schema_version": 0
                        },
                        "tainted": false
                    },
                    "deposed": [],
                    "provider": "provider.keycloak"
                },
                "keycloak_role.tfer--role_master_broker_read_token": {
                    "type": "keycloak_role",
                    "depends_on": [],
                    "primary": {
                        "id": "a9321a90-46aa-46e6-82e8-1dfee0451836",
                        "attributes": {
                            "attributes.%": "0",
                            "client_id": "a302d2e3-5905-4d3f-b458-a96d07a75765",
                            "description": "${role_read-token}",
                            "id": "a9321a90-46aa-46e6-82e8-1dfee0451836",
                            "name": "read-token",
                            "realm_id": "master"
                        },
                        "meta": {
                            "schema_version": 0
                        },
                        "tainted": false
                    },
                    "deposed": [],
                    "provider": "provider.keycloak"
                },
                "keycloak_role.tfer--role_master_create_realm": {
                    "type": "keycloak_role",
                    "depends_on": [],
                    "primary": {
                        "id": "c3504020-0b73-493f-9f8d-335569cbd54a",
                        "attributes": {
                            "attributes.%": "0",
                            "client_id": "",
                            "description": "${role_create-realm}",
                            "id": "c3504020-0b73-493f-9f8d-335569cbd54a",
                            "name": "create-realm",
                            "realm_id": "master"
                        },
                        "meta": {
                            "schema_version": 0
                        },
                        "tainted": false
                    },
                    "deposed": [],
                    "provider": "provider.keycloak"
                },
                "keycloak_role.tfer--role_master_default_roles_master": {
                    "type": "keycloak_role",
                    "depends_on": [],
                    "primary": {
                        "id": "7b2322d0-a150-47ec-a1e9-3c3a1bb4dacb",
                        "attributes": {
                            "attributes.%": "0",
                            "client_id": "",
                            "composite_roles.#": "4",
                            "composite_roles.0": "2d3a442e-8bb0-470e-be82-3993595c2941",
                            "composite_roles.1": "4540d488-9db2-4b36-8fe7-e0ffcd6ffac8",
                            "composite_roles.2": "664bedcf-2951-417e-91ee-58466996c15e",
                            "composite_roles.3": "d59ab0fa-131d-4c01-a157-465426a42e36",
                            "description": "${role_default-roles}",
                            "id": "7b2322d0-a150-47ec-a1e9-3c3a1bb4dacb",
                            "name": "default-roles-master",
                            "realm_id": "master"
                        },
                        "meta": {
                            "schema_version": 0
                        },
                        "tainted": false
                    },
                    "deposed": [],
                    "provider": "provider.keycloak"
                },
                "keycloak_role.tfer--role_master_demo_realm_create_client": {
                    "type": "keycloak_role",
                    "depends_on": [],
                    "primary": {
                        "id": "47dc16e3-82aa-459a-9eab-a6ae7c558f67",
                        "attributes": {
                            "attributes.%": "0",
                            "client_id": "d93bf5ae-a298-4a9e-b38c-728fae456ee8",
                            "description": "${role_create-client}",
                            "id": "47dc16e3-82aa-459a-9eab-a6ae7c558f67",
                            "name": "create-client",
                            "realm_id": "master"
                        },
                        "meta": {
                            "schema_version": 0
                        },
                        "tainted": false
                    },
                    "deposed": [],
                    "provider": "provider.keycloak"
                },
                "keycloak_role.tfer--role_master_demo_realm_impersonation": {
                    "type": "keycloak_role",
                    "depends_on": [],
                    "primary": {
                        "id": "31a99a9e-ed57-4891-a3d0-793961643edd",
                        "attributes": {
                            "attributes.%": "0",
                            "client_id": "d93bf5ae-a298-4a9e-b38c-728fae456ee8",
                            "description": "${role_impersonation}",
                            "id": "31a99a9e-ed57-4891-a3d0-793961643edd",
                            "name": "impersonation",
                            "realm_id": "master"
                        },
                        "meta": {
                            "schema_version": 0
                        },
                        "tainted": false
                    },
                    "deposed": [],
                    "provider": "provider.keycloak"
                },
                "keycloak_role.tfer--role_master_demo_realm_manage_authorization": {
                    "type": "keycloak_role",
                    "depends_on": [],
                    "primary": {
                        "id": "4b96898b-a1e0-4aa7-bde2-e5f42f0e04bc",
                        "attributes": {
                            "attributes.%": "0",
                            "client_id": "d93bf5ae-a298-4a9e-b38c-728fae456ee8",
                            "description": "${role_manage-authorization}",
                            "id": "4b96898b-a1e0-4aa7-bde2-e5f42f0e04bc",
                            "name": "manage-authorization",
                            "realm_id": "master"
                        },
                        "meta": {
                            "schema_version": 0
                        },
                        "tainted": false
                    },
                    "deposed": [],
                    "provider": "provider.keycloak"
                },
                "keycloak_role.tfer--role_master_demo_realm_manage_clients": {
                    "type": "keycloak_role",
                    "depends_on": [],
                    "primary": {
                        "id": "bcabc97d-fa47-4f17-8393-6ca8bfac76db",
                        "attributes": {
                            "attributes.%": "0",
                            "client_id": "d93bf5ae-a298-4a9e-b38c-728fae456ee8",
                            "description": "${role_manage-clients}",
                            "id": "bcabc97d-fa47-4f17-8393-6ca8bfac76db",
                            "name": "manage-clients",
                            "realm_id": "master"
                        },
                        "meta": {
                            "schema_version": 0
                        },
                        "tainted": false
                    },
                    "deposed": [],
                    "provider": "provider.keycloak"
                },
                "keycloak_role.tfer--role_master_demo_realm_manage_events": {
                    "type": "keycloak_role",
                    "depends_on": [],
                    "primary": {
                        "id": "d96ae904-61c5-4ba7-bbb8-cd2abb0ad30e",
                        "attributes": {
                            "attributes.%": "0",
                            "client_id": "d93bf5ae-a298-4a9e-b38c-728fae456ee8",
                            "description": "${role_manage-events}",
                            "id": "d96ae904-61c5-4ba7-bbb8-cd2abb0ad30e",
                            "name": "manage-events",
                            "realm_id": "master"
                        },
                        "meta": {
                            "schema_version": 0
                        },
                        "tainted": false
                    },
                    "deposed": [],
                    "provider": "provider.keycloak"
                },
                "keycloak_role.tfer--role_master_demo_realm_manage_identity_providers": {
                    "type": "keycloak_role",
                    "depends_on": [],
                    "primary": {
                        "id": "f1a13741-3571-470e-baa4-1d52af1673c0",
                        "attributes": {
                            "attributes.%": "0",
                            "client_id": "d93bf5ae-a298-4a9e-b38c-728fae456ee8",
                            "description": "${role_manage-identity-providers}",
                            "id": "f1a13741-3571-470e-baa4-1d52af1673c0",
                            "name": "manage-identity-providers",
                            "realm_id": "master"
                        },
                        "meta": {
                            "schema_version": 0
                        },
                        "tainted": false
                    },
                    "deposed": [],
                    "provider": "provider.keycloak"
                },
                "keycloak_role.tfer--role_master_demo_realm_manage_realm": {
                    "type": "keycloak_role",
                    "depends_on": [],
                    "primary": {
                        "id": "a65a1ddc-1637-4087-802f-6017d52895d3",
                        "attributes": {
                            "attributes.%": "0",
                            "client_id": "d93bf5ae-a298-4a9e-b38c-728fae456ee8",
                            "description": "${role_manage-realm}",
                            "id": "a65a1ddc-1637-4087-802f-6017d52895d3",
                            "name": "manage-realm",
                            "realm_id": "master"
                        },
                        "meta": {
                            "schema_version": 0
                        },
                        "tainted": false
                    },
                    "deposed": [],
                    "provider": "provider.keycloak"
                },
                "keycloak_role.tfer--role_master_demo_realm_manage_users": {
                    "type": "keycloak_role",
                    "depends_on": [],
                    "primary": {
                        "id": "4cad71e2-f1a4-48c7-be35-daef9c2a7299",
                        "attributes": {
                            "attributes.%": "0",
                            "client_id": "d93bf5ae-a298-4a9e-b38c-728fae456ee8",
                            "description": "${role_manage-users}",
                            "id": "4cad71e2-f1a4-48c7-be35-daef9c2a7299",
                            "name": "manage-users",
                            "realm_id": "master"
                        },
                        "meta": {
                            "schema_version": 0
                        },
                        "tainted": false
                    },
                    "deposed": [],
                    "provider": "provider.keycloak"
                },
                "keycloak_role.tfer--role_master_demo_realm_query_clients": {
                    "type": "keycloak_role",
                    "depends_on": [],
                    "primary": {
                        "id": "6ebffbdb-26a5-4751-a16f-2f68f9f61045",
                        "attributes": {
                            "attributes.%": "0",
                            "client_id": "d93bf5ae-a298-4a9e-b38c-728fae456ee8",
                            "description": "${role_query-clients}",
                            "id": "6ebffbdb-26a5-4751-a16f-2f68f9f61045",
                            "name": "query-clients",
                            "realm_id": "master"
                        },
                        "meta": {
                            "schema_version": 0
                        },
                        "tainted": false
                    },
                    "deposed": [],
                    "provider": "provider.keycloak"
                },
                "keycloak_role.tfer--role_master_demo_realm_query_groups": {
                    "type": "keycloak_role",
                    "depends_on": [],
                    "primary": {
                        "id": "27a1c186-0979-41c6-9ae9-5099c3040ce0",
                        "attributes": {
                            "attributes.%": "0",
                            "client_id": "d93bf5ae-a298-4a9e-b38c-728fae456ee8",
                            "description": "${role_query-groups}",
                            "id": "27a1c186-0979-41c6-9ae9-5099c3040ce0",
                            "name": "query-groups",
                            "realm_id": "master"
                        },
                        "meta": {
                            "schema_version": 0
                        },
                        "tainted": false
                    },
                    "deposed": [],
                    "provider": "provider.keycloak"
                },
                "keycloak_role.tfer--role_master_demo_realm_query_realms": {
                    "type": "keycloak_role",
                    "depends_on": [],
                    "primary": {
                        "id": "1e368d47-3806-4e11-affd-813f4e4f6947",
                        "attributes": {
                            "attributes.%": "0",
                            "client_id": "d93bf5ae-a298-4a9e-b38c-728fae456ee8",
                            "description": "${role_query-realms}",
                            "id": "1e368d47-3806-4e11-affd-813f4e4f6947",
                            "name": "query-realms",
                            "realm_id": "master"
                        },
                        "meta": {
                            "schema_version": 0
                        },
                        "tainted": false
                    },
                    "deposed": [],
                    "provider": "provider.keycloak"
                },
                "keycloak_role.tfer--role_master_demo_realm_query_users": {
                    "type": "keycloak_role",
                    "depends_on": [],
                    "primary": {
                        "id": "dcef7397-15bf-4e86-9829-8cf0f82a6012",
                        "attributes": {
                            "attributes.%": "0",
                            "client_id": "d93bf5ae-a298-4a9e-b38c-728fae456ee8",
                            "description": "${role_query-users}",
                            "id": "dcef7397-15bf-4e86-9829-8cf0f82a6012",
                            "name": "query-users",
                            "realm_id": "master"
                        },
                        "meta": {
                            "schema_version": 0
                        },
                        "tainted": false
                    },
                    "deposed": [],
                    "provider": "provider.keycloak"
                },
                "keycloak_role.tfer--role_master_demo_realm_view_authorization": {
                    "type": "keycloak_role",
                    "depends_on": [],
                    "primary": {
                        "id": "a54dda2a-c2d7-4ce9-beac-bc643df563ac",
                        "attributes": {
                            "attributes.%": "0",
                            "client_id": "d93bf5ae-a298-4a9e-b38c-728fae456ee8",
                            "description": "${role_view-authorization}",
                            "id": "a54dda2a-c2d7-4ce9-beac-bc643df563ac",
                            "name": "view-authorization",
                            "realm_id": "master"
                        },
                        "meta": {
                            "schema_version": 0
                        },
                        "tainted": false
                    },
                    "deposed": [],
                    "provider": "provider.keycloak"
                },
                "keycloak_role.tfer--role_master_demo_realm_view_clients": {
                    "type": "keycloak_role",
                    "depends_on": [],
                    "primary": {
                        "id": "abdac715-f602-4c99-bec4-8d5001477519",
                        "attributes": {
                            "attributes.%": "0",
                            "client_id": "d93bf5ae-a298-4a9e-b38c-728fae456ee8",
                            "composite_roles.#": "1",
                            "composite_roles.0": "6ebffbdb-26a5-4751-a16f-2f68f9f61045",
                            "description": "${role_view-clients}",
                            "id": "abdac715-f602-4c99-bec4-8d5001477519",
                            "name": "view-clients",
                            "realm_id": "master"
                        },
                        "meta": {
                            "schema_version": 0
                        },
                        "tainted": false
                    },
                    "deposed": [],
                    "provider": "provider.keycloak"
                },
                "keycloak_role.tfer--role_master_demo_realm_view_events": {
                    "type": "keycloak_role",
                    "depends_on": [],
                    "primary": {
                        "id": "4631dc0e-f013-4545-a96d-2c8bb4c63706",
                        "attributes": {
                            "attributes.%": "0",
                            "client_id": "d93bf5ae-a298-4a9e-b38c-728fae456ee8",
                            "description": "${role_view-events}",
                            "id": "4631dc0e-f013-4545-a96d-2c8bb4c63706",
                            "name": "view-events",
                            "realm_id": "master"
                        },
                        "meta": {
                            "schema_version": 0
                        },
                        "tainted": false
                    },
                    "deposed": [],
                    "provider": "provider.keycloak"
                },
                "keycloak_role.tfer--role_master_demo_realm_view_identity_providers": {
                    "type": "keycloak_role",
                    "depends_on": [],
                    "primary": {
                        "id": "0927181e-6d2c-4e85-8839-7144e6e04e32",
                        "attributes": {
                            "attributes.%": "0",
                            "client_id": "d93bf5ae-a298-4a9e-b38c-728fae456ee8",
                            "description": "${role_view-identity-providers}",
                            "id": "0927181e-6d2c-4e85-8839-7144e6e04e32",
                            "name": "view-identity-providers",
                            "realm_id": "master"
                        },
                        "meta": {
                            "schema_version": 0
                        },
                        "tainted": false
                    },
                    "deposed": [],
                    "provider": "provider.keycloak"
                },
                "keycloak_role.tfer--role_master_demo_realm_view_realm": {
                    "type": "keycloak_role",
                    "depends_on": [],
                    "primary": {
                        "id": "218cd492-edcb-4720-b759-71ff81191849",
                        "attributes": {
                            "attributes.%": "0",
                            "client_id": "d93bf5ae-a298-4a9e-b38c-728fae456ee8",
                            "description": "${role_view-realm}",
                            "id": "218cd492-edcb-4720-b759-71ff81191849",
                            "name": "view-realm",
                            "realm_id": "master"
                        },
                        "meta": {
                            "schema_version": 0
                        },
                        "tainted": false
                    },
                    "deposed": [],
                    "provider": "provider.keycloak"
                },
                "keycloak_role.tfer--role_master_demo_realm_view_users": {
                    "type": "keycloak_role",
                    "depends_on": [],
                    "primary": {
                        "id": "d789e95f-f207-4d15-9fd8-49d207d100fb",
                        "attributes": {
                            "attributes.%": "0",
                            "client_id": "d93bf5ae-a298-4a9e-b38c-728fae456ee8",
                            "composite_roles.#": "2",
                            "composite_roles.0": "27a1c186-0979-41c6-9ae9-5099c3040ce0",
                            "composite_roles.1": "dcef7397-15bf-4e86-9829-8cf0f82a6012",
                            "description": "${role_view-users}",
                            "id": "d789e95f-f207-4d15-9fd8-49d207d100fb",
                            "name": "view-users",
                            "realm_id": "master"
                        },
                        "meta": {
                            "schema_version": 0
                        },
                        "tainted": false
                    },
                    "deposed": [],
                    "provider": "provider.keycloak"
                },
                "keycloak_role.tfer--role_master_master_realm_create_client": {
                    "type": "keycloak_role",
                    "depends_on": [],
                    "primary": {
                        "id": "9e5fcffb-d49c-4f66-adf0-ee610dab999e",
                        "attributes": {
                            "attributes.%": "0",
                            "client_id": "499e29eb-4394-4d3d-bb68-6d34f3dc8ca6",
                            "description": "${role_create-client}",
                            "id": "9e5fcffb-d49c-4f66-adf0-ee610dab999e",
                            "name": "create-client",
                            "realm_id": "master"
                        },
                        "meta": {
                            "schema_version": 0
                        },
                        "tainted": false
                    },
                    "deposed": [],
                    "provider": "provider.keycloak"
                },
                "keycloak_role.tfer--role_master_master_realm_impersonation": {
                    "type": "keycloak_role",
                    "depends_on": [],
                    "primary": {
                        "id": "d02863fe-c3ce-44d0-8915-528bf084a14e",
                        "attributes": {
                            "attributes.%": "0",
                            "client_id": "499e29eb-4394-4d3d-bb68-6d34f3dc8ca6",
                            "description": "${role_impersonation}",
                            "id": "d02863fe-c3ce-44d0-8915-528bf084a14e",
                            "name": "impersonation",
                            "realm_id": "master"
                        },
                        "meta": {
                            "schema_version": 0
                        },
                        "tainted": false
                    },
                    "deposed": [],
                    "provider": "provider.keycloak"
                },
                "keycloak_role.tfer--role_master_master_realm_manage_authorization": {
                    "type": "keycloak_role",
                    "depends_on": [],
                    "primary": {
                        "id": "bdcb3580-7644-43b1-a9a9-d7640394a7ea",
                        "attributes": {
                            "attributes.%": "0",
                            "client_id": "499e29eb-4394-4d3d-bb68-6d34f3dc8ca6",
                            "description": "${role_manage-authorization}",
                            "id": "bdcb3580-7644-43b1-a9a9-d7640394a7ea",
                            "name": "manage-authorization",
                            "realm_id": "master"
                        },
                        "meta": {
                            "schema_version": 0
                        },
                        "tainted": false
                    },
                    "deposed": [],
                    "provider": "provider.keycloak"
                },
                "keycloak_role.tfer--role_master_master_realm_manage_clients": {
                    "type": "keycloak_role",
                    "depends_on": [],
                    "primary": {
                        "id": "102bc01e-9795-468e-b13b-1a0ca3275f34",
                        "attributes": {
                            "attributes.%": "0",
                            "client_id": "499e29eb-4394-4d3d-bb68-6d34f3dc8ca6",
                            "description": "${role_manage-clients}",
                            "id": "102bc01e-9795-468e-b13b-1a0ca3275f34",
                            "name": "manage-clients",
                            "realm_id": "master"
                        },
                        "meta": {
                            "schema_version": 0
                        },
                        "tainted": false
                    },
                    "deposed": [],
                    "provider": "provider.keycloak"
                },
                "keycloak_role.tfer--role_master_master_realm_manage_events": {
                    "type": "keycloak_role",
                    "depends_on": [],
                    "primary": {
                        "id": "a4958b71-5417-46b6-8f63-c544279c810b",
                        "attributes": {
                            "attributes.%": "0",
                            "client_id": "499e29eb-4394-4d3d-bb68-6d34f3dc8ca6",
                            "description": "${role_manage-events}",
                            "id": "a4958b71-5417-46b6-8f63-c544279c810b",
                            "name": "manage-events",
                            "realm_id": "master"
                        },
                        "meta": {
                            "schema_version": 0
                        },
                        "tainted": false
                    },
                    "deposed": [],
                    "provider": "provider.keycloak"
                },
                "keycloak_role.tfer--role_master_master_realm_manage_identity_providers": {
                    "type": "keycloak_role",
                    "depends_on": [],
                    "primary": {
                        "id": "852b0deb-899f-4466-a33b-046cf4564db8",
                        "attributes": {
                            "attributes.%": "0",
                            "client_id": "499e29eb-4394-4d3d-bb68-6d34f3dc8ca6",
                            "description": "${role_manage-identity-providers}",
                            "id": "852b0deb-899f-4466-a33b-046cf4564db8",
                            "name": "manage-identity-providers",
                            "realm_id": "master"
                        },
                        "meta": {
                            "schema_version": 0
                        },
                        "tainted": false
                    },
                    "deposed": [],
                    "provider": "provider.keycloak"
                },
                "keycloak_role.tfer--role_master_master_realm_manage_realm": {
                    "type": "keycloak_role",
                    "depends_on": [],
                    "primary": {
                        "id": "e490094d-9c6e-44df-8ca1-45249d3e33b8",
                        "attributes": {
                            "attributes.%": "0",
                            "client_id": "499e29eb-4394-4d3d-bb68-6d34f3dc8ca6",
                            "description": "${role_manage-realm}",
                            "id": "e490094d-9c6e-44df-8ca1-45249d3e33b8",
                            "name": "manage-realm",
                            "realm_id": "master"
                        },
                        "meta": {
                            "schema_version": 0
                        },
                        "tainted": false
                    },
                    "deposed": [],
                    "provider": "provider.keycloak"
                },
                "keycloak_role.tfer--role_master_master_realm_manage_users": {
                    "type": "keycloak_role",
                    "depends_on": [],
                    "primary": {
                        "id": "38e72610-b9d8-4a8d-9455-6d4bcc509107",
                        "attributes": {
                            "attributes.%": "0",
                            "client_id": "499e29eb-4394-4d3d-bb68-6d34f3dc8ca6",
                            "description": "${role_manage-users}",
                            "id": "38e72610-b9d8-4a8d-9455-6d4bcc509107",
                            "name": "manage-users",
                            "realm_id": "master"
                        },
                        "meta": {
                            "schema_version": 0
                        },
                        "tainted": false
                    },
                    "deposed": [],
                    "provider": "provider.keycloak"
                },
                "keycloak_role.tfer--role_master_master_realm_query_clients": {
                    "type": "keycloak_role",
                    "depends_on": [],
                    "primary": {
                        "id": "728ca8e4-c626-4b61-ab2a-d08a1499c8b6",
                        "attributes": {
                            "attributes.%": "0",
                            "client_id": "499e29eb-4394-4d3d-bb68-6d34f3dc8ca6",
                            "description": "${role_query-clients}",
                            "id": "728ca8e4-c626-4b61-ab2a-d08a1499c8b6",
                            "name": "query-clients",
                            "realm_id": "master"
                        },
                        "meta": {
                            "schema_version": 0
                        },
                        "tainted": false
                    },
                    "deposed": [],
                    "provider": "provider.keycloak"
                },
                "keycloak_role.tfer--role_master_master_realm_query_groups": {
                    "type": "keycloak_role",
                    "depends_on": [],
                    "primary": {
                        "id": "546bf858-1ceb-4c37-b8e5-ff09af82523d",
                        "attributes": {
                            "attributes.%": "0",
                            "client_id": "499e29eb-4394-4d3d-bb68-6d34f3dc8ca6",
                            "description": "${role_query-groups}",
                            "id": "546bf858-1ceb-4c37-b8e5-ff09af82523d",
                            "name": "query-groups",
                            "realm_id": "master"
                        },
                        "meta": {
                            "schema_version": 0
                        },
                        "tainted": false
                    },
                    "deposed": [],
                    "provider": "provider.keycloak"
                },
                "keycloak_role.tfer--role_master_master_realm_query_realms": {
                    "type": "keycloak_role",
                    "depends_on": [],
                    "primary": {
                        "id": "e70ffb4a-9797-4f3f-bfd1-b76d0894b2d1",
                        "attributes": {
                            "attributes.%": "0",
                            "client_id": "499e29eb-4394-4d3d-bb68-6d34f3dc8ca6",
                            "description": "${role_query-realms}",
                            "id": "e70ffb4a-9797-4f3f-bfd1-b76d0894b2d1",
                            "name": "query-realms",
                            "realm_id": "master"
                        },
                        "meta": {
                            "schema_version": 0
                        },
                        "tainted": false
                    },
                    "deposed": [],
                    "provider": "provider.keycloak"
                },
                "keycloak_role.tfer--role_master_master_realm_query_users": {
                    "type": "keycloak_role",
                    "depends_on": [],
                    "primary": {
                        "id": "3122b6a9-c88e-4b26-82b5-bb55f9a304ff",
                        "attributes": {
                            "attributes.%": "0",
                            "client_id": "499e29eb-4394-4d3d-bb68-6d34f3dc8ca6",
                            "description": "${role_query-users}",
                            "id": "3122b6a9-c88e-4b26-82b5-bb55f9a304ff",
                            "name": "query-users",
                            "realm_id": "master"
                        },
                        "meta": {
                            "schema_version": 0
                        },
                        "tainted": false
                    },
                    "deposed": [],
                    "provider": "provider.keycloak"
                },
                "keycloak_role.tfer--role_master_master_realm_view_authorization": {
                    "type": "keycloak_role",
                    "depends_on": [],
                    "primary": {
                        "id": "4ae8a478-3a00-44ef-8df6-0bbc2ae5301f",
                        "attributes": {
                            "attributes.%": "0",
                            "client_id": "499e29eb-4394-4d3d-bb68-6d34f3dc8ca6",
                            "description": "${role_view-authorization}",
                            "id": "4ae8a478-3a00-44ef-8df6-0bbc2ae5301f",
                            "name": "view-authorization",
                            "realm_id": "master"
                        },
                        "meta": {
                            "schema_version": 0
                        },
                        "tainted": false
                    },
                    "deposed": [],
                    "provider": "provider.keycloak"
                },
                "keycloak_role.tfer--role_master_master_realm_view_clients": {
                    "type": "keycloak_role",
                    "depends_on": [],
                    "primary": {
                        "id": "2fb97943-d4ec-4874-a707-7d6556646d4b",
                        "attributes": {
                            "attributes.%": "0",
                            "client_id": "499e29eb-4394-4d3d-bb68-6d34f3dc8ca6",
                            "composite_roles.#": "1",
                            "composite_roles.0": "728ca8e4-c626-4b61-ab2a-d08a1499c8b6",
                            "description": "${role_view-clients}",
                            "id": "2fb97943-d4ec-4874-a707-7d6556646d4b",
                            "name": "view-clients",
                            "realm_id": "master"
                        },
                        "meta": {
                            "schema_version": 0
                        },
                        "tainted": false
                    },
                    "deposed": [],
                    "provider": "provider.keycloak"
                },
                "keycloak_role.tfer--role_master_master_realm_view_events": {
                    "type": "keycloak_role",
                    "depends_on": [],
                    "primary": {
                        "id": "2d9e3898-1811-4cec-ab03-fd58d8e5dfe5",
                        "attributes": {
                            "attributes.%": "0",
                            "client_id": "499e29eb-4394-4d3d-bb68-6d34f3dc8ca6",
                            "description": "${role_view-events}",
                            "id": "2d9e3898-1811-4cec-ab03-fd58d8e5dfe5",
                            "name": "view-events",
                            "realm_id": "master"
                        },
                        "meta": {
                            "schema_version": 0
                        },
                        "tainted": false
                    },
                    "deposed": [],
                    "provider": "provider.keycloak"
                },
                "keycloak_role.tfer--role_master_master_realm_view_identity_providers": {
                    "type": "keycloak_role",
                    "depends_on": [],
                    "primary": {
                        "id": "1466390a-374f-40d5-8a9c-0d8a0224716b",
                        "attributes": {
                            "attributes.%": "0",
                            "client_id": "499e29eb-4394-4d3d-bb68-6d34f3dc8ca6",
                            "description": "${role_view-identity-providers}",
                            "id": "1466390a-374f-40d5-8a9c-0d8a0224716b",
                            "name": "view-identity-providers",
                            "realm_id": "master"
                        },
                        "meta": {
                            "schema_version": 0
                        },
                        "tainted": false
                    },
                    "deposed": [],
                    "provider": "provider.keycloak"
                },
                "keycloak_role.tfer--role_master_master_realm_view_realm": {
                    "type": "keycloak_role",
                    "depends_on": [],
                    "primary": {
                        "id": "587a817e-9e86-4f13-99dd-b35c81b30cdf",
                        "attributes": {
                            "attributes.%": "0",
                            "client_id": "499e29eb-4394-4d3d-bb68-6d34f3dc8ca6",
                            "description": "${role_view-realm}",
                            "id": "587a817e-9e86-4f13-99dd-b35c81b30cdf",
                            "name": "view-realm",
                            "realm_id": "master"
                        },
                        "meta": {
                            "schema_version": 0
                        },
                        "tainted": false
                    },
                    "deposed": [],
                    "provider": "provider.keycloak"
                },
                "keycloak_role.tfer--role_master_master_realm_view_users": {
                    "type": "keycloak_role",
                    "depends_on": [],
                    "primary": {
                        "id": "93e1b9e8-96f6-4029-a7c4-29b5a257fc00",
                        "attributes": {
                            "attributes.%": "0",
                            "client_id": "499e29eb-4394-4d3d-bb68-6d34f3dc8ca6",
                            "composite_roles.#": "2",
                            "composite_roles.0": "3122b6a9-c88e-4b26-82b5-bb55f9a304ff",
                            "composite_roles.1": "546bf858-1ceb-4c37-b8e5-ff09af82523d",
                            "description": "${role_view-users}",
                            "id": "93e1b9e8-96f6-4029-a7c4-29b5a257fc00",
                            "name": "view-users",
                            "realm_id": "master"
                        },
                        "meta": {
                            "schema_version": 0
                        },
                        "tainted": false
                    },
                    "deposed": [],
                    "provider": "provider.keycloak"
                },
                "keycloak_role.tfer--role_master_offline_access": {
                    "type": "keycloak_role",
                    "depends_on": [],
                    "primary": {
                        "id": "d59ab0fa-131d-4c01-a157-465426a42e36",
                        "attributes": {
                            "attributes.%": "0",
                            "client_id": "",
                            "description": "${role_offline-access}",
                            "id": "d59ab0fa-131d-4c01-a157-465426a42e36",
                            "name": "offline_access",
                            "realm_id": "master"
                        },
                        "meta": {
                            "schema_version": 0
                        },
                        "tainted": false
                    },
                    "deposed": [],
                    "provider": "provider.keycloak"
                },
                "keycloak_role.tfer--role_master_uma_authorization": {
                    "type": "keycloak_role",
                    "depends_on": [],
                    "primary": {
                        "id": "4540d488-9db2-4b36-8fe7-e0ffcd6ffac8",
                        "attributes": {
                            "attributes.%": "0",
                            "client_id": "",
                            "description": "${role_uma_authorization}",
                            "id": "4540d488-9db2-4b36-8fe7-e0ffcd6ffac8",
                            "name": "uma_authorization",
                            "realm_id": "master"
                        },
                        "meta": {
                            "schema_version": 0
                        },
                        "tainted": false
                    },
                    "deposed": [],
                    "provider": "provider.keycloak"
                },
                "keycloak_user.tfer--user_master_admin": {
                    "type": "keycloak_user",
                    "depends_on": [],
                    "primary": {
                        "id": "2798d7c2-07aa-409b-8b67-02a53314d5da",
                        "attributes": {
                            "attributes.%": "0",
                            "email": "",
                            "email_verified": "false",
                            "enabled": "true",
                            "federated_identity.#": "0",
                            "first_name": "",
                            "id": "2798d7c2-07aa-409b-8b67-02a53314d5da",
                            "last_name": "",
                            "realm_id": "master",
                            "username": "admin"
                        },
                        "meta": {
                            "schema_version": 0
                        },
                        "tainted": false
                    },
                    "deposed": [],
                    "provider": "provider.keycloak"
                }
            },
            "depends_on": []
        }
    ]
}
